{
  "version": 4,
  "terraform_version": "1.3.2",
  "serial": 284,
  "lineage": "18f11b03-7e68-68fa-7d0f-884817c394f9",
  "outputs": {},
  "resources": [
    {
      "module": "module.aft",
      "mode": "data",
      "type": "aws_partition",
      "name": "current",
      "provider": "provider[\"registry.terraform.io/hashicorp/aws\"]",
      "instances": [
        {
          "schema_version": 0,
          "attributes": {
            "dns_suffix": "amazonaws.com",
            "id": "aws",
            "partition": "aws",
            "reverse_dns_prefix": "com.amazonaws"
          },
          "sensitive_attributes": []
        }
      ]
    },
    {
      "module": "module.aft",
      "mode": "data",
      "type": "local_file",
      "name": "version",
      "provider": "provider[\"registry.terraform.io/hashicorp/local\"]",
      "instances": [
        {
          "schema_version": 0,
          "attributes": {
            "content": "1.6.7\n",
            "content_base64": "MS42LjcK",
            "filename": ".terraform/modules/aft/VERSION",
            "id": "90ad4a4eaf2675a2ba42bbc66144d651d26d17ea"
          },
          "sensitive_attributes": []
        }
      ]
    },
    {
      "module": "module.aft.module.aft_account_provisioning_framework",
      "mode": "data",
      "type": "aws_caller_identity",
      "name": "aft_management",
      "provider": "module.aft.provider[\"registry.terraform.io/hashicorp/aws\"].aft_management",
      "instances": [
        {
          "schema_version": 0,
          "attributes": {
            "account_id": "137457353584",
            "arn": "arn:aws:sts::137457353584:assumed-role/AWSControlTowerExecution/AWSAFT-Session",
            "id": "137457353584",
            "user_id": "AROASAAIYYNYLY2FMGUIH:AWSAFT-Session"
          },
          "sensitive_attributes": []
        }
      ]
    },
    {
      "module": "module.aft.module.aft_account_provisioning_framework",
      "mode": "data",
      "type": "aws_iam_policy",
      "name": "AWSLambdaBasicExecutionRole",
      "provider": "module.aft.provider[\"registry.terraform.io/hashicorp/aws\"].aft_management",
      "instances": [
        {
          "schema_version": 0,
          "attributes": {
            "arn": "arn:aws:iam::aws:policy/service-role/AWSLambdaBasicExecutionRole",
            "description": "Provides write permissions to CloudWatch Logs.",
            "id": "arn:aws:iam::aws:policy/service-role/AWSLambdaBasicExecutionRole",
            "name": "AWSLambdaBasicExecutionRole",
            "path": "/service-role/",
            "path_prefix": null,
            "policy": "{\n  \"Version\": \"2012-10-17\",\n  \"Statement\": [\n    {\n      \"Effect\": \"Allow\",\n      \"Action\": [\n        \"logs:CreateLogGroup\",\n        \"logs:CreateLogStream\",\n        \"logs:PutLogEvents\"\n      ],\n      \"Resource\": \"*\"\n    }\n  ]\n}",
            "policy_id": "ANPAJNCQGXC42545SKXIK",
            "tags": {}
          },
          "sensitive_attributes": []
        }
      ]
    },
    {
      "module": "module.aft.module.aft_account_provisioning_framework",
      "mode": "data",
      "type": "aws_iam_policy",
      "name": "AWSLambdaVPCAccessExecutionRole",
      "provider": "module.aft.provider[\"registry.terraform.io/hashicorp/aws\"].aft_management",
      "instances": [
        {
          "schema_version": 0,
          "attributes": {
            "arn": "arn:aws:iam::aws:policy/service-role/AWSLambdaVPCAccessExecutionRole",
            "description": "Provides minimum permissions for a Lambda function to execute while accessing a resource within a VPC - create, describe, delete network interfaces and write permissions to CloudWatch Logs. ",
            "id": "arn:aws:iam::aws:policy/service-role/AWSLambdaVPCAccessExecutionRole",
            "name": "AWSLambdaVPCAccessExecutionRole",
            "path": "/service-role/",
            "path_prefix": null,
            "policy": "{\n  \"Version\": \"2012-10-17\",\n  \"Statement\": [\n    {\n      \"Effect\": \"Allow\",\n      \"Action\": [\n        \"logs:CreateLogGroup\",\n        \"logs:CreateLogStream\",\n        \"logs:PutLogEvents\",\n        \"ec2:CreateNetworkInterface\",\n        \"ec2:DescribeNetworkInterfaces\",\n        \"ec2:DeleteNetworkInterface\",\n        \"ec2:AssignPrivateIpAddresses\",\n        \"ec2:UnassignPrivateIpAddresses\"\n      ],\n      \"Resource\": \"*\"\n    }\n  ]\n}",
            "policy_id": "ANPAJVTME3YLVNL72YR2K",
            "tags": {}
          },
          "sensitive_attributes": []
        }
      ]
    },
    {
      "module": "module.aft.module.aft_account_provisioning_framework",
      "mode": "data",
      "type": "aws_partition",
      "name": "current",
      "provider": "module.aft.provider[\"registry.terraform.io/hashicorp/aws\"].aft_management",
      "instances": [
        {
          "schema_version": 0,
          "attributes": {
            "dns_suffix": "amazonaws.com",
            "id": "aws",
            "partition": "aws",
            "reverse_dns_prefix": "com.amazonaws"
          },
          "sensitive_attributes": []
        }
      ]
    },
    {
      "module": "module.aft.module.aft_account_provisioning_framework",
      "mode": "data",
      "type": "aws_region",
      "name": "aft_management",
      "provider": "module.aft.provider[\"registry.terraform.io/hashicorp/aws\"].aft_management",
      "instances": [
        {
          "schema_version": 0,
          "attributes": {
            "description": "US East (N. Virginia)",
            "endpoint": "ec2.us-east-1.amazonaws.com",
            "id": "us-east-1",
            "name": "us-east-1"
          },
          "sensitive_attributes": []
        }
      ]
    },
    {
      "module": "module.aft.module.aft_account_provisioning_framework",
      "mode": "managed",
      "type": "aws_cloudwatch_log_group",
      "name": "account_metadata_ssm",
      "provider": "module.aft.provider[\"registry.terraform.io/hashicorp/aws\"].aft_management",
      "instances": []
    },
    {
      "module": "module.aft.module.aft_account_provisioning_framework",
      "mode": "managed",
      "type": "aws_cloudwatch_log_group",
      "name": "create_role",
      "provider": "module.aft.provider[\"registry.terraform.io/hashicorp/aws\"].aft_management",
      "instances": []
    },
    {
      "module": "module.aft.module.aft_account_provisioning_framework",
      "mode": "managed",
      "type": "aws_cloudwatch_log_group",
      "name": "get_account_info",
      "provider": "module.aft.provider[\"registry.terraform.io/hashicorp/aws\"].aft_management",
      "instances": []
    },
    {
      "module": "module.aft.module.aft_account_provisioning_framework",
      "mode": "managed",
      "type": "aws_cloudwatch_log_group",
      "name": "persist_metadata",
      "provider": "module.aft.provider[\"registry.terraform.io/hashicorp/aws\"].aft_management",
      "instances": []
    },
    {
      "module": "module.aft.module.aft_account_provisioning_framework",
      "mode": "managed",
      "type": "aws_cloudwatch_log_group",
      "name": "tag_account",
      "provider": "module.aft.provider[\"registry.terraform.io/hashicorp/aws\"].aft_management",
      "instances": []
    },
    {
      "module": "module.aft.module.aft_account_provisioning_framework",
      "mode": "managed",
      "type": "aws_cloudwatch_log_group",
      "name": "validate_request",
      "provider": "module.aft.provider[\"registry.terraform.io/hashicorp/aws\"].aft_management",
      "instances": []
    },
    {
      "module": "module.aft.module.aft_account_provisioning_framework",
      "mode": "managed",
      "type": "aws_iam_role",
      "name": "aft_lambda_aft_account_provisioning_framework_create_role",
      "provider": "module.aft.provider[\"registry.terraform.io/hashicorp/aws\"].aft_management",
      "instances": [
        {
          "schema_version": 0,
          "attributes": {
            "arn": "arn:aws:iam::137457353584:role/aft-account-provisioning-framework-lambda-create-role-role",
            "assume_role_policy": "{\"Statement\":[{\"Action\":\"sts:AssumeRole\",\"Effect\":\"Allow\",\"Principal\":{\"Service\":\"lambda.amazonaws.com\"}}],\"Version\":\"2012-10-17\"}",
            "create_date": "2022-11-25T03:31:43Z",
            "description": "",
            "force_detach_policies": false,
            "id": "aft-account-provisioning-framework-lambda-create-role-role",
            "inline_policy": [],
            "managed_policy_arns": [],
            "max_session_duration": 3600,
            "name": "aft-account-provisioning-framework-lambda-create-role-role",
            "name_prefix": "",
            "path": "/",
            "permissions_boundary": null,
            "tags": null,
            "tags_all": {
              "managed_by": "AFT"
            },
            "unique_id": "AROASAAIYYNYMCH56EOJO"
          },
          "sensitive_attributes": [],
          "private": "bnVsbA==",
          "dependencies": [
            "module.aft.data.aws_partition.current"
          ]
        }
      ]
    },
    {
      "module": "module.aft.module.aft_account_provisioning_framework",
      "mode": "managed",
      "type": "aws_iam_role",
      "name": "aft_lambda_aft_account_provisioning_framework_get_account_info",
      "provider": "module.aft.provider[\"registry.terraform.io/hashicorp/aws\"].aft_management",
      "instances": [
        {
          "schema_version": 0,
          "attributes": {
            "arn": "arn:aws:iam::137457353584:role/aft-account-provisioning-framework-lambda-get-account-info-role",
            "assume_role_policy": "{\"Statement\":[{\"Action\":\"sts:AssumeRole\",\"Effect\":\"Allow\",\"Principal\":{\"Service\":\"lambda.amazonaws.com\"}}],\"Version\":\"2012-10-17\"}",
            "create_date": "2022-11-25T03:31:43Z",
            "description": "",
            "force_detach_policies": false,
            "id": "aft-account-provisioning-framework-lambda-get-account-info-role",
            "inline_policy": [],
            "managed_policy_arns": [],
            "max_session_duration": 3600,
            "name": "aft-account-provisioning-framework-lambda-get-account-info-role",
            "name_prefix": "",
            "path": "/",
            "permissions_boundary": null,
            "tags": null,
            "tags_all": {
              "managed_by": "AFT"
            },
            "unique_id": "AROASAAIYYNYAEVMUQS6U"
          },
          "sensitive_attributes": [],
          "private": "bnVsbA==",
          "dependencies": [
            "module.aft.data.aws_partition.current"
          ]
        }
      ]
    },
    {
      "module": "module.aft.module.aft_account_provisioning_framework",
      "mode": "managed",
      "type": "aws_iam_role",
      "name": "aft_lambda_aft_account_provisioning_framework_persist_metadata",
      "provider": "module.aft.provider[\"registry.terraform.io/hashicorp/aws\"].aft_management",
      "instances": [
        {
          "schema_version": 0,
          "attributes": {
            "arn": "arn:aws:iam::137457353584:role/aft-account-provisioning-framework-lambda-persist-metadata-role",
            "assume_role_policy": "{\"Statement\":[{\"Action\":\"sts:AssumeRole\",\"Effect\":\"Allow\",\"Principal\":{\"Service\":\"lambda.amazonaws.com\"}}],\"Version\":\"2012-10-17\"}",
            "create_date": "2022-11-25T03:31:49Z",
            "description": "",
            "force_detach_policies": false,
            "id": "aft-account-provisioning-framework-lambda-persist-metadata-role",
            "inline_policy": [],
            "managed_policy_arns": [],
            "max_session_duration": 3600,
            "name": "aft-account-provisioning-framework-lambda-persist-metadata-role",
            "name_prefix": "",
            "path": "/",
            "permissions_boundary": null,
            "tags": null,
            "tags_all": {
              "managed_by": "AFT"
            },
            "unique_id": "AROASAAIYYNYEMT6HAVDE"
          },
          "sensitive_attributes": [],
          "private": "bnVsbA==",
          "dependencies": [
            "module.aft.data.aws_partition.current"
          ]
        }
      ]
    },
    {
      "module": "module.aft.module.aft_account_provisioning_framework",
      "mode": "managed",
      "type": "aws_iam_role",
      "name": "aft_lambda_aft_account_provisioning_framework_tag_account",
      "provider": "module.aft.provider[\"registry.terraform.io/hashicorp/aws\"].aft_management",
      "instances": [
        {
          "schema_version": 0,
          "attributes": {
            "arn": "arn:aws:iam::137457353584:role/aft-account-provisioning-framework-lambda-tag-account-role",
            "assume_role_policy": "{\"Statement\":[{\"Action\":\"sts:AssumeRole\",\"Effect\":\"Allow\",\"Principal\":{\"Service\":\"lambda.amazonaws.com\"}}],\"Version\":\"2012-10-17\"}",
            "create_date": "2022-11-25T03:31:41Z",
            "description": "",
            "force_detach_policies": false,
            "id": "aft-account-provisioning-framework-lambda-tag-account-role",
            "inline_policy": [],
            "managed_policy_arns": [],
            "max_session_duration": 3600,
            "name": "aft-account-provisioning-framework-lambda-tag-account-role",
            "name_prefix": "",
            "path": "/",
            "permissions_boundary": null,
            "tags": null,
            "tags_all": {
              "managed_by": "AFT"
            },
            "unique_id": "AROASAAIYYNYLYLKDGQXZ"
          },
          "sensitive_attributes": [],
          "private": "bnVsbA==",
          "dependencies": [
            "module.aft.data.aws_partition.current"
          ]
        }
      ]
    },
    {
      "module": "module.aft.module.aft_account_provisioning_framework",
      "mode": "managed",
      "type": "aws_iam_role",
      "name": "aft_lambda_aft_account_provisioning_framework_validate_request",
      "provider": "module.aft.provider[\"registry.terraform.io/hashicorp/aws\"].aft_management",
      "instances": [
        {
          "schema_version": 0,
          "attributes": {
            "arn": "arn:aws:iam::137457353584:role/aft-account-provisioning-framework-validate-request-lambda-role",
            "assume_role_policy": "{\"Statement\":[{\"Action\":\"sts:AssumeRole\",\"Effect\":\"Allow\",\"Principal\":{\"Service\":\"lambda.amazonaws.com\"}}],\"Version\":\"2012-10-17\"}",
            "create_date": "2022-11-25T03:31:49Z",
            "description": "",
            "force_detach_policies": false,
            "id": "aft-account-provisioning-framework-validate-request-lambda-role",
            "inline_policy": [],
            "managed_policy_arns": [],
            "max_session_duration": 3600,
            "name": "aft-account-provisioning-framework-validate-request-lambda-role",
            "name_prefix": "",
            "path": "/",
            "permissions_boundary": null,
            "tags": null,
            "tags_all": {
              "managed_by": "AFT"
            },
            "unique_id": "AROASAAIYYNYIYM6TVTQM"
          },
          "sensitive_attributes": [],
          "private": "bnVsbA==",
          "dependencies": [
            "module.aft.data.aws_partition.current"
          ]
        }
      ]
    },
    {
      "module": "module.aft.module.aft_account_provisioning_framework",
      "mode": "managed",
      "type": "aws_iam_role",
      "name": "aft_states",
      "provider": "module.aft.provider[\"registry.terraform.io/hashicorp/aws\"].aft_management",
      "instances": [
        {
          "schema_version": 0,
          "attributes": {
            "arn": "arn:aws:iam::137457353584:role/aft-states-execution-role",
            "assume_role_policy": "{\"Statement\":[{\"Action\":\"sts:AssumeRole\",\"Effect\":\"Allow\",\"Principal\":{\"Service\":\"states.amazonaws.com\"}}],\"Version\":\"2012-10-17\"}",
            "create_date": "2022-11-25T03:31:42Z",
            "description": "",
            "force_detach_policies": false,
            "id": "aft-states-execution-role",
            "inline_policy": [],
            "managed_policy_arns": [],
            "max_session_duration": 3600,
            "name": "aft-states-execution-role",
            "name_prefix": "",
            "path": "/",
            "permissions_boundary": null,
            "tags": null,
            "tags_all": {
              "managed_by": "AFT"
            },
            "unique_id": "AROASAAIYYNYPBWRPUJIY"
          },
          "sensitive_attributes": [],
          "private": "bnVsbA==",
          "dependencies": [
            "module.aft.data.aws_partition.current"
          ]
        }
      ]
    },
    {
      "module": "module.aft.module.aft_account_provisioning_framework",
      "mode": "managed",
      "type": "aws_iam_role_policy",
      "name": "aft_invoke_aft_account_provisioning_framework_create_role",
      "provider": "module.aft.provider[\"registry.terraform.io/hashicorp/aws\"].aft_management",
      "instances": [
        {
          "schema_version": 0,
          "attributes": {
            "id": "aft-account-provisioning-framework-lambda-create-role-role:aft-lambda-invoke-aft_account_provisioning_framework-create-role-policy",
            "name": "aft-lambda-invoke-aft_account_provisioning_framework-create-role-policy",
            "name_prefix": null,
            "policy": "{\n    \"Version\" : \"2012-10-17\",\n    \"Statement\" : [\n      {\n        \"Effect\" : \"Allow\",\n        \"Action\" : [\n        \"dynamodb:BatchGetItem\",\n        \"dynamodb:BatchWriteItem\",\n        \"dynamodb:DeleteItem\",\n        \"dynamodb:GetItem\",\n        \"dynamodb:PutItem\",\n        \"dynamodb:Query\",\n        \"dynamodb:Scan\"\n      ],\n        \"Resource\" : [\n          \"arn:aws:dynamodb:us-east-1:137457353584:table/aft*\"\n        ]\n      },\n      {\n        \"Effect\" : \"Allow\",\n        \"Action\" : \"ssm:GetParameter\",\n        \"Resource\" : [\n          \"arn:aws:ssm:us-east-1:137457353584:parameter/aft/*\"\n        ]\n      },\n      {\n        \"Effect\" : \"Allow\",\n        \"Action\" : [\n          \"sts:AssumeRole\"\n        ],\n        \"Resource\" : [\n          \"arn:aws:iam::137457353584:role/AWSAFTAdmin\"\n        ]\n      },\n      {\n        \"Effect\" : \"Allow\",\n        \"Action\" : \"sts:GetCallerIdentity\",\n        \"Resource\" : \"*\"\n      },\n      {\n        \"Effect\" : \"Allow\",\n        \"Action\" : [\n          \"sns:Publish\"\n        ],\n        \"Resource\" : [\n          \"arn:aws:sns:us-east-1:137457353584:aft-notifications\",\n\t\t      \"arn:aws:sns:us-east-1:137457353584:aft-failure-notifications\"\n        ]\n      },\n      {\n      \"Effect\" : \"Allow\",\n      \"Action\" : [\n        \"kms:GenerateDataKey\",\n        \"kms:Encrypt\",\n        \"kms:Decrypt\"\n      ],\n      \"Resource\" : [\n        \"arn:aws:kms:us-east-1:137457353584:key/c7596c37-1777-47ee-9109-c55a643c8326\",\n        \"arn:aws:kms:us-east-1:137457353584:alias/aws/sns\"\n      ]\n      }\n    ]\n}\n",
            "role": "aft-account-provisioning-framework-lambda-create-role-role"
          },
          "sensitive_attributes": [],
          "private": "bnVsbA==",
          "dependencies": [
            "module.aft.data.aws_partition.current",
            "module.aft.module.aft_account_provisioning_framework.aws_iam_role.aft_lambda_aft_account_provisioning_framework_create_role",
            "module.aft.module.aft_account_provisioning_framework.data.aws_caller_identity.aft_management",
            "module.aft.module.aft_account_provisioning_framework.data.aws_partition.current",
            "module.aft.module.aft_account_provisioning_framework.data.aws_region.aft_management",
            "module.aft.module.aft_account_request_framework.aws_kms_key.aft",
            "module.aft.module.aft_account_request_framework.aws_sns_topic.aft_failure_notifications",
            "module.aft.module.aft_account_request_framework.aws_sns_topic.aft_notifications"
          ]
        }
      ]
    },
    {
      "module": "module.aft.module.aft_account_provisioning_framework",
      "mode": "managed",
      "type": "aws_iam_role_policy",
      "name": "aft_invoke_aft_account_provisioning_framework_get_account_info",
      "provider": "module.aft.provider[\"registry.terraform.io/hashicorp/aws\"].aft_management",
      "instances": [
        {
          "schema_version": 0,
          "attributes": {
            "id": "aft-account-provisioning-framework-lambda-get-account-info-role:aft-lambda-invoke-aft-account-provisioning-framework-get-account-info-policy",
            "name": "aft-lambda-invoke-aft-account-provisioning-framework-get-account-info-policy",
            "name_prefix": null,
            "policy": "{\n    \"Version\" : \"2012-10-17\",\n    \"Statement\" : [\n      {\n        \"Effect\" : \"Allow\",\n        \"Action\" : [\n        \"dynamodb:BatchGetItem\",\n        \"dynamodb:BatchWriteItem\",\n        \"dynamodb:DeleteItem\",\n        \"dynamodb:GetItem\",\n        \"dynamodb:PutItem\",\n        \"dynamodb:Query\",\n        \"dynamodb:Scan\"\n      ],\n        \"Resource\" : [\n          \"arn:aws:dynamodb:us-east-1:137457353584:table/aft*\"\n        ]\n      },\n      {\n        \"Effect\" : \"Allow\",\n        \"Action\" : \"ssm:GetParameter\",\n        \"Resource\" : [\n          \"arn:aws:ssm:us-east-1:137457353584:parameter/aft/*\"\n        ]\n      },\n      {\n        \"Effect\" : \"Allow\",\n        \"Action\" : [\n          \"sts:AssumeRole\"\n        ],\n        \"Resource\" : [\n          \"arn:aws:iam::137457353584:role/AWSAFTAdmin\"\n        ]\n      },\n      {\n        \"Effect\" : \"Allow\",\n        \"Action\" : \"sts:GetCallerIdentity\",\n        \"Resource\" : \"*\"\n      },\n      {\n        \"Effect\" : \"Allow\",\n        \"Action\" : [\n          \"sns:Publish\"\n        ],\n        \"Resource\" : [\n          \"arn:aws:sns:us-east-1:137457353584:aft-notifications\",\n\t\t      \"arn:aws:sns:us-east-1:137457353584:aft-failure-notifications\"\n        ]\n      },\n      {\n      \"Effect\" : \"Allow\",\n      \"Action\" : [\n        \"kms:GenerateDataKey\",\n        \"kms:Encrypt\",\n        \"kms:Decrypt\"\n      ],\n      \"Resource\" : [\n        \"arn:aws:kms:us-east-1:137457353584:key/c7596c37-1777-47ee-9109-c55a643c8326\",\n        \"arn:aws:kms:us-east-1:137457353584:alias/aws/sns\"\n      ]\n      }\n    ]\n}\n",
            "role": "aft-account-provisioning-framework-lambda-get-account-info-role"
          },
          "sensitive_attributes": [],
          "private": "bnVsbA==",
          "dependencies": [
            "module.aft.data.aws_partition.current",
            "module.aft.module.aft_account_provisioning_framework.aws_iam_role.aft_lambda_aft_account_provisioning_framework_get_account_info",
            "module.aft.module.aft_account_provisioning_framework.data.aws_caller_identity.aft_management",
            "module.aft.module.aft_account_provisioning_framework.data.aws_partition.current",
            "module.aft.module.aft_account_provisioning_framework.data.aws_region.aft_management",
            "module.aft.module.aft_account_request_framework.aws_kms_key.aft",
            "module.aft.module.aft_account_request_framework.aws_sns_topic.aft_failure_notifications",
            "module.aft.module.aft_account_request_framework.aws_sns_topic.aft_notifications"
          ]
        }
      ]
    },
    {
      "module": "module.aft.module.aft_account_provisioning_framework",
      "mode": "managed",
      "type": "aws_iam_role_policy",
      "name": "aft_invoke_aft_account_provisioning_framework_persist_metadata",
      "provider": "module.aft.provider[\"registry.terraform.io/hashicorp/aws\"].aft_management",
      "instances": [
        {
          "schema_version": 0,
          "attributes": {
            "id": "aft-account-provisioning-framework-lambda-persist-metadata-role:aft-lambda-invoke-aft-account-provisioning-framework-persist-metadata-policy",
            "name": "aft-lambda-invoke-aft-account-provisioning-framework-persist-metadata-policy",
            "name_prefix": null,
            "policy": "{\n    \"Version\" : \"2012-10-17\",\n    \"Statement\" : [\n      {\n        \"Effect\" : \"Allow\",\n        \"Action\" : [\n        \"dynamodb:BatchGetItem\",\n        \"dynamodb:BatchWriteItem\",\n        \"dynamodb:DeleteItem\",\n        \"dynamodb:GetItem\",\n        \"dynamodb:PutItem\",\n        \"dynamodb:Query\",\n        \"dynamodb:Scan\"\n      ],\n        \"Resource\" : [\n          \"arn:aws:dynamodb:us-east-1:137457353584:table/aft*\"\n        ]\n      },\n      {\n        \"Effect\" : \"Allow\",\n        \"Action\" : \"ssm:GetParameter\",\n        \"Resource\" : [\n          \"arn:aws:ssm:us-east-1:137457353584:parameter/aft/*\"\n        ]\n      },\n      {\n        \"Effect\" : \"Allow\",\n        \"Action\" : [\n          \"sts:AssumeRole\"\n        ],\n        \"Resource\" : [\n          \"arn:aws:iam::137457353584:role/AWSAFTAdmin\"\n        ]\n      },\n      {\n        \"Effect\" : \"Allow\",\n        \"Action\" : \"sts:GetCallerIdentity\",\n        \"Resource\" : \"*\"\n      },\n      {\n        \"Effect\" : \"Allow\",\n        \"Action\" : [\n          \"sns:Publish\"\n        ],\n        \"Resource\" : [\n          \"arn:aws:sns:us-east-1:137457353584:aft-notifications\",\n\t\t      \"arn:aws:sns:us-east-1:137457353584:aft-failure-notifications\"\n        ]\n      },\n      {\n      \"Effect\" : \"Allow\",\n      \"Action\" : [\n        \"kms:GenerateDataKey\",\n        \"kms:Encrypt\",\n        \"kms:Decrypt\"\n      ],\n      \"Resource\" : [\n        \"arn:aws:kms:us-east-1:137457353584:key/c7596c37-1777-47ee-9109-c55a643c8326\",\n        \"arn:aws:kms:us-east-1:137457353584:alias/aws/sns\"\n      ]\n      }\n    ]\n}\n",
            "role": "aft-account-provisioning-framework-lambda-persist-metadata-role"
          },
          "sensitive_attributes": [],
          "private": "bnVsbA==",
          "dependencies": [
            "module.aft.data.aws_partition.current",
            "module.aft.module.aft_account_provisioning_framework.aws_iam_role.aft_lambda_aft_account_provisioning_framework_persist_metadata",
            "module.aft.module.aft_account_provisioning_framework.data.aws_caller_identity.aft_management",
            "module.aft.module.aft_account_provisioning_framework.data.aws_partition.current",
            "module.aft.module.aft_account_provisioning_framework.data.aws_region.aft_management",
            "module.aft.module.aft_account_request_framework.aws_kms_key.aft",
            "module.aft.module.aft_account_request_framework.aws_sns_topic.aft_failure_notifications",
            "module.aft.module.aft_account_request_framework.aws_sns_topic.aft_notifications"
          ]
        }
      ]
    },
    {
      "module": "module.aft.module.aft_account_provisioning_framework",
      "mode": "managed",
      "type": "aws_iam_role_policy",
      "name": "aft_invoke_aft_account_provisioning_framework_tag_account",
      "provider": "module.aft.provider[\"registry.terraform.io/hashicorp/aws\"].aft_management",
      "instances": [
        {
          "schema_version": 0,
          "attributes": {
            "id": "aft-account-provisioning-framework-lambda-tag-account-role:aft-lambda-invoke-aft-account-provisioning-framework-tag-account-policy",
            "name": "aft-lambda-invoke-aft-account-provisioning-framework-tag-account-policy",
            "name_prefix": null,
            "policy": "{\n    \"Version\" : \"2012-10-17\",\n    \"Statement\" : [\n      {\n        \"Effect\" : \"Allow\",\n        \"Action\" : [\n        \"dynamodb:BatchGetItem\",\n        \"dynamodb:BatchWriteItem\",\n        \"dynamodb:DeleteItem\",\n        \"dynamodb:GetItem\",\n        \"dynamodb:PutItem\",\n        \"dynamodb:Query\",\n        \"dynamodb:Scan\"\n      ],\n        \"Resource\" : [\n          \"arn:aws:dynamodb:us-east-1:137457353584:table/aft*\"\n        ]\n      },\n      {\n        \"Effect\" : \"Allow\",\n        \"Action\" : \"ssm:GetParameter\",\n        \"Resource\" : [\n          \"arn:aws:ssm:us-east-1:137457353584:parameter/aft/*\"\n        ]\n      },\n      {\n        \"Effect\" : \"Allow\",\n        \"Action\" : [\n          \"sts:AssumeRole\"\n        ],\n        \"Resource\" : [\n          \"arn:aws:iam::137457353584:role/AWSAFTAdmin\"\n        ]\n      },\n      {\n        \"Effect\" : \"Allow\",\n        \"Action\" : \"sts:GetCallerIdentity\",\n        \"Resource\" : \"*\"\n      },\n      {\n        \"Effect\" : \"Allow\",\n        \"Action\" : [\n          \"sns:Publish\"\n        ],\n        \"Resource\" : [\n          \"arn:aws:sns:us-east-1:137457353584:aft-notifications\",\n\t\t      \"arn:aws:sns:us-east-1:137457353584:aft-failure-notifications\"\n        ]\n      },\n      {\n      \"Effect\" : \"Allow\",\n      \"Action\" : [\n        \"kms:GenerateDataKey\",\n        \"kms:Encrypt\",\n        \"kms:Decrypt\"\n      ],\n      \"Resource\" : [\n        \"arn:aws:kms:us-east-1:137457353584:key/c7596c37-1777-47ee-9109-c55a643c8326\",\n        \"arn:aws:kms:us-east-1:137457353584:alias/aws/sns\"\n      ]\n      }\n    ]\n}\n",
            "role": "aft-account-provisioning-framework-lambda-tag-account-role"
          },
          "sensitive_attributes": [],
          "private": "bnVsbA==",
          "dependencies": [
            "module.aft.data.aws_partition.current",
            "module.aft.module.aft_account_provisioning_framework.aws_iam_role.aft_lambda_aft_account_provisioning_framework_tag_account",
            "module.aft.module.aft_account_provisioning_framework.data.aws_caller_identity.aft_management",
            "module.aft.module.aft_account_provisioning_framework.data.aws_partition.current",
            "module.aft.module.aft_account_provisioning_framework.data.aws_region.aft_management",
            "module.aft.module.aft_account_request_framework.aws_kms_key.aft",
            "module.aft.module.aft_account_request_framework.aws_sns_topic.aft_failure_notifications",
            "module.aft.module.aft_account_request_framework.aws_sns_topic.aft_notifications"
          ]
        }
      ]
    },
    {
      "module": "module.aft.module.aft_account_provisioning_framework",
      "mode": "managed",
      "type": "aws_iam_role_policy",
      "name": "aft_invoke_aft_account_provisioning_framework_validate_request",
      "provider": "module.aft.provider[\"registry.terraform.io/hashicorp/aws\"].aft_management",
      "instances": [
        {
          "schema_version": 0,
          "attributes": {
            "id": "aft-account-provisioning-framework-validate-request-lambda-role:aft-lambda-invoke-aft-account-provisioning-framework-validate-request-policy",
            "name": "aft-lambda-invoke-aft-account-provisioning-framework-validate-request-policy",
            "name_prefix": null,
            "policy": "{\n    \"Version\" : \"2012-10-17\",\n    \"Statement\" : [\n      {\n        \"Effect\" : \"Allow\",\n        \"Action\" : [\n        \"dynamodb:BatchGetItem\",\n        \"dynamodb:BatchWriteItem\",\n        \"dynamodb:DeleteItem\",\n        \"dynamodb:GetItem\",\n        \"dynamodb:PutItem\",\n        \"dynamodb:Query\",\n        \"dynamodb:Scan\"\n      ],\n        \"Resource\" : [\n          \"arn:aws:dynamodb:us-east-1:137457353584:table/aft*\"\n        ]\n      },\n      {\n        \"Effect\" : \"Allow\",\n        \"Action\" : \"ssm:GetParameter\",\n        \"Resource\" : [\n          \"arn:aws:ssm:us-east-1:137457353584:parameter/aft/*\"\n        ]\n      },\n      {\n        \"Effect\" : \"Allow\",\n        \"Action\" : [\n          \"sts:AssumeRole\"\n        ],\n        \"Resource\" : [\n          \"arn:aws:iam::137457353584:role/AWSAFTAdmin\"\n        ]\n      },\n      {\n        \"Effect\" : \"Allow\",\n        \"Action\" : \"sts:GetCallerIdentity\",\n        \"Resource\" : \"*\"\n      },\n      {\n        \"Effect\" : \"Allow\",\n        \"Action\" : [\n          \"sns:Publish\"\n        ],\n        \"Resource\" : [\n          \"arn:aws:sns:us-east-1:137457353584:aft-notifications\",\n\t\t      \"arn:aws:sns:us-east-1:137457353584:aft-failure-notifications\"\n        ]\n      },\n      {\n      \"Effect\" : \"Allow\",\n      \"Action\" : [\n        \"kms:GenerateDataKey\",\n        \"kms:Encrypt\",\n        \"kms:Decrypt\"\n      ],\n      \"Resource\" : [\n        \"arn:aws:kms:us-east-1:137457353584:key/c7596c37-1777-47ee-9109-c55a643c8326\",\n        \"arn:aws:kms:us-east-1:137457353584:alias/aws/sns\"\n      ]\n      }\n    ]\n}\n",
            "role": "aft-account-provisioning-framework-validate-request-lambda-role"
          },
          "sensitive_attributes": [],
          "private": "bnVsbA==",
          "dependencies": [
            "module.aft.data.aws_partition.current",
            "module.aft.module.aft_account_provisioning_framework.aws_iam_role.aft_lambda_aft_account_provisioning_framework_validate_request",
            "module.aft.module.aft_account_provisioning_framework.data.aws_caller_identity.aft_management",
            "module.aft.module.aft_account_provisioning_framework.data.aws_partition.current",
            "module.aft.module.aft_account_provisioning_framework.data.aws_region.aft_management",
            "module.aft.module.aft_account_request_framework.aws_kms_key.aft",
            "module.aft.module.aft_account_request_framework.aws_sns_topic.aft_failure_notifications",
            "module.aft.module.aft_account_request_framework.aws_sns_topic.aft_notifications"
          ]
        }
      ]
    },
    {
      "module": "module.aft.module.aft_account_provisioning_framework",
      "mode": "managed",
      "type": "aws_iam_role_policy",
      "name": "aft_states",
      "provider": "module.aft.provider[\"registry.terraform.io/hashicorp/aws\"].aft_management",
      "instances": [
        {
          "schema_version": 0,
          "attributes": {
            "id": "aft-states-execution-role:aft-account-provisioning-framework-states-policy",
            "name": "aft-account-provisioning-framework-states-policy",
            "name_prefix": null,
            "policy": "{\n    \"Version\": \"2012-10-17\",\n    \"Statement\": [\n        {\n            \"Effect\": \"Allow\",\n            \"Action\": [\n                \"events:*\"\n            ],\n            \"Resource\": \"*\"\n        },\n        {\n            \"Effect\": \"Allow\",\n            \"Action\": \"states:StartExecution\",\n            \"Resource\": \"arn:aws:states:us-east-1:137457353584:stateMachine:aft-*\"\n        },\n        {\n            \"Effect\": \"Allow\",\n            \"Action\": [\n                \"lambda:InvokeFunction\"\n            ],\n            \"Resource\": [\n                \"arn:aws:lambda:us-east-1:137457353584:function:aft-*\"\n            ]\n        },\n        {\n            \"Effect\": \"Allow\",\n            \"Action\": [\n                \"sns:Publish\"\n            ],\n            \"Resource\": [\n                \"arn:aws:sns:us-east-1:137457353584:aft-*\"\n            ]\n        },\n        {\n            \"Effect\": \"Allow\",\n            \"Action\": [\n                \"codebuild:StartBuild\",\n                \"codebuild:StopBuild\",\n                \"codebuild:BatchGetBuilds\"\n            ],\n            \"Resource\": [\n                \"arn:aws:codebuild:us-east-1:137457353584:project/aft-*\"\n            ]\n        },\n        {\n            \"Effect\": \"Allow\",\n            \"Action\": [\n                \"events:PutTargets\",\n                \"events:PutRule\",\n                \"events:DescribeRule\"\n            ],\n            \"Resource\": [\n                \"arn:aws:events:us-east-1:137457353584:rule/StepFunctionsGetEventForCodeBuildStartBuildRule\"\n            ]\n        }\n    ]\n}\n",
            "role": "aft-states-execution-role"
          },
          "sensitive_attributes": [],
          "private": "bnVsbA==",
          "dependencies": [
            "module.aft.data.aws_partition.current",
            "module.aft.module.aft_account_provisioning_framework.aws_iam_role.aft_states",
            "module.aft.module.aft_account_provisioning_framework.data.aws_caller_identity.aft_management",
            "module.aft.module.aft_account_provisioning_framework.data.aws_partition.current",
            "module.aft.module.aft_account_provisioning_framework.data.aws_region.aft_management"
          ]
        }
      ]
    },
    {
      "module": "module.aft.module.aft_account_provisioning_framework",
      "mode": "managed",
      "type": "aws_iam_role_policy_attachment",
      "name": "aft_account_provisioning_framework_create_role",
      "provider": "module.aft.provider[\"registry.terraform.io/hashicorp/aws\"].aft_management",
      "instances": [
        {
          "index_key": 0,
          "schema_version": 0,
          "attributes": {
            "id": "aft-account-provisioning-framework-lambda-create-role-role-20221125033155704200000021",
            "policy_arn": "arn:aws:iam::aws:policy/service-role/AWSLambdaBasicExecutionRole",
            "role": "aft-account-provisioning-framework-lambda-create-role-role"
          },
          "sensitive_attributes": [],
          "private": "bnVsbA==",
          "dependencies": [
            "module.aft.data.aws_partition.current",
            "module.aft.module.aft_account_provisioning_framework.aws_iam_role.aft_lambda_aft_account_provisioning_framework_create_role",
            "module.aft.module.aft_account_provisioning_framework.data.aws_iam_policy.AWSLambdaBasicExecutionRole",
            "module.aft.module.aft_account_provisioning_framework.data.aws_iam_policy.AWSLambdaVPCAccessExecutionRole"
          ]
        },
        {
          "index_key": 1,
          "schema_version": 0,
          "attributes": {
            "id": "aft-account-provisioning-framework-lambda-create-role-role-2022112503315569290000001f",
            "policy_arn": "arn:aws:iam::aws:policy/service-role/AWSLambdaVPCAccessExecutionRole",
            "role": "aft-account-provisioning-framework-lambda-create-role-role"
          },
          "sensitive_attributes": [],
          "private": "bnVsbA==",
          "dependencies": [
            "module.aft.data.aws_partition.current",
            "module.aft.module.aft_account_provisioning_framework.aws_iam_role.aft_lambda_aft_account_provisioning_framework_create_role",
            "module.aft.module.aft_account_provisioning_framework.data.aws_iam_policy.AWSLambdaBasicExecutionRole",
            "module.aft.module.aft_account_provisioning_framework.data.aws_iam_policy.AWSLambdaVPCAccessExecutionRole"
          ]
        }
      ]
    },
    {
      "module": "module.aft.module.aft_account_provisioning_framework",
      "mode": "managed",
      "type": "aws_iam_role_policy_attachment",
      "name": "aft_account_provisioning_framework_get_account_info",
      "provider": "module.aft.provider[\"registry.terraform.io/hashicorp/aws\"].aft_management",
      "instances": [
        {
          "index_key": 0,
          "schema_version": 0,
          "attributes": {
            "id": "aft-account-provisioning-framework-lambda-get-account-info-role-2022112503315547880000001d",
            "policy_arn": "arn:aws:iam::aws:policy/service-role/AWSLambdaBasicExecutionRole",
            "role": "aft-account-provisioning-framework-lambda-get-account-info-role"
          },
          "sensitive_attributes": [],
          "private": "bnVsbA==",
          "dependencies": [
            "module.aft.data.aws_partition.current",
            "module.aft.module.aft_account_provisioning_framework.aws_iam_role.aft_lambda_aft_account_provisioning_framework_get_account_info",
            "module.aft.module.aft_account_provisioning_framework.data.aws_iam_policy.AWSLambdaBasicExecutionRole",
            "module.aft.module.aft_account_provisioning_framework.data.aws_iam_policy.AWSLambdaVPCAccessExecutionRole"
          ]
        },
        {
          "index_key": 1,
          "schema_version": 0,
          "attributes": {
            "id": "aft-account-provisioning-framework-lambda-get-account-info-role-2022112503315547650000001c",
            "policy_arn": "arn:aws:iam::aws:policy/service-role/AWSLambdaVPCAccessExecutionRole",
            "role": "aft-account-provisioning-framework-lambda-get-account-info-role"
          },
          "sensitive_attributes": [],
          "private": "bnVsbA==",
          "dependencies": [
            "module.aft.data.aws_partition.current",
            "module.aft.module.aft_account_provisioning_framework.aws_iam_role.aft_lambda_aft_account_provisioning_framework_get_account_info",
            "module.aft.module.aft_account_provisioning_framework.data.aws_iam_policy.AWSLambdaBasicExecutionRole",
            "module.aft.module.aft_account_provisioning_framework.data.aws_iam_policy.AWSLambdaVPCAccessExecutionRole"
          ]
        }
      ]
    },
    {
      "module": "module.aft.module.aft_account_provisioning_framework",
      "mode": "managed",
      "type": "aws_iam_role_policy_attachment",
      "name": "aft_account_provisioning_framework_persist_metadata",
      "provider": "module.aft.provider[\"registry.terraform.io/hashicorp/aws\"].aft_management",
      "instances": [
        {
          "index_key": 0,
          "schema_version": 0,
          "attributes": {
            "id": "aft-account-provisioning-framework-lambda-persist-metadata-role-2022112503315549250000001e",
            "policy_arn": "arn:aws:iam::aws:policy/service-role/AWSLambdaBasicExecutionRole",
            "role": "aft-account-provisioning-framework-lambda-persist-metadata-role"
          },
          "sensitive_attributes": [],
          "private": "bnVsbA==",
          "dependencies": [
            "module.aft.data.aws_partition.current",
            "module.aft.module.aft_account_provisioning_framework.aws_iam_role.aft_lambda_aft_account_provisioning_framework_persist_metadata",
            "module.aft.module.aft_account_provisioning_framework.data.aws_iam_policy.AWSLambdaBasicExecutionRole",
            "module.aft.module.aft_account_provisioning_framework.data.aws_iam_policy.AWSLambdaVPCAccessExecutionRole"
          ]
        },
        {
          "index_key": 1,
          "schema_version": 0,
          "attributes": {
            "id": "aft-account-provisioning-framework-lambda-persist-metadata-role-2022112503315547270000001b",
            "policy_arn": "arn:aws:iam::aws:policy/service-role/AWSLambdaVPCAccessExecutionRole",
            "role": "aft-account-provisioning-framework-lambda-persist-metadata-role"
          },
          "sensitive_attributes": [],
          "private": "bnVsbA==",
          "dependencies": [
            "module.aft.data.aws_partition.current",
            "module.aft.module.aft_account_provisioning_framework.aws_iam_role.aft_lambda_aft_account_provisioning_framework_persist_metadata",
            "module.aft.module.aft_account_provisioning_framework.data.aws_iam_policy.AWSLambdaBasicExecutionRole",
            "module.aft.module.aft_account_provisioning_framework.data.aws_iam_policy.AWSLambdaVPCAccessExecutionRole"
          ]
        }
      ]
    },
    {
      "module": "module.aft.module.aft_account_provisioning_framework",
      "mode": "managed",
      "type": "aws_iam_role_policy_attachment",
      "name": "aft_account_provisioning_framework_tag_account",
      "provider": "module.aft.provider[\"registry.terraform.io/hashicorp/aws\"].aft_management",
      "instances": [
        {
          "index_key": 0,
          "schema_version": 0,
          "attributes": {
            "id": "aft-account-provisioning-framework-lambda-tag-account-role-20221125033155292200000019",
            "policy_arn": "arn:aws:iam::aws:policy/service-role/AWSLambdaBasicExecutionRole",
            "role": "aft-account-provisioning-framework-lambda-tag-account-role"
          },
          "sensitive_attributes": [],
          "private": "bnVsbA==",
          "dependencies": [
            "module.aft.data.aws_partition.current",
            "module.aft.module.aft_account_provisioning_framework.aws_iam_role.aft_lambda_aft_account_provisioning_framework_tag_account",
            "module.aft.module.aft_account_provisioning_framework.data.aws_iam_policy.AWSLambdaBasicExecutionRole",
            "module.aft.module.aft_account_provisioning_framework.data.aws_iam_policy.AWSLambdaVPCAccessExecutionRole"
          ]
        },
        {
          "index_key": 1,
          "schema_version": 0,
          "attributes": {
            "id": "aft-account-provisioning-framework-lambda-tag-account-role-2022112503315533430000001a",
            "policy_arn": "arn:aws:iam::aws:policy/service-role/AWSLambdaVPCAccessExecutionRole",
            "role": "aft-account-provisioning-framework-lambda-tag-account-role"
          },
          "sensitive_attributes": [],
          "private": "bnVsbA==",
          "dependencies": [
            "module.aft.data.aws_partition.current",
            "module.aft.module.aft_account_provisioning_framework.aws_iam_role.aft_lambda_aft_account_provisioning_framework_tag_account",
            "module.aft.module.aft_account_provisioning_framework.data.aws_iam_policy.AWSLambdaBasicExecutionRole",
            "module.aft.module.aft_account_provisioning_framework.data.aws_iam_policy.AWSLambdaVPCAccessExecutionRole"
          ]
        }
      ]
    },
    {
      "module": "module.aft.module.aft_account_provisioning_framework",
      "mode": "managed",
      "type": "aws_iam_role_policy_attachment",
      "name": "aft_account_provisioning_framework_validate_request",
      "provider": "module.aft.provider[\"registry.terraform.io/hashicorp/aws\"].aft_management",
      "instances": [
        {
          "index_key": 0,
          "schema_version": 0,
          "attributes": {
            "id": "aft-account-provisioning-framework-validate-request-lambda-role-20221125033155702600000020",
            "policy_arn": "arn:aws:iam::aws:policy/service-role/AWSLambdaBasicExecutionRole",
            "role": "aft-account-provisioning-framework-validate-request-lambda-role"
          },
          "sensitive_attributes": [],
          "private": "bnVsbA==",
          "dependencies": [
            "module.aft.data.aws_partition.current",
            "module.aft.module.aft_account_provisioning_framework.aws_iam_role.aft_lambda_aft_account_provisioning_framework_validate_request",
            "module.aft.module.aft_account_provisioning_framework.data.aws_iam_policy.AWSLambdaBasicExecutionRole",
            "module.aft.module.aft_account_provisioning_framework.data.aws_iam_policy.AWSLambdaVPCAccessExecutionRole"
          ]
        },
        {
          "index_key": 1,
          "schema_version": 0,
          "attributes": {
            "id": "aft-account-provisioning-framework-validate-request-lambda-role-20221125033155704200000022",
            "policy_arn": "arn:aws:iam::aws:policy/service-role/AWSLambdaVPCAccessExecutionRole",
            "role": "aft-account-provisioning-framework-validate-request-lambda-role"
          },
          "sensitive_attributes": [],
          "private": "bnVsbA==",
          "dependencies": [
            "module.aft.data.aws_partition.current",
            "module.aft.module.aft_account_provisioning_framework.aws_iam_role.aft_lambda_aft_account_provisioning_framework_validate_request",
            "module.aft.module.aft_account_provisioning_framework.data.aws_iam_policy.AWSLambdaBasicExecutionRole",
            "module.aft.module.aft_account_provisioning_framework.data.aws_iam_policy.AWSLambdaVPCAccessExecutionRole"
          ]
        }
      ]
    },
    {
      "module": "module.aft.module.aft_account_provisioning_framework",
      "mode": "managed",
      "type": "aws_lambda_function",
      "name": "account_metadata_ssm",
      "provider": "module.aft.provider[\"registry.terraform.io/hashicorp/aws\"].aft_management",
      "instances": []
    },
    {
      "module": "module.aft.module.aft_account_provisioning_framework",
      "mode": "managed",
      "type": "aws_lambda_function",
      "name": "create_role",
      "provider": "module.aft.provider[\"registry.terraform.io/hashicorp/aws\"].aft_management",
      "instances": []
    },
    {
      "module": "module.aft.module.aft_account_provisioning_framework",
      "mode": "managed",
      "type": "aws_lambda_function",
      "name": "get_account_info",
      "provider": "module.aft.provider[\"registry.terraform.io/hashicorp/aws\"].aft_management",
      "instances": []
    },
    {
      "module": "module.aft.module.aft_account_provisioning_framework",
      "mode": "managed",
      "type": "aws_lambda_function",
      "name": "persist_metadata",
      "provider": "module.aft.provider[\"registry.terraform.io/hashicorp/aws\"].aft_management",
      "instances": []
    },
    {
      "module": "module.aft.module.aft_account_provisioning_framework",
      "mode": "managed",
      "type": "aws_lambda_function",
      "name": "tag_account",
      "provider": "module.aft.provider[\"registry.terraform.io/hashicorp/aws\"].aft_management",
      "instances": []
    },
    {
      "module": "module.aft.module.aft_account_provisioning_framework",
      "mode": "managed",
      "type": "aws_lambda_function",
      "name": "validate_request",
      "provider": "module.aft.provider[\"registry.terraform.io/hashicorp/aws\"].aft_management",
      "instances": []
    },
    {
      "module": "module.aft.module.aft_account_provisioning_framework",
      "mode": "managed",
      "type": "aws_sfn_state_machine",
      "name": "aft_account_provisioning_framework_sfn",
      "provider": "module.aft.provider[\"registry.terraform.io/hashicorp/aws\"].aft_management",
      "instances": []
    },
    {
      "module": "module.aft.module.aft_account_request_framework",
      "mode": "data",
      "type": "aws_availability_zones",
      "name": "available",
      "provider": "module.aft.provider[\"registry.terraform.io/hashicorp/aws\"].aft_management",
      "instances": [
        {
          "schema_version": 0,
          "attributes": {
            "all_availability_zones": null,
            "exclude_names": null,
            "exclude_zone_ids": null,
            "filter": null,
            "group_names": [
              "us-east-1"
            ],
            "id": "us-east-1",
            "names": [
              "us-east-1a",
              "us-east-1b",
              "us-east-1c",
              "us-east-1d",
              "us-east-1e",
              "us-east-1f"
            ],
            "state": "available",
            "timeouts": null,
            "zone_ids": [
              "use1-az1",
              "use1-az2",
              "use1-az4",
              "use1-az6",
              "use1-az3",
              "use1-az5"
            ]
          },
          "sensitive_attributes": []
        }
      ]
    },
    {
      "module": "module.aft.module.aft_account_request_framework",
      "mode": "data",
      "type": "aws_caller_identity",
      "name": "aft-management",
      "provider": "module.aft.provider[\"registry.terraform.io/hashicorp/aws\"].aft_management",
      "instances": [
        {
          "schema_version": 0,
          "attributes": {
            "account_id": "137457353584",
            "arn": "arn:aws:sts::137457353584:assumed-role/AWSControlTowerExecution/AWSAFT-Session",
            "id": "137457353584",
            "user_id": "AROASAAIYYNYLY2FMGUIH:AWSAFT-Session"
          },
          "sensitive_attributes": []
        }
      ]
    },
    {
      "module": "module.aft.module.aft_account_request_framework",
      "mode": "data",
      "type": "aws_caller_identity",
      "name": "ct-management",
      "provider": "module.aft.provider[\"registry.terraform.io/hashicorp/aws\"].ct_management",
      "instances": [
        {
          "schema_version": 0,
          "attributes": {
            "account_id": "592485218204",
            "arn": "arn:aws:sts::592485218204:assumed-role/AWSReservedSSO_AWSAdministratorAccess_c1f0c4fc8c05acc4/saiguja@yahoo.com",
            "id": "592485218204",
            "user_id": "AROAYT4W666OEBVLXDNYG:saiguja@yahoo.com"
          },
          "sensitive_attributes": []
        }
      ]
    },
    {
      "module": "module.aft.module.aft_account_request_framework",
      "mode": "data",
      "type": "aws_iam_policy",
      "name": "AWSLambdaBasicExecutionRole",
      "provider": "module.aft.provider[\"registry.terraform.io/hashicorp/aws\"].aft_management",
      "instances": [
        {
          "schema_version": 0,
          "attributes": {
            "arn": "arn:aws:iam::aws:policy/service-role/AWSLambdaBasicExecutionRole",
            "description": "Provides write permissions to CloudWatch Logs.",
            "id": "arn:aws:iam::aws:policy/service-role/AWSLambdaBasicExecutionRole",
            "name": "AWSLambdaBasicExecutionRole",
            "path": "/service-role/",
            "path_prefix": null,
            "policy": "{\n  \"Version\": \"2012-10-17\",\n  \"Statement\": [\n    {\n      \"Effect\": \"Allow\",\n      \"Action\": [\n        \"logs:CreateLogGroup\",\n        \"logs:CreateLogStream\",\n        \"logs:PutLogEvents\"\n      ],\n      \"Resource\": \"*\"\n    }\n  ]\n}",
            "policy_id": "ANPAJNCQGXC42545SKXIK",
            "tags": {}
          },
          "sensitive_attributes": []
        }
      ]
    },
    {
      "module": "module.aft.module.aft_account_request_framework",
      "mode": "data",
      "type": "aws_iam_policy",
      "name": "AWSLambdaVPCAccessExecutionRole",
      "provider": "module.aft.provider[\"registry.terraform.io/hashicorp/aws\"].aft_management",
      "instances": [
        {
          "schema_version": 0,
          "attributes": {
            "arn": "arn:aws:iam::aws:policy/service-role/AWSLambdaVPCAccessExecutionRole",
            "description": "Provides minimum permissions for a Lambda function to execute while accessing a resource within a VPC - create, describe, delete network interfaces and write permissions to CloudWatch Logs. ",
            "id": "arn:aws:iam::aws:policy/service-role/AWSLambdaVPCAccessExecutionRole",
            "name": "AWSLambdaVPCAccessExecutionRole",
            "path": "/service-role/",
            "path_prefix": null,
            "policy": "{\n  \"Version\": \"2012-10-17\",\n  \"Statement\": [\n    {\n      \"Effect\": \"Allow\",\n      \"Action\": [\n        \"logs:CreateLogGroup\",\n        \"logs:CreateLogStream\",\n        \"logs:PutLogEvents\",\n        \"ec2:CreateNetworkInterface\",\n        \"ec2:DescribeNetworkInterfaces\",\n        \"ec2:DeleteNetworkInterface\",\n        \"ec2:AssignPrivateIpAddresses\",\n        \"ec2:UnassignPrivateIpAddresses\"\n      ],\n      \"Resource\": \"*\"\n    }\n  ]\n}",
            "policy_id": "ANPAJVTME3YLVNL72YR2K",
            "tags": {}
          },
          "sensitive_attributes": []
        }
      ]
    },
    {
      "module": "module.aft.module.aft_account_request_framework",
      "mode": "data",
      "type": "aws_partition",
      "name": "current",
      "provider": "module.aft.provider[\"registry.terraform.io/hashicorp/aws\"].aft_management",
      "instances": [
        {
          "schema_version": 0,
          "attributes": {
            "dns_suffix": "amazonaws.com",
            "id": "aws",
            "partition": "aws",
            "reverse_dns_prefix": "com.amazonaws"
          },
          "sensitive_attributes": []
        }
      ]
    },
    {
      "module": "module.aft.module.aft_account_request_framework",
      "mode": "data",
      "type": "aws_region",
      "name": "aft-management",
      "provider": "module.aft.provider[\"registry.terraform.io/hashicorp/aws\"].aft_management",
      "instances": [
        {
          "schema_version": 0,
          "attributes": {
            "description": "US East (N. Virginia)",
            "endpoint": "ec2.us-east-1.amazonaws.com",
            "id": "us-east-1",
            "name": "us-east-1"
          },
          "sensitive_attributes": []
        }
      ]
    },
    {
      "module": "module.aft.module.aft_account_request_framework",
      "mode": "data",
      "type": "aws_subnets",
      "name": "codebuild",
      "provider": "module.aft.provider[\"registry.terraform.io/hashicorp/aws\"].aft_management",
      "instances": [
        {
          "index_key": 0,
          "schema_version": 0,
          "attributes": {
            "filter": [
              {
                "name": "availability-zone",
                "values": [
                  "us-east-1a",
                  "us-east-1b",
                  "us-east-1c",
                  "us-east-1d",
                  "us-east-1e",
                  "us-east-1f"
                ]
              },
              {
                "name": "subnet-id",
                "values": [
                  "subnet-0d5e6c3eb948669e7",
                  "subnet-0aa55f2a7e70ddf9a"
                ]
              },
              {
                "name": "vpc-id",
                "values": [
                  "vpc-093b0a1fd1314e022"
                ]
              }
            ],
            "id": "us-east-1",
            "ids": [
              "subnet-0d5e6c3eb948669e7",
              "subnet-0aa55f2a7e70ddf9a"
            ],
            "tags": null,
            "timeouts": null
          },
          "sensitive_attributes": []
        }
      ]
    },
    {
      "module": "module.aft.module.aft_account_request_framework",
      "mode": "data",
      "type": "aws_subnets",
      "name": "codecommit",
      "provider": "module.aft.provider[\"registry.terraform.io/hashicorp/aws\"].aft_management",
      "instances": [
        {
          "index_key": 0,
          "schema_version": 0,
          "attributes": {
            "filter": [
              {
                "name": "availability-zone",
                "values": [
                  "us-east-1a",
                  "us-east-1b",
                  "us-east-1c",
                  "us-east-1d",
                  "us-east-1e",
                  "us-east-1f"
                ]
              },
              {
                "name": "subnet-id",
                "values": [
                  "subnet-0d5e6c3eb948669e7",
                  "subnet-0aa55f2a7e70ddf9a"
                ]
              },
              {
                "name": "vpc-id",
                "values": [
                  "vpc-093b0a1fd1314e022"
                ]
              }
            ],
            "id": "us-east-1",
            "ids": [
              "subnet-0d5e6c3eb948669e7",
              "subnet-0aa55f2a7e70ddf9a"
            ],
            "tags": null,
            "timeouts": null
          },
          "sensitive_attributes": []
        }
      ]
    },
    {
      "module": "module.aft.module.aft_account_request_framework",
      "mode": "data",
      "type": "aws_subnets",
      "name": "codepipeline",
      "provider": "module.aft.provider[\"registry.terraform.io/hashicorp/aws\"].aft_management",
      "instances": [
        {
          "index_key": 0,
          "schema_version": 0,
          "attributes": {
            "filter": [
              {
                "name": "availability-zone",
                "values": [
                  "us-east-1a",
                  "us-east-1b",
                  "us-east-1c",
                  "us-east-1d",
                  "us-east-1e",
                  "us-east-1f"
                ]
              },
              {
                "name": "subnet-id",
                "values": [
                  "subnet-0d5e6c3eb948669e7",
                  "subnet-0aa55f2a7e70ddf9a"
                ]
              },
              {
                "name": "vpc-id",
                "values": [
                  "vpc-093b0a1fd1314e022"
                ]
              }
            ],
            "id": "us-east-1",
            "ids": [
              "subnet-0d5e6c3eb948669e7",
              "subnet-0aa55f2a7e70ddf9a"
            ],
            "tags": null,
            "timeouts": null
          },
          "sensitive_attributes": []
        }
      ]
    },
    {
      "module": "module.aft.module.aft_account_request_framework",
      "mode": "data",
      "type": "aws_subnets",
      "name": "events",
      "provider": "module.aft.provider[\"registry.terraform.io/hashicorp/aws\"].aft_management",
      "instances": [
        {
          "index_key": 0,
          "schema_version": 0,
          "attributes": {
            "filter": [
              {
                "name": "availability-zone",
                "values": [
                  "us-east-1a",
                  "us-east-1b",
                  "us-east-1c",
                  "us-east-1d",
                  "us-east-1e",
                  "us-east-1f"
                ]
              },
              {
                "name": "subnet-id",
                "values": [
                  "subnet-0d5e6c3eb948669e7",
                  "subnet-0aa55f2a7e70ddf9a"
                ]
              },
              {
                "name": "vpc-id",
                "values": [
                  "vpc-093b0a1fd1314e022"
                ]
              }
            ],
            "id": "us-east-1",
            "ids": [
              "subnet-0d5e6c3eb948669e7",
              "subnet-0aa55f2a7e70ddf9a"
            ],
            "tags": null,
            "timeouts": null
          },
          "sensitive_attributes": []
        }
      ]
    },
    {
      "module": "module.aft.module.aft_account_request_framework",
      "mode": "data",
      "type": "aws_subnets",
      "name": "git-codecommit",
      "provider": "module.aft.provider[\"registry.terraform.io/hashicorp/aws\"].aft_management",
      "instances": [
        {
          "index_key": 0,
          "schema_version": 0,
          "attributes": {
            "filter": [
              {
                "name": "availability-zone",
                "values": [
                  "us-east-1a",
                  "us-east-1b",
                  "us-east-1c",
                  "us-east-1d",
                  "us-east-1e",
                  "us-east-1f"
                ]
              },
              {
                "name": "subnet-id",
                "values": [
                  "subnet-0d5e6c3eb948669e7",
                  "subnet-0aa55f2a7e70ddf9a"
                ]
              },
              {
                "name": "vpc-id",
                "values": [
                  "vpc-093b0a1fd1314e022"
                ]
              }
            ],
            "id": "us-east-1",
            "ids": [
              "subnet-0d5e6c3eb948669e7",
              "subnet-0aa55f2a7e70ddf9a"
            ],
            "tags": null,
            "timeouts": null
          },
          "sensitive_attributes": []
        }
      ]
    },
    {
      "module": "module.aft.module.aft_account_request_framework",
      "mode": "data",
      "type": "aws_subnets",
      "name": "kms",
      "provider": "module.aft.provider[\"registry.terraform.io/hashicorp/aws\"].aft_management",
      "instances": [
        {
          "index_key": 0,
          "schema_version": 0,
          "attributes": {
            "filter": [
              {
                "name": "availability-zone",
                "values": [
                  "us-east-1a",
                  "us-east-1b",
                  "us-east-1c",
                  "us-east-1d",
                  "us-east-1e",
                  "us-east-1f"
                ]
              },
              {
                "name": "subnet-id",
                "values": [
                  "subnet-0d5e6c3eb948669e7",
                  "subnet-0aa55f2a7e70ddf9a"
                ]
              },
              {
                "name": "vpc-id",
                "values": [
                  "vpc-093b0a1fd1314e022"
                ]
              }
            ],
            "id": "us-east-1",
            "ids": [
              "subnet-0d5e6c3eb948669e7",
              "subnet-0aa55f2a7e70ddf9a"
            ],
            "tags": null,
            "timeouts": null
          },
          "sensitive_attributes": []
        }
      ]
    },
    {
      "module": "module.aft.module.aft_account_request_framework",
      "mode": "data",
      "type": "aws_subnets",
      "name": "lambda",
      "provider": "module.aft.provider[\"registry.terraform.io/hashicorp/aws\"].aft_management",
      "instances": [
        {
          "index_key": 0,
          "schema_version": 0,
          "attributes": {
            "filter": [
              {
                "name": "availability-zone",
                "values": [
                  "us-east-1a",
                  "us-east-1b",
                  "us-east-1c",
                  "us-east-1d",
                  "us-east-1e",
                  "us-east-1f"
                ]
              },
              {
                "name": "subnet-id",
                "values": [
                  "subnet-0d5e6c3eb948669e7",
                  "subnet-0aa55f2a7e70ddf9a"
                ]
              },
              {
                "name": "vpc-id",
                "values": [
                  "vpc-093b0a1fd1314e022"
                ]
              }
            ],
            "id": "us-east-1",
            "ids": [
              "subnet-0d5e6c3eb948669e7",
              "subnet-0aa55f2a7e70ddf9a"
            ],
            "tags": null,
            "timeouts": null
          },
          "sensitive_attributes": []
        }
      ]
    },
    {
      "module": "module.aft.module.aft_account_request_framework",
      "mode": "data",
      "type": "aws_subnets",
      "name": "logs",
      "provider": "module.aft.provider[\"registry.terraform.io/hashicorp/aws\"].aft_management",
      "instances": [
        {
          "index_key": 0,
          "schema_version": 0,
          "attributes": {
            "filter": [
              {
                "name": "availability-zone",
                "values": [
                  "us-east-1a",
                  "us-east-1b",
                  "us-east-1c",
                  "us-east-1d",
                  "us-east-1e",
                  "us-east-1f"
                ]
              },
              {
                "name": "subnet-id",
                "values": [
                  "subnet-0d5e6c3eb948669e7",
                  "subnet-0aa55f2a7e70ddf9a"
                ]
              },
              {
                "name": "vpc-id",
                "values": [
                  "vpc-093b0a1fd1314e022"
                ]
              }
            ],
            "id": "us-east-1",
            "ids": [
              "subnet-0d5e6c3eb948669e7",
              "subnet-0aa55f2a7e70ddf9a"
            ],
            "tags": null,
            "timeouts": null
          },
          "sensitive_attributes": []
        }
      ]
    },
    {
      "module": "module.aft.module.aft_account_request_framework",
      "mode": "data",
      "type": "aws_subnets",
      "name": "servicecatalog",
      "provider": "module.aft.provider[\"registry.terraform.io/hashicorp/aws\"].aft_management",
      "instances": [
        {
          "index_key": 0,
          "schema_version": 0,
          "attributes": {
            "filter": [
              {
                "name": "availability-zone",
                "values": [
                  "us-east-1a",
                  "us-east-1b",
                  "us-east-1c",
                  "us-east-1d",
                  "us-east-1e",
                  "us-east-1f"
                ]
              },
              {
                "name": "subnet-id",
                "values": [
                  "subnet-0d5e6c3eb948669e7",
                  "subnet-0aa55f2a7e70ddf9a"
                ]
              },
              {
                "name": "vpc-id",
                "values": [
                  "vpc-093b0a1fd1314e022"
                ]
              }
            ],
            "id": "us-east-1",
            "ids": [
              "subnet-0d5e6c3eb948669e7",
              "subnet-0aa55f2a7e70ddf9a"
            ],
            "tags": null,
            "timeouts": null
          },
          "sensitive_attributes": []
        }
      ]
    },
    {
      "module": "module.aft.module.aft_account_request_framework",
      "mode": "data",
      "type": "aws_subnets",
      "name": "sns",
      "provider": "module.aft.provider[\"registry.terraform.io/hashicorp/aws\"].aft_management",
      "instances": [
        {
          "index_key": 0,
          "schema_version": 0,
          "attributes": {
            "filter": [
              {
                "name": "availability-zone",
                "values": [
                  "us-east-1a",
                  "us-east-1b",
                  "us-east-1c",
                  "us-east-1d",
                  "us-east-1e",
                  "us-east-1f"
                ]
              },
              {
                "name": "subnet-id",
                "values": [
                  "subnet-0d5e6c3eb948669e7",
                  "subnet-0aa55f2a7e70ddf9a"
                ]
              },
              {
                "name": "vpc-id",
                "values": [
                  "vpc-093b0a1fd1314e022"
                ]
              }
            ],
            "id": "us-east-1",
            "ids": [
              "subnet-0d5e6c3eb948669e7",
              "subnet-0aa55f2a7e70ddf9a"
            ],
            "tags": null,
            "timeouts": null
          },
          "sensitive_attributes": []
        }
      ]
    },
    {
      "module": "module.aft.module.aft_account_request_framework",
      "mode": "data",
      "type": "aws_subnets",
      "name": "sqs",
      "provider": "module.aft.provider[\"registry.terraform.io/hashicorp/aws\"].aft_management",
      "instances": [
        {
          "index_key": 0,
          "schema_version": 0,
          "attributes": {
            "filter": [
              {
                "name": "availability-zone",
                "values": [
                  "us-east-1a",
                  "us-east-1b",
                  "us-east-1c",
                  "us-east-1d",
                  "us-east-1e",
                  "us-east-1f"
                ]
              },
              {
                "name": "subnet-id",
                "values": [
                  "subnet-0d5e6c3eb948669e7",
                  "subnet-0aa55f2a7e70ddf9a"
                ]
              },
              {
                "name": "vpc-id",
                "values": [
                  "vpc-093b0a1fd1314e022"
                ]
              }
            ],
            "id": "us-east-1",
            "ids": [
              "subnet-0d5e6c3eb948669e7",
              "subnet-0aa55f2a7e70ddf9a"
            ],
            "tags": null,
            "timeouts": null
          },
          "sensitive_attributes": []
        }
      ]
    },
    {
      "module": "module.aft.module.aft_account_request_framework",
      "mode": "data",
      "type": "aws_subnets",
      "name": "ssm",
      "provider": "module.aft.provider[\"registry.terraform.io/hashicorp/aws\"].aft_management",
      "instances": [
        {
          "index_key": 0,
          "schema_version": 0,
          "attributes": {
            "filter": [
              {
                "name": "availability-zone",
                "values": [
                  "us-east-1a",
                  "us-east-1b",
                  "us-east-1c",
                  "us-east-1d",
                  "us-east-1e",
                  "us-east-1f"
                ]
              },
              {
                "name": "subnet-id",
                "values": [
                  "subnet-0d5e6c3eb948669e7",
                  "subnet-0aa55f2a7e70ddf9a"
                ]
              },
              {
                "name": "vpc-id",
                "values": [
                  "vpc-093b0a1fd1314e022"
                ]
              }
            ],
            "id": "us-east-1",
            "ids": [
              "subnet-0d5e6c3eb948669e7",
              "subnet-0aa55f2a7e70ddf9a"
            ],
            "tags": null,
            "timeouts": null
          },
          "sensitive_attributes": []
        }
      ]
    },
    {
      "module": "module.aft.module.aft_account_request_framework",
      "mode": "data",
      "type": "aws_subnets",
      "name": "states",
      "provider": "module.aft.provider[\"registry.terraform.io/hashicorp/aws\"].aft_management",
      "instances": [
        {
          "index_key": 0,
          "schema_version": 0,
          "attributes": {
            "filter": [
              {
                "name": "availability-zone",
                "values": [
                  "us-east-1a",
                  "us-east-1b",
                  "us-east-1c",
                  "us-east-1d",
                  "us-east-1e",
                  "us-east-1f"
                ]
              },
              {
                "name": "subnet-id",
                "values": [
                  "subnet-0d5e6c3eb948669e7",
                  "subnet-0aa55f2a7e70ddf9a"
                ]
              },
              {
                "name": "vpc-id",
                "values": [
                  "vpc-093b0a1fd1314e022"
                ]
              }
            ],
            "id": "us-east-1",
            "ids": [
              "subnet-0d5e6c3eb948669e7",
              "subnet-0aa55f2a7e70ddf9a"
            ],
            "tags": null,
            "timeouts": null
          },
          "sensitive_attributes": []
        }
      ]
    },
    {
      "module": "module.aft.module.aft_account_request_framework",
      "mode": "data",
      "type": "aws_subnets",
      "name": "sts",
      "provider": "module.aft.provider[\"registry.terraform.io/hashicorp/aws\"].aft_management",
      "instances": [
        {
          "index_key": 0,
          "schema_version": 0,
          "attributes": {
            "filter": [
              {
                "name": "availability-zone",
                "values": [
                  "us-east-1a",
                  "us-east-1b",
                  "us-east-1c",
                  "us-east-1d",
                  "us-east-1e",
                  "us-east-1f"
                ]
              },
              {
                "name": "subnet-id",
                "values": [
                  "subnet-0d5e6c3eb948669e7",
                  "subnet-0aa55f2a7e70ddf9a"
                ]
              },
              {
                "name": "vpc-id",
                "values": [
                  "vpc-093b0a1fd1314e022"
                ]
              }
            ],
            "id": "us-east-1",
            "ids": [
              "subnet-0d5e6c3eb948669e7",
              "subnet-0aa55f2a7e70ddf9a"
            ],
            "tags": null,
            "timeouts": null
          },
          "sensitive_attributes": []
        }
      ]
    },
    {
      "module": "module.aft.module.aft_account_request_framework",
      "mode": "data",
      "type": "aws_vpc_endpoint_service",
      "name": "codebuild",
      "provider": "module.aft.provider[\"registry.terraform.io/hashicorp/aws\"].aft_management",
      "instances": [
        {
          "index_key": 0,
          "schema_version": 0,
          "attributes": {
            "acceptance_required": false,
            "arn": "arn:aws:ec2:us-east-1:137457353584:vpc-endpoint-service/vpce-svc-0c010ea6f4a2da52d",
            "availability_zones": [
              "us-east-1a",
              "us-east-1b",
              "us-east-1c",
              "us-east-1d",
              "us-east-1e",
              "us-east-1f"
            ],
            "base_endpoint_dns_names": [
              "codebuild.us-east-1.vpce.amazonaws.com"
            ],
            "filter": null,
            "id": "3342732707",
            "manages_vpc_endpoints": false,
            "owner": "amazon",
            "private_dns_name": "codebuild.us-east-1.amazonaws.com",
            "service": "codebuild",
            "service_id": "vpce-svc-0c010ea6f4a2da52d",
            "service_name": "com.amazonaws.us-east-1.codebuild",
            "service_type": "Interface",
            "supported_ip_address_types": [
              "ipv4"
            ],
            "tags": {},
            "timeouts": null,
            "vpc_endpoint_policy_supported": true
          },
          "sensitive_attributes": []
        }
      ]
    },
    {
      "module": "module.aft.module.aft_account_request_framework",
      "mode": "data",
      "type": "aws_vpc_endpoint_service",
      "name": "codecommit",
      "provider": "module.aft.provider[\"registry.terraform.io/hashicorp/aws\"].aft_management",
      "instances": [
        {
          "index_key": 0,
          "schema_version": 0,
          "attributes": {
            "acceptance_required": false,
            "arn": "arn:aws:ec2:us-east-1:137457353584:vpc-endpoint-service/vpce-svc-0a9c5028aa0a54ade",
            "availability_zones": [
              "us-east-1a",
              "us-east-1b",
              "us-east-1c",
              "us-east-1d",
              "us-east-1e",
              "us-east-1f"
            ],
            "base_endpoint_dns_names": [
              "codecommit.us-east-1.vpce.amazonaws.com"
            ],
            "filter": null,
            "id": "275794268",
            "manages_vpc_endpoints": false,
            "owner": "amazon",
            "private_dns_name": "codecommit.us-east-1.amazonaws.com",
            "service": "codecommit",
            "service_id": "vpce-svc-0a9c5028aa0a54ade",
            "service_name": "com.amazonaws.us-east-1.codecommit",
            "service_type": "Interface",
            "supported_ip_address_types": [
              "ipv4"
            ],
            "tags": {},
            "timeouts": null,
            "vpc_endpoint_policy_supported": true
          },
          "sensitive_attributes": []
        }
      ]
    },
    {
      "module": "module.aft.module.aft_account_request_framework",
      "mode": "data",
      "type": "aws_vpc_endpoint_service",
      "name": "codepipeline",
      "provider": "module.aft.provider[\"registry.terraform.io/hashicorp/aws\"].aft_management",
      "instances": [
        {
          "index_key": 0,
          "schema_version": 0,
          "attributes": {
            "acceptance_required": false,
            "arn": "arn:aws:ec2:us-east-1:137457353584:vpc-endpoint-service/vpce-svc-04aa8dd5ca62d3cec",
            "availability_zones": [
              "us-east-1a",
              "us-east-1b",
              "us-east-1c",
              "us-east-1d",
              "us-east-1e",
              "us-east-1f"
            ],
            "base_endpoint_dns_names": [
              "codepipeline.us-east-1.vpce.amazonaws.com"
            ],
            "filter": null,
            "id": "2743968634",
            "manages_vpc_endpoints": false,
            "owner": "amazon",
            "private_dns_name": "codepipeline.us-east-1.amazonaws.com",
            "service": "codepipeline",
            "service_id": "vpce-svc-04aa8dd5ca62d3cec",
            "service_name": "com.amazonaws.us-east-1.codepipeline",
            "service_type": "Interface",
            "supported_ip_address_types": [
              "ipv4"
            ],
            "tags": {},
            "timeouts": null,
            "vpc_endpoint_policy_supported": false
          },
          "sensitive_attributes": []
        }
      ]
    },
    {
      "module": "module.aft.module.aft_account_request_framework",
      "mode": "data",
      "type": "aws_vpc_endpoint_service",
      "name": "events",
      "provider": "module.aft.provider[\"registry.terraform.io/hashicorp/aws\"].aft_management",
      "instances": [
        {
          "index_key": 0,
          "schema_version": 0,
          "attributes": {
            "acceptance_required": false,
            "arn": "arn:aws:ec2:us-east-1:137457353584:vpc-endpoint-service/vpce-svc-0091001f6a6fb58d2",
            "availability_zones": [
              "us-east-1a",
              "us-east-1b",
              "us-east-1c",
              "us-east-1d",
              "us-east-1e",
              "us-east-1f"
            ],
            "base_endpoint_dns_names": [
              "events.us-east-1.vpce.amazonaws.com"
            ],
            "filter": null,
            "id": "412716965",
            "manages_vpc_endpoints": false,
            "owner": "amazon",
            "private_dns_name": "events.us-east-1.amazonaws.com",
            "service": "events",
            "service_id": "vpce-svc-0091001f6a6fb58d2",
            "service_name": "com.amazonaws.us-east-1.events",
            "service_type": "Interface",
            "supported_ip_address_types": [
              "ipv4"
            ],
            "tags": {},
            "timeouts": null,
            "vpc_endpoint_policy_supported": true
          },
          "sensitive_attributes": []
        }
      ]
    },
    {
      "module": "module.aft.module.aft_account_request_framework",
      "mode": "data",
      "type": "aws_vpc_endpoint_service",
      "name": "git-codecommit",
      "provider": "module.aft.provider[\"registry.terraform.io/hashicorp/aws\"].aft_management",
      "instances": [
        {
          "index_key": 0,
          "schema_version": 0,
          "attributes": {
            "acceptance_required": false,
            "arn": "arn:aws:ec2:us-east-1:137457353584:vpc-endpoint-service/vpce-svc-09bd365a6e7143038",
            "availability_zones": [
              "us-east-1a",
              "us-east-1b",
              "us-east-1c",
              "us-east-1d",
              "us-east-1e",
              "us-east-1f"
            ],
            "base_endpoint_dns_names": [
              "git-codecommit.us-east-1.vpce.amazonaws.com"
            ],
            "filter": null,
            "id": "3298375572",
            "manages_vpc_endpoints": false,
            "owner": "amazon",
            "private_dns_name": "git-codecommit.us-east-1.amazonaws.com",
            "service": "git-codecommit",
            "service_id": "vpce-svc-09bd365a6e7143038",
            "service_name": "com.amazonaws.us-east-1.git-codecommit",
            "service_type": "Interface",
            "supported_ip_address_types": [
              "ipv4"
            ],
            "tags": {},
            "timeouts": null,
            "vpc_endpoint_policy_supported": true
          },
          "sensitive_attributes": []
        }
      ]
    },
    {
      "module": "module.aft.module.aft_account_request_framework",
      "mode": "data",
      "type": "aws_vpc_endpoint_service",
      "name": "kms",
      "provider": "module.aft.provider[\"registry.terraform.io/hashicorp/aws\"].aft_management",
      "instances": [
        {
          "index_key": 0,
          "schema_version": 0,
          "attributes": {
            "acceptance_required": false,
            "arn": "arn:aws:ec2:us-east-1:137457353584:vpc-endpoint-service/vpce-svc-06e89c5fa1e953a07",
            "availability_zones": [
              "us-east-1a",
              "us-east-1b",
              "us-east-1c",
              "us-east-1d",
              "us-east-1e",
              "us-east-1f"
            ],
            "base_endpoint_dns_names": [
              "kms.us-east-1.vpce.amazonaws.com"
            ],
            "filter": null,
            "id": "140981279",
            "manages_vpc_endpoints": false,
            "owner": "amazon",
            "private_dns_name": "kms.us-east-1.amazonaws.com",
            "service": "kms",
            "service_id": "vpce-svc-06e89c5fa1e953a07",
            "service_name": "com.amazonaws.us-east-1.kms",
            "service_type": "Interface",
            "supported_ip_address_types": [
              "ipv4"
            ],
            "tags": {},
            "timeouts": null,
            "vpc_endpoint_policy_supported": true
          },
          "sensitive_attributes": []
        }
      ]
    },
    {
      "module": "module.aft.module.aft_account_request_framework",
      "mode": "data",
      "type": "aws_vpc_endpoint_service",
      "name": "lambda",
      "provider": "module.aft.provider[\"registry.terraform.io/hashicorp/aws\"].aft_management",
      "instances": [
        {
          "index_key": 0,
          "schema_version": 0,
          "attributes": {
            "acceptance_required": false,
            "arn": "arn:aws:ec2:us-east-1:137457353584:vpc-endpoint-service/vpce-svc-007affa8f59bca6a2",
            "availability_zones": [
              "us-east-1a",
              "us-east-1b",
              "us-east-1c",
              "us-east-1d",
              "us-east-1e",
              "us-east-1f"
            ],
            "base_endpoint_dns_names": [
              "lambda.us-east-1.vpce.amazonaws.com"
            ],
            "filter": null,
            "id": "2558732141",
            "manages_vpc_endpoints": false,
            "owner": "amazon",
            "private_dns_name": "lambda.us-east-1.amazonaws.com",
            "service": "lambda",
            "service_id": "vpce-svc-007affa8f59bca6a2",
            "service_name": "com.amazonaws.us-east-1.lambda",
            "service_type": "Interface",
            "supported_ip_address_types": [
              "ipv4"
            ],
            "tags": {},
            "timeouts": null,
            "vpc_endpoint_policy_supported": true
          },
          "sensitive_attributes": []
        }
      ]
    },
    {
      "module": "module.aft.module.aft_account_request_framework",
      "mode": "data",
      "type": "aws_vpc_endpoint_service",
      "name": "logs",
      "provider": "module.aft.provider[\"registry.terraform.io/hashicorp/aws\"].aft_management",
      "instances": [
        {
          "index_key": 0,
          "schema_version": 0,
          "attributes": {
            "acceptance_required": false,
            "arn": "arn:aws:ec2:us-east-1:137457353584:vpc-endpoint-service/vpce-svc-01b9c19d13faf4f62",
            "availability_zones": [
              "us-east-1a",
              "us-east-1b",
              "us-east-1c",
              "us-east-1d",
              "us-east-1e",
              "us-east-1f"
            ],
            "base_endpoint_dns_names": [
              "logs.us-east-1.vpce.amazonaws.com"
            ],
            "filter": null,
            "id": "653499976",
            "manages_vpc_endpoints": false,
            "owner": "amazon",
            "private_dns_name": "logs.us-east-1.amazonaws.com",
            "service": "logs",
            "service_id": "vpce-svc-01b9c19d13faf4f62",
            "service_name": "com.amazonaws.us-east-1.logs",
            "service_type": "Interface",
            "supported_ip_address_types": [
              "ipv4"
            ],
            "tags": {},
            "timeouts": null,
            "vpc_endpoint_policy_supported": true
          },
          "sensitive_attributes": []
        }
      ]
    },
    {
      "module": "module.aft.module.aft_account_request_framework",
      "mode": "data",
      "type": "aws_vpc_endpoint_service",
      "name": "servicecatalog",
      "provider": "module.aft.provider[\"registry.terraform.io/hashicorp/aws\"].aft_management",
      "instances": [
        {
          "index_key": 0,
          "schema_version": 0,
          "attributes": {
            "acceptance_required": false,
            "arn": "arn:aws:ec2:us-east-1:137457353584:vpc-endpoint-service/vpce-svc-03eb0a5a402ac19a7",
            "availability_zones": [
              "us-east-1a",
              "us-east-1b",
              "us-east-1c",
              "us-east-1d",
              "us-east-1e",
              "us-east-1f"
            ],
            "base_endpoint_dns_names": [
              "servicecatalog.us-east-1.vpce.amazonaws.com"
            ],
            "filter": null,
            "id": "150708398",
            "manages_vpc_endpoints": false,
            "owner": "amazon",
            "private_dns_name": "servicecatalog.us-east-1.amazonaws.com",
            "service": "servicecatalog",
            "service_id": "vpce-svc-03eb0a5a402ac19a7",
            "service_name": "com.amazonaws.us-east-1.servicecatalog",
            "service_type": "Interface",
            "supported_ip_address_types": [
              "ipv4"
            ],
            "tags": {},
            "timeouts": null,
            "vpc_endpoint_policy_supported": true
          },
          "sensitive_attributes": []
        }
      ]
    },
    {
      "module": "module.aft.module.aft_account_request_framework",
      "mode": "data",
      "type": "aws_vpc_endpoint_service",
      "name": "sns",
      "provider": "module.aft.provider[\"registry.terraform.io/hashicorp/aws\"].aft_management",
      "instances": [
        {
          "index_key": 0,
          "schema_version": 0,
          "attributes": {
            "acceptance_required": false,
            "arn": "arn:aws:ec2:us-east-1:137457353584:vpc-endpoint-service/vpce-svc-028a2c04717c9c5b1",
            "availability_zones": [
              "us-east-1a",
              "us-east-1b",
              "us-east-1c",
              "us-east-1d",
              "us-east-1e",
              "us-east-1f"
            ],
            "base_endpoint_dns_names": [
              "sns.us-east-1.vpce.amazonaws.com"
            ],
            "filter": null,
            "id": "830444820",
            "manages_vpc_endpoints": false,
            "owner": "amazon",
            "private_dns_name": "sns.us-east-1.amazonaws.com",
            "service": "sns",
            "service_id": "vpce-svc-028a2c04717c9c5b1",
            "service_name": "com.amazonaws.us-east-1.sns",
            "service_type": "Interface",
            "supported_ip_address_types": [
              "ipv4"
            ],
            "tags": {},
            "timeouts": null,
            "vpc_endpoint_policy_supported": true
          },
          "sensitive_attributes": []
        }
      ]
    },
    {
      "module": "module.aft.module.aft_account_request_framework",
      "mode": "data",
      "type": "aws_vpc_endpoint_service",
      "name": "sqs",
      "provider": "module.aft.provider[\"registry.terraform.io/hashicorp/aws\"].aft_management",
      "instances": [
        {
          "index_key": 0,
          "schema_version": 0,
          "attributes": {
            "acceptance_required": false,
            "arn": "arn:aws:ec2:us-east-1:137457353584:vpc-endpoint-service/vpce-svc-021f0798aee080d82",
            "availability_zones": [
              "us-east-1a",
              "us-east-1b",
              "us-east-1c",
              "us-east-1d",
              "us-east-1e",
              "us-east-1f"
            ],
            "base_endpoint_dns_names": [
              "sqs.us-east-1.vpce.amazonaws.com"
            ],
            "filter": null,
            "id": "4230323082",
            "manages_vpc_endpoints": false,
            "owner": "amazon",
            "private_dns_name": "sqs.us-east-1.amazonaws.com",
            "service": "sqs",
            "service_id": "vpce-svc-021f0798aee080d82",
            "service_name": "com.amazonaws.us-east-1.sqs",
            "service_type": "Interface",
            "supported_ip_address_types": [
              "ipv4"
            ],
            "tags": {},
            "timeouts": null,
            "vpc_endpoint_policy_supported": true
          },
          "sensitive_attributes": []
        }
      ]
    },
    {
      "module": "module.aft.module.aft_account_request_framework",
      "mode": "data",
      "type": "aws_vpc_endpoint_service",
      "name": "ssm",
      "provider": "module.aft.provider[\"registry.terraform.io/hashicorp/aws\"].aft_management",
      "instances": [
        {
          "index_key": 0,
          "schema_version": 0,
          "attributes": {
            "acceptance_required": false,
            "arn": "arn:aws:ec2:us-east-1:137457353584:vpc-endpoint-service/vpce-svc-0830e78121d7f5a46",
            "availability_zones": [
              "us-east-1a",
              "us-east-1b",
              "us-east-1c",
              "us-east-1d",
              "us-east-1e",
              "us-east-1f"
            ],
            "base_endpoint_dns_names": [
              "ssm.us-east-1.vpce.amazonaws.com"
            ],
            "filter": null,
            "id": "874300523",
            "manages_vpc_endpoints": false,
            "owner": "amazon",
            "private_dns_name": "ssm.us-east-1.amazonaws.com",
            "service": "ssm",
            "service_id": "vpce-svc-0830e78121d7f5a46",
            "service_name": "com.amazonaws.us-east-1.ssm",
            "service_type": "Interface",
            "supported_ip_address_types": [
              "ipv4"
            ],
            "tags": {},
            "timeouts": null,
            "vpc_endpoint_policy_supported": true
          },
          "sensitive_attributes": []
        }
      ]
    },
    {
      "module": "module.aft.module.aft_account_request_framework",
      "mode": "data",
      "type": "aws_vpc_endpoint_service",
      "name": "states",
      "provider": "module.aft.provider[\"registry.terraform.io/hashicorp/aws\"].aft_management",
      "instances": [
        {
          "index_key": 0,
          "schema_version": 0,
          "attributes": {
            "acceptance_required": false,
            "arn": "arn:aws:ec2:us-east-1:137457353584:vpc-endpoint-service/vpce-svc-0a9e455f2fc8c61a6",
            "availability_zones": [
              "us-east-1a",
              "us-east-1b",
              "us-east-1c",
              "us-east-1d",
              "us-east-1e",
              "us-east-1f"
            ],
            "base_endpoint_dns_names": [
              "states.us-east-1.vpce.amazonaws.com"
            ],
            "filter": null,
            "id": "2061283234",
            "manages_vpc_endpoints": false,
            "owner": "amazon",
            "private_dns_name": "states.us-east-1.amazonaws.com",
            "service": "states",
            "service_id": "vpce-svc-0a9e455f2fc8c61a6",
            "service_name": "com.amazonaws.us-east-1.states",
            "service_type": "Interface",
            "supported_ip_address_types": [
              "ipv4"
            ],
            "tags": {},
            "timeouts": null,
            "vpc_endpoint_policy_supported": true
          },
          "sensitive_attributes": []
        }
      ]
    },
    {
      "module": "module.aft.module.aft_account_request_framework",
      "mode": "data",
      "type": "aws_vpc_endpoint_service",
      "name": "sts",
      "provider": "module.aft.provider[\"registry.terraform.io/hashicorp/aws\"].aft_management",
      "instances": [
        {
          "index_key": 0,
          "schema_version": 0,
          "attributes": {
            "acceptance_required": false,
            "arn": "arn:aws:ec2:us-east-1:137457353584:vpc-endpoint-service/vpce-svc-0fea2b65f0eeb838b",
            "availability_zones": [
              "us-east-1a",
              "us-east-1b",
              "us-east-1c",
              "us-east-1d",
              "us-east-1e",
              "us-east-1f"
            ],
            "base_endpoint_dns_names": [
              "sts.us-east-1.vpce.amazonaws.com"
            ],
            "filter": null,
            "id": "2169663439",
            "manages_vpc_endpoints": false,
            "owner": "amazon",
            "private_dns_name": "sts.us-east-1.amazonaws.com",
            "service": "sts",
            "service_id": "vpce-svc-0fea2b65f0eeb838b",
            "service_name": "com.amazonaws.us-east-1.sts",
            "service_type": "Interface",
            "supported_ip_address_types": [
              "ipv4"
            ],
            "tags": {},
            "timeouts": null,
            "vpc_endpoint_policy_supported": true
          },
          "sensitive_attributes": []
        }
      ]
    },
    {
      "module": "module.aft.module.aft_account_request_framework",
      "mode": "managed",
      "type": "aws_backup_plan",
      "name": "aft_controltower_backup_plan",
      "provider": "module.aft.provider[\"registry.terraform.io/hashicorp/aws\"].aft_management",
      "instances": [
        {
          "schema_version": 0,
          "attributes": {
            "advanced_backup_setting": [],
            "arn": "arn:aws:backup:us-east-1:137457353584:backup-plan:fa8ebcfe-cdd5-4154-9a50-9f5ab583b848",
            "id": "fa8ebcfe-cdd5-4154-9a50-9f5ab583b848",
            "name": "aft-controltower-backup-plan",
            "rule": [
              {
                "completion_window": 180,
                "copy_action": [],
                "enable_continuous_backup": false,
                "lifecycle": [],
                "recovery_point_tags": null,
                "rule_name": "aft_controltower_backup_rule",
                "schedule": "cron(0 * * * ? *)",
                "start_window": 60,
                "target_vault_name": "aft-controltower-backup-vault"
              }
            ],
            "tags": null,
            "tags_all": {
              "managed_by": "AFT"
            },
            "version": "ZjFkZWY4MGMtOGIyYS00NzNhLTlhZTAtYzFjM2ZhZGU3NWZh"
          },
          "sensitive_attributes": [],
          "private": "bnVsbA==",
          "dependencies": [
            "module.aft.data.aws_partition.current",
            "module.aft.module.aft_account_request_framework.aws_backup_vault.aft_controltower_backup_vault",
            "module.aft.module.aft_account_request_framework.aws_kms_key.aft"
          ]
        }
      ]
    },
    {
      "module": "module.aft.module.aft_account_request_framework",
      "mode": "managed",
      "type": "aws_backup_selection",
      "name": "aft_controltower_backup_selection",
      "provider": "module.aft.provider[\"registry.terraform.io/hashicorp/aws\"].aft_management",
      "instances": [
        {
          "schema_version": 0,
          "attributes": {
            "condition": [
              {
                "string_equals": null,
                "string_like": null,
                "string_not_equals": null,
                "string_not_like": null
              }
            ],
            "iam_role_arn": "arn:aws:iam::137457353584:role/aft-aws-backup",
            "id": "188ad09d-63cf-44e1-a899-a9c5bfb51391",
            "name": "aft-controltower-backup-selection",
            "not_resources": [],
            "plan_id": "fa8ebcfe-cdd5-4154-9a50-9f5ab583b848",
            "resources": [
              "arn:aws:dynamodb:us-east-1:137457353584:table/aft-controltower-events",
              "arn:aws:dynamodb:us-east-1:137457353584:table/aft-request",
              "arn:aws:dynamodb:us-east-1:137457353584:table/aft-request-audit",
              "arn:aws:dynamodb:us-east-1:137457353584:table/aft-request-metadata"
            ],
            "selection_tag": []
          },
          "sensitive_attributes": [],
          "private": "bnVsbA==",
          "dependencies": [
            "module.aft.data.aws_partition.current",
            "module.aft.module.aft_account_request_framework.aws_backup_plan.aft_controltower_backup_plan",
            "module.aft.module.aft_account_request_framework.aws_backup_vault.aft_controltower_backup_vault",
            "module.aft.module.aft_account_request_framework.aws_dynamodb_table.aft_controltower_events",
            "module.aft.module.aft_account_request_framework.aws_dynamodb_table.aft_request",
            "module.aft.module.aft_account_request_framework.aws_dynamodb_table.aft_request_audit",
            "module.aft.module.aft_account_request_framework.aws_dynamodb_table.aft_request_metadata",
            "module.aft.module.aft_account_request_framework.aws_iam_role.aft_aws_backup",
            "module.aft.module.aft_account_request_framework.aws_kms_key.aft"
          ]
        }
      ]
    },
    {
      "module": "module.aft.module.aft_account_request_framework",
      "mode": "managed",
      "type": "aws_backup_vault",
      "name": "aft_controltower_backup_vault",
      "provider": "module.aft.provider[\"registry.terraform.io/hashicorp/aws\"].aft_management",
      "instances": [
        {
          "schema_version": 0,
          "attributes": {
            "arn": "arn:aws:backup:us-east-1:137457353584:backup-vault:aft-controltower-backup-vault",
            "force_destroy": false,
            "id": "aft-controltower-backup-vault",
            "kms_key_arn": "arn:aws:kms:us-east-1:137457353584:key/c7596c37-1777-47ee-9109-c55a643c8326",
            "name": "aft-controltower-backup-vault",
            "recovery_points": 0,
            "tags": null,
            "tags_all": {
              "managed_by": "AFT"
            },
            "timeouts": null
          },
          "sensitive_attributes": [],
          "private": "eyJlMmJmYjczMC1lY2FhLTExZTYtOGY4OC0zNDM2M2JjN2M0YzAiOnsiZGVsZXRlIjo2MDAwMDAwMDAwMDB9fQ==",
          "dependencies": [
            "module.aft.data.aws_partition.current",
            "module.aft.module.aft_account_request_framework.aws_kms_key.aft"
          ]
        }
      ]
    },
    {
      "module": "module.aft.module.aft_account_request_framework",
      "mode": "managed",
      "type": "aws_cloudwatch_event_bus",
      "name": "aft_from_ct_management",
      "provider": "module.aft.provider[\"registry.terraform.io/hashicorp/aws\"].aft_management",
      "instances": [
        {
          "schema_version": 0,
          "attributes": {
            "arn": "arn:aws:events:us-east-1:137457353584:event-bus/aft-events-from-ct-management",
            "event_source_name": null,
            "id": "aft-events-from-ct-management",
            "name": "aft-events-from-ct-management",
            "tags": null,
            "tags_all": {
              "managed_by": "AFT"
            }
          },
          "sensitive_attributes": [],
          "private": "bnVsbA==",
          "dependencies": [
            "module.aft.data.aws_partition.current"
          ]
        }
      ]
    },
    {
      "module": "module.aft.module.aft_account_request_framework",
      "mode": "managed",
      "type": "aws_cloudwatch_event_permission",
      "name": "control_tower_management_account",
      "provider": "module.aft.provider[\"registry.terraform.io/hashicorp/aws\"].aft_management",
      "instances": [
        {
          "schema_version": 0,
          "attributes": {
            "action": "events:PutEvents",
            "condition": [],
            "event_bus_name": "aft-events-from-ct-management",
            "id": "aft-events-from-ct-management/control_tower_management_account",
            "principal": "592485218204",
            "statement_id": "control_tower_management_account"
          },
          "sensitive_attributes": [],
          "private": "bnVsbA==",
          "dependencies": [
            "module.aft.data.aws_partition.current",
            "module.aft.module.aft_account_request_framework.aws_cloudwatch_event_bus.aft_from_ct_management",
            "module.aft.module.aft_account_request_framework.data.aws_caller_identity.ct-management"
          ]
        }
      ]
    },
    {
      "module": "module.aft.module.aft_account_request_framework",
      "mode": "managed",
      "type": "aws_cloudwatch_event_rule",
      "name": "aft_account_request_processor",
      "provider": "module.aft.provider[\"registry.terraform.io/hashicorp/aws\"].aft_management",
      "instances": [
        {
          "schema_version": 0,
          "attributes": {
            "arn": "arn:aws:events:us-east-1:137457353584:rule/aft-lambda-account-request-processor",
            "description": "Trigger Lambda",
            "event_bus_name": "default",
            "event_pattern": null,
            "id": "aft-lambda-account-request-processor",
            "is_enabled": true,
            "name": "aft-lambda-account-request-processor",
            "name_prefix": "",
            "role_arn": "",
            "schedule_expression": "rate(5 minutes)",
            "tags": null,
            "tags_all": {
              "managed_by": "AFT"
            }
          },
          "sensitive_attributes": [],
          "private": "bnVsbA==",
          "dependencies": [
            "module.aft.data.aws_partition.current"
          ]
        }
      ]
    },
    {
      "module": "module.aft.module.aft_account_request_framework",
      "mode": "managed",
      "type": "aws_cloudwatch_event_rule",
      "name": "aft_control_tower_events",
      "provider": "module.aft.provider[\"registry.terraform.io/hashicorp/aws\"].ct_management",
      "instances": [
        {
          "schema_version": 0,
          "attributes": {
            "arn": "arn:aws:events:us-east-1:592485218204:rule/aft-capture-ct-events",
            "description": "Capture ControlTower events",
            "event_bus_name": "default",
            "event_pattern": "{\"detail\":{\"eventName\":[\"SetupLandingZone\",\"UpdateLandingZone\",\"RegisterOrganizationalUnit\",\"DeregisterOrganizationalUnit\",\"EnableGuardrail\",\"DisableGuardrail\",\"CreateManagedAccount\",\"UpdateManagedAccount\"]},\"detail-type\":[\"AWS Service Event via CloudTrail\"],\"source\":[\"aws.controltower\"]}",
            "id": "aft-capture-ct-events",
            "is_enabled": true,
            "name": "aft-capture-ct-events",
            "name_prefix": "",
            "role_arn": "",
            "schedule_expression": "",
            "tags": null,
            "tags_all": {
              "managed_by": "AFT"
            }
          },
          "sensitive_attributes": [],
          "private": "bnVsbA=="
        }
      ]
    },
    {
      "module": "module.aft.module.aft_account_request_framework",
      "mode": "managed",
      "type": "aws_cloudwatch_event_rule",
      "name": "aft_controltower_event_trigger",
      "provider": "module.aft.provider[\"registry.terraform.io/hashicorp/aws\"].aft_management",
      "instances": [
        {
          "schema_version": 0,
          "attributes": {
            "arn": "arn:aws:events:us-east-1:137457353584:rule/aft-events-from-ct-management/aft-controltower-event-logger",
            "description": "Send CT Events to Lambda",
            "event_bus_name": "aft-events-from-ct-management",
            "event_pattern": "{\"account\":[\"592485218204\"]}",
            "id": "aft-events-from-ct-management/aft-controltower-event-logger",
            "is_enabled": true,
            "name": "aft-controltower-event-logger",
            "name_prefix": "",
            "role_arn": "",
            "schedule_expression": "",
            "tags": null,
            "tags_all": {
              "managed_by": "AFT"
            }
          },
          "sensitive_attributes": [],
          "private": "bnVsbA==",
          "dependencies": [
            "module.aft.data.aws_partition.current",
            "module.aft.module.aft_account_request_framework.aws_cloudwatch_event_bus.aft_from_ct_management",
            "module.aft.module.aft_account_request_framework.data.aws_caller_identity.ct-management"
          ]
        }
      ]
    },
    {
      "module": "module.aft.module.aft_account_request_framework",
      "mode": "managed",
      "type": "aws_cloudwatch_event_target",
      "name": "aft_account_request_processor",
      "provider": "module.aft.provider[\"registry.terraform.io/hashicorp/aws\"].aft_management",
      "instances": []
    },
    {
      "module": "module.aft.module.aft_account_request_framework",
      "mode": "managed",
      "type": "aws_cloudwatch_event_target",
      "name": "aft_controltower_event_logger",
      "provider": "module.aft.provider[\"registry.terraform.io/hashicorp/aws\"].aft_management",
      "instances": []
    },
    {
      "module": "module.aft.module.aft_account_request_framework",
      "mode": "managed",
      "type": "aws_cloudwatch_event_target",
      "name": "aft_invoke_aft_account_provisioning_framework",
      "provider": "module.aft.provider[\"registry.terraform.io/hashicorp/aws\"].aft_management",
      "instances": []
    },
    {
      "module": "module.aft.module.aft_account_request_framework",
      "mode": "managed",
      "type": "aws_cloudwatch_event_target",
      "name": "aft_management_event_bus",
      "provider": "module.aft.provider[\"registry.terraform.io/hashicorp/aws\"].ct_management",
      "instances": [
        {
          "schema_version": 1,
          "attributes": {
            "arn": "arn:aws:events:us-east-1:137457353584:event-bus/aft-events-from-ct-management",
            "batch_target": [],
            "dead_letter_config": [],
            "ecs_target": [],
            "event_bus_name": "default",
            "http_target": [],
            "id": "aft-capture-ct-events-terraform-20221125033150501800000001",
            "input": "",
            "input_path": "",
            "input_transformer": [],
            "kinesis_target": [],
            "redshift_target": [],
            "retry_policy": [],
            "role_arn": "arn:aws:iam::592485218204:role/aft-control-tower-events-rule",
            "rule": "aft-capture-ct-events",
            "run_command_targets": [],
            "sqs_target": [],
            "target_id": "terraform-20221125033150501800000001"
          },
          "sensitive_attributes": [],
          "private": "eyJzY2hlbWFfdmVyc2lvbiI6IjEifQ==",
          "dependencies": [
            "module.aft.data.aws_partition.current",
            "module.aft.module.aft_account_request_framework.aws_cloudwatch_event_bus.aft_from_ct_management",
            "module.aft.module.aft_account_request_framework.aws_cloudwatch_event_rule.aft_control_tower_events",
            "module.aft.module.aft_account_request_framework.aws_iam_role.aft_control_tower_events"
          ]
        }
      ]
    },
    {
      "module": "module.aft.module.aft_account_request_framework",
      "mode": "managed",
      "type": "aws_cloudwatch_log_group",
      "name": "aft_account_request_action_trigger",
      "provider": "module.aft.provider[\"registry.terraform.io/hashicorp/aws\"].aft_management",
      "instances": []
    },
    {
      "module": "module.aft.module.aft_account_request_framework",
      "mode": "managed",
      "type": "aws_cloudwatch_log_group",
      "name": "aft_account_request_audit_trigger",
      "provider": "module.aft.provider[\"registry.terraform.io/hashicorp/aws\"].aft_management",
      "instances": []
    },
    {
      "module": "module.aft.module.aft_account_request_framework",
      "mode": "managed",
      "type": "aws_cloudwatch_log_group",
      "name": "aft_account_request_processor",
      "provider": "module.aft.provider[\"registry.terraform.io/hashicorp/aws\"].aft_management",
      "instances": []
    },
    {
      "module": "module.aft.module.aft_account_request_framework",
      "mode": "managed",
      "type": "aws_cloudwatch_log_group",
      "name": "aft_controltower_event_logger",
      "provider": "module.aft.provider[\"registry.terraform.io/hashicorp/aws\"].aft_management",
      "instances": []
    },
    {
      "module": "module.aft.module.aft_account_request_framework",
      "mode": "managed",
      "type": "aws_cloudwatch_log_group",
      "name": "aft_invoke_aft_account_provisioning_framework",
      "provider": "module.aft.provider[\"registry.terraform.io/hashicorp/aws\"].aft_management",
      "instances": []
    },
    {
      "module": "module.aft.module.aft_account_request_framework",
      "mode": "managed",
      "type": "aws_dynamodb_table",
      "name": "aft_controltower_events",
      "provider": "module.aft.provider[\"registry.terraform.io/hashicorp/aws\"].aft_management",
      "instances": [
        {
          "schema_version": 1,
          "attributes": {
            "arn": "arn:aws:dynamodb:us-east-1:137457353584:table/aft-controltower-events",
            "attribute": [
              {
                "name": "id",
                "type": "S"
              },
              {
                "name": "time",
                "type": "S"
              }
            ],
            "billing_mode": "PROVISIONED",
            "global_secondary_index": [],
            "hash_key": "id",
            "id": "aft-controltower-events",
            "local_secondary_index": [],
            "name": "aft-controltower-events",
            "point_in_time_recovery": [
              {
                "enabled": true
              }
            ],
            "range_key": "time",
            "read_capacity": 5,
            "replica": [],
            "restore_date_time": null,
            "restore_source_name": null,
            "restore_to_latest_time": null,
            "server_side_encryption": [
              {
                "enabled": true,
                "kms_key_arn": "arn:aws:kms:us-east-1:137457353584:key/c7596c37-1777-47ee-9109-c55a643c8326"
              }
            ],
            "stream_arn": "arn:aws:dynamodb:us-east-1:137457353584:table/aft-controltower-events/stream/2022-11-25T03:32:00.122",
            "stream_enabled": true,
            "stream_label": "2022-11-25T03:32:00.122",
            "stream_view_type": "NEW_AND_OLD_IMAGES",
            "table_class": "",
            "tags": null,
            "tags_all": {
              "managed_by": "AFT"
            },
            "timeouts": null,
            "ttl": [
              {
                "attribute_name": "",
                "enabled": false
              }
            ],
            "write_capacity": 5
          },
          "sensitive_attributes": [],
          "private": "eyJlMmJmYjczMC1lY2FhLTExZTYtOGY4OC0zNDM2M2JjN2M0YzAiOnsiY3JlYXRlIjoxODAwMDAwMDAwMDAwLCJkZWxldGUiOjYwMDAwMDAwMDAwMCwidXBkYXRlIjozNjAwMDAwMDAwMDAwfSwic2NoZW1hX3ZlcnNpb24iOiIxIn0=",
          "dependencies": [
            "module.aft.data.aws_partition.current",
            "module.aft.module.aft_account_request_framework.aws_kms_key.aft"
          ]
        }
      ]
    },
    {
      "module": "module.aft.module.aft_account_request_framework",
      "mode": "managed",
      "type": "aws_dynamodb_table",
      "name": "aft_request",
      "provider": "module.aft.provider[\"registry.terraform.io/hashicorp/aws\"].aft_management",
      "instances": [
        {
          "schema_version": 1,
          "attributes": {
            "arn": "arn:aws:dynamodb:us-east-1:137457353584:table/aft-request",
            "attribute": [
              {
                "name": "id",
                "type": "S"
              }
            ],
            "billing_mode": "PROVISIONED",
            "global_secondary_index": [],
            "hash_key": "id",
            "id": "aft-request",
            "local_secondary_index": [],
            "name": "aft-request",
            "point_in_time_recovery": [
              {
                "enabled": true
              }
            ],
            "range_key": null,
            "read_capacity": 1,
            "replica": [],
            "restore_date_time": null,
            "restore_source_name": null,
            "restore_to_latest_time": null,
            "server_side_encryption": [
              {
                "enabled": true,
                "kms_key_arn": "arn:aws:kms:us-east-1:137457353584:key/c7596c37-1777-47ee-9109-c55a643c8326"
              }
            ],
            "stream_arn": "arn:aws:dynamodb:us-east-1:137457353584:table/aft-request/stream/2022-11-25T03:32:00.316",
            "stream_enabled": true,
            "stream_label": "2022-11-25T03:32:00.316",
            "stream_view_type": "NEW_AND_OLD_IMAGES",
            "table_class": "",
            "tags": null,
            "tags_all": {
              "managed_by": "AFT"
            },
            "timeouts": null,
            "ttl": [
              {
                "attribute_name": "",
                "enabled": false
              }
            ],
            "write_capacity": 1
          },
          "sensitive_attributes": [],
          "private": "eyJlMmJmYjczMC1lY2FhLTExZTYtOGY4OC0zNDM2M2JjN2M0YzAiOnsiY3JlYXRlIjoxODAwMDAwMDAwMDAwLCJkZWxldGUiOjYwMDAwMDAwMDAwMCwidXBkYXRlIjozNjAwMDAwMDAwMDAwfSwic2NoZW1hX3ZlcnNpb24iOiIxIn0=",
          "dependencies": [
            "module.aft.data.aws_partition.current",
            "module.aft.module.aft_account_request_framework.aws_kms_key.aft"
          ]
        }
      ]
    },
    {
      "module": "module.aft.module.aft_account_request_framework",
      "mode": "managed",
      "type": "aws_dynamodb_table",
      "name": "aft_request_audit",
      "provider": "module.aft.provider[\"registry.terraform.io/hashicorp/aws\"].aft_management",
      "instances": [
        {
          "schema_version": 1,
          "attributes": {
            "arn": "arn:aws:dynamodb:us-east-1:137457353584:table/aft-request-audit",
            "attribute": [
              {
                "name": "id",
                "type": "S"
              },
              {
                "name": "timestamp",
                "type": "S"
              }
            ],
            "billing_mode": "PROVISIONED",
            "global_secondary_index": [],
            "hash_key": "id",
            "id": "aft-request-audit",
            "local_secondary_index": [],
            "name": "aft-request-audit",
            "point_in_time_recovery": [
              {
                "enabled": true
              }
            ],
            "range_key": "timestamp",
            "read_capacity": 1,
            "replica": [],
            "restore_date_time": null,
            "restore_source_name": null,
            "restore_to_latest_time": null,
            "server_side_encryption": [
              {
                "enabled": true,
                "kms_key_arn": "arn:aws:kms:us-east-1:137457353584:key/c7596c37-1777-47ee-9109-c55a643c8326"
              }
            ],
            "stream_arn": "arn:aws:dynamodb:us-east-1:137457353584:table/aft-request-audit/stream/2022-11-25T03:31:59.945",
            "stream_enabled": true,
            "stream_label": "2022-11-25T03:31:59.945",
            "stream_view_type": "NEW_AND_OLD_IMAGES",
            "table_class": "",
            "tags": null,
            "tags_all": {
              "managed_by": "AFT"
            },
            "timeouts": null,
            "ttl": [
              {
                "attribute_name": "",
                "enabled": false
              }
            ],
            "write_capacity": 1
          },
          "sensitive_attributes": [],
          "private": "eyJlMmJmYjczMC1lY2FhLTExZTYtOGY4OC0zNDM2M2JjN2M0YzAiOnsiY3JlYXRlIjoxODAwMDAwMDAwMDAwLCJkZWxldGUiOjYwMDAwMDAwMDAwMCwidXBkYXRlIjozNjAwMDAwMDAwMDAwfSwic2NoZW1hX3ZlcnNpb24iOiIxIn0=",
          "dependencies": [
            "module.aft.data.aws_partition.current",
            "module.aft.module.aft_account_request_framework.aws_kms_key.aft"
          ]
        }
      ]
    },
    {
      "module": "module.aft.module.aft_account_request_framework",
      "mode": "managed",
      "type": "aws_dynamodb_table",
      "name": "aft_request_metadata",
      "provider": "module.aft.provider[\"registry.terraform.io/hashicorp/aws\"].aft_management",
      "instances": [
        {
          "schema_version": 1,
          "attributes": {
            "arn": "arn:aws:dynamodb:us-east-1:137457353584:table/aft-request-metadata",
            "attribute": [
              {
                "name": "email",
                "type": "S"
              },
              {
                "name": "id",
                "type": "S"
              },
              {
                "name": "type",
                "type": "S"
              }
            ],
            "billing_mode": "PROVISIONED",
            "global_secondary_index": [
              {
                "hash_key": "email",
                "name": "emailIndex",
                "non_key_attributes": [
                  "id"
                ],
                "projection_type": "INCLUDE",
                "range_key": "",
                "read_capacity": 1,
                "write_capacity": 1
              },
              {
                "hash_key": "type",
                "name": "typeIndex",
                "non_key_attributes": [],
                "projection_type": "ALL",
                "range_key": "",
                "read_capacity": 1,
                "write_capacity": 1
              }
            ],
            "hash_key": "id",
            "id": "aft-request-metadata",
            "local_secondary_index": [],
            "name": "aft-request-metadata",
            "point_in_time_recovery": [
              {
                "enabled": true
              }
            ],
            "range_key": null,
            "read_capacity": 1,
            "replica": [],
            "restore_date_time": null,
            "restore_source_name": null,
            "restore_to_latest_time": null,
            "server_side_encryption": [
              {
                "enabled": true,
                "kms_key_arn": "arn:aws:kms:us-east-1:137457353584:key/c7596c37-1777-47ee-9109-c55a643c8326"
              }
            ],
            "stream_arn": "",
            "stream_enabled": false,
            "stream_label": "",
            "stream_view_type": "",
            "table_class": "",
            "tags": null,
            "tags_all": {
              "managed_by": "AFT"
            },
            "timeouts": null,
            "ttl": [
              {
                "attribute_name": "",
                "enabled": false
              }
            ],
            "write_capacity": 1
          },
          "sensitive_attributes": [],
          "private": "eyJlMmJmYjczMC1lY2FhLTExZTYtOGY4OC0zNDM2M2JjN2M0YzAiOnsiY3JlYXRlIjoxODAwMDAwMDAwMDAwLCJkZWxldGUiOjYwMDAwMDAwMDAwMCwidXBkYXRlIjozNjAwMDAwMDAwMDAwfSwic2NoZW1hX3ZlcnNpb24iOiIxIn0=",
          "dependencies": [
            "module.aft.data.aws_partition.current",
            "module.aft.module.aft_account_request_framework.aws_kms_key.aft"
          ]
        }
      ]
    },
    {
      "module": "module.aft.module.aft_account_request_framework",
      "mode": "managed",
      "type": "aws_eip",
      "name": "aft-vpc-natgw-01",
      "provider": "module.aft.provider[\"registry.terraform.io/hashicorp/aws\"].aft_management",
      "instances": [
        {
          "schema_version": 0,
          "attributes": {
            "address": null,
            "allocation_id": "eipalloc-0a66acc0b5114adb6",
            "associate_with_private_ip": null,
            "association_id": "",
            "carrier_ip": "",
            "customer_owned_ip": "",
            "customer_owned_ipv4_pool": "",
            "domain": "vpc",
            "id": "eipalloc-0a66acc0b5114adb6",
            "instance": "",
            "network_border_group": "us-east-1",
            "network_interface": "",
            "private_dns": null,
            "private_ip": "",
            "public_dns": "ec2-44-213-18-48.compute-1.amazonaws.com",
            "public_ip": "44.213.18.48",
            "public_ipv4_pool": "amazon",
            "tags": null,
            "tags_all": {
              "managed_by": "AFT"
            },
            "timeouts": null,
            "vpc": true
          },
          "sensitive_attributes": [],
          "private": "eyJlMmJmYjczMC1lY2FhLTExZTYtOGY4OC0zNDM2M2JjN2M0YzAiOnsiZGVsZXRlIjoxODAwMDAwMDAwMDAsInJlYWQiOjkwMDAwMDAwMDAwMCwidXBkYXRlIjozMDAwMDAwMDAwMDB9fQ==",
          "dependencies": [
            "module.aft.data.aws_partition.current"
          ]
        }
      ]
    },
    {
      "module": "module.aft.module.aft_account_request_framework",
      "mode": "managed",
      "type": "aws_eip",
      "name": "aft-vpc-natgw-02",
      "provider": "module.aft.provider[\"registry.terraform.io/hashicorp/aws\"].aft_management",
      "instances": [
        {
          "schema_version": 0,
          "attributes": {
            "address": null,
            "allocation_id": "eipalloc-00a449745d98cc8bf",
            "associate_with_private_ip": null,
            "association_id": "",
            "carrier_ip": "",
            "customer_owned_ip": "",
            "customer_owned_ipv4_pool": "",
            "domain": "vpc",
            "id": "eipalloc-00a449745d98cc8bf",
            "instance": "",
            "network_border_group": "us-east-1",
            "network_interface": "",
            "private_dns": null,
            "private_ip": "",
            "public_dns": "ec2-52-23-10-237.compute-1.amazonaws.com",
            "public_ip": "52.23.10.237",
            "public_ipv4_pool": "amazon",
            "tags": null,
            "tags_all": {
              "managed_by": "AFT"
            },
            "timeouts": null,
            "vpc": true
          },
          "sensitive_attributes": [],
          "private": "eyJlMmJmYjczMC1lY2FhLTExZTYtOGY4OC0zNDM2M2JjN2M0YzAiOnsiZGVsZXRlIjoxODAwMDAwMDAwMDAsInJlYWQiOjkwMDAwMDAwMDAwMCwidXBkYXRlIjozMDAwMDAwMDAwMDB9fQ==",
          "dependencies": [
            "module.aft.data.aws_partition.current"
          ]
        }
      ]
    },
    {
      "module": "module.aft.module.aft_account_request_framework",
      "mode": "managed",
      "type": "aws_iam_role",
      "name": "aft_account_request_action_trigger",
      "provider": "module.aft.provider[\"registry.terraform.io/hashicorp/aws\"].aft_management",
      "instances": [
        {
          "schema_version": 0,
          "attributes": {
            "arn": "arn:aws:iam::137457353584:role/aft-lambda-account-request-action-trigger",
            "assume_role_policy": "{\"Statement\":[{\"Action\":\"sts:AssumeRole\",\"Effect\":\"Allow\",\"Principal\":{\"Service\":\"lambda.amazonaws.com\"}}],\"Version\":\"2012-10-17\"}",
            "create_date": "2022-11-25T03:31:44Z",
            "description": "",
            "force_detach_policies": false,
            "id": "aft-lambda-account-request-action-trigger",
            "inline_policy": [],
            "managed_policy_arns": [],
            "max_session_duration": 3600,
            "name": "aft-lambda-account-request-action-trigger",
            "name_prefix": "",
            "path": "/",
            "permissions_boundary": null,
            "tags": null,
            "tags_all": {
              "managed_by": "AFT"
            },
            "unique_id": "AROASAAIYYNYDJY55N52I"
          },
          "sensitive_attributes": [],
          "private": "bnVsbA==",
          "dependencies": [
            "module.aft.data.aws_partition.current"
          ]
        }
      ]
    },
    {
      "module": "module.aft.module.aft_account_request_framework",
      "mode": "managed",
      "type": "aws_iam_role",
      "name": "aft_account_request_audit_trigger",
      "provider": "module.aft.provider[\"registry.terraform.io/hashicorp/aws\"].aft_management",
      "instances": [
        {
          "schema_version": 0,
          "attributes": {
            "arn": "arn:aws:iam::137457353584:role/aft-lambda-account-request-audit-trigger",
            "assume_role_policy": "{\"Statement\":[{\"Action\":\"sts:AssumeRole\",\"Effect\":\"Allow\",\"Principal\":{\"Service\":\"lambda.amazonaws.com\"}}],\"Version\":\"2012-10-17\"}",
            "create_date": "2022-11-25T03:31:42Z",
            "description": "",
            "force_detach_policies": false,
            "id": "aft-lambda-account-request-audit-trigger",
            "inline_policy": [],
            "managed_policy_arns": [],
            "max_session_duration": 3600,
            "name": "aft-lambda-account-request-audit-trigger",
            "name_prefix": "",
            "path": "/",
            "permissions_boundary": null,
            "tags": null,
            "tags_all": {
              "managed_by": "AFT"
            },
            "unique_id": "AROASAAIYYNYGDEI5YU2I"
          },
          "sensitive_attributes": [],
          "private": "bnVsbA==",
          "dependencies": [
            "module.aft.data.aws_partition.current"
          ]
        }
      ]
    },
    {
      "module": "module.aft.module.aft_account_request_framework",
      "mode": "managed",
      "type": "aws_iam_role",
      "name": "aft_account_request_processor",
      "provider": "module.aft.provider[\"registry.terraform.io/hashicorp/aws\"].aft_management",
      "instances": [
        {
          "schema_version": 0,
          "attributes": {
            "arn": "arn:aws:iam::137457353584:role/aft-lambda-account-request-processor",
            "assume_role_policy": "{\"Statement\":[{\"Action\":\"sts:AssumeRole\",\"Effect\":\"Allow\",\"Principal\":{\"Service\":\"lambda.amazonaws.com\"}}],\"Version\":\"2012-10-17\"}",
            "create_date": "2022-11-25T03:31:42Z",
            "description": "",
            "force_detach_policies": false,
            "id": "aft-lambda-account-request-processor",
            "inline_policy": [],
            "managed_policy_arns": [],
            "max_session_duration": 3600,
            "name": "aft-lambda-account-request-processor",
            "name_prefix": "",
            "path": "/",
            "permissions_boundary": null,
            "tags": null,
            "tags_all": {
              "managed_by": "AFT"
            },
            "unique_id": "AROASAAIYYNYOERL2IDVO"
          },
          "sensitive_attributes": [],
          "private": "bnVsbA==",
          "dependencies": [
            "module.aft.data.aws_partition.current"
          ]
        }
      ]
    },
    {
      "module": "module.aft.module.aft_account_request_framework",
      "mode": "managed",
      "type": "aws_iam_role",
      "name": "aft_aws_backup",
      "provider": "module.aft.provider[\"registry.terraform.io/hashicorp/aws\"].aft_management",
      "instances": [
        {
          "schema_version": 0,
          "attributes": {
            "arn": "arn:aws:iam::137457353584:role/aft-aws-backup",
            "assume_role_policy": "{\"Statement\":[{\"Action\":[\"sts:AssumeRole\"],\"Effect\":\"allow\",\"Principal\":{\"Service\":[\"backup.amazonaws.com\"]}}],\"Version\":\"2012-10-17\"}",
            "create_date": "2022-11-25T03:31:41Z",
            "description": "",
            "force_detach_policies": false,
            "id": "aft-aws-backup",
            "inline_policy": [],
            "managed_policy_arns": [],
            "max_session_duration": 3600,
            "name": "aft-aws-backup",
            "name_prefix": "",
            "path": "/",
            "permissions_boundary": null,
            "tags": null,
            "tags_all": {
              "managed_by": "AFT"
            },
            "unique_id": "AROASAAIYYNYDGHZJQKJV"
          },
          "sensitive_attributes": [],
          "private": "bnVsbA==",
          "dependencies": [
            "module.aft.data.aws_partition.current"
          ]
        }
      ]
    },
    {
      "module": "module.aft.module.aft_account_request_framework",
      "mode": "managed",
      "type": "aws_iam_role",
      "name": "aft_control_tower_events",
      "provider": "module.aft.provider[\"registry.terraform.io/hashicorp/aws\"].ct_management",
      "instances": [
        {
          "schema_version": 0,
          "attributes": {
            "arn": "arn:aws:iam::592485218204:role/aft-control-tower-events-rule",
            "assume_role_policy": "{\"Statement\":[{\"Action\":\"sts:AssumeRole\",\"Effect\":\"Allow\",\"Principal\":{\"Service\":\"events.amazonaws.com\"}}],\"Version\":\"2012-10-17\"}",
            "create_date": "2022-11-25T03:31:41Z",
            "description": "",
            "force_detach_policies": false,
            "id": "aft-control-tower-events-rule",
            "inline_policy": [],
            "managed_policy_arns": [],
            "max_session_duration": 3600,
            "name": "aft-control-tower-events-rule",
            "name_prefix": "",
            "path": "/",
            "permissions_boundary": null,
            "tags": null,
            "tags_all": {
              "managed_by": "AFT"
            },
            "unique_id": "AROAYT4W666OMCJU755OW"
          },
          "sensitive_attributes": [],
          "private": "bnVsbA=="
        }
      ]
    },
    {
      "module": "module.aft.module.aft_account_request_framework",
      "mode": "managed",
      "type": "aws_iam_role",
      "name": "aft_controltower_event_logger",
      "provider": "module.aft.provider[\"registry.terraform.io/hashicorp/aws\"].aft_management",
      "instances": [
        {
          "schema_version": 0,
          "attributes": {
            "arn": "arn:aws:iam::137457353584:role/aft-lambda-controltower-event-logger",
            "assume_role_policy": "{\"Statement\":[{\"Action\":\"sts:AssumeRole\",\"Effect\":\"Allow\",\"Principal\":{\"Service\":\"lambda.amazonaws.com\"}}],\"Version\":\"2012-10-17\"}",
            "create_date": "2022-11-25T03:31:41Z",
            "description": "",
            "force_detach_policies": false,
            "id": "aft-lambda-controltower-event-logger",
            "inline_policy": [],
            "managed_policy_arns": [],
            "max_session_duration": 3600,
            "name": "aft-lambda-controltower-event-logger",
            "name_prefix": "",
            "path": "/",
            "permissions_boundary": null,
            "tags": null,
            "tags_all": {
              "managed_by": "AFT"
            },
            "unique_id": "AROASAAIYYNYPYF3UUQG5"
          },
          "sensitive_attributes": [],
          "private": "bnVsbA==",
          "dependencies": [
            "module.aft.data.aws_partition.current"
          ]
        }
      ]
    },
    {
      "module": "module.aft.module.aft_account_request_framework",
      "mode": "managed",
      "type": "aws_iam_role",
      "name": "aft_invoke_aft_account_provisioning_framework",
      "provider": "module.aft.provider[\"registry.terraform.io/hashicorp/aws\"].aft_management",
      "instances": [
        {
          "schema_version": 0,
          "attributes": {
            "arn": "arn:aws:iam::137457353584:role/aft-lambda-invoke-aft-account-provisioning-framework",
            "assume_role_policy": "{\"Statement\":[{\"Action\":\"sts:AssumeRole\",\"Effect\":\"Allow\",\"Principal\":{\"Service\":\"lambda.amazonaws.com\"}}],\"Version\":\"2012-10-17\"}",
            "create_date": "2022-11-25T03:31:41Z",
            "description": "",
            "force_detach_policies": false,
            "id": "aft-lambda-invoke-aft-account-provisioning-framework",
            "inline_policy": [],
            "managed_policy_arns": [],
            "max_session_duration": 3600,
            "name": "aft-lambda-invoke-aft-account-provisioning-framework",
            "name_prefix": "",
            "path": "/",
            "permissions_boundary": null,
            "tags": null,
            "tags_all": {
              "managed_by": "AFT"
            },
            "unique_id": "AROASAAIYYNYGC7UIU3C5"
          },
          "sensitive_attributes": [],
          "private": "bnVsbA==",
          "dependencies": [
            "module.aft.data.aws_partition.current"
          ]
        }
      ]
    },
    {
      "module": "module.aft.module.aft_account_request_framework",
      "mode": "managed",
      "type": "aws_iam_role_policy",
      "name": "aft_account_request_action_trigger",
      "provider": "module.aft.provider[\"registry.terraform.io/hashicorp/aws\"].aft_management",
      "instances": []
    },
    {
      "module": "module.aft.module.aft_account_request_framework",
      "mode": "managed",
      "type": "aws_iam_role_policy",
      "name": "aft_account_request_audit_trigger",
      "provider": "module.aft.provider[\"registry.terraform.io/hashicorp/aws\"].aft_management",
      "instances": [
        {
          "schema_version": 0,
          "attributes": {
            "id": "aft-lambda-account-request-audit-trigger:aft-account-request-audit-trigger",
            "name": "aft-account-request-audit-trigger",
            "name_prefix": null,
            "policy": "{\n    \"Version\" : \"2012-10-17\",\n    \"Statement\" : [\n      {\n        \"Effect\" : \"Allow\",\n        \"Action\" : [\n          \"dynamodb:GetShardIterator\",\n          \"dynamodb:DescribeStream\",\n          \"dynamodb:GetRecords\",\n          \"dynamodb:ListShards\",\n\t\t\t\t  \"dynamodb:ListStreams\"\n        ],\n        \"Resource\" : [\n          \"arn:aws:dynamodb:us-east-1:137457353584:table/aft-request/stream/*\"\n        ]\n      },\n    {\n        \"Effect\": \"Allow\",\n        \"Action\": [\n            \"dynamodb:Query\",\n            \"dynamodb:PutItem\"\n        ],\n        \"Resource\": \"arn:aws:dynamodb:us-east-1:137457353584:table/aft-request-audit\"\n    },\n      {\n        \"Effect\" : \"Allow\",\n        \"Action\" : \"dynamodb:ListStreams\",\n        \"Resource\" : \"*\"\n      },\n      {\n        \"Effect\" : \"Allow\",\n        \"Action\" : \"sqs:SendMessage\",\n        \"Resource\" : \"arn:aws:sqs:us-east-1:137457353584:aft-account-request.fifo\"\n      },\n      {\n        \"Effect\" : \"Allow\",\n        \"Action\" : \"ssm:GetParameter\",\n        \"Resource\" : [\n          \"arn:aws:ssm:us-east-1:137457353584:parameter/aft/*\"\n        ]\n      },\n      {\n        \"Effect\" : \"Allow\",\n        \"Action\" : [\n          \"kms:GenerateDataKey\",\n          \"kms:Encrypt\",\n          \"kms:Decrypt\"\n        ],\n        \"Resource\" : [\n          \"arn:aws:kms:us-east-1:137457353584:key/c7596c37-1777-47ee-9109-c55a643c8326\",\n          \"arn:aws:kms:us-east-1:137457353584:alias/aws/sns\"\n        ]\n      },\n      {\n        \"Effect\" : \"Allow\",\n        \"Action\" : [\n          \"sns:Publish\"\n        ],\n        \"Resource\" : [\n          \"arn:aws:sns:us-east-1:137457353584:aft-notifications\",\n          \"arn:aws:sns:us-east-1:137457353584:aft-failure-notifications\"\n        ]\n      }\n    ]\n}\n",
            "role": "aft-lambda-account-request-audit-trigger"
          },
          "sensitive_attributes": [],
          "private": "bnVsbA==",
          "dependencies": [
            "module.aft.data.aws_partition.current",
            "module.aft.module.aft_account_request_framework.aws_dynamodb_table.aft_request",
            "module.aft.module.aft_account_request_framework.aws_dynamodb_table.aft_request_audit",
            "module.aft.module.aft_account_request_framework.aws_iam_role.aft_account_request_audit_trigger",
            "module.aft.module.aft_account_request_framework.aws_kms_alias.aft",
            "module.aft.module.aft_account_request_framework.aws_kms_key.aft",
            "module.aft.module.aft_account_request_framework.aws_sns_topic.aft_failure_notifications",
            "module.aft.module.aft_account_request_framework.aws_sns_topic.aft_notifications",
            "module.aft.module.aft_account_request_framework.aws_sqs_queue.aft_account_request",
            "module.aft.module.aft_account_request_framework.aws_sqs_queue.aft_account_request_dlq",
            "module.aft.module.aft_account_request_framework.data.aws_caller_identity.aft-management",
            "module.aft.module.aft_account_request_framework.data.aws_partition.current",
            "module.aft.module.aft_account_request_framework.data.aws_region.aft-management"
          ]
        }
      ]
    },
    {
      "module": "module.aft.module.aft_account_request_framework",
      "mode": "managed",
      "type": "aws_iam_role_policy",
      "name": "aft_account_request_processor",
      "provider": "module.aft.provider[\"registry.terraform.io/hashicorp/aws\"].aft_management",
      "instances": [
        {
          "schema_version": 0,
          "attributes": {
            "id": "aft-lambda-account-request-processor:aft-account-request-processor",
            "name": "aft-account-request-processor",
            "name_prefix": null,
            "policy": "{\n    \"Version\" : \"2012-10-17\",\n    \"Statement\" : [\n      {\n        \"Effect\" : \"Allow\",\n        \"Action\" : [\n          \"sqs:DeleteMessage\",\n          \"sts:AssumeRole\",\n          \"sns:Publish\",\n          \"sqs:ReceiveMessage\"\n        ],\n        \"Resource\" : [\n          \"arn:aws:sns:us-east-1:137457353584:aft-notifications\",\n          \"arn:aws:sns:us-east-1:137457353584:aft-failure-notifications\",\n          \"arn:aws:iam::137457353584:role/AWSAFTAdmin\",\n          \"arn:aws:sqs:us-east-1:137457353584:aft-account-request.fifo\"\n        ]\n      },\n      {\n        \"Effect\" : \"Allow\",\n        \"Action\" : \"sts:GetCallerIdentity\",\n        \"Resource\" : \"*\"\n      },\n      {\n        \"Effect\" : \"Allow\",\n        \"Action\" : \"ssm:GetParameter\",\n        \"Resource\" : [\n          \"arn:aws:ssm:us-east-1:137457353584:parameter/aft/*\"\n        ]\n      },\n      {\n      \"Effect\" : \"Allow\",\n      \"Action\" : [\n        \"kms:GenerateDataKey\",\n        \"kms:Encrypt\",\n        \"kms:Decrypt\"\n      ],\n      \"Resource\" : [\n        \"arn:aws:kms:us-east-1:137457353584:key/c7596c37-1777-47ee-9109-c55a643c8326\",\n        \"arn:aws:kms:us-east-1:137457353584:alias/aws/sns\"\n      ]\n      }\n    ]\n}\n",
            "role": "aft-lambda-account-request-processor"
          },
          "sensitive_attributes": [],
          "private": "bnVsbA==",
          "dependencies": [
            "module.aft.data.aws_partition.current",
            "module.aft.module.aft_account_request_framework.aws_iam_role.aft_account_request_processor",
            "module.aft.module.aft_account_request_framework.aws_kms_alias.aft",
            "module.aft.module.aft_account_request_framework.aws_kms_key.aft",
            "module.aft.module.aft_account_request_framework.aws_sns_topic.aft_failure_notifications",
            "module.aft.module.aft_account_request_framework.aws_sns_topic.aft_notifications",
            "module.aft.module.aft_account_request_framework.aws_sqs_queue.aft_account_request",
            "module.aft.module.aft_account_request_framework.aws_sqs_queue.aft_account_request_dlq",
            "module.aft.module.aft_account_request_framework.data.aws_caller_identity.aft-management",
            "module.aft.module.aft_account_request_framework.data.aws_partition.current",
            "module.aft.module.aft_account_request_framework.data.aws_region.aft-management"
          ]
        }
      ]
    },
    {
      "module": "module.aft.module.aft_account_request_framework",
      "mode": "managed",
      "type": "aws_iam_role_policy",
      "name": "aft_controltower_event_logger",
      "provider": "module.aft.provider[\"registry.terraform.io/hashicorp/aws\"].aft_management",
      "instances": [
        {
          "schema_version": 0,
          "attributes": {
            "id": "aft-lambda-controltower-event-logger:aft-controltower-event-logger",
            "name": "aft-controltower-event-logger",
            "name_prefix": null,
            "policy": "{\n    \"Version\" : \"2012-10-17\",\n    \"Statement\" : [\n      {\n        \"Effect\" : \"Allow\",\n        \"Action\" : [\n          \"dynamodb:PutItem\"\n        ],\n        \"Resource\" : [\n          \"arn:aws:dynamodb:us-east-1:137457353584:table/aft-controltower-events\"\n        ]\n      },\n      {\n        \"Effect\" : \"Allow\",\n        \"Action\" : \"ssm:GetParameter\",\n        \"Resource\" : [\n          \"arn:aws:ssm:us-east-1:137457353584:parameter/aft/*\"\n        ]\n      },\n      {\n        \"Effect\" : \"Allow\",\n        \"Action\" : [\n          \"sns:Publish\"\n        ],\n        \"Resource\" : [\n          \"arn:aws:sns:us-east-1:137457353584:aft-notifications\",\n          \"arn:aws:sns:us-east-1:137457353584:aft-failure-notifications\"\n        ]\n      },\n      {\n      \"Effect\" : \"Allow\",\n      \"Action\" : [\n        \"kms:GenerateDataKey\",\n        \"kms:Encrypt\",\n        \"kms:Decrypt\"\n      ],\n      \"Resource\" : [\n        \"arn:aws:kms:us-east-1:137457353584:key/c7596c37-1777-47ee-9109-c55a643c8326\",\n        \"arn:aws:kms:us-east-1:137457353584:alias/aws/sns\"\n      ]\n      }\n    ]\n}\n",
            "role": "aft-lambda-controltower-event-logger"
          },
          "sensitive_attributes": [],
          "private": "bnVsbA==",
          "dependencies": [
            "module.aft.data.aws_partition.current",
            "module.aft.module.aft_account_request_framework.aws_dynamodb_table.aft_controltower_events",
            "module.aft.module.aft_account_request_framework.aws_iam_role.aft_controltower_event_logger",
            "module.aft.module.aft_account_request_framework.aws_kms_key.aft",
            "module.aft.module.aft_account_request_framework.aws_sns_topic.aft_failure_notifications",
            "module.aft.module.aft_account_request_framework.aws_sns_topic.aft_notifications",
            "module.aft.module.aft_account_request_framework.data.aws_caller_identity.aft-management",
            "module.aft.module.aft_account_request_framework.data.aws_partition.current",
            "module.aft.module.aft_account_request_framework.data.aws_region.aft-management"
          ]
        }
      ]
    },
    {
      "module": "module.aft.module.aft_account_request_framework",
      "mode": "managed",
      "type": "aws_iam_role_policy",
      "name": "aft_invoke_aft_account_provisioning_framework",
      "provider": "module.aft.provider[\"registry.terraform.io/hashicorp/aws\"].aft_management",
      "instances": [
        {
          "schema_version": 0,
          "attributes": {
            "id": "aft-lambda-invoke-aft-account-provisioning-framework:aft-account-request-action-trigger",
            "name": "aft-account-request-action-trigger",
            "name_prefix": null,
            "policy": "{\n    \"Version\" : \"2012-10-17\",\n    \"Statement\" : [\n      {\n        \"Effect\" : \"Allow\",\n        \"Action\" : [\n          \"dynamodb:GetItem\"\n        ],\n        \"Resource\" : [\n          \"arn:aws:dynamodb:us-east-1:137457353584:table/aft-request\"\n        ]\n      },\n      {\n        \"Effect\" : \"Allow\",\n        \"Action\" : \"ssm:GetParameter\",\n        \"Resource\" : [\n          \"arn:aws:ssm:us-east-1:137457353584:parameter/aft/*\"\n        ]\n      },\n      {\n        \"Effect\" : \"Allow\",\n        \"Action\" : [\n          \"sts:AssumeRole\",\n          \"sns:Publish\"\n        ],\n        \"Resource\" : [\n          \"arn:aws:iam::137457353584:role/AWSAFTAdmin\"\n        ]\n      },\n      {\n        \"Effect\" : \"Allow\",\n        \"Action\" : \"sts:GetCallerIdentity\",\n        \"Resource\" : \"*\"\n      },\n      {\n        \"Effect\" : \"Allow\",\n        \"Action\" : \"states:StartExecution\",\n        \"Resource\" : \"arn:aws:states:us-east-1:137457353584:stateMachine:aft-account-provisioning-framework\"\n      },\n      {\n        \"Effect\" : \"Allow\",\n        \"Action\" : [\n          \"sns:Publish\"\n        ],\n        \"Resource\" : [\n          \"arn:aws:sns:us-east-1:137457353584:aft-notifications\",\n\t\t      \"arn:aws:sns:us-east-1:137457353584:aft-failure-notifications\"\n        ]\n      },\n      {\n      \"Effect\" : \"Allow\",\n      \"Action\" : [\n        \"kms:GenerateDataKey\",\n        \"kms:Encrypt\",\n        \"kms:Decrypt\"\n      ],\n      \"Resource\" : [\n        \"arn:aws:kms:us-east-1:137457353584:key/c7596c37-1777-47ee-9109-c55a643c8326\",\n        \"arn:aws:kms:us-east-1:137457353584:alias/aws/sns\"\n      ]\n      }\n    ]\n}\n",
            "role": "aft-lambda-invoke-aft-account-provisioning-framework"
          },
          "sensitive_attributes": [],
          "private": "bnVsbA==",
          "dependencies": [
            "module.aft.data.aws_partition.current",
            "module.aft.module.aft_account_request_framework.aws_dynamodb_table.aft_request",
            "module.aft.module.aft_account_request_framework.aws_iam_role.aft_invoke_aft_account_provisioning_framework",
            "module.aft.module.aft_account_request_framework.aws_kms_key.aft",
            "module.aft.module.aft_account_request_framework.aws_sns_topic.aft_failure_notifications",
            "module.aft.module.aft_account_request_framework.aws_sns_topic.aft_notifications",
            "module.aft.module.aft_account_request_framework.data.aws_caller_identity.aft-management",
            "module.aft.module.aft_account_request_framework.data.aws_partition.current",
            "module.aft.module.aft_account_request_framework.data.aws_region.aft-management"
          ]
        }
      ]
    },
    {
      "module": "module.aft.module.aft_account_request_framework",
      "mode": "managed",
      "type": "aws_iam_role_policy",
      "name": "control_tower_events",
      "provider": "module.aft.provider[\"registry.terraform.io/hashicorp/aws\"].ct_management",
      "instances": [
        {
          "schema_version": 0,
          "attributes": {
            "id": "aft-control-tower-events-rule:control-tower-events",
            "name": "control-tower-events",
            "name_prefix": null,
            "policy": "{\n    \"Version\" : \"2012-10-17\",\n    \"Statement\" : [\n      {\n        \"Effect\" : \"Allow\",\n        \"Action\" : [\n          \"events:PutEvents\"\n        ],\n        \"Resource\" : [\n          \"arn:aws:events:us-east-1:137457353584:event-bus/aft-events-from-ct-management\"\n        ]\n      }\n    ]\n}\n",
            "role": "aft-control-tower-events-rule"
          },
          "sensitive_attributes": [],
          "private": "bnVsbA==",
          "dependencies": [
            "module.aft.data.aws_partition.current",
            "module.aft.module.aft_account_request_framework.aws_cloudwatch_event_bus.aft_from_ct_management",
            "module.aft.module.aft_account_request_framework.aws_iam_role.aft_control_tower_events"
          ]
        }
      ]
    },
    {
      "module": "module.aft.module.aft_account_request_framework",
      "mode": "managed",
      "type": "aws_iam_role_policy_attachment",
      "name": "account_request_processor",
      "provider": "module.aft.provider[\"registry.terraform.io/hashicorp/aws\"].aft_management",
      "instances": [
        {
          "index_key": 0,
          "schema_version": 0,
          "attributes": {
            "id": "aft-lambda-account-request-processor-2022112503315236320000000c",
            "policy_arn": "arn:aws:iam::aws:policy/service-role/AWSLambdaBasicExecutionRole",
            "role": "aft-lambda-account-request-processor"
          },
          "sensitive_attributes": [],
          "private": "bnVsbA==",
          "dependencies": [
            "module.aft.data.aws_partition.current",
            "module.aft.module.aft_account_request_framework.aws_iam_role.aft_account_request_processor",
            "module.aft.module.aft_account_request_framework.data.aws_iam_policy.AWSLambdaBasicExecutionRole",
            "module.aft.module.aft_account_request_framework.data.aws_iam_policy.AWSLambdaVPCAccessExecutionRole"
          ]
        },
        {
          "index_key": 1,
          "schema_version": 0,
          "attributes": {
            "id": "aft-lambda-account-request-processor-2022112503315235920000000b",
            "policy_arn": "arn:aws:iam::aws:policy/service-role/AWSLambdaVPCAccessExecutionRole",
            "role": "aft-lambda-account-request-processor"
          },
          "sensitive_attributes": [],
          "private": "bnVsbA==",
          "dependencies": [
            "module.aft.data.aws_partition.current",
            "module.aft.module.aft_account_request_framework.aws_iam_role.aft_account_request_processor",
            "module.aft.module.aft_account_request_framework.data.aws_iam_policy.AWSLambdaBasicExecutionRole",
            "module.aft.module.aft_account_request_framework.data.aws_iam_policy.AWSLambdaVPCAccessExecutionRole"
          ]
        }
      ]
    },
    {
      "module": "module.aft.module.aft_account_request_framework",
      "mode": "managed",
      "type": "aws_iam_role_policy_attachment",
      "name": "aft_account_request_action_trigger",
      "provider": "module.aft.provider[\"registry.terraform.io/hashicorp/aws\"].aft_management",
      "instances": [
        {
          "index_key": 0,
          "schema_version": 0,
          "attributes": {
            "id": "aft-lambda-account-request-action-trigger-20221125033151605100000005",
            "policy_arn": "arn:aws:iam::aws:policy/service-role/AWSLambdaBasicExecutionRole",
            "role": "aft-lambda-account-request-action-trigger"
          },
          "sensitive_attributes": [],
          "private": "bnVsbA==",
          "dependencies": [
            "module.aft.data.aws_partition.current",
            "module.aft.module.aft_account_request_framework.aws_iam_role.aft_account_request_action_trigger",
            "module.aft.module.aft_account_request_framework.data.aws_iam_policy.AWSLambdaBasicExecutionRole",
            "module.aft.module.aft_account_request_framework.data.aws_iam_policy.AWSLambdaVPCAccessExecutionRole"
          ]
        },
        {
          "index_key": 1,
          "schema_version": 0,
          "attributes": {
            "id": "aft-lambda-account-request-action-trigger-20221125033151802000000006",
            "policy_arn": "arn:aws:iam::aws:policy/service-role/AWSLambdaVPCAccessExecutionRole",
            "role": "aft-lambda-account-request-action-trigger"
          },
          "sensitive_attributes": [],
          "private": "bnVsbA==",
          "dependencies": [
            "module.aft.data.aws_partition.current",
            "module.aft.module.aft_account_request_framework.aws_iam_role.aft_account_request_action_trigger",
            "module.aft.module.aft_account_request_framework.data.aws_iam_policy.AWSLambdaBasicExecutionRole",
            "module.aft.module.aft_account_request_framework.data.aws_iam_policy.AWSLambdaVPCAccessExecutionRole"
          ]
        }
      ]
    },
    {
      "module": "module.aft.module.aft_account_request_framework",
      "mode": "managed",
      "type": "aws_iam_role_policy_attachment",
      "name": "aft_account_request_audit_trigger",
      "provider": "module.aft.provider[\"registry.terraform.io/hashicorp/aws\"].aft_management",
      "instances": [
        {
          "index_key": 0,
          "schema_version": 0,
          "attributes": {
            "id": "aft-lambda-account-request-audit-trigger-20221125033151983000000007",
            "policy_arn": "arn:aws:iam::aws:policy/service-role/AWSLambdaBasicExecutionRole",
            "role": "aft-lambda-account-request-audit-trigger"
          },
          "sensitive_attributes": [],
          "private": "bnVsbA==",
          "dependencies": [
            "module.aft.data.aws_partition.current",
            "module.aft.module.aft_account_request_framework.aws_iam_role.aft_account_request_audit_trigger",
            "module.aft.module.aft_account_request_framework.data.aws_iam_policy.AWSLambdaBasicExecutionRole",
            "module.aft.module.aft_account_request_framework.data.aws_iam_policy.AWSLambdaVPCAccessExecutionRole"
          ]
        },
        {
          "index_key": 1,
          "schema_version": 0,
          "attributes": {
            "id": "aft-lambda-account-request-audit-trigger-20221125033152164900000009",
            "policy_arn": "arn:aws:iam::aws:policy/service-role/AWSLambdaVPCAccessExecutionRole",
            "role": "aft-lambda-account-request-audit-trigger"
          },
          "sensitive_attributes": [],
          "private": "bnVsbA==",
          "dependencies": [
            "module.aft.data.aws_partition.current",
            "module.aft.module.aft_account_request_framework.aws_iam_role.aft_account_request_audit_trigger",
            "module.aft.module.aft_account_request_framework.data.aws_iam_policy.AWSLambdaBasicExecutionRole",
            "module.aft.module.aft_account_request_framework.data.aws_iam_policy.AWSLambdaVPCAccessExecutionRole"
          ]
        }
      ]
    },
    {
      "module": "module.aft.module.aft_account_request_framework",
      "mode": "managed",
      "type": "aws_iam_role_policy_attachment",
      "name": "aft_aws_backup_service_role",
      "provider": "module.aft.provider[\"registry.terraform.io/hashicorp/aws\"].aft_management",
      "instances": [
        {
          "schema_version": 0,
          "attributes": {
            "id": "aft-aws-backup-20221125033150212300000001",
            "policy_arn": "arn:aws:iam::aws:policy/service-role/AWSBackupServiceRolePolicyForBackup",
            "role": "aft-aws-backup"
          },
          "sensitive_attributes": [],
          "private": "bnVsbA==",
          "dependencies": [
            "module.aft.data.aws_partition.current",
            "module.aft.module.aft_account_request_framework.aws_iam_role.aft_aws_backup",
            "module.aft.module.aft_account_request_framework.data.aws_partition.current"
          ]
        }
      ]
    },
    {
      "module": "module.aft.module.aft_account_request_framework",
      "mode": "managed",
      "type": "aws_iam_role_policy_attachment",
      "name": "aft_controltower_event_logger",
      "provider": "module.aft.provider[\"registry.terraform.io/hashicorp/aws\"].aft_management",
      "instances": [
        {
          "index_key": 0,
          "schema_version": 0,
          "attributes": {
            "id": "aft-lambda-controltower-event-logger-2022112503315227140000000a",
            "policy_arn": "arn:aws:iam::aws:policy/service-role/AWSLambdaBasicExecutionRole",
            "role": "aft-lambda-controltower-event-logger"
          },
          "sensitive_attributes": [],
          "private": "bnVsbA==",
          "dependencies": [
            "module.aft.data.aws_partition.current",
            "module.aft.module.aft_account_request_framework.aws_iam_role.aft_controltower_event_logger",
            "module.aft.module.aft_account_request_framework.data.aws_iam_policy.AWSLambdaBasicExecutionRole",
            "module.aft.module.aft_account_request_framework.data.aws_iam_policy.AWSLambdaVPCAccessExecutionRole"
          ]
        },
        {
          "index_key": 1,
          "schema_version": 0,
          "attributes": {
            "id": "aft-lambda-controltower-event-logger-20221125033152163100000008",
            "policy_arn": "arn:aws:iam::aws:policy/service-role/AWSLambdaVPCAccessExecutionRole",
            "role": "aft-lambda-controltower-event-logger"
          },
          "sensitive_attributes": [],
          "private": "bnVsbA==",
          "dependencies": [
            "module.aft.data.aws_partition.current",
            "module.aft.module.aft_account_request_framework.aws_iam_role.aft_controltower_event_logger",
            "module.aft.module.aft_account_request_framework.data.aws_iam_policy.AWSLambdaBasicExecutionRole",
            "module.aft.module.aft_account_request_framework.data.aws_iam_policy.AWSLambdaVPCAccessExecutionRole"
          ]
        }
      ]
    },
    {
      "module": "module.aft.module.aft_account_request_framework",
      "mode": "managed",
      "type": "aws_iam_role_policy_attachment",
      "name": "aft_invoke_aft_account_provisioning_framework",
      "provider": "module.aft.provider[\"registry.terraform.io/hashicorp/aws\"].aft_management",
      "instances": [
        {
          "index_key": 0,
          "schema_version": 0,
          "attributes": {
            "id": "aft-lambda-invoke-aft-account-provisioning-framework-20221125033151414600000004",
            "policy_arn": "arn:aws:iam::aws:policy/service-role/AWSLambdaBasicExecutionRole",
            "role": "aft-lambda-invoke-aft-account-provisioning-framework"
          },
          "sensitive_attributes": [],
          "private": "bnVsbA==",
          "dependencies": [
            "module.aft.data.aws_partition.current",
            "module.aft.module.aft_account_request_framework.aws_iam_role.aft_invoke_aft_account_provisioning_framework",
            "module.aft.module.aft_account_request_framework.data.aws_iam_policy.AWSLambdaBasicExecutionRole",
            "module.aft.module.aft_account_request_framework.data.aws_iam_policy.AWSLambdaVPCAccessExecutionRole"
          ]
        },
        {
          "index_key": 1,
          "schema_version": 0,
          "attributes": {
            "id": "aft-lambda-invoke-aft-account-provisioning-framework-20221125033151238100000003",
            "policy_arn": "arn:aws:iam::aws:policy/service-role/AWSLambdaVPCAccessExecutionRole",
            "role": "aft-lambda-invoke-aft-account-provisioning-framework"
          },
          "sensitive_attributes": [],
          "private": "bnVsbA==",
          "dependencies": [
            "module.aft.data.aws_partition.current",
            "module.aft.module.aft_account_request_framework.aws_iam_role.aft_invoke_aft_account_provisioning_framework",
            "module.aft.module.aft_account_request_framework.data.aws_iam_policy.AWSLambdaBasicExecutionRole",
            "module.aft.module.aft_account_request_framework.data.aws_iam_policy.AWSLambdaVPCAccessExecutionRole"
          ]
        }
      ]
    },
    {
      "module": "module.aft.module.aft_account_request_framework",
      "mode": "managed",
      "type": "aws_internet_gateway",
      "name": "aft-vpc-igw",
      "provider": "module.aft.provider[\"registry.terraform.io/hashicorp/aws\"].aft_management",
      "instances": [
        {
          "schema_version": 0,
          "attributes": {
            "arn": "arn:aws:ec2:us-east-1:137457353584:internet-gateway/igw-0f21614a4c85663dd",
            "id": "igw-0f21614a4c85663dd",
            "owner_id": "137457353584",
            "tags": {
              "Name": "aft-vpc-igw"
            },
            "tags_all": {
              "Name": "aft-vpc-igw",
              "managed_by": "AFT"
            },
            "timeouts": null,
            "vpc_id": "vpc-093b0a1fd1314e022"
          },
          "sensitive_attributes": [],
          "private": "eyJlMmJmYjczMC1lY2FhLTExZTYtOGY4OC0zNDM2M2JjN2M0YzAiOnsiY3JlYXRlIjoxMjAwMDAwMDAwMDAwLCJkZWxldGUiOjEyMDAwMDAwMDAwMDAsInVwZGF0ZSI6MTIwMDAwMDAwMDAwMH19",
          "dependencies": [
            "module.aft.data.aws_partition.current",
            "module.aft.module.aft_account_request_framework.aws_vpc.aft_vpc"
          ]
        }
      ]
    },
    {
      "module": "module.aft.module.aft_account_request_framework",
      "mode": "managed",
      "type": "aws_kms_alias",
      "name": "aft",
      "provider": "module.aft.provider[\"registry.terraform.io/hashicorp/aws\"].aft_management",
      "instances": [
        {
          "schema_version": 0,
          "attributes": {
            "arn": "arn:aws:kms:us-east-1:137457353584:alias/aft",
            "id": "alias/aft",
            "name": "alias/aft",
            "name_prefix": "",
            "target_key_arn": "arn:aws:kms:us-east-1:137457353584:key/c7596c37-1777-47ee-9109-c55a643c8326",
            "target_key_id": "c7596c37-1777-47ee-9109-c55a643c8326"
          },
          "sensitive_attributes": [],
          "private": "bnVsbA==",
          "dependencies": [
            "module.aft.data.aws_partition.current",
            "module.aft.module.aft_account_request_framework.aws_kms_key.aft"
          ]
        }
      ]
    },
    {
      "module": "module.aft.module.aft_account_request_framework",
      "mode": "managed",
      "type": "aws_kms_key",
      "name": "aft",
      "provider": "module.aft.provider[\"registry.terraform.io/hashicorp/aws\"].aft_management",
      "instances": [
        {
          "schema_version": 0,
          "attributes": {
            "arn": "arn:aws:kms:us-east-1:137457353584:key/c7596c37-1777-47ee-9109-c55a643c8326",
            "bypass_policy_lockout_safety_check": false,
            "custom_key_store_id": "",
            "customer_master_key_spec": "SYMMETRIC_DEFAULT",
            "deletion_window_in_days": null,
            "description": "AFT KMS key",
            "enable_key_rotation": true,
            "id": "c7596c37-1777-47ee-9109-c55a643c8326",
            "is_enabled": true,
            "key_id": "c7596c37-1777-47ee-9109-c55a643c8326",
            "key_usage": "ENCRYPT_DECRYPT",
            "multi_region": false,
            "policy": "{\"Id\":\"key-default-1\",\"Statement\":[{\"Action\":\"kms:*\",\"Effect\":\"Allow\",\"Principal\":{\"AWS\":\"arn:aws:iam::137457353584:root\"},\"Resource\":\"*\",\"Sid\":\"Enable IAM User Permissions\"}],\"Version\":\"2012-10-17\"}",
            "tags": null,
            "tags_all": {
              "managed_by": "AFT"
            }
          },
          "sensitive_attributes": [],
          "private": "bnVsbA==",
          "dependencies": [
            "module.aft.data.aws_partition.current"
          ],
          "create_before_destroy": true
        }
      ]
    },
    {
      "module": "module.aft.module.aft_account_request_framework",
      "mode": "managed",
      "type": "aws_lambda_event_source_mapping",
      "name": "aft_account_request_action_trigger",
      "provider": "module.aft.provider[\"registry.terraform.io/hashicorp/aws\"].aft_management",
      "instances": []
    },
    {
      "module": "module.aft.module.aft_account_request_framework",
      "mode": "managed",
      "type": "aws_lambda_event_source_mapping",
      "name": "aft_account_request_audit_trigger",
      "provider": "module.aft.provider[\"registry.terraform.io/hashicorp/aws\"].aft_management",
      "instances": []
    },
    {
      "module": "module.aft.module.aft_account_request_framework",
      "mode": "managed",
      "type": "aws_lambda_function",
      "name": "aft_account_request_action_trigger",
      "provider": "module.aft.provider[\"registry.terraform.io/hashicorp/aws\"].aft_management",
      "instances": []
    },
    {
      "module": "module.aft.module.aft_account_request_framework",
      "mode": "managed",
      "type": "aws_lambda_function",
      "name": "aft_account_request_audit_trigger",
      "provider": "module.aft.provider[\"registry.terraform.io/hashicorp/aws\"].aft_management",
      "instances": []
    },
    {
      "module": "module.aft.module.aft_account_request_framework",
      "mode": "managed",
      "type": "aws_lambda_function",
      "name": "aft_account_request_processor",
      "provider": "module.aft.provider[\"registry.terraform.io/hashicorp/aws\"].aft_management",
      "instances": []
    },
    {
      "module": "module.aft.module.aft_account_request_framework",
      "mode": "managed",
      "type": "aws_lambda_function",
      "name": "aft_controltower_event_logger",
      "provider": "module.aft.provider[\"registry.terraform.io/hashicorp/aws\"].aft_management",
      "instances": []
    },
    {
      "module": "module.aft.module.aft_account_request_framework",
      "mode": "managed",
      "type": "aws_lambda_function",
      "name": "aft_invoke_aft_account_provisioning_framework",
      "provider": "module.aft.provider[\"registry.terraform.io/hashicorp/aws\"].aft_management",
      "instances": []
    },
    {
      "module": "module.aft.module.aft_account_request_framework",
      "mode": "managed",
      "type": "aws_lambda_permission",
      "name": "aft_account_request_processor",
      "provider": "module.aft.provider[\"registry.terraform.io/hashicorp/aws\"].aft_management",
      "instances": []
    },
    {
      "module": "module.aft.module.aft_account_request_framework",
      "mode": "managed",
      "type": "aws_lambda_permission",
      "name": "aft_controltower_event_logger",
      "provider": "module.aft.provider[\"registry.terraform.io/hashicorp/aws\"].aft_management",
      "instances": []
    },
    {
      "module": "module.aft.module.aft_account_request_framework",
      "mode": "managed",
      "type": "aws_lambda_permission",
      "name": "aft_invoke_aft_account_provisioning_framework",
      "provider": "module.aft.provider[\"registry.terraform.io/hashicorp/aws\"].aft_management",
      "instances": []
    },
    {
      "module": "module.aft.module.aft_account_request_framework",
      "mode": "managed",
      "type": "aws_nat_gateway",
      "name": "aft-vpc-natgw-01",
      "provider": "module.aft.provider[\"registry.terraform.io/hashicorp/aws\"].aft_management",
      "instances": [
        {
          "schema_version": 0,
          "attributes": {
            "allocation_id": "eipalloc-0a66acc0b5114adb6",
            "connectivity_type": "public",
            "id": "nat-027d9969f43465ada",
            "network_interface_id": "eni-01f15fe0a41456854",
            "private_ip": "192.168.2.18",
            "public_ip": "44.213.18.48",
            "subnet_id": "subnet-07670aa5a7cb9e27b",
            "tags": {
              "Name": "aft-vpc-natgw-01"
            },
            "tags_all": {
              "Name": "aft-vpc-natgw-01",
              "managed_by": "AFT"
            }
          },
          "sensitive_attributes": [],
          "private": "bnVsbA==",
          "dependencies": [
            "module.aft.data.aws_partition.current",
            "module.aft.module.aft_account_request_framework.aws_eip.aft-vpc-natgw-01",
            "module.aft.module.aft_account_request_framework.aws_internet_gateway.aft-vpc-igw",
            "module.aft.module.aft_account_request_framework.aws_subnet.aft_vpc_public_subnet_01",
            "module.aft.module.aft_account_request_framework.aws_vpc.aft_vpc",
            "module.aft.module.aft_account_request_framework.data.aws_availability_zones.available"
          ]
        }
      ]
    },
    {
      "module": "module.aft.module.aft_account_request_framework",
      "mode": "managed",
      "type": "aws_nat_gateway",
      "name": "aft-vpc-natgw-02",
      "provider": "module.aft.provider[\"registry.terraform.io/hashicorp/aws\"].aft_management",
      "instances": [
        {
          "schema_version": 0,
          "attributes": {
            "allocation_id": "eipalloc-00a449745d98cc8bf",
            "connectivity_type": "public",
            "id": "nat-02115b7a77bd4d83d",
            "network_interface_id": "eni-088ee4206cb3cfab6",
            "private_ip": "192.168.2.151",
            "public_ip": "52.23.10.237",
            "subnet_id": "subnet-0befdd3c42e64572e",
            "tags": {
              "Name": "aft-vpc-natgw-02"
            },
            "tags_all": {
              "Name": "aft-vpc-natgw-02",
              "managed_by": "AFT"
            }
          },
          "sensitive_attributes": [],
          "private": "bnVsbA==",
          "dependencies": [
            "module.aft.data.aws_partition.current",
            "module.aft.module.aft_account_request_framework.aws_eip.aft-vpc-natgw-02",
            "module.aft.module.aft_account_request_framework.aws_internet_gateway.aft-vpc-igw",
            "module.aft.module.aft_account_request_framework.aws_subnet.aft_vpc_public_subnet_02",
            "module.aft.module.aft_account_request_framework.aws_vpc.aft_vpc",
            "module.aft.module.aft_account_request_framework.data.aws_availability_zones.available"
          ]
        }
      ]
    },
    {
      "module": "module.aft.module.aft_account_request_framework",
      "mode": "managed",
      "type": "aws_route_table",
      "name": "aft_vpc_private_subnet_01",
      "provider": "module.aft.provider[\"registry.terraform.io/hashicorp/aws\"].aft_management",
      "instances": [
        {
          "schema_version": 0,
          "attributes": {
            "arn": "arn:aws:ec2:us-east-1:137457353584:route-table/rtb-0bf4d70b011c915a7",
            "id": "rtb-0bf4d70b011c915a7",
            "owner_id": "137457353584",
            "propagating_vgws": [],
            "route": [
              {
                "carrier_gateway_id": "",
                "cidr_block": "0.0.0.0/0",
                "core_network_arn": "",
                "destination_prefix_list_id": "",
                "egress_only_gateway_id": "",
                "gateway_id": "",
                "instance_id": "",
                "ipv6_cidr_block": "",
                "local_gateway_id": "",
                "nat_gateway_id": "nat-027d9969f43465ada",
                "network_interface_id": "",
                "transit_gateway_id": "",
                "vpc_endpoint_id": "",
                "vpc_peering_connection_id": ""
              }
            ],
            "tags": {
              "Name": "aft-vpc-private-subnet-01"
            },
            "tags_all": {
              "Name": "aft-vpc-private-subnet-01",
              "managed_by": "AFT"
            },
            "timeouts": null,
            "vpc_id": "vpc-093b0a1fd1314e022"
          },
          "sensitive_attributes": [],
          "private": "eyJlMmJmYjczMC1lY2FhLTExZTYtOGY4OC0zNDM2M2JjN2M0YzAiOnsiY3JlYXRlIjozMDAwMDAwMDAwMDAsImRlbGV0ZSI6MzAwMDAwMDAwMDAwLCJ1cGRhdGUiOjEyMDAwMDAwMDAwMH19",
          "dependencies": [
            "module.aft.data.aws_partition.current",
            "module.aft.module.aft_account_request_framework.aws_eip.aft-vpc-natgw-01",
            "module.aft.module.aft_account_request_framework.aws_internet_gateway.aft-vpc-igw",
            "module.aft.module.aft_account_request_framework.aws_nat_gateway.aft-vpc-natgw-01",
            "module.aft.module.aft_account_request_framework.aws_subnet.aft_vpc_public_subnet_01",
            "module.aft.module.aft_account_request_framework.aws_vpc.aft_vpc",
            "module.aft.module.aft_account_request_framework.data.aws_availability_zones.available"
          ]
        }
      ]
    },
    {
      "module": "module.aft.module.aft_account_request_framework",
      "mode": "managed",
      "type": "aws_route_table",
      "name": "aft_vpc_private_subnet_02",
      "provider": "module.aft.provider[\"registry.terraform.io/hashicorp/aws\"].aft_management",
      "instances": [
        {
          "schema_version": 0,
          "attributes": {
            "arn": "arn:aws:ec2:us-east-1:137457353584:route-table/rtb-06a078c03cd496248",
            "id": "rtb-06a078c03cd496248",
            "owner_id": "137457353584",
            "propagating_vgws": [],
            "route": [
              {
                "carrier_gateway_id": "",
                "cidr_block": "0.0.0.0/0",
                "core_network_arn": "",
                "destination_prefix_list_id": "",
                "egress_only_gateway_id": "",
                "gateway_id": "",
                "instance_id": "",
                "ipv6_cidr_block": "",
                "local_gateway_id": "",
                "nat_gateway_id": "nat-02115b7a77bd4d83d",
                "network_interface_id": "",
                "transit_gateway_id": "",
                "vpc_endpoint_id": "",
                "vpc_peering_connection_id": ""
              }
            ],
            "tags": {
              "Name": "aft-vpc-private-subnet-02"
            },
            "tags_all": {
              "Name": "aft-vpc-private-subnet-02",
              "managed_by": "AFT"
            },
            "timeouts": null,
            "vpc_id": "vpc-093b0a1fd1314e022"
          },
          "sensitive_attributes": [],
          "private": "eyJlMmJmYjczMC1lY2FhLTExZTYtOGY4OC0zNDM2M2JjN2M0YzAiOnsiY3JlYXRlIjozMDAwMDAwMDAwMDAsImRlbGV0ZSI6MzAwMDAwMDAwMDAwLCJ1cGRhdGUiOjEyMDAwMDAwMDAwMH19",
          "dependencies": [
            "module.aft.data.aws_partition.current",
            "module.aft.module.aft_account_request_framework.aws_eip.aft-vpc-natgw-02",
            "module.aft.module.aft_account_request_framework.aws_internet_gateway.aft-vpc-igw",
            "module.aft.module.aft_account_request_framework.aws_nat_gateway.aft-vpc-natgw-02",
            "module.aft.module.aft_account_request_framework.aws_subnet.aft_vpc_public_subnet_02",
            "module.aft.module.aft_account_request_framework.aws_vpc.aft_vpc",
            "module.aft.module.aft_account_request_framework.data.aws_availability_zones.available"
          ]
        }
      ]
    },
    {
      "module": "module.aft.module.aft_account_request_framework",
      "mode": "managed",
      "type": "aws_route_table",
      "name": "aft_vpc_public_subnet_01",
      "provider": "module.aft.provider[\"registry.terraform.io/hashicorp/aws\"].aft_management",
      "instances": [
        {
          "schema_version": 0,
          "attributes": {
            "arn": "arn:aws:ec2:us-east-1:137457353584:route-table/rtb-06e998a76900efd0b",
            "id": "rtb-06e998a76900efd0b",
            "owner_id": "137457353584",
            "propagating_vgws": [],
            "route": [
              {
                "carrier_gateway_id": "",
                "cidr_block": "0.0.0.0/0",
                "core_network_arn": "",
                "destination_prefix_list_id": "",
                "egress_only_gateway_id": "",
                "gateway_id": "igw-0f21614a4c85663dd",
                "instance_id": "",
                "ipv6_cidr_block": "",
                "local_gateway_id": "",
                "nat_gateway_id": "",
                "network_interface_id": "",
                "transit_gateway_id": "",
                "vpc_endpoint_id": "",
                "vpc_peering_connection_id": ""
              }
            ],
            "tags": {
              "Name": "aft-vpc-public-subnet-01"
            },
            "tags_all": {
              "Name": "aft-vpc-public-subnet-01",
              "managed_by": "AFT"
            },
            "timeouts": null,
            "vpc_id": "vpc-093b0a1fd1314e022"
          },
          "sensitive_attributes": [],
          "private": "eyJlMmJmYjczMC1lY2FhLTExZTYtOGY4OC0zNDM2M2JjN2M0YzAiOnsiY3JlYXRlIjozMDAwMDAwMDAwMDAsImRlbGV0ZSI6MzAwMDAwMDAwMDAwLCJ1cGRhdGUiOjEyMDAwMDAwMDAwMH19",
          "dependencies": [
            "module.aft.data.aws_partition.current",
            "module.aft.module.aft_account_request_framework.aws_internet_gateway.aft-vpc-igw",
            "module.aft.module.aft_account_request_framework.aws_vpc.aft_vpc"
          ]
        }
      ]
    },
    {
      "module": "module.aft.module.aft_account_request_framework",
      "mode": "managed",
      "type": "aws_route_table_association",
      "name": "aft_vpc_private_subnet_01",
      "provider": "module.aft.provider[\"registry.terraform.io/hashicorp/aws\"].aft_management",
      "instances": [
        {
          "schema_version": 0,
          "attributes": {
            "gateway_id": "",
            "id": "rtbassoc-0d18271901f4f96d0",
            "route_table_id": "rtb-0bf4d70b011c915a7",
            "subnet_id": "subnet-0d5e6c3eb948669e7"
          },
          "sensitive_attributes": [],
          "private": "bnVsbA==",
          "dependencies": [
            "module.aft.data.aws_partition.current",
            "module.aft.module.aft_account_request_framework.aws_eip.aft-vpc-natgw-01",
            "module.aft.module.aft_account_request_framework.aws_internet_gateway.aft-vpc-igw",
            "module.aft.module.aft_account_request_framework.aws_nat_gateway.aft-vpc-natgw-01",
            "module.aft.module.aft_account_request_framework.aws_route_table.aft_vpc_private_subnet_01",
            "module.aft.module.aft_account_request_framework.aws_subnet.aft_vpc_private_subnet_01",
            "module.aft.module.aft_account_request_framework.aws_subnet.aft_vpc_public_subnet_01",
            "module.aft.module.aft_account_request_framework.aws_vpc.aft_vpc",
            "module.aft.module.aft_account_request_framework.data.aws_availability_zones.available"
          ]
        }
      ]
    },
    {
      "module": "module.aft.module.aft_account_request_framework",
      "mode": "managed",
      "type": "aws_route_table_association",
      "name": "aft_vpc_private_subnet_02",
      "provider": "module.aft.provider[\"registry.terraform.io/hashicorp/aws\"].aft_management",
      "instances": [
        {
          "schema_version": 0,
          "attributes": {
            "gateway_id": "",
            "id": "rtbassoc-042673a88f6c1677c",
            "route_table_id": "rtb-06a078c03cd496248",
            "subnet_id": "subnet-0aa55f2a7e70ddf9a"
          },
          "sensitive_attributes": [],
          "private": "bnVsbA==",
          "dependencies": [
            "module.aft.data.aws_partition.current",
            "module.aft.module.aft_account_request_framework.aws_eip.aft-vpc-natgw-02",
            "module.aft.module.aft_account_request_framework.aws_internet_gateway.aft-vpc-igw",
            "module.aft.module.aft_account_request_framework.aws_nat_gateway.aft-vpc-natgw-02",
            "module.aft.module.aft_account_request_framework.aws_route_table.aft_vpc_private_subnet_02",
            "module.aft.module.aft_account_request_framework.aws_subnet.aft_vpc_private_subnet_02",
            "module.aft.module.aft_account_request_framework.aws_subnet.aft_vpc_public_subnet_02",
            "module.aft.module.aft_account_request_framework.aws_vpc.aft_vpc",
            "module.aft.module.aft_account_request_framework.data.aws_availability_zones.available"
          ]
        }
      ]
    },
    {
      "module": "module.aft.module.aft_account_request_framework",
      "mode": "managed",
      "type": "aws_route_table_association",
      "name": "aft_vpc_public_subnet_01",
      "provider": "module.aft.provider[\"registry.terraform.io/hashicorp/aws\"].aft_management",
      "instances": [
        {
          "schema_version": 0,
          "attributes": {
            "gateway_id": "",
            "id": "rtbassoc-08ad583fd205d9dca",
            "route_table_id": "rtb-06e998a76900efd0b",
            "subnet_id": "subnet-07670aa5a7cb9e27b"
          },
          "sensitive_attributes": [],
          "private": "bnVsbA==",
          "dependencies": [
            "module.aft.data.aws_partition.current",
            "module.aft.module.aft_account_request_framework.aws_internet_gateway.aft-vpc-igw",
            "module.aft.module.aft_account_request_framework.aws_route_table.aft_vpc_public_subnet_01",
            "module.aft.module.aft_account_request_framework.aws_subnet.aft_vpc_public_subnet_01",
            "module.aft.module.aft_account_request_framework.aws_vpc.aft_vpc",
            "module.aft.module.aft_account_request_framework.data.aws_availability_zones.available"
          ]
        }
      ]
    },
    {
      "module": "module.aft.module.aft_account_request_framework",
      "mode": "managed",
      "type": "aws_route_table_association",
      "name": "aft_vpc_public_subnet_02",
      "provider": "module.aft.provider[\"registry.terraform.io/hashicorp/aws\"].aft_management",
      "instances": [
        {
          "schema_version": 0,
          "attributes": {
            "gateway_id": "",
            "id": "rtbassoc-03632ab271a10ec30",
            "route_table_id": "rtb-06e998a76900efd0b",
            "subnet_id": "subnet-0befdd3c42e64572e"
          },
          "sensitive_attributes": [],
          "private": "bnVsbA==",
          "dependencies": [
            "module.aft.data.aws_partition.current",
            "module.aft.module.aft_account_request_framework.aws_internet_gateway.aft-vpc-igw",
            "module.aft.module.aft_account_request_framework.aws_route_table.aft_vpc_public_subnet_01",
            "module.aft.module.aft_account_request_framework.aws_subnet.aft_vpc_public_subnet_02",
            "module.aft.module.aft_account_request_framework.aws_vpc.aft_vpc",
            "module.aft.module.aft_account_request_framework.data.aws_availability_zones.available"
          ]
        }
      ]
    },
    {
      "module": "module.aft.module.aft_account_request_framework",
      "mode": "managed",
      "type": "aws_security_group",
      "name": "aft_vpc_default_sg",
      "provider": "module.aft.provider[\"registry.terraform.io/hashicorp/aws\"].aft_management",
      "instances": [
        {
          "schema_version": 1,
          "attributes": {
            "arn": "arn:aws:ec2:us-east-1:137457353584:security-group/sg-0132c8911be5b8025",
            "description": "Allow outbound traffic",
            "egress": [
              {
                "cidr_blocks": [
                  "0.0.0.0/0"
                ],
                "description": "",
                "from_port": 0,
                "ipv6_cidr_blocks": [
                  "::/0"
                ],
                "prefix_list_ids": [],
                "protocol": "-1",
                "security_groups": [],
                "self": false,
                "to_port": 0
              }
            ],
            "id": "sg-0132c8911be5b8025",
            "ingress": [],
            "name": "aft-default-sg",
            "name_prefix": "",
            "owner_id": "137457353584",
            "revoke_rules_on_delete": false,
            "tags": null,
            "tags_all": {
              "managed_by": "AFT"
            },
            "timeouts": null,
            "vpc_id": "vpc-093b0a1fd1314e022"
          },
          "sensitive_attributes": [],
          "private": "eyJlMmJmYjczMC1lY2FhLTExZTYtOGY4OC0zNDM2M2JjN2M0YzAiOnsiY3JlYXRlIjo2MDAwMDAwMDAwMDAsImRlbGV0ZSI6OTAwMDAwMDAwMDAwfSwic2NoZW1hX3ZlcnNpb24iOiIxIn0=",
          "dependencies": [
            "module.aft.data.aws_partition.current",
            "module.aft.module.aft_account_request_framework.aws_vpc.aft_vpc"
          ],
          "create_before_destroy": true
        }
      ]
    },
    {
      "module": "module.aft.module.aft_account_request_framework",
      "mode": "managed",
      "type": "aws_security_group",
      "name": "aft_vpc_endpoint_sg",
      "provider": "module.aft.provider[\"registry.terraform.io/hashicorp/aws\"].aft_management",
      "instances": [
        {
          "schema_version": 1,
          "attributes": {
            "arn": "arn:aws:ec2:us-east-1:137457353584:security-group/sg-05416180f932326a9",
            "description": "Allow inbound HTTPS traffic and all Outbound",
            "egress": [
              {
                "cidr_blocks": [
                  "0.0.0.0/0"
                ],
                "description": "",
                "from_port": 0,
                "ipv6_cidr_blocks": [
                  "::/0"
                ],
                "prefix_list_ids": [],
                "protocol": "-1",
                "security_groups": [],
                "self": false,
                "to_port": 0
              }
            ],
            "id": "sg-05416180f932326a9",
            "ingress": [
              {
                "cidr_blocks": [
                  "192.168.0.0/22"
                ],
                "description": "",
                "from_port": 22,
                "ipv6_cidr_blocks": [],
                "prefix_list_ids": [],
                "protocol": "tcp",
                "security_groups": [],
                "self": false,
                "to_port": 22
              },
              {
                "cidr_blocks": [
                  "192.168.0.0/22"
                ],
                "description": "",
                "from_port": 443,
                "ipv6_cidr_blocks": [],
                "prefix_list_ids": [],
                "protocol": "tcp",
                "security_groups": [],
                "self": false,
                "to_port": 443
              }
            ],
            "name": "aft-endpoint-sg",
            "name_prefix": "",
            "owner_id": "137457353584",
            "revoke_rules_on_delete": false,
            "tags": null,
            "tags_all": {
              "managed_by": "AFT"
            },
            "timeouts": null,
            "vpc_id": "vpc-093b0a1fd1314e022"
          },
          "sensitive_attributes": [],
          "private": "eyJlMmJmYjczMC1lY2FhLTExZTYtOGY4OC0zNDM2M2JjN2M0YzAiOnsiY3JlYXRlIjo2MDAwMDAwMDAwMDAsImRlbGV0ZSI6OTAwMDAwMDAwMDAwfSwic2NoZW1hX3ZlcnNpb24iOiIxIn0=",
          "dependencies": [
            "module.aft.data.aws_partition.current",
            "module.aft.module.aft_account_request_framework.aws_vpc.aft_vpc"
          ]
        }
      ]
    },
    {
      "module": "module.aft.module.aft_account_request_framework",
      "mode": "managed",
      "type": "aws_sns_topic",
      "name": "aft_failure_notifications",
      "provider": "module.aft.provider[\"registry.terraform.io/hashicorp/aws\"].aft_management",
      "instances": [
        {
          "schema_version": 0,
          "attributes": {
            "application_failure_feedback_role_arn": "",
            "application_success_feedback_role_arn": "",
            "application_success_feedback_sample_rate": 0,
            "arn": "arn:aws:sns:us-east-1:137457353584:aft-failure-notifications",
            "content_based_deduplication": false,
            "delivery_policy": "",
            "display_name": "",
            "fifo_topic": false,
            "firehose_failure_feedback_role_arn": "",
            "firehose_success_feedback_role_arn": "",
            "firehose_success_feedback_sample_rate": 0,
            "http_failure_feedback_role_arn": "",
            "http_success_feedback_role_arn": "",
            "http_success_feedback_sample_rate": 0,
            "id": "arn:aws:sns:us-east-1:137457353584:aft-failure-notifications",
            "kms_master_key_id": "alias/aws/sns",
            "lambda_failure_feedback_role_arn": "",
            "lambda_success_feedback_role_arn": "",
            "lambda_success_feedback_sample_rate": 0,
            "name": "aft-failure-notifications",
            "name_prefix": "",
            "owner": "137457353584",
            "policy": "{\"Id\":\"__default_policy_ID\",\"Statement\":[{\"Action\":[\"SNS:GetTopicAttributes\",\"SNS:SetTopicAttributes\",\"SNS:AddPermission\",\"SNS:RemovePermission\",\"SNS:DeleteTopic\",\"SNS:Subscribe\",\"SNS:ListSubscriptionsByTopic\",\"SNS:Publish\"],\"Condition\":{\"StringEquals\":{\"AWS:SourceOwner\":\"137457353584\"}},\"Effect\":\"Allow\",\"Principal\":{\"AWS\":\"*\"},\"Resource\":\"arn:aws:sns:us-east-1:137457353584:aft-failure-notifications\",\"Sid\":\"__default_statement_ID\"}],\"Version\":\"2008-10-17\"}",
            "sqs_failure_feedback_role_arn": "",
            "sqs_success_feedback_role_arn": "",
            "sqs_success_feedback_sample_rate": 0,
            "tags": null,
            "tags_all": {
              "managed_by": "AFT"
            }
          },
          "sensitive_attributes": [],
          "private": "bnVsbA==",
          "dependencies": [
            "module.aft.data.aws_partition.current"
          ]
        }
      ]
    },
    {
      "module": "module.aft.module.aft_account_request_framework",
      "mode": "managed",
      "type": "aws_sns_topic",
      "name": "aft_notifications",
      "provider": "module.aft.provider[\"registry.terraform.io/hashicorp/aws\"].aft_management",
      "instances": [
        {
          "schema_version": 0,
          "attributes": {
            "application_failure_feedback_role_arn": "",
            "application_success_feedback_role_arn": "",
            "application_success_feedback_sample_rate": 0,
            "arn": "arn:aws:sns:us-east-1:137457353584:aft-notifications",
            "content_based_deduplication": false,
            "delivery_policy": "",
            "display_name": "",
            "fifo_topic": false,
            "firehose_failure_feedback_role_arn": "",
            "firehose_success_feedback_role_arn": "",
            "firehose_success_feedback_sample_rate": 0,
            "http_failure_feedback_role_arn": "",
            "http_success_feedback_role_arn": "",
            "http_success_feedback_sample_rate": 0,
            "id": "arn:aws:sns:us-east-1:137457353584:aft-notifications",
            "kms_master_key_id": "alias/aws/sns",
            "lambda_failure_feedback_role_arn": "",
            "lambda_success_feedback_role_arn": "",
            "lambda_success_feedback_sample_rate": 0,
            "name": "aft-notifications",
            "name_prefix": "",
            "owner": "137457353584",
            "policy": "{\"Id\":\"__default_policy_ID\",\"Statement\":[{\"Action\":[\"SNS:GetTopicAttributes\",\"SNS:SetTopicAttributes\",\"SNS:AddPermission\",\"SNS:RemovePermission\",\"SNS:DeleteTopic\",\"SNS:Subscribe\",\"SNS:ListSubscriptionsByTopic\",\"SNS:Publish\"],\"Condition\":{\"StringEquals\":{\"AWS:SourceOwner\":\"137457353584\"}},\"Effect\":\"Allow\",\"Principal\":{\"AWS\":\"*\"},\"Resource\":\"arn:aws:sns:us-east-1:137457353584:aft-notifications\",\"Sid\":\"__default_statement_ID\"}],\"Version\":\"2008-10-17\"}",
            "sqs_failure_feedback_role_arn": "",
            "sqs_success_feedback_role_arn": "",
            "sqs_success_feedback_sample_rate": 0,
            "tags": null,
            "tags_all": {
              "managed_by": "AFT"
            }
          },
          "sensitive_attributes": [],
          "private": "bnVsbA==",
          "dependencies": [
            "module.aft.data.aws_partition.current"
          ]
        }
      ]
    },
    {
      "module": "module.aft.module.aft_account_request_framework",
      "mode": "managed",
      "type": "aws_sqs_queue",
      "name": "aft_account_request",
      "provider": "module.aft.provider[\"registry.terraform.io/hashicorp/aws\"].aft_management",
      "instances": [
        {
          "schema_version": 0,
          "attributes": {
            "arn": "arn:aws:sqs:us-east-1:137457353584:aft-account-request.fifo",
            "content_based_deduplication": false,
            "deduplication_scope": "queue",
            "delay_seconds": 0,
            "fifo_queue": true,
            "fifo_throughput_limit": "perQueue",
            "id": "https://sqs.us-east-1.amazonaws.com/137457353584/aft-account-request.fifo",
            "kms_data_key_reuse_period_seconds": 300,
            "kms_master_key_id": "alias/aft",
            "max_message_size": 262144,
            "message_retention_seconds": 345600,
            "name": "aft-account-request.fifo",
            "name_prefix": "",
            "policy": "",
            "receive_wait_time_seconds": 0,
            "redrive_allow_policy": "",
            "redrive_policy": "{\"deadLetterTargetArn\":\"arn:aws:sqs:us-east-1:137457353584:aft-account-request-dlq.fifo\",\"maxReceiveCount\":1}",
            "sqs_managed_sse_enabled": false,
            "tags": null,
            "tags_all": {
              "managed_by": "AFT"
            },
            "url": "https://sqs.us-east-1.amazonaws.com/137457353584/aft-account-request.fifo",
            "visibility_timeout_seconds": 240
          },
          "sensitive_attributes": [],
          "private": "bnVsbA==",
          "dependencies": [
            "module.aft.data.aws_partition.current",
            "module.aft.module.aft_account_request_framework.aws_kms_alias.aft",
            "module.aft.module.aft_account_request_framework.aws_kms_key.aft",
            "module.aft.module.aft_account_request_framework.aws_sqs_queue.aft_account_request_dlq"
          ]
        }
      ]
    },
    {
      "module": "module.aft.module.aft_account_request_framework",
      "mode": "managed",
      "type": "aws_sqs_queue",
      "name": "aft_account_request_dlq",
      "provider": "module.aft.provider[\"registry.terraform.io/hashicorp/aws\"].aft_management",
      "instances": [
        {
          "schema_version": 0,
          "attributes": {
            "arn": "arn:aws:sqs:us-east-1:137457353584:aft-account-request-dlq.fifo",
            "content_based_deduplication": false,
            "deduplication_scope": "queue",
            "delay_seconds": 0,
            "fifo_queue": true,
            "fifo_throughput_limit": "perQueue",
            "id": "https://sqs.us-east-1.amazonaws.com/137457353584/aft-account-request-dlq.fifo",
            "kms_data_key_reuse_period_seconds": 300,
            "kms_master_key_id": "alias/aft",
            "max_message_size": 262144,
            "message_retention_seconds": 345600,
            "name": "aft-account-request-dlq.fifo",
            "name_prefix": "",
            "policy": "",
            "receive_wait_time_seconds": 0,
            "redrive_allow_policy": "",
            "redrive_policy": "",
            "sqs_managed_sse_enabled": false,
            "tags": null,
            "tags_all": {
              "managed_by": "AFT"
            },
            "url": "https://sqs.us-east-1.amazonaws.com/137457353584/aft-account-request-dlq.fifo",
            "visibility_timeout_seconds": 30
          },
          "sensitive_attributes": [],
          "private": "bnVsbA==",
          "dependencies": [
            "module.aft.data.aws_partition.current",
            "module.aft.module.aft_account_request_framework.aws_kms_alias.aft",
            "module.aft.module.aft_account_request_framework.aws_kms_key.aft"
          ]
        }
      ]
    },
    {
      "module": "module.aft.module.aft_account_request_framework",
      "mode": "managed",
      "type": "aws_subnet",
      "name": "aft_vpc_private_subnet_01",
      "provider": "module.aft.provider[\"registry.terraform.io/hashicorp/aws\"].aft_management",
      "instances": [
        {
          "schema_version": 1,
          "attributes": {
            "arn": "arn:aws:ec2:us-east-1:137457353584:subnet/subnet-0d5e6c3eb948669e7",
            "assign_ipv6_address_on_creation": false,
            "availability_zone": "us-east-1a",
            "availability_zone_id": "use1-az1",
            "cidr_block": "192.168.0.0/24",
            "customer_owned_ipv4_pool": "",
            "enable_dns64": false,
            "enable_resource_name_dns_a_record_on_launch": false,
            "enable_resource_name_dns_aaaa_record_on_launch": false,
            "id": "subnet-0d5e6c3eb948669e7",
            "ipv6_cidr_block": "",
            "ipv6_cidr_block_association_id": "",
            "ipv6_native": false,
            "map_customer_owned_ip_on_launch": false,
            "map_public_ip_on_launch": false,
            "outpost_arn": "",
            "owner_id": "137457353584",
            "private_dns_hostname_type_on_launch": "ip-name",
            "tags": {
              "Name": "aft-vpc-private-subnet-01"
            },
            "tags_all": {
              "Name": "aft-vpc-private-subnet-01",
              "managed_by": "AFT"
            },
            "timeouts": null,
            "vpc_id": "vpc-093b0a1fd1314e022"
          },
          "sensitive_attributes": [],
          "private": "eyJlMmJmYjczMC1lY2FhLTExZTYtOGY4OC0zNDM2M2JjN2M0YzAiOnsiY3JlYXRlIjo2MDAwMDAwMDAwMDAsImRlbGV0ZSI6MTIwMDAwMDAwMDAwMH0sInNjaGVtYV92ZXJzaW9uIjoiMSJ9",
          "dependencies": [
            "module.aft.data.aws_partition.current",
            "module.aft.module.aft_account_request_framework.aws_vpc.aft_vpc",
            "module.aft.module.aft_account_request_framework.data.aws_availability_zones.available"
          ],
          "create_before_destroy": true
        }
      ]
    },
    {
      "module": "module.aft.module.aft_account_request_framework",
      "mode": "managed",
      "type": "aws_subnet",
      "name": "aft_vpc_private_subnet_02",
      "provider": "module.aft.provider[\"registry.terraform.io/hashicorp/aws\"].aft_management",
      "instances": [
        {
          "schema_version": 1,
          "attributes": {
            "arn": "arn:aws:ec2:us-east-1:137457353584:subnet/subnet-0aa55f2a7e70ddf9a",
            "assign_ipv6_address_on_creation": false,
            "availability_zone": "us-east-1b",
            "availability_zone_id": "use1-az2",
            "cidr_block": "192.168.1.0/24",
            "customer_owned_ipv4_pool": "",
            "enable_dns64": false,
            "enable_resource_name_dns_a_record_on_launch": false,
            "enable_resource_name_dns_aaaa_record_on_launch": false,
            "id": "subnet-0aa55f2a7e70ddf9a",
            "ipv6_cidr_block": "",
            "ipv6_cidr_block_association_id": "",
            "ipv6_native": false,
            "map_customer_owned_ip_on_launch": false,
            "map_public_ip_on_launch": false,
            "outpost_arn": "",
            "owner_id": "137457353584",
            "private_dns_hostname_type_on_launch": "ip-name",
            "tags": {
              "Name": "aft-vpc-private-subnet-02"
            },
            "tags_all": {
              "Name": "aft-vpc-private-subnet-02",
              "managed_by": "AFT"
            },
            "timeouts": null,
            "vpc_id": "vpc-093b0a1fd1314e022"
          },
          "sensitive_attributes": [],
          "private": "eyJlMmJmYjczMC1lY2FhLTExZTYtOGY4OC0zNDM2M2JjN2M0YzAiOnsiY3JlYXRlIjo2MDAwMDAwMDAwMDAsImRlbGV0ZSI6MTIwMDAwMDAwMDAwMH0sInNjaGVtYV92ZXJzaW9uIjoiMSJ9",
          "dependencies": [
            "module.aft.data.aws_partition.current",
            "module.aft.module.aft_account_request_framework.aws_vpc.aft_vpc",
            "module.aft.module.aft_account_request_framework.data.aws_availability_zones.available"
          ],
          "create_before_destroy": true
        }
      ]
    },
    {
      "module": "module.aft.module.aft_account_request_framework",
      "mode": "managed",
      "type": "aws_subnet",
      "name": "aft_vpc_public_subnet_01",
      "provider": "module.aft.provider[\"registry.terraform.io/hashicorp/aws\"].aft_management",
      "instances": [
        {
          "schema_version": 1,
          "attributes": {
            "arn": "arn:aws:ec2:us-east-1:137457353584:subnet/subnet-07670aa5a7cb9e27b",
            "assign_ipv6_address_on_creation": false,
            "availability_zone": "us-east-1a",
            "availability_zone_id": "use1-az1",
            "cidr_block": "192.168.2.0/25",
            "customer_owned_ipv4_pool": "",
            "enable_dns64": false,
            "enable_resource_name_dns_a_record_on_launch": false,
            "enable_resource_name_dns_aaaa_record_on_launch": false,
            "id": "subnet-07670aa5a7cb9e27b",
            "ipv6_cidr_block": "",
            "ipv6_cidr_block_association_id": "",
            "ipv6_native": false,
            "map_customer_owned_ip_on_launch": false,
            "map_public_ip_on_launch": false,
            "outpost_arn": "",
            "owner_id": "137457353584",
            "private_dns_hostname_type_on_launch": "ip-name",
            "tags": {
              "Name": "aft-vpc-public-subnet-01"
            },
            "tags_all": {
              "Name": "aft-vpc-public-subnet-01",
              "managed_by": "AFT"
            },
            "timeouts": null,
            "vpc_id": "vpc-093b0a1fd1314e022"
          },
          "sensitive_attributes": [],
          "private": "eyJlMmJmYjczMC1lY2FhLTExZTYtOGY4OC0zNDM2M2JjN2M0YzAiOnsiY3JlYXRlIjo2MDAwMDAwMDAwMDAsImRlbGV0ZSI6MTIwMDAwMDAwMDAwMH0sInNjaGVtYV92ZXJzaW9uIjoiMSJ9",
          "dependencies": [
            "module.aft.data.aws_partition.current",
            "module.aft.module.aft_account_request_framework.aws_vpc.aft_vpc",
            "module.aft.module.aft_account_request_framework.data.aws_availability_zones.available"
          ]
        }
      ]
    },
    {
      "module": "module.aft.module.aft_account_request_framework",
      "mode": "managed",
      "type": "aws_subnet",
      "name": "aft_vpc_public_subnet_02",
      "provider": "module.aft.provider[\"registry.terraform.io/hashicorp/aws\"].aft_management",
      "instances": [
        {
          "schema_version": 1,
          "attributes": {
            "arn": "arn:aws:ec2:us-east-1:137457353584:subnet/subnet-0befdd3c42e64572e",
            "assign_ipv6_address_on_creation": false,
            "availability_zone": "us-east-1b",
            "availability_zone_id": "use1-az2",
            "cidr_block": "192.168.2.128/25",
            "customer_owned_ipv4_pool": "",
            "enable_dns64": false,
            "enable_resource_name_dns_a_record_on_launch": false,
            "enable_resource_name_dns_aaaa_record_on_launch": false,
            "id": "subnet-0befdd3c42e64572e",
            "ipv6_cidr_block": "",
            "ipv6_cidr_block_association_id": "",
            "ipv6_native": false,
            "map_customer_owned_ip_on_launch": false,
            "map_public_ip_on_launch": false,
            "outpost_arn": "",
            "owner_id": "137457353584",
            "private_dns_hostname_type_on_launch": "ip-name",
            "tags": {
              "Name": "aft-vpc-public-subnet-02"
            },
            "tags_all": {
              "Name": "aft-vpc-public-subnet-02",
              "managed_by": "AFT"
            },
            "timeouts": null,
            "vpc_id": "vpc-093b0a1fd1314e022"
          },
          "sensitive_attributes": [],
          "private": "eyJlMmJmYjczMC1lY2FhLTExZTYtOGY4OC0zNDM2M2JjN2M0YzAiOnsiY3JlYXRlIjo2MDAwMDAwMDAwMDAsImRlbGV0ZSI6MTIwMDAwMDAwMDAwMH0sInNjaGVtYV92ZXJzaW9uIjoiMSJ9",
          "dependencies": [
            "module.aft.data.aws_partition.current",
            "module.aft.module.aft_account_request_framework.aws_vpc.aft_vpc",
            "module.aft.module.aft_account_request_framework.data.aws_availability_zones.available"
          ]
        }
      ]
    },
    {
      "module": "module.aft.module.aft_account_request_framework",
      "mode": "managed",
      "type": "aws_vpc",
      "name": "aft_vpc",
      "provider": "module.aft.provider[\"registry.terraform.io/hashicorp/aws\"].aft_management",
      "instances": [
        {
          "schema_version": 1,
          "attributes": {
            "arn": "arn:aws:ec2:us-east-1:137457353584:vpc/vpc-093b0a1fd1314e022",
            "assign_generated_ipv6_cidr_block": false,
            "cidr_block": "192.168.0.0/22",
            "default_network_acl_id": "acl-0129bccab34ee45de",
            "default_route_table_id": "rtb-0b4931476cb810f4c",
            "default_security_group_id": "sg-04adb7f46da9d9332",
            "dhcp_options_id": "dopt-065c92fcd3f0fef5f",
            "enable_classiclink": false,
            "enable_classiclink_dns_support": false,
            "enable_dns_hostnames": true,
            "enable_dns_support": true,
            "enable_network_address_usage_metrics": false,
            "id": "vpc-093b0a1fd1314e022",
            "instance_tenancy": "default",
            "ipv4_ipam_pool_id": null,
            "ipv4_netmask_length": null,
            "ipv6_association_id": "",
            "ipv6_cidr_block": "",
            "ipv6_cidr_block_network_border_group": "",
            "ipv6_ipam_pool_id": "",
            "ipv6_netmask_length": 0,
            "main_route_table_id": "rtb-0b4931476cb810f4c",
            "owner_id": "137457353584",
            "tags": {
              "Name": "aft-management-vpc"
            },
            "tags_all": {
              "Name": "aft-management-vpc",
              "managed_by": "AFT"
            }
          },
          "sensitive_attributes": [],
          "private": "eyJzY2hlbWFfdmVyc2lvbiI6IjEifQ==",
          "dependencies": [
            "module.aft.data.aws_partition.current"
          ],
          "create_before_destroy": true
        }
      ]
    },
    {
      "module": "module.aft.module.aft_account_request_framework",
      "mode": "managed",
      "type": "aws_vpc_endpoint",
      "name": "codebuild",
      "provider": "module.aft.provider[\"registry.terraform.io/hashicorp/aws\"].aft_management",
      "instances": [
        {
          "index_key": 0,
          "schema_version": 0,
          "attributes": {
            "arn": "arn:aws:ec2:us-east-1:137457353584:vpc-endpoint/vpce-0ea0debd26bbad9af",
            "auto_accept": null,
            "cidr_blocks": [],
            "dns_entry": [
              {
                "dns_name": "vpce-0ea0debd26bbad9af-etjbw3zj.codebuild.us-east-1.vpce.amazonaws.com",
                "hosted_zone_id": "Z7HUB22UULQXV"
              },
              {
                "dns_name": "vpce-0ea0debd26bbad9af-etjbw3zj-us-east-1a.codebuild.us-east-1.vpce.amazonaws.com",
                "hosted_zone_id": "Z7HUB22UULQXV"
              },
              {
                "dns_name": "vpce-0ea0debd26bbad9af-etjbw3zj-us-east-1b.codebuild.us-east-1.vpce.amazonaws.com",
                "hosted_zone_id": "Z7HUB22UULQXV"
              },
              {
                "dns_name": "codebuild.us-east-1.amazonaws.com",
                "hosted_zone_id": "Z0197861MKH0PEC15SCX"
              }
            ],
            "dns_options": [
              {
                "dns_record_ip_type": "ipv4"
              }
            ],
            "id": "vpce-0ea0debd26bbad9af",
            "ip_address_type": "ipv4",
            "network_interface_ids": [
              "eni-06c0fd33d83a56bcc",
              "eni-0be16fa19c31049ba"
            ],
            "owner_id": "137457353584",
            "policy": "{\"Statement\":[{\"Action\":\"*\",\"Effect\":\"Allow\",\"Principal\":\"*\",\"Resource\":\"*\"}]}",
            "prefix_list_id": null,
            "private_dns_enabled": true,
            "requester_managed": false,
            "route_table_ids": [],
            "security_group_ids": [
              "sg-05416180f932326a9"
            ],
            "service_name": "com.amazonaws.us-east-1.codebuild",
            "state": "available",
            "subnet_ids": [
              "subnet-0aa55f2a7e70ddf9a",
              "subnet-0d5e6c3eb948669e7"
            ],
            "tags": null,
            "tags_all": {
              "managed_by": "AFT"
            },
            "timeouts": null,
            "vpc_endpoint_type": "Interface",
            "vpc_id": "vpc-093b0a1fd1314e022"
          },
          "sensitive_attributes": [],
          "private": "eyJlMmJmYjczMC1lY2FhLTExZTYtOGY4OC0zNDM2M2JjN2M0YzAiOnsiY3JlYXRlIjo2MDAwMDAwMDAwMDAsImRlbGV0ZSI6NjAwMDAwMDAwMDAwLCJ1cGRhdGUiOjYwMDAwMDAwMDAwMH19",
          "dependencies": [
            "module.aft.data.aws_partition.current",
            "module.aft.module.aft_account_request_framework.aws_security_group.aft_vpc_endpoint_sg",
            "module.aft.module.aft_account_request_framework.aws_subnet.aft_vpc_private_subnet_01",
            "module.aft.module.aft_account_request_framework.aws_subnet.aft_vpc_private_subnet_02",
            "module.aft.module.aft_account_request_framework.aws_vpc.aft_vpc",
            "module.aft.module.aft_account_request_framework.data.aws_availability_zones.available",
            "module.aft.module.aft_account_request_framework.data.aws_subnets.codebuild",
            "module.aft.module.aft_account_request_framework.data.aws_vpc_endpoint_service.codebuild"
          ]
        }
      ]
    },
    {
      "module": "module.aft.module.aft_account_request_framework",
      "mode": "managed",
      "type": "aws_vpc_endpoint",
      "name": "codecommit",
      "provider": "module.aft.provider[\"registry.terraform.io/hashicorp/aws\"].aft_management",
      "instances": [
        {
          "index_key": 0,
          "schema_version": 0,
          "attributes": {
            "arn": "arn:aws:ec2:us-east-1:137457353584:vpc-endpoint/vpce-069568edb5c8aaab7",
            "auto_accept": null,
            "cidr_blocks": [],
            "dns_entry": [
              {
                "dns_name": "vpce-069568edb5c8aaab7-0pgmjm5z.codecommit.us-east-1.vpce.amazonaws.com",
                "hosted_zone_id": "Z7HUB22UULQXV"
              },
              {
                "dns_name": "vpce-069568edb5c8aaab7-0pgmjm5z-us-east-1b.codecommit.us-east-1.vpce.amazonaws.com",
                "hosted_zone_id": "Z7HUB22UULQXV"
              },
              {
                "dns_name": "vpce-069568edb5c8aaab7-0pgmjm5z-us-east-1a.codecommit.us-east-1.vpce.amazonaws.com",
                "hosted_zone_id": "Z7HUB22UULQXV"
              },
              {
                "dns_name": "codecommit.us-east-1.amazonaws.com",
                "hosted_zone_id": "Z0204547T21YC1BDDCPG"
              }
            ],
            "dns_options": [
              {
                "dns_record_ip_type": "ipv4"
              }
            ],
            "id": "vpce-069568edb5c8aaab7",
            "ip_address_type": "ipv4",
            "network_interface_ids": [
              "eni-0792e7629bcd13061",
              "eni-0d6d032ccbea3a1b7"
            ],
            "owner_id": "137457353584",
            "policy": "{\"Statement\":[{\"Action\":\"*\",\"Effect\":\"Allow\",\"Principal\":\"*\",\"Resource\":\"*\"}]}",
            "prefix_list_id": null,
            "private_dns_enabled": true,
            "requester_managed": false,
            "route_table_ids": [],
            "security_group_ids": [
              "sg-05416180f932326a9"
            ],
            "service_name": "com.amazonaws.us-east-1.codecommit",
            "state": "available",
            "subnet_ids": [
              "subnet-0aa55f2a7e70ddf9a",
              "subnet-0d5e6c3eb948669e7"
            ],
            "tags": null,
            "tags_all": {
              "managed_by": "AFT"
            },
            "timeouts": null,
            "vpc_endpoint_type": "Interface",
            "vpc_id": "vpc-093b0a1fd1314e022"
          },
          "sensitive_attributes": [],
          "private": "eyJlMmJmYjczMC1lY2FhLTExZTYtOGY4OC0zNDM2M2JjN2M0YzAiOnsiY3JlYXRlIjo2MDAwMDAwMDAwMDAsImRlbGV0ZSI6NjAwMDAwMDAwMDAwLCJ1cGRhdGUiOjYwMDAwMDAwMDAwMH19",
          "dependencies": [
            "module.aft.data.aws_partition.current",
            "module.aft.module.aft_account_request_framework.aws_security_group.aft_vpc_endpoint_sg",
            "module.aft.module.aft_account_request_framework.aws_subnet.aft_vpc_private_subnet_01",
            "module.aft.module.aft_account_request_framework.aws_subnet.aft_vpc_private_subnet_02",
            "module.aft.module.aft_account_request_framework.aws_vpc.aft_vpc",
            "module.aft.module.aft_account_request_framework.data.aws_availability_zones.available",
            "module.aft.module.aft_account_request_framework.data.aws_subnets.codecommit",
            "module.aft.module.aft_account_request_framework.data.aws_vpc_endpoint_service.codecommit"
          ]
        }
      ]
    },
    {
      "module": "module.aft.module.aft_account_request_framework",
      "mode": "managed",
      "type": "aws_vpc_endpoint",
      "name": "codepipeline",
      "provider": "module.aft.provider[\"registry.terraform.io/hashicorp/aws\"].aft_management",
      "instances": [
        {
          "index_key": 0,
          "schema_version": 0,
          "attributes": {
            "arn": "arn:aws:ec2:us-east-1:137457353584:vpc-endpoint/vpce-08fbb3cc115f478b8",
            "auto_accept": null,
            "cidr_blocks": [],
            "dns_entry": [
              {
                "dns_name": "vpce-08fbb3cc115f478b8-nwn2mwzp.codepipeline.us-east-1.vpce.amazonaws.com",
                "hosted_zone_id": "Z7HUB22UULQXV"
              },
              {
                "dns_name": "vpce-08fbb3cc115f478b8-nwn2mwzp-us-east-1a.codepipeline.us-east-1.vpce.amazonaws.com",
                "hosted_zone_id": "Z7HUB22UULQXV"
              },
              {
                "dns_name": "vpce-08fbb3cc115f478b8-nwn2mwzp-us-east-1b.codepipeline.us-east-1.vpce.amazonaws.com",
                "hosted_zone_id": "Z7HUB22UULQXV"
              },
              {
                "dns_name": "codepipeline.us-east-1.amazonaws.com",
                "hosted_zone_id": "Z019815015HVYU7OXQLP3"
              }
            ],
            "dns_options": [
              {
                "dns_record_ip_type": "ipv4"
              }
            ],
            "id": "vpce-08fbb3cc115f478b8",
            "ip_address_type": "ipv4",
            "network_interface_ids": [
              "eni-015848d5b59a5e2a1",
              "eni-06363bde71e45b756"
            ],
            "owner_id": "137457353584",
            "policy": "{\"Statement\":[{\"Action\":\"*\",\"Effect\":\"Allow\",\"Principal\":\"*\",\"Resource\":\"*\"}]}",
            "prefix_list_id": null,
            "private_dns_enabled": true,
            "requester_managed": false,
            "route_table_ids": [],
            "security_group_ids": [
              "sg-05416180f932326a9"
            ],
            "service_name": "com.amazonaws.us-east-1.codepipeline",
            "state": "available",
            "subnet_ids": [
              "subnet-0aa55f2a7e70ddf9a",
              "subnet-0d5e6c3eb948669e7"
            ],
            "tags": null,
            "tags_all": {
              "managed_by": "AFT"
            },
            "timeouts": null,
            "vpc_endpoint_type": "Interface",
            "vpc_id": "vpc-093b0a1fd1314e022"
          },
          "sensitive_attributes": [],
          "private": "eyJlMmJmYjczMC1lY2FhLTExZTYtOGY4OC0zNDM2M2JjN2M0YzAiOnsiY3JlYXRlIjo2MDAwMDAwMDAwMDAsImRlbGV0ZSI6NjAwMDAwMDAwMDAwLCJ1cGRhdGUiOjYwMDAwMDAwMDAwMH19",
          "dependencies": [
            "module.aft.data.aws_partition.current",
            "module.aft.module.aft_account_request_framework.aws_security_group.aft_vpc_endpoint_sg",
            "module.aft.module.aft_account_request_framework.aws_subnet.aft_vpc_private_subnet_01",
            "module.aft.module.aft_account_request_framework.aws_subnet.aft_vpc_private_subnet_02",
            "module.aft.module.aft_account_request_framework.aws_vpc.aft_vpc",
            "module.aft.module.aft_account_request_framework.data.aws_availability_zones.available",
            "module.aft.module.aft_account_request_framework.data.aws_subnets.codepipeline",
            "module.aft.module.aft_account_request_framework.data.aws_vpc_endpoint_service.codepipeline"
          ]
        }
      ]
    },
    {
      "module": "module.aft.module.aft_account_request_framework",
      "mode": "managed",
      "type": "aws_vpc_endpoint",
      "name": "dynamodb",
      "provider": "module.aft.provider[\"registry.terraform.io/hashicorp/aws\"].aft_management",
      "instances": [
        {
          "index_key": 0,
          "schema_version": 0,
          "attributes": {
            "arn": "arn:aws:ec2:us-east-1:137457353584:vpc-endpoint/vpce-0c086db4bb24d95f2",
            "auto_accept": null,
            "cidr_blocks": [
              "35.71.70.0/24",
              "3.218.182.0/24",
              "3.218.180.0/23",
              "35.71.68.0/23",
              "52.94.0.0/22",
              "52.119.224.0/20"
            ],
            "dns_entry": [],
            "dns_options": [],
            "id": "vpce-0c086db4bb24d95f2",
            "ip_address_type": "",
            "network_interface_ids": [],
            "owner_id": "137457353584",
            "policy": "{\"Statement\":[{\"Action\":\"*\",\"Effect\":\"Allow\",\"Principal\":\"*\",\"Resource\":\"*\"}],\"Version\":\"2008-10-17\"}",
            "prefix_list_id": "pl-02cd2c6b",
            "private_dns_enabled": false,
            "requester_managed": false,
            "route_table_ids": [
              "rtb-06a078c03cd496248",
              "rtb-06e998a76900efd0b",
              "rtb-0bf4d70b011c915a7"
            ],
            "security_group_ids": [],
            "service_name": "com.amazonaws.us-east-1.dynamodb",
            "state": "available",
            "subnet_ids": [],
            "tags": null,
            "tags_all": {
              "managed_by": "AFT"
            },
            "timeouts": null,
            "vpc_endpoint_type": "Gateway",
            "vpc_id": "vpc-093b0a1fd1314e022"
          },
          "sensitive_attributes": [],
          "private": "eyJlMmJmYjczMC1lY2FhLTExZTYtOGY4OC0zNDM2M2JjN2M0YzAiOnsiY3JlYXRlIjo2MDAwMDAwMDAwMDAsImRlbGV0ZSI6NjAwMDAwMDAwMDAwLCJ1cGRhdGUiOjYwMDAwMDAwMDAwMH19",
          "dependencies": [
            "module.aft.data.aws_partition.current",
            "module.aft.module.aft_account_request_framework.aws_eip.aft-vpc-natgw-01",
            "module.aft.module.aft_account_request_framework.aws_eip.aft-vpc-natgw-02",
            "module.aft.module.aft_account_request_framework.aws_internet_gateway.aft-vpc-igw",
            "module.aft.module.aft_account_request_framework.aws_nat_gateway.aft-vpc-natgw-01",
            "module.aft.module.aft_account_request_framework.aws_nat_gateway.aft-vpc-natgw-02",
            "module.aft.module.aft_account_request_framework.aws_route_table.aft_vpc_private_subnet_01",
            "module.aft.module.aft_account_request_framework.aws_route_table.aft_vpc_private_subnet_02",
            "module.aft.module.aft_account_request_framework.aws_route_table.aft_vpc_public_subnet_01",
            "module.aft.module.aft_account_request_framework.aws_subnet.aft_vpc_public_subnet_01",
            "module.aft.module.aft_account_request_framework.aws_subnet.aft_vpc_public_subnet_02",
            "module.aft.module.aft_account_request_framework.aws_vpc.aft_vpc",
            "module.aft.module.aft_account_request_framework.data.aws_availability_zones.available",
            "module.aft.module.aft_account_request_framework.data.aws_region.aft-management"
          ]
        }
      ]
    },
    {
      "module": "module.aft.module.aft_account_request_framework",
      "mode": "managed",
      "type": "aws_vpc_endpoint",
      "name": "events",
      "provider": "module.aft.provider[\"registry.terraform.io/hashicorp/aws\"].aft_management",
      "instances": [
        {
          "index_key": 0,
          "schema_version": 0,
          "attributes": {
            "arn": "arn:aws:ec2:us-east-1:137457353584:vpc-endpoint/vpce-05b0d5ff83d4f523d",
            "auto_accept": null,
            "cidr_blocks": [],
            "dns_entry": [
              {
                "dns_name": "vpce-05b0d5ff83d4f523d-gc01fown.events.us-east-1.vpce.amazonaws.com",
                "hosted_zone_id": "Z7HUB22UULQXV"
              },
              {
                "dns_name": "vpce-05b0d5ff83d4f523d-gc01fown-us-east-1b.events.us-east-1.vpce.amazonaws.com",
                "hosted_zone_id": "Z7HUB22UULQXV"
              },
              {
                "dns_name": "vpce-05b0d5ff83d4f523d-gc01fown-us-east-1a.events.us-east-1.vpce.amazonaws.com",
                "hosted_zone_id": "Z7HUB22UULQXV"
              },
              {
                "dns_name": "events.us-east-1.amazonaws.com",
                "hosted_zone_id": "Z06413323HLOKI0284P5L"
              }
            ],
            "dns_options": [
              {
                "dns_record_ip_type": "ipv4"
              }
            ],
            "id": "vpce-05b0d5ff83d4f523d",
            "ip_address_type": "ipv4",
            "network_interface_ids": [
              "eni-0254e2f3019365504",
              "eni-0db3d074026c4d0e1"
            ],
            "owner_id": "137457353584",
            "policy": "{\"Statement\":[{\"Action\":\"*\",\"Effect\":\"Allow\",\"Principal\":\"*\",\"Resource\":\"*\"}]}",
            "prefix_list_id": null,
            "private_dns_enabled": true,
            "requester_managed": false,
            "route_table_ids": [],
            "security_group_ids": [
              "sg-05416180f932326a9"
            ],
            "service_name": "com.amazonaws.us-east-1.events",
            "state": "available",
            "subnet_ids": [
              "subnet-0aa55f2a7e70ddf9a",
              "subnet-0d5e6c3eb948669e7"
            ],
            "tags": null,
            "tags_all": {
              "managed_by": "AFT"
            },
            "timeouts": null,
            "vpc_endpoint_type": "Interface",
            "vpc_id": "vpc-093b0a1fd1314e022"
          },
          "sensitive_attributes": [],
          "private": "eyJlMmJmYjczMC1lY2FhLTExZTYtOGY4OC0zNDM2M2JjN2M0YzAiOnsiY3JlYXRlIjo2MDAwMDAwMDAwMDAsImRlbGV0ZSI6NjAwMDAwMDAwMDAwLCJ1cGRhdGUiOjYwMDAwMDAwMDAwMH19",
          "dependencies": [
            "module.aft.data.aws_partition.current",
            "module.aft.module.aft_account_request_framework.aws_security_group.aft_vpc_endpoint_sg",
            "module.aft.module.aft_account_request_framework.aws_subnet.aft_vpc_private_subnet_01",
            "module.aft.module.aft_account_request_framework.aws_subnet.aft_vpc_private_subnet_02",
            "module.aft.module.aft_account_request_framework.aws_vpc.aft_vpc",
            "module.aft.module.aft_account_request_framework.data.aws_availability_zones.available",
            "module.aft.module.aft_account_request_framework.data.aws_subnets.events",
            "module.aft.module.aft_account_request_framework.data.aws_vpc_endpoint_service.events"
          ]
        }
      ]
    },
    {
      "module": "module.aft.module.aft_account_request_framework",
      "mode": "managed",
      "type": "aws_vpc_endpoint",
      "name": "git-codecommit",
      "provider": "module.aft.provider[\"registry.terraform.io/hashicorp/aws\"].aft_management",
      "instances": [
        {
          "index_key": 0,
          "schema_version": 0,
          "attributes": {
            "arn": "arn:aws:ec2:us-east-1:137457353584:vpc-endpoint/vpce-0d8107499988e85aa",
            "auto_accept": null,
            "cidr_blocks": [],
            "dns_entry": [
              {
                "dns_name": "vpce-0d8107499988e85aa-ph80zezp.git-codecommit.us-east-1.vpce.amazonaws.com",
                "hosted_zone_id": "Z7HUB22UULQXV"
              },
              {
                "dns_name": "vpce-0d8107499988e85aa-ph80zezp-us-east-1a.git-codecommit.us-east-1.vpce.amazonaws.com",
                "hosted_zone_id": "Z7HUB22UULQXV"
              },
              {
                "dns_name": "vpce-0d8107499988e85aa-ph80zezp-us-east-1b.git-codecommit.us-east-1.vpce.amazonaws.com",
                "hosted_zone_id": "Z7HUB22UULQXV"
              },
              {
                "dns_name": "git-codecommit.us-east-1.amazonaws.com",
                "hosted_zone_id": "Z0641935HI1BGSVBFA5B"
              }
            ],
            "dns_options": [
              {
                "dns_record_ip_type": "ipv4"
              }
            ],
            "id": "vpce-0d8107499988e85aa",
            "ip_address_type": "ipv4",
            "network_interface_ids": [
              "eni-0c153ab88ef587d57",
              "eni-0fcabe924b380e542"
            ],
            "owner_id": "137457353584",
            "policy": "{\"Statement\":[{\"Action\":\"*\",\"Effect\":\"Allow\",\"Principal\":\"*\",\"Resource\":\"*\"}]}",
            "prefix_list_id": null,
            "private_dns_enabled": true,
            "requester_managed": false,
            "route_table_ids": [],
            "security_group_ids": [
              "sg-05416180f932326a9"
            ],
            "service_name": "com.amazonaws.us-east-1.git-codecommit",
            "state": "available",
            "subnet_ids": [
              "subnet-0aa55f2a7e70ddf9a",
              "subnet-0d5e6c3eb948669e7"
            ],
            "tags": null,
            "tags_all": {
              "managed_by": "AFT"
            },
            "timeouts": null,
            "vpc_endpoint_type": "Interface",
            "vpc_id": "vpc-093b0a1fd1314e022"
          },
          "sensitive_attributes": [],
          "private": "eyJlMmJmYjczMC1lY2FhLTExZTYtOGY4OC0zNDM2M2JjN2M0YzAiOnsiY3JlYXRlIjo2MDAwMDAwMDAwMDAsImRlbGV0ZSI6NjAwMDAwMDAwMDAwLCJ1cGRhdGUiOjYwMDAwMDAwMDAwMH19",
          "dependencies": [
            "module.aft.data.aws_partition.current",
            "module.aft.module.aft_account_request_framework.aws_security_group.aft_vpc_endpoint_sg",
            "module.aft.module.aft_account_request_framework.aws_subnet.aft_vpc_private_subnet_01",
            "module.aft.module.aft_account_request_framework.aws_subnet.aft_vpc_private_subnet_02",
            "module.aft.module.aft_account_request_framework.aws_vpc.aft_vpc",
            "module.aft.module.aft_account_request_framework.data.aws_availability_zones.available",
            "module.aft.module.aft_account_request_framework.data.aws_subnets.git-codecommit",
            "module.aft.module.aft_account_request_framework.data.aws_vpc_endpoint_service.git-codecommit"
          ]
        }
      ]
    },
    {
      "module": "module.aft.module.aft_account_request_framework",
      "mode": "managed",
      "type": "aws_vpc_endpoint",
      "name": "kms",
      "provider": "module.aft.provider[\"registry.terraform.io/hashicorp/aws\"].aft_management",
      "instances": [
        {
          "index_key": 0,
          "schema_version": 0,
          "attributes": {
            "arn": "arn:aws:ec2:us-east-1:137457353584:vpc-endpoint/vpce-030458dd2d86419d6",
            "auto_accept": null,
            "cidr_blocks": [],
            "dns_entry": [
              {
                "dns_name": "vpce-030458dd2d86419d6-f2owkwh9.kms.us-east-1.vpce.amazonaws.com",
                "hosted_zone_id": "Z7HUB22UULQXV"
              },
              {
                "dns_name": "vpce-030458dd2d86419d6-f2owkwh9-us-east-1a.kms.us-east-1.vpce.amazonaws.com",
                "hosted_zone_id": "Z7HUB22UULQXV"
              },
              {
                "dns_name": "vpce-030458dd2d86419d6-f2owkwh9-us-east-1b.kms.us-east-1.vpce.amazonaws.com",
                "hosted_zone_id": "Z7HUB22UULQXV"
              },
              {
                "dns_name": "kms.us-east-1.amazonaws.com",
                "hosted_zone_id": "Z06420041IKM8DPNB33LG"
              }
            ],
            "dns_options": [
              {
                "dns_record_ip_type": "ipv4"
              }
            ],
            "id": "vpce-030458dd2d86419d6",
            "ip_address_type": "ipv4",
            "network_interface_ids": [
              "eni-03d32c3f8218b757f",
              "eni-0fca20426a235a92a"
            ],
            "owner_id": "137457353584",
            "policy": "{\"Statement\":[{\"Action\":\"*\",\"Effect\":\"Allow\",\"Principal\":\"*\",\"Resource\":\"*\"}]}",
            "prefix_list_id": null,
            "private_dns_enabled": true,
            "requester_managed": false,
            "route_table_ids": [],
            "security_group_ids": [
              "sg-05416180f932326a9"
            ],
            "service_name": "com.amazonaws.us-east-1.kms",
            "state": "available",
            "subnet_ids": [
              "subnet-0aa55f2a7e70ddf9a",
              "subnet-0d5e6c3eb948669e7"
            ],
            "tags": null,
            "tags_all": {
              "managed_by": "AFT"
            },
            "timeouts": null,
            "vpc_endpoint_type": "Interface",
            "vpc_id": "vpc-093b0a1fd1314e022"
          },
          "sensitive_attributes": [],
          "private": "eyJlMmJmYjczMC1lY2FhLTExZTYtOGY4OC0zNDM2M2JjN2M0YzAiOnsiY3JlYXRlIjo2MDAwMDAwMDAwMDAsImRlbGV0ZSI6NjAwMDAwMDAwMDAwLCJ1cGRhdGUiOjYwMDAwMDAwMDAwMH19",
          "dependencies": [
            "module.aft.data.aws_partition.current",
            "module.aft.module.aft_account_request_framework.aws_security_group.aft_vpc_endpoint_sg",
            "module.aft.module.aft_account_request_framework.aws_subnet.aft_vpc_private_subnet_01",
            "module.aft.module.aft_account_request_framework.aws_subnet.aft_vpc_private_subnet_02",
            "module.aft.module.aft_account_request_framework.aws_vpc.aft_vpc",
            "module.aft.module.aft_account_request_framework.data.aws_availability_zones.available",
            "module.aft.module.aft_account_request_framework.data.aws_subnets.kms",
            "module.aft.module.aft_account_request_framework.data.aws_vpc_endpoint_service.kms"
          ]
        }
      ]
    },
    {
      "module": "module.aft.module.aft_account_request_framework",
      "mode": "managed",
      "type": "aws_vpc_endpoint",
      "name": "lambda",
      "provider": "module.aft.provider[\"registry.terraform.io/hashicorp/aws\"].aft_management",
      "instances": [
        {
          "index_key": 0,
          "schema_version": 0,
          "attributes": {
            "arn": "arn:aws:ec2:us-east-1:137457353584:vpc-endpoint/vpce-08391da0cd0fa0fd1",
            "auto_accept": null,
            "cidr_blocks": [],
            "dns_entry": [
              {
                "dns_name": "vpce-08391da0cd0fa0fd1-513rh3ps.lambda.us-east-1.vpce.amazonaws.com",
                "hosted_zone_id": "Z7HUB22UULQXV"
              },
              {
                "dns_name": "vpce-08391da0cd0fa0fd1-513rh3ps-us-east-1a.lambda.us-east-1.vpce.amazonaws.com",
                "hosted_zone_id": "Z7HUB22UULQXV"
              },
              {
                "dns_name": "vpce-08391da0cd0fa0fd1-513rh3ps-us-east-1b.lambda.us-east-1.vpce.amazonaws.com",
                "hosted_zone_id": "Z7HUB22UULQXV"
              },
              {
                "dns_name": "lambda.us-east-1.amazonaws.com",
                "hosted_zone_id": "Z064251226ZBMCGSFVY3J"
              },
              {
                "dns_name": "lambda.us-east-1.api.aws",
                "hosted_zone_id": "Z067384514D1PU1X320TD"
              }
            ],
            "dns_options": [
              {
                "dns_record_ip_type": "ipv4"
              }
            ],
            "id": "vpce-08391da0cd0fa0fd1",
            "ip_address_type": "ipv4",
            "network_interface_ids": [
              "eni-0dc137ec65e3f4b30",
              "eni-0eec1fd8b537982fd"
            ],
            "owner_id": "137457353584",
            "policy": "{\"Statement\":[{\"Action\":\"*\",\"Effect\":\"Allow\",\"Principal\":\"*\",\"Resource\":\"*\"}]}",
            "prefix_list_id": null,
            "private_dns_enabled": true,
            "requester_managed": false,
            "route_table_ids": [],
            "security_group_ids": [
              "sg-05416180f932326a9"
            ],
            "service_name": "com.amazonaws.us-east-1.lambda",
            "state": "available",
            "subnet_ids": [
              "subnet-0aa55f2a7e70ddf9a",
              "subnet-0d5e6c3eb948669e7"
            ],
            "tags": null,
            "tags_all": {
              "managed_by": "AFT"
            },
            "timeouts": null,
            "vpc_endpoint_type": "Interface",
            "vpc_id": "vpc-093b0a1fd1314e022"
          },
          "sensitive_attributes": [],
          "private": "eyJlMmJmYjczMC1lY2FhLTExZTYtOGY4OC0zNDM2M2JjN2M0YzAiOnsiY3JlYXRlIjo2MDAwMDAwMDAwMDAsImRlbGV0ZSI6NjAwMDAwMDAwMDAwLCJ1cGRhdGUiOjYwMDAwMDAwMDAwMH19",
          "dependencies": [
            "module.aft.data.aws_partition.current",
            "module.aft.module.aft_account_request_framework.aws_security_group.aft_vpc_endpoint_sg",
            "module.aft.module.aft_account_request_framework.aws_subnet.aft_vpc_private_subnet_01",
            "module.aft.module.aft_account_request_framework.aws_subnet.aft_vpc_private_subnet_02",
            "module.aft.module.aft_account_request_framework.aws_vpc.aft_vpc",
            "module.aft.module.aft_account_request_framework.data.aws_availability_zones.available",
            "module.aft.module.aft_account_request_framework.data.aws_subnets.lambda",
            "module.aft.module.aft_account_request_framework.data.aws_vpc_endpoint_service.lambda"
          ]
        }
      ]
    },
    {
      "module": "module.aft.module.aft_account_request_framework",
      "mode": "managed",
      "type": "aws_vpc_endpoint",
      "name": "logs",
      "provider": "module.aft.provider[\"registry.terraform.io/hashicorp/aws\"].aft_management",
      "instances": [
        {
          "index_key": 0,
          "schema_version": 0,
          "attributes": {
            "arn": "arn:aws:ec2:us-east-1:137457353584:vpc-endpoint/vpce-07918fd56307d82dd",
            "auto_accept": null,
            "cidr_blocks": [],
            "dns_entry": [
              {
                "dns_name": "vpce-07918fd56307d82dd-o19711oy.logs.us-east-1.vpce.amazonaws.com",
                "hosted_zone_id": "Z7HUB22UULQXV"
              },
              {
                "dns_name": "vpce-07918fd56307d82dd-o19711oy-us-east-1a.logs.us-east-1.vpce.amazonaws.com",
                "hosted_zone_id": "Z7HUB22UULQXV"
              },
              {
                "dns_name": "vpce-07918fd56307d82dd-o19711oy-us-east-1b.logs.us-east-1.vpce.amazonaws.com",
                "hosted_zone_id": "Z7HUB22UULQXV"
              },
              {
                "dns_name": "logs.us-east-1.amazonaws.com",
                "hosted_zone_id": "Z02978492IYD32JUXB2FD"
              }
            ],
            "dns_options": [
              {
                "dns_record_ip_type": "ipv4"
              }
            ],
            "id": "vpce-07918fd56307d82dd",
            "ip_address_type": "ipv4",
            "network_interface_ids": [
              "eni-0538397863851b87c",
              "eni-05e4e11a874867980"
            ],
            "owner_id": "137457353584",
            "policy": "{\"Statement\":[{\"Action\":\"*\",\"Effect\":\"Allow\",\"Principal\":\"*\",\"Resource\":\"*\"}]}",
            "prefix_list_id": null,
            "private_dns_enabled": true,
            "requester_managed": false,
            "route_table_ids": [],
            "security_group_ids": [
              "sg-05416180f932326a9"
            ],
            "service_name": "com.amazonaws.us-east-1.logs",
            "state": "available",
            "subnet_ids": [
              "subnet-0aa55f2a7e70ddf9a",
              "subnet-0d5e6c3eb948669e7"
            ],
            "tags": null,
            "tags_all": {
              "managed_by": "AFT"
            },
            "timeouts": null,
            "vpc_endpoint_type": "Interface",
            "vpc_id": "vpc-093b0a1fd1314e022"
          },
          "sensitive_attributes": [],
          "private": "eyJlMmJmYjczMC1lY2FhLTExZTYtOGY4OC0zNDM2M2JjN2M0YzAiOnsiY3JlYXRlIjo2MDAwMDAwMDAwMDAsImRlbGV0ZSI6NjAwMDAwMDAwMDAwLCJ1cGRhdGUiOjYwMDAwMDAwMDAwMH19",
          "dependencies": [
            "module.aft.data.aws_partition.current",
            "module.aft.module.aft_account_request_framework.aws_security_group.aft_vpc_endpoint_sg",
            "module.aft.module.aft_account_request_framework.aws_subnet.aft_vpc_private_subnet_01",
            "module.aft.module.aft_account_request_framework.aws_subnet.aft_vpc_private_subnet_02",
            "module.aft.module.aft_account_request_framework.aws_vpc.aft_vpc",
            "module.aft.module.aft_account_request_framework.data.aws_availability_zones.available",
            "module.aft.module.aft_account_request_framework.data.aws_subnets.logs",
            "module.aft.module.aft_account_request_framework.data.aws_vpc_endpoint_service.logs"
          ]
        }
      ]
    },
    {
      "module": "module.aft.module.aft_account_request_framework",
      "mode": "managed",
      "type": "aws_vpc_endpoint",
      "name": "s3",
      "provider": "module.aft.provider[\"registry.terraform.io/hashicorp/aws\"].aft_management",
      "instances": [
        {
          "index_key": 0,
          "schema_version": 0,
          "attributes": {
            "arn": "arn:aws:ec2:us-east-1:137457353584:vpc-endpoint/vpce-0e42525e36405ba6b",
            "auto_accept": null,
            "cidr_blocks": [
              "18.34.0.0/19",
              "52.216.0.0/15",
              "54.231.0.0/16",
              "3.5.0.0/19",
              "18.34.232.0/21"
            ],
            "dns_entry": [],
            "dns_options": [],
            "id": "vpce-0e42525e36405ba6b",
            "ip_address_type": "",
            "network_interface_ids": [],
            "owner_id": "137457353584",
            "policy": "{\"Statement\":[{\"Action\":\"*\",\"Effect\":\"Allow\",\"Principal\":\"*\",\"Resource\":\"*\"}],\"Version\":\"2008-10-17\"}",
            "prefix_list_id": "pl-63a5400a",
            "private_dns_enabled": false,
            "requester_managed": false,
            "route_table_ids": [
              "rtb-06a078c03cd496248",
              "rtb-06e998a76900efd0b",
              "rtb-0bf4d70b011c915a7"
            ],
            "security_group_ids": [],
            "service_name": "com.amazonaws.us-east-1.s3",
            "state": "available",
            "subnet_ids": [],
            "tags": null,
            "tags_all": {
              "managed_by": "AFT"
            },
            "timeouts": null,
            "vpc_endpoint_type": "Gateway",
            "vpc_id": "vpc-093b0a1fd1314e022"
          },
          "sensitive_attributes": [],
          "private": "eyJlMmJmYjczMC1lY2FhLTExZTYtOGY4OC0zNDM2M2JjN2M0YzAiOnsiY3JlYXRlIjo2MDAwMDAwMDAwMDAsImRlbGV0ZSI6NjAwMDAwMDAwMDAwLCJ1cGRhdGUiOjYwMDAwMDAwMDAwMH19",
          "dependencies": [
            "module.aft.data.aws_partition.current",
            "module.aft.module.aft_account_request_framework.aws_eip.aft-vpc-natgw-01",
            "module.aft.module.aft_account_request_framework.aws_eip.aft-vpc-natgw-02",
            "module.aft.module.aft_account_request_framework.aws_internet_gateway.aft-vpc-igw",
            "module.aft.module.aft_account_request_framework.aws_nat_gateway.aft-vpc-natgw-01",
            "module.aft.module.aft_account_request_framework.aws_nat_gateway.aft-vpc-natgw-02",
            "module.aft.module.aft_account_request_framework.aws_route_table.aft_vpc_private_subnet_01",
            "module.aft.module.aft_account_request_framework.aws_route_table.aft_vpc_private_subnet_02",
            "module.aft.module.aft_account_request_framework.aws_route_table.aft_vpc_public_subnet_01",
            "module.aft.module.aft_account_request_framework.aws_subnet.aft_vpc_public_subnet_01",
            "module.aft.module.aft_account_request_framework.aws_subnet.aft_vpc_public_subnet_02",
            "module.aft.module.aft_account_request_framework.aws_vpc.aft_vpc",
            "module.aft.module.aft_account_request_framework.data.aws_availability_zones.available",
            "module.aft.module.aft_account_request_framework.data.aws_region.aft-management"
          ]
        }
      ]
    },
    {
      "module": "module.aft.module.aft_account_request_framework",
      "mode": "managed",
      "type": "aws_vpc_endpoint",
      "name": "servicecatalog",
      "provider": "module.aft.provider[\"registry.terraform.io/hashicorp/aws\"].aft_management",
      "instances": [
        {
          "index_key": 0,
          "schema_version": 0,
          "attributes": {
            "arn": "arn:aws:ec2:us-east-1:137457353584:vpc-endpoint/vpce-026a62097c524e4ee",
            "auto_accept": null,
            "cidr_blocks": [],
            "dns_entry": [
              {
                "dns_name": "vpce-026a62097c524e4ee-xi6k5ol4.servicecatalog.us-east-1.vpce.amazonaws.com",
                "hosted_zone_id": "Z7HUB22UULQXV"
              },
              {
                "dns_name": "vpce-026a62097c524e4ee-xi6k5ol4-us-east-1a.servicecatalog.us-east-1.vpce.amazonaws.com",
                "hosted_zone_id": "Z7HUB22UULQXV"
              },
              {
                "dns_name": "vpce-026a62097c524e4ee-xi6k5ol4-us-east-1b.servicecatalog.us-east-1.vpce.amazonaws.com",
                "hosted_zone_id": "Z7HUB22UULQXV"
              },
              {
                "dns_name": "servicecatalog.us-east-1.amazonaws.com",
                "hosted_zone_id": "Z06729541JWM31M93F7QH"
              }
            ],
            "dns_options": [
              {
                "dns_record_ip_type": "ipv4"
              }
            ],
            "id": "vpce-026a62097c524e4ee",
            "ip_address_type": "ipv4",
            "network_interface_ids": [
              "eni-0b0f7d52dc22eb500",
              "eni-0bd9838b1981ff156"
            ],
            "owner_id": "137457353584",
            "policy": "{\"Statement\":[{\"Action\":\"*\",\"Effect\":\"Allow\",\"Principal\":\"*\",\"Resource\":\"*\"}]}",
            "prefix_list_id": null,
            "private_dns_enabled": true,
            "requester_managed": false,
            "route_table_ids": [],
            "security_group_ids": [
              "sg-05416180f932326a9"
            ],
            "service_name": "com.amazonaws.us-east-1.servicecatalog",
            "state": "available",
            "subnet_ids": [
              "subnet-0aa55f2a7e70ddf9a",
              "subnet-0d5e6c3eb948669e7"
            ],
            "tags": null,
            "tags_all": {
              "managed_by": "AFT"
            },
            "timeouts": null,
            "vpc_endpoint_type": "Interface",
            "vpc_id": "vpc-093b0a1fd1314e022"
          },
          "sensitive_attributes": [],
          "private": "eyJlMmJmYjczMC1lY2FhLTExZTYtOGY4OC0zNDM2M2JjN2M0YzAiOnsiY3JlYXRlIjo2MDAwMDAwMDAwMDAsImRlbGV0ZSI6NjAwMDAwMDAwMDAwLCJ1cGRhdGUiOjYwMDAwMDAwMDAwMH19",
          "dependencies": [
            "module.aft.data.aws_partition.current",
            "module.aft.module.aft_account_request_framework.aws_security_group.aft_vpc_endpoint_sg",
            "module.aft.module.aft_account_request_framework.aws_subnet.aft_vpc_private_subnet_01",
            "module.aft.module.aft_account_request_framework.aws_subnet.aft_vpc_private_subnet_02",
            "module.aft.module.aft_account_request_framework.aws_vpc.aft_vpc",
            "module.aft.module.aft_account_request_framework.data.aws_availability_zones.available",
            "module.aft.module.aft_account_request_framework.data.aws_subnets.servicecatalog",
            "module.aft.module.aft_account_request_framework.data.aws_vpc_endpoint_service.servicecatalog"
          ]
        }
      ]
    },
    {
      "module": "module.aft.module.aft_account_request_framework",
      "mode": "managed",
      "type": "aws_vpc_endpoint",
      "name": "sns",
      "provider": "module.aft.provider[\"registry.terraform.io/hashicorp/aws\"].aft_management",
      "instances": [
        {
          "index_key": 0,
          "schema_version": 0,
          "attributes": {
            "arn": "arn:aws:ec2:us-east-1:137457353584:vpc-endpoint/vpce-0979da0c97f4e598f",
            "auto_accept": null,
            "cidr_blocks": [],
            "dns_entry": [
              {
                "dns_name": "vpce-0979da0c97f4e598f-oqkrs9qn.sns.us-east-1.vpce.amazonaws.com",
                "hosted_zone_id": "Z7HUB22UULQXV"
              },
              {
                "dns_name": "vpce-0979da0c97f4e598f-oqkrs9qn-us-east-1a.sns.us-east-1.vpce.amazonaws.com",
                "hosted_zone_id": "Z7HUB22UULQXV"
              },
              {
                "dns_name": "vpce-0979da0c97f4e598f-oqkrs9qn-us-east-1b.sns.us-east-1.vpce.amazonaws.com",
                "hosted_zone_id": "Z7HUB22UULQXV"
              },
              {
                "dns_name": "sns.us-east-1.amazonaws.com",
                "hosted_zone_id": "Z01981823JCOOIV6ZO6TF"
              }
            ],
            "dns_options": [
              {
                "dns_record_ip_type": "ipv4"
              }
            ],
            "id": "vpce-0979da0c97f4e598f",
            "ip_address_type": "ipv4",
            "network_interface_ids": [
              "eni-09e2ff38168758260",
              "eni-0f11e57819ab29072"
            ],
            "owner_id": "137457353584",
            "policy": "{\"Statement\":[{\"Action\":\"*\",\"Effect\":\"Allow\",\"Principal\":\"*\",\"Resource\":\"*\"}]}",
            "prefix_list_id": null,
            "private_dns_enabled": true,
            "requester_managed": false,
            "route_table_ids": [],
            "security_group_ids": [
              "sg-05416180f932326a9"
            ],
            "service_name": "com.amazonaws.us-east-1.sns",
            "state": "available",
            "subnet_ids": [
              "subnet-0aa55f2a7e70ddf9a",
              "subnet-0d5e6c3eb948669e7"
            ],
            "tags": null,
            "tags_all": {
              "managed_by": "AFT"
            },
            "timeouts": null,
            "vpc_endpoint_type": "Interface",
            "vpc_id": "vpc-093b0a1fd1314e022"
          },
          "sensitive_attributes": [],
          "private": "eyJlMmJmYjczMC1lY2FhLTExZTYtOGY4OC0zNDM2M2JjN2M0YzAiOnsiY3JlYXRlIjo2MDAwMDAwMDAwMDAsImRlbGV0ZSI6NjAwMDAwMDAwMDAwLCJ1cGRhdGUiOjYwMDAwMDAwMDAwMH19",
          "dependencies": [
            "module.aft.data.aws_partition.current",
            "module.aft.module.aft_account_request_framework.aws_security_group.aft_vpc_endpoint_sg",
            "module.aft.module.aft_account_request_framework.aws_subnet.aft_vpc_private_subnet_01",
            "module.aft.module.aft_account_request_framework.aws_subnet.aft_vpc_private_subnet_02",
            "module.aft.module.aft_account_request_framework.aws_vpc.aft_vpc",
            "module.aft.module.aft_account_request_framework.data.aws_availability_zones.available",
            "module.aft.module.aft_account_request_framework.data.aws_subnets.sns",
            "module.aft.module.aft_account_request_framework.data.aws_vpc_endpoint_service.sns"
          ]
        }
      ]
    },
    {
      "module": "module.aft.module.aft_account_request_framework",
      "mode": "managed",
      "type": "aws_vpc_endpoint",
      "name": "sqs",
      "provider": "module.aft.provider[\"registry.terraform.io/hashicorp/aws\"].aft_management",
      "instances": [
        {
          "index_key": 0,
          "schema_version": 0,
          "attributes": {
            "arn": "arn:aws:ec2:us-east-1:137457353584:vpc-endpoint/vpce-0f56e6c51782b68ab",
            "auto_accept": null,
            "cidr_blocks": [],
            "dns_entry": [
              {
                "dns_name": "vpce-0f56e6c51782b68ab-drrfg9mh.sqs.us-east-1.vpce.amazonaws.com",
                "hosted_zone_id": "Z7HUB22UULQXV"
              },
              {
                "dns_name": "vpce-0f56e6c51782b68ab-drrfg9mh-us-east-1b.sqs.us-east-1.vpce.amazonaws.com",
                "hosted_zone_id": "Z7HUB22UULQXV"
              },
              {
                "dns_name": "vpce-0f56e6c51782b68ab-drrfg9mh-us-east-1a.sqs.us-east-1.vpce.amazonaws.com",
                "hosted_zone_id": "Z7HUB22UULQXV"
              },
              {
                "dns_name": "sqs.us-east-1.amazonaws.com",
                "hosted_zone_id": "Z06743082MZU7J4PJZ0XB"
              }
            ],
            "dns_options": [
              {
                "dns_record_ip_type": "ipv4"
              }
            ],
            "id": "vpce-0f56e6c51782b68ab",
            "ip_address_type": "ipv4",
            "network_interface_ids": [
              "eni-023df2f7daf1200c7",
              "eni-0447ec7a743b88f0d"
            ],
            "owner_id": "137457353584",
            "policy": "{\"Statement\":[{\"Action\":\"*\",\"Effect\":\"Allow\",\"Principal\":\"*\",\"Resource\":\"*\"}]}",
            "prefix_list_id": null,
            "private_dns_enabled": true,
            "requester_managed": false,
            "route_table_ids": [],
            "security_group_ids": [
              "sg-05416180f932326a9"
            ],
            "service_name": "com.amazonaws.us-east-1.sqs",
            "state": "available",
            "subnet_ids": [
              "subnet-0aa55f2a7e70ddf9a",
              "subnet-0d5e6c3eb948669e7"
            ],
            "tags": null,
            "tags_all": {
              "managed_by": "AFT"
            },
            "timeouts": null,
            "vpc_endpoint_type": "Interface",
            "vpc_id": "vpc-093b0a1fd1314e022"
          },
          "sensitive_attributes": [],
          "private": "eyJlMmJmYjczMC1lY2FhLTExZTYtOGY4OC0zNDM2M2JjN2M0YzAiOnsiY3JlYXRlIjo2MDAwMDAwMDAwMDAsImRlbGV0ZSI6NjAwMDAwMDAwMDAwLCJ1cGRhdGUiOjYwMDAwMDAwMDAwMH19",
          "dependencies": [
            "module.aft.data.aws_partition.current",
            "module.aft.module.aft_account_request_framework.aws_security_group.aft_vpc_endpoint_sg",
            "module.aft.module.aft_account_request_framework.aws_subnet.aft_vpc_private_subnet_01",
            "module.aft.module.aft_account_request_framework.aws_subnet.aft_vpc_private_subnet_02",
            "module.aft.module.aft_account_request_framework.aws_vpc.aft_vpc",
            "module.aft.module.aft_account_request_framework.data.aws_availability_zones.available",
            "module.aft.module.aft_account_request_framework.data.aws_subnets.sqs",
            "module.aft.module.aft_account_request_framework.data.aws_vpc_endpoint_service.sqs"
          ]
        }
      ]
    },
    {
      "module": "module.aft.module.aft_account_request_framework",
      "mode": "managed",
      "type": "aws_vpc_endpoint",
      "name": "ssm",
      "provider": "module.aft.provider[\"registry.terraform.io/hashicorp/aws\"].aft_management",
      "instances": [
        {
          "index_key": 0,
          "schema_version": 0,
          "attributes": {
            "arn": "arn:aws:ec2:us-east-1:137457353584:vpc-endpoint/vpce-00fd2bb5d58274227",
            "auto_accept": null,
            "cidr_blocks": [],
            "dns_entry": [
              {
                "dns_name": "vpce-00fd2bb5d58274227-p0tby0a8.ssm.us-east-1.vpce.amazonaws.com",
                "hosted_zone_id": "Z7HUB22UULQXV"
              },
              {
                "dns_name": "vpce-00fd2bb5d58274227-p0tby0a8-us-east-1b.ssm.us-east-1.vpce.amazonaws.com",
                "hosted_zone_id": "Z7HUB22UULQXV"
              },
              {
                "dns_name": "vpce-00fd2bb5d58274227-p0tby0a8-us-east-1a.ssm.us-east-1.vpce.amazonaws.com",
                "hosted_zone_id": "Z7HUB22UULQXV"
              },
              {
                "dns_name": "ssm.us-east-1.amazonaws.com",
                "hosted_zone_id": "Z02966241Z10L1I1YQVA2"
              }
            ],
            "dns_options": [
              {
                "dns_record_ip_type": "ipv4"
              }
            ],
            "id": "vpce-00fd2bb5d58274227",
            "ip_address_type": "ipv4",
            "network_interface_ids": [
              "eni-04a12c4baa9bbe2a3",
              "eni-08ec6dc51d061ab5d"
            ],
            "owner_id": "137457353584",
            "policy": "{\"Statement\":[{\"Action\":\"*\",\"Effect\":\"Allow\",\"Principal\":\"*\",\"Resource\":\"*\"}]}",
            "prefix_list_id": null,
            "private_dns_enabled": true,
            "requester_managed": false,
            "route_table_ids": [],
            "security_group_ids": [
              "sg-05416180f932326a9"
            ],
            "service_name": "com.amazonaws.us-east-1.ssm",
            "state": "available",
            "subnet_ids": [
              "subnet-0aa55f2a7e70ddf9a",
              "subnet-0d5e6c3eb948669e7"
            ],
            "tags": null,
            "tags_all": {
              "managed_by": "AFT"
            },
            "timeouts": null,
            "vpc_endpoint_type": "Interface",
            "vpc_id": "vpc-093b0a1fd1314e022"
          },
          "sensitive_attributes": [],
          "private": "eyJlMmJmYjczMC1lY2FhLTExZTYtOGY4OC0zNDM2M2JjN2M0YzAiOnsiY3JlYXRlIjo2MDAwMDAwMDAwMDAsImRlbGV0ZSI6NjAwMDAwMDAwMDAwLCJ1cGRhdGUiOjYwMDAwMDAwMDAwMH19",
          "dependencies": [
            "module.aft.data.aws_partition.current",
            "module.aft.module.aft_account_request_framework.aws_security_group.aft_vpc_endpoint_sg",
            "module.aft.module.aft_account_request_framework.aws_subnet.aft_vpc_private_subnet_01",
            "module.aft.module.aft_account_request_framework.aws_subnet.aft_vpc_private_subnet_02",
            "module.aft.module.aft_account_request_framework.aws_vpc.aft_vpc",
            "module.aft.module.aft_account_request_framework.data.aws_availability_zones.available",
            "module.aft.module.aft_account_request_framework.data.aws_subnets.ssm",
            "module.aft.module.aft_account_request_framework.data.aws_vpc_endpoint_service.ssm"
          ]
        }
      ]
    },
    {
      "module": "module.aft.module.aft_account_request_framework",
      "mode": "managed",
      "type": "aws_vpc_endpoint",
      "name": "states",
      "provider": "module.aft.provider[\"registry.terraform.io/hashicorp/aws\"].aft_management",
      "instances": [
        {
          "index_key": 0,
          "schema_version": 0,
          "attributes": {
            "arn": "arn:aws:ec2:us-east-1:137457353584:vpc-endpoint/vpce-05689be98e9df94a5",
            "auto_accept": null,
            "cidr_blocks": [],
            "dns_entry": [
              {
                "dns_name": "vpce-05689be98e9df94a5-f0h75miy.states.us-east-1.vpce.amazonaws.com",
                "hosted_zone_id": "Z7HUB22UULQXV"
              },
              {
                "dns_name": "vpce-05689be98e9df94a5-f0h75miy-us-east-1a.states.us-east-1.vpce.amazonaws.com",
                "hosted_zone_id": "Z7HUB22UULQXV"
              },
              {
                "dns_name": "vpce-05689be98e9df94a5-f0h75miy-us-east-1b.states.us-east-1.vpce.amazonaws.com",
                "hosted_zone_id": "Z7HUB22UULQXV"
              },
              {
                "dns_name": "states.us-east-1.amazonaws.com",
                "hosted_zone_id": "Z0642487C9R3AT61Z8HJ"
              }
            ],
            "dns_options": [
              {
                "dns_record_ip_type": "ipv4"
              }
            ],
            "id": "vpce-05689be98e9df94a5",
            "ip_address_type": "ipv4",
            "network_interface_ids": [
              "eni-06ceeef8a14064ea8",
              "eni-08c970564ae741057"
            ],
            "owner_id": "137457353584",
            "policy": "{\"Statement\":[{\"Action\":\"*\",\"Effect\":\"Allow\",\"Principal\":\"*\",\"Resource\":\"*\"}]}",
            "prefix_list_id": null,
            "private_dns_enabled": true,
            "requester_managed": false,
            "route_table_ids": [],
            "security_group_ids": [
              "sg-05416180f932326a9"
            ],
            "service_name": "com.amazonaws.us-east-1.states",
            "state": "available",
            "subnet_ids": [
              "subnet-0aa55f2a7e70ddf9a",
              "subnet-0d5e6c3eb948669e7"
            ],
            "tags": null,
            "tags_all": {
              "managed_by": "AFT"
            },
            "timeouts": null,
            "vpc_endpoint_type": "Interface",
            "vpc_id": "vpc-093b0a1fd1314e022"
          },
          "sensitive_attributes": [],
          "private": "eyJlMmJmYjczMC1lY2FhLTExZTYtOGY4OC0zNDM2M2JjN2M0YzAiOnsiY3JlYXRlIjo2MDAwMDAwMDAwMDAsImRlbGV0ZSI6NjAwMDAwMDAwMDAwLCJ1cGRhdGUiOjYwMDAwMDAwMDAwMH19",
          "dependencies": [
            "module.aft.data.aws_partition.current",
            "module.aft.module.aft_account_request_framework.aws_security_group.aft_vpc_endpoint_sg",
            "module.aft.module.aft_account_request_framework.aws_subnet.aft_vpc_private_subnet_01",
            "module.aft.module.aft_account_request_framework.aws_subnet.aft_vpc_private_subnet_02",
            "module.aft.module.aft_account_request_framework.aws_vpc.aft_vpc",
            "module.aft.module.aft_account_request_framework.data.aws_availability_zones.available",
            "module.aft.module.aft_account_request_framework.data.aws_subnets.states",
            "module.aft.module.aft_account_request_framework.data.aws_vpc_endpoint_service.states"
          ]
        }
      ]
    },
    {
      "module": "module.aft.module.aft_account_request_framework",
      "mode": "managed",
      "type": "aws_vpc_endpoint",
      "name": "sts",
      "provider": "module.aft.provider[\"registry.terraform.io/hashicorp/aws\"].aft_management",
      "instances": [
        {
          "index_key": 0,
          "schema_version": 0,
          "attributes": {
            "arn": "arn:aws:ec2:us-east-1:137457353584:vpc-endpoint/vpce-0162e3beff4dbca96",
            "auto_accept": null,
            "cidr_blocks": [],
            "dns_entry": [
              {
                "dns_name": "vpce-0162e3beff4dbca96-3un659nv.sts.us-east-1.vpce.amazonaws.com",
                "hosted_zone_id": "Z7HUB22UULQXV"
              },
              {
                "dns_name": "vpce-0162e3beff4dbca96-3un659nv-us-east-1b.sts.us-east-1.vpce.amazonaws.com",
                "hosted_zone_id": "Z7HUB22UULQXV"
              },
              {
                "dns_name": "vpce-0162e3beff4dbca96-3un659nv-us-east-1a.sts.us-east-1.vpce.amazonaws.com",
                "hosted_zone_id": "Z7HUB22UULQXV"
              },
              {
                "dns_name": "sts.us-east-1.amazonaws.com",
                "hosted_zone_id": "Z06418973K135A6MDN8ST"
              }
            ],
            "dns_options": [
              {
                "dns_record_ip_type": "ipv4"
              }
            ],
            "id": "vpce-0162e3beff4dbca96",
            "ip_address_type": "ipv4",
            "network_interface_ids": [
              "eni-0a91cccb68ae226cd",
              "eni-0e00efafdf6f7f2d6"
            ],
            "owner_id": "137457353584",
            "policy": "{\"Statement\":[{\"Action\":\"*\",\"Effect\":\"Allow\",\"Principal\":\"*\",\"Resource\":\"*\"}]}",
            "prefix_list_id": null,
            "private_dns_enabled": true,
            "requester_managed": false,
            "route_table_ids": [],
            "security_group_ids": [
              "sg-05416180f932326a9"
            ],
            "service_name": "com.amazonaws.us-east-1.sts",
            "state": "available",
            "subnet_ids": [
              "subnet-0aa55f2a7e70ddf9a",
              "subnet-0d5e6c3eb948669e7"
            ],
            "tags": null,
            "tags_all": {
              "managed_by": "AFT"
            },
            "timeouts": null,
            "vpc_endpoint_type": "Interface",
            "vpc_id": "vpc-093b0a1fd1314e022"
          },
          "sensitive_attributes": [],
          "private": "eyJlMmJmYjczMC1lY2FhLTExZTYtOGY4OC0zNDM2M2JjN2M0YzAiOnsiY3JlYXRlIjo2MDAwMDAwMDAwMDAsImRlbGV0ZSI6NjAwMDAwMDAwMDAwLCJ1cGRhdGUiOjYwMDAwMDAwMDAwMH19",
          "dependencies": [
            "module.aft.data.aws_partition.current",
            "module.aft.module.aft_account_request_framework.aws_security_group.aft_vpc_endpoint_sg",
            "module.aft.module.aft_account_request_framework.aws_subnet.aft_vpc_private_subnet_01",
            "module.aft.module.aft_account_request_framework.aws_subnet.aft_vpc_private_subnet_02",
            "module.aft.module.aft_account_request_framework.aws_vpc.aft_vpc",
            "module.aft.module.aft_account_request_framework.data.aws_availability_zones.available",
            "module.aft.module.aft_account_request_framework.data.aws_subnets.sts",
            "module.aft.module.aft_account_request_framework.data.aws_vpc_endpoint_service.sts"
          ]
        }
      ]
    },
    {
      "module": "module.aft.module.aft_account_request_framework",
      "mode": "managed",
      "type": "time_sleep",
      "name": "wait_60_seconds",
      "provider": "provider[\"registry.terraform.io/hashicorp/time\"]",
      "instances": []
    },
    {
      "module": "module.aft.module.aft_backend",
      "mode": "data",
      "type": "aws_caller_identity",
      "name": "current",
      "provider": "module.aft.provider[\"registry.terraform.io/hashicorp/aws\"].aft_management",
      "instances": [
        {
          "schema_version": 0,
          "attributes": {
            "account_id": "137457353584",
            "arn": "arn:aws:sts::137457353584:assumed-role/AWSControlTowerExecution/AWSAFT-Session",
            "id": "137457353584",
            "user_id": "AROASAAIYYNYLY2FMGUIH:AWSAFT-Session"
          },
          "sensitive_attributes": []
        }
      ]
    },
    {
      "module": "module.aft.module.aft_backend",
      "mode": "managed",
      "type": "aws_dynamodb_table",
      "name": "lock-table",
      "provider": "module.aft.provider[\"registry.terraform.io/hashicorp/aws\"].aft_management",
      "instances": [
        {
          "schema_version": 1,
          "attributes": {
            "arn": "arn:aws:dynamodb:us-east-1:137457353584:table/aft-backend-137457353584",
            "attribute": [
              {
                "name": "LockID",
                "type": "S"
              }
            ],
            "billing_mode": "PAY_PER_REQUEST",
            "global_secondary_index": [],
            "hash_key": "LockID",
            "id": "aft-backend-137457353584",
            "local_secondary_index": [],
            "name": "aft-backend-137457353584",
            "point_in_time_recovery": [
              {
                "enabled": false
              }
            ],
            "range_key": null,
            "read_capacity": 0,
            "replica": [
              {
                "kms_key_arn": "",
                "point_in_time_recovery": false,
                "propagate_tags": false,
                "region_name": "us-west-2"
              }
            ],
            "restore_date_time": null,
            "restore_source_name": null,
            "restore_to_latest_time": null,
            "server_side_encryption": [],
            "stream_arn": "arn:aws:dynamodb:us-east-1:137457353584:table/aft-backend-137457353584/stream/2022-11-25T03:31:44.854",
            "stream_enabled": true,
            "stream_label": "2022-11-25T03:31:44.854",
            "stream_view_type": "NEW_AND_OLD_IMAGES",
            "table_class": "",
            "tags": {
              "Name": "aft-backend-137457353584"
            },
            "tags_all": {
              "Name": "aft-backend-137457353584",
              "managed_by": "AFT"
            },
            "timeouts": null,
            "ttl": [
              {
                "attribute_name": "",
                "enabled": false
              }
            ],
            "write_capacity": 0
          },
          "sensitive_attributes": [],
          "private": "eyJlMmJmYjczMC1lY2FhLTExZTYtOGY4OC0zNDM2M2JjN2M0YzAiOnsiY3JlYXRlIjoxODAwMDAwMDAwMDAwLCJkZWxldGUiOjYwMDAwMDAwMDAwMCwidXBkYXRlIjozNjAwMDAwMDAwMDAwfSwic2NoZW1hX3ZlcnNpb24iOiIxIn0=",
          "dependencies": [
            "module.aft.data.aws_partition.current",
            "module.aft.module.aft_backend.data.aws_caller_identity.current"
          ]
        }
      ]
    },
    {
      "module": "module.aft.module.aft_backend",
      "mode": "managed",
      "type": "aws_iam_policy",
      "name": "replication",
      "provider": "module.aft.provider[\"registry.terraform.io/hashicorp/aws\"].aft_management",
      "instances": [
        {
          "schema_version": 0,
          "attributes": {
            "arn": "arn:aws:iam::137457353584:policy/aft-s3-terraform-backend-replication-policy",
            "description": "",
            "id": "arn:aws:iam::137457353584:policy/aft-s3-terraform-backend-replication-policy",
            "name": "aft-s3-terraform-backend-replication-policy",
            "name_prefix": null,
            "path": "/",
            "policy": "{\"Statement\":[{\"Action\":[\"s3:GetReplicationConfiguration\",\"s3:ListBucket\"],\"Effect\":\"Allow\",\"Resource\":[\"arn:aws:s3:::aft-backend-137457353584-primary-region\"]},{\"Action\":[\"s3:GetObjectVersionForReplication\",\"s3:GetObjectVersionAcl\",\"s3:GetObjectVersionTagging\"],\"Effect\":\"Allow\",\"Resource\":[\"arn:aws:s3:::aft-backend-137457353584-primary-region/*\"]},{\"Action\":[\"s3:ReplicateObject\",\"s3:ReplicateDelete\",\"s3:ReplicateTags\"],\"Condition\":{\"StringLikeIfExists\":{\"s3:x-amz-server-side-encryption\":[\"aws:kms\",\"AES256\"],\"s3:x-amz-server-side-encryption-aws-kms-key-id\":[\"arn:aws:kms:us-west-2:137457353584:key/b5323ff3-451e-4d17-8de0-be44364c78d6\"]}},\"Effect\":\"Allow\",\"Resource\":\"arn:aws:s3:::aft-backend-137457353584-secondary-region/*\"},{\"Action\":[\"kms:Decrypt\"],\"Condition\":{\"StringLike\":{\"kms:EncryptionContext:aws:s3:arn\":[\"arn:aws:s3:::aft-backend-137457353584-primary-region/*\"],\"kms:ViaService\":\"s3.us-east-1.amazonaws.com\"}},\"Effect\":\"Allow\",\"Resource\":[\"arn:aws:kms:us-east-1:137457353584:key/8832b11f-809d-47a0-9e1f-5ca6e2736063\"]},{\"Action\":[\"kms:Encrypt\"],\"Condition\":{\"StringLike\":{\"kms:EncryptionContext:aws:s3:arn\":[\"arn:aws:s3:::aft-backend-137457353584-primary-region/*\"],\"kms:ViaService\":\"s3.us-east-1.amazonaws.com\"}},\"Effect\":\"Allow\",\"Resource\":[\"arn:aws:kms:us-east-1:137457353584:key/8832b11f-809d-47a0-9e1f-5ca6e2736063\"]},{\"Action\":[\"kms:Encrypt\"],\"Condition\":{\"StringLike\":{\"kms:EncryptionContext:aws:s3:arn\":[\"arn:aws:s3:::aft-backend-137457353584-secondary-region/*\"],\"kms:ViaService\":\"s3.us-west-2.amazonaws.com\"}},\"Effect\":\"Allow\",\"Resource\":[\"arn:aws:kms:us-west-2:137457353584:key/b5323ff3-451e-4d17-8de0-be44364c78d6\"]}],\"Version\":\"2012-10-17\"}",
            "policy_id": "ANPASAAIYYNYC3FIF6PCZ",
            "tags": null,
            "tags_all": {
              "managed_by": "AFT"
            }
          },
          "sensitive_attributes": [],
          "private": "bnVsbA==",
          "dependencies": [
            "module.aft.data.aws_partition.current",
            "module.aft.module.aft_backend.aws_kms_key.encrypt-primary-region",
            "module.aft.module.aft_backend.aws_kms_key.encrypt-secondary-region",
            "module.aft.module.aft_backend.aws_s3_bucket.primary-backend-bucket",
            "module.aft.module.aft_backend.aws_s3_bucket.secondary-backend-bucket",
            "module.aft.module.aft_backend.data.aws_caller_identity.current"
          ]
        }
      ]
    },
    {
      "module": "module.aft.module.aft_backend",
      "mode": "managed",
      "type": "aws_iam_role",
      "name": "replication",
      "provider": "module.aft.provider[\"registry.terraform.io/hashicorp/aws\"].aft_management",
      "instances": [
        {
          "schema_version": 0,
          "attributes": {
            "arn": "arn:aws:iam::137457353584:role/aft-s3-terraform-backend-replication",
            "assume_role_policy": "{\"Statement\":[{\"Action\":\"sts:AssumeRole\",\"Effect\":\"Allow\",\"Principal\":{\"Service\":\"s3.amazonaws.com\"}}],\"Version\":\"2012-10-17\"}",
            "create_date": "2022-11-25T03:31:47Z",
            "description": "",
            "force_detach_policies": false,
            "id": "aft-s3-terraform-backend-replication",
            "inline_policy": [],
            "managed_policy_arns": [],
            "max_session_duration": 3600,
            "name": "aft-s3-terraform-backend-replication",
            "name_prefix": "",
            "path": "/",
            "permissions_boundary": null,
            "tags": null,
            "tags_all": {
              "managed_by": "AFT"
            },
            "unique_id": "AROASAAIYYNYBV5NC23CP"
          },
          "sensitive_attributes": [],
          "private": "bnVsbA==",
          "dependencies": [
            "module.aft.data.aws_partition.current"
          ]
        }
      ]
    },
    {
      "module": "module.aft.module.aft_backend",
      "mode": "managed",
      "type": "aws_iam_role_policy_attachment",
      "name": "replication",
      "provider": "module.aft.provider[\"registry.terraform.io/hashicorp/aws\"].aft_management",
      "instances": [
        {
          "schema_version": 0,
          "attributes": {
            "id": "aft-s3-terraform-backend-replication-2022112503321566820000002a",
            "policy_arn": "arn:aws:iam::137457353584:policy/aft-s3-terraform-backend-replication-policy",
            "role": "aft-s3-terraform-backend-replication"
          },
          "sensitive_attributes": [],
          "private": "bnVsbA==",
          "dependencies": [
            "module.aft.data.aws_partition.current",
            "module.aft.module.aft_backend.aws_iam_policy.replication",
            "module.aft.module.aft_backend.aws_iam_role.replication",
            "module.aft.module.aft_backend.aws_kms_key.encrypt-primary-region",
            "module.aft.module.aft_backend.aws_kms_key.encrypt-secondary-region",
            "module.aft.module.aft_backend.aws_s3_bucket.primary-backend-bucket",
            "module.aft.module.aft_backend.aws_s3_bucket.secondary-backend-bucket",
            "module.aft.module.aft_backend.data.aws_caller_identity.current"
          ]
        }
      ]
    },
    {
      "module": "module.aft.module.aft_backend",
      "mode": "managed",
      "type": "aws_kms_alias",
      "name": "encrypt-alias-primary-region",
      "provider": "module.aft.provider[\"registry.terraform.io/hashicorp/aws\"].aft_management",
      "instances": [
        {
          "schema_version": 0,
          "attributes": {
            "arn": "arn:aws:kms:us-east-1:137457353584:alias/aft-backend-137457353584-kms-key",
            "id": "alias/aft-backend-137457353584-kms-key",
            "name": "alias/aft-backend-137457353584-kms-key",
            "name_prefix": "",
            "target_key_arn": "arn:aws:kms:us-east-1:137457353584:key/8832b11f-809d-47a0-9e1f-5ca6e2736063",
            "target_key_id": "8832b11f-809d-47a0-9e1f-5ca6e2736063"
          },
          "sensitive_attributes": [],
          "private": "bnVsbA==",
          "dependencies": [
            "module.aft.data.aws_partition.current",
            "module.aft.module.aft_backend.aws_kms_key.encrypt-primary-region",
            "module.aft.module.aft_backend.data.aws_caller_identity.current"
          ]
        }
      ]
    },
    {
      "module": "module.aft.module.aft_backend",
      "mode": "managed",
      "type": "aws_kms_alias",
      "name": "encrypt-alias-secondary-region",
      "provider": "module.aft.provider[\"registry.terraform.io/hashicorp/aws\"].tf_backend_secondary_region",
      "instances": [
        {
          "schema_version": 0,
          "attributes": {
            "arn": "arn:aws:kms:us-west-2:137457353584:alias/aft-backend-137457353584-kms-key",
            "id": "alias/aft-backend-137457353584-kms-key",
            "name": "alias/aft-backend-137457353584-kms-key",
            "name_prefix": "",
            "target_key_arn": "arn:aws:kms:us-west-2:137457353584:key/b5323ff3-451e-4d17-8de0-be44364c78d6",
            "target_key_id": "b5323ff3-451e-4d17-8de0-be44364c78d6"
          },
          "sensitive_attributes": [],
          "private": "bnVsbA==",
          "dependencies": [
            "module.aft.data.aws_partition.current",
            "module.aft.module.aft_backend.aws_kms_key.encrypt-secondary-region",
            "module.aft.module.aft_backend.data.aws_caller_identity.current"
          ]
        }
      ]
    },
    {
      "module": "module.aft.module.aft_backend",
      "mode": "managed",
      "type": "aws_kms_key",
      "name": "encrypt-primary-region",
      "provider": "module.aft.provider[\"registry.terraform.io/hashicorp/aws\"].aft_management",
      "instances": [
        {
          "schema_version": 0,
          "attributes": {
            "arn": "arn:aws:kms:us-east-1:137457353584:key/8832b11f-809d-47a0-9e1f-5ca6e2736063",
            "bypass_policy_lockout_safety_check": false,
            "custom_key_store_id": "",
            "customer_master_key_spec": "SYMMETRIC_DEFAULT",
            "deletion_window_in_days": 30,
            "description": "Terraform backend KMS key.",
            "enable_key_rotation": true,
            "id": "8832b11f-809d-47a0-9e1f-5ca6e2736063",
            "is_enabled": true,
            "key_id": "8832b11f-809d-47a0-9e1f-5ca6e2736063",
            "key_usage": "ENCRYPT_DECRYPT",
            "multi_region": false,
            "policy": "{\"Id\":\"key-default-1\",\"Statement\":[{\"Action\":\"kms:*\",\"Effect\":\"Allow\",\"Principal\":{\"AWS\":\"arn:aws:iam::137457353584:root\"},\"Resource\":\"*\",\"Sid\":\"Enable IAM User Permissions\"}],\"Version\":\"2012-10-17\"}",
            "tags": {
              "Name": "aft-backend-137457353584-primary-region-kms-key"
            },
            "tags_all": {
              "Name": "aft-backend-137457353584-primary-region-kms-key",
              "managed_by": "AFT"
            }
          },
          "sensitive_attributes": [],
          "private": "bnVsbA==",
          "dependencies": [
            "module.aft.data.aws_partition.current",
            "module.aft.module.aft_backend.data.aws_caller_identity.current"
          ]
        }
      ]
    },
    {
      "module": "module.aft.module.aft_backend",
      "mode": "managed",
      "type": "aws_kms_key",
      "name": "encrypt-secondary-region",
      "provider": "module.aft.provider[\"registry.terraform.io/hashicorp/aws\"].tf_backend_secondary_region",
      "instances": [
        {
          "schema_version": 0,
          "attributes": {
            "arn": "arn:aws:kms:us-west-2:137457353584:key/b5323ff3-451e-4d17-8de0-be44364c78d6",
            "bypass_policy_lockout_safety_check": false,
            "custom_key_store_id": "",
            "customer_master_key_spec": "SYMMETRIC_DEFAULT",
            "deletion_window_in_days": 30,
            "description": "Terraform backend KMS key.",
            "enable_key_rotation": true,
            "id": "b5323ff3-451e-4d17-8de0-be44364c78d6",
            "is_enabled": true,
            "key_id": "b5323ff3-451e-4d17-8de0-be44364c78d6",
            "key_usage": "ENCRYPT_DECRYPT",
            "multi_region": false,
            "policy": "{\"Id\":\"key-default-1\",\"Statement\":[{\"Action\":\"kms:*\",\"Effect\":\"Allow\",\"Principal\":{\"AWS\":\"arn:aws:iam::137457353584:root\"},\"Resource\":\"*\",\"Sid\":\"Enable IAM User Permissions\"}],\"Version\":\"2012-10-17\"}",
            "tags": {
              "Name": "aft-backend-137457353584-secondary-region-kms-key"
            },
            "tags_all": {
              "Name": "aft-backend-137457353584-secondary-region-kms-key",
              "managed_by": "AFT"
            }
          },
          "sensitive_attributes": [],
          "private": "bnVsbA==",
          "dependencies": [
            "module.aft.data.aws_partition.current",
            "module.aft.module.aft_backend.data.aws_caller_identity.current"
          ]
        }
      ]
    },
    {
      "module": "module.aft.module.aft_backend",
      "mode": "managed",
      "type": "aws_s3_bucket",
      "name": "primary-backend-bucket",
      "provider": "module.aft.provider[\"registry.terraform.io/hashicorp/aws\"].aft_management",
      "instances": [
        {
          "schema_version": 0,
          "attributes": {
            "acceleration_status": "",
            "acl": null,
            "arn": "arn:aws:s3:::aft-backend-137457353584-primary-region",
            "bucket": "aft-backend-137457353584-primary-region",
            "bucket_domain_name": "aft-backend-137457353584-primary-region.s3.amazonaws.com",
            "bucket_prefix": null,
            "bucket_regional_domain_name": "aft-backend-137457353584-primary-region.s3.amazonaws.com",
            "cors_rule": [],
            "force_destroy": false,
            "grant": [
              {
                "id": "d95447ceacd132a4f3a0e3bcaef270a64b129f599858933ca41bd78b213b8c4e",
                "permissions": [
                  "FULL_CONTROL"
                ],
                "type": "CanonicalUser",
                "uri": ""
              }
            ],
            "hosted_zone_id": "Z3AQBSTGFYJSTF",
            "id": "aft-backend-137457353584-primary-region",
            "lifecycle_rule": [],
            "logging": [],
            "object_lock_configuration": [],
            "object_lock_enabled": false,
            "policy": "",
            "region": "us-east-1",
            "replication_configuration": [],
            "request_payer": "BucketOwner",
            "server_side_encryption_configuration": [],
            "tags": {
              "Name": "aft-backend-137457353584-primary-region"
            },
            "tags_all": {
              "Name": "aft-backend-137457353584-primary-region",
              "managed_by": "AFT"
            },
            "timeouts": null,
            "versioning": [
              {
                "enabled": false,
                "mfa_delete": false
              }
            ],
            "website": [],
            "website_domain": null,
            "website_endpoint": null
          },
          "sensitive_attributes": [],
          "private": "eyJlMmJmYjczMC1lY2FhLTExZTYtOGY4OC0zNDM2M2JjN2M0YzAiOnsiY3JlYXRlIjoxMjAwMDAwMDAwMDAwLCJkZWxldGUiOjM2MDAwMDAwMDAwMDAsInJlYWQiOjEyMDAwMDAwMDAwMDAsInVwZGF0ZSI6MTIwMDAwMDAwMDAwMH19",
          "dependencies": [
            "module.aft.data.aws_partition.current",
            "module.aft.module.aft_backend.data.aws_caller_identity.current"
          ]
        }
      ]
    },
    {
      "module": "module.aft.module.aft_backend",
      "mode": "managed",
      "type": "aws_s3_bucket",
      "name": "secondary-backend-bucket",
      "provider": "module.aft.provider[\"registry.terraform.io/hashicorp/aws\"].tf_backend_secondary_region",
      "instances": [
        {
          "schema_version": 0,
          "attributes": {
            "acceleration_status": "",
            "acl": null,
            "arn": "arn:aws:s3:::aft-backend-137457353584-secondary-region",
            "bucket": "aft-backend-137457353584-secondary-region",
            "bucket_domain_name": "aft-backend-137457353584-secondary-region.s3.amazonaws.com",
            "bucket_prefix": null,
            "bucket_regional_domain_name": "aft-backend-137457353584-secondary-region.s3.us-west-2.amazonaws.com",
            "cors_rule": [],
            "force_destroy": false,
            "grant": [
              {
                "id": "d95447ceacd132a4f3a0e3bcaef270a64b129f599858933ca41bd78b213b8c4e",
                "permissions": [
                  "FULL_CONTROL"
                ],
                "type": "CanonicalUser",
                "uri": ""
              }
            ],
            "hosted_zone_id": "Z3BJ6K6RIION7M",
            "id": "aft-backend-137457353584-secondary-region",
            "lifecycle_rule": [],
            "logging": [],
            "object_lock_configuration": [],
            "object_lock_enabled": false,
            "policy": "",
            "region": "us-west-2",
            "replication_configuration": [],
            "request_payer": "BucketOwner",
            "server_side_encryption_configuration": [],
            "tags": {
              "Name": "aft-backend-137457353584-secondary-region"
            },
            "tags_all": {
              "Name": "aft-backend-137457353584-secondary-region",
              "managed_by": "AFT"
            },
            "timeouts": null,
            "versioning": [
              {
                "enabled": false,
                "mfa_delete": false
              }
            ],
            "website": [],
            "website_domain": null,
            "website_endpoint": null
          },
          "sensitive_attributes": [],
          "private": "eyJlMmJmYjczMC1lY2FhLTExZTYtOGY4OC0zNDM2M2JjN2M0YzAiOnsiY3JlYXRlIjoxMjAwMDAwMDAwMDAwLCJkZWxldGUiOjM2MDAwMDAwMDAwMDAsInJlYWQiOjEyMDAwMDAwMDAwMDAsInVwZGF0ZSI6MTIwMDAwMDAwMDAwMH19",
          "dependencies": [
            "module.aft.data.aws_partition.current",
            "module.aft.module.aft_backend.data.aws_caller_identity.current"
          ]
        }
      ]
    },
    {
      "module": "module.aft.module.aft_backend",
      "mode": "managed",
      "type": "aws_s3_bucket_acl",
      "name": "primary-backend-bucket-acl",
      "provider": "module.aft.provider[\"registry.terraform.io/hashicorp/aws\"].aft_management",
      "instances": [
        {
          "schema_version": 0,
          "attributes": {
            "access_control_policy": [
              {
                "grant": [
                  {
                    "grantee": [
                      {
                        "display_name": "ginugaakhil+aft",
                        "email_address": "",
                        "id": "d95447ceacd132a4f3a0e3bcaef270a64b129f599858933ca41bd78b213b8c4e",
                        "type": "CanonicalUser",
                        "uri": ""
                      }
                    ],
                    "permission": "FULL_CONTROL"
                  }
                ],
                "owner": [
                  {
                    "display_name": "ginugaakhil+aft",
                    "id": "d95447ceacd132a4f3a0e3bcaef270a64b129f599858933ca41bd78b213b8c4e"
                  }
                ]
              }
            ],
            "acl": "private",
            "bucket": "aft-backend-137457353584-primary-region",
            "expected_bucket_owner": "",
            "id": "aft-backend-137457353584-primary-region,private"
          },
          "sensitive_attributes": [],
          "private": "bnVsbA==",
          "dependencies": [
            "module.aft.data.aws_partition.current",
            "module.aft.module.aft_backend.aws_s3_bucket.primary-backend-bucket",
            "module.aft.module.aft_backend.data.aws_caller_identity.current"
          ]
        }
      ]
    },
    {
      "module": "module.aft.module.aft_backend",
      "mode": "managed",
      "type": "aws_s3_bucket_acl",
      "name": "secondary-backend-bucket-acl",
      "provider": "module.aft.provider[\"registry.terraform.io/hashicorp/aws\"].tf_backend_secondary_region",
      "instances": [
        {
          "schema_version": 0,
          "attributes": {
            "access_control_policy": [
              {
                "grant": [
                  {
                    "grantee": [
                      {
                        "display_name": "ginugaakhil+aft",
                        "email_address": "",
                        "id": "d95447ceacd132a4f3a0e3bcaef270a64b129f599858933ca41bd78b213b8c4e",
                        "type": "CanonicalUser",
                        "uri": ""
                      }
                    ],
                    "permission": "FULL_CONTROL"
                  }
                ],
                "owner": [
                  {
                    "display_name": "ginugaakhil+aft",
                    "id": "d95447ceacd132a4f3a0e3bcaef270a64b129f599858933ca41bd78b213b8c4e"
                  }
                ]
              }
            ],
            "acl": "private",
            "bucket": "aft-backend-137457353584-secondary-region",
            "expected_bucket_owner": "",
            "id": "aft-backend-137457353584-secondary-region,private"
          },
          "sensitive_attributes": [],
          "private": "bnVsbA==",
          "dependencies": [
            "module.aft.data.aws_partition.current",
            "module.aft.module.aft_backend.aws_s3_bucket.secondary-backend-bucket",
            "module.aft.module.aft_backend.data.aws_caller_identity.current"
          ]
        }
      ]
    },
    {
      "module": "module.aft.module.aft_backend",
      "mode": "managed",
      "type": "aws_s3_bucket_public_access_block",
      "name": "primary-backend-bucket",
      "provider": "module.aft.provider[\"registry.terraform.io/hashicorp/aws\"].aft_management",
      "instances": [
        {
          "schema_version": 0,
          "attributes": {
            "block_public_acls": true,
            "block_public_policy": true,
            "bucket": "aft-backend-137457353584-primary-region",
            "id": "aft-backend-137457353584-primary-region",
            "ignore_public_acls": false,
            "restrict_public_buckets": false
          },
          "sensitive_attributes": [],
          "private": "bnVsbA==",
          "dependencies": [
            "module.aft.data.aws_partition.current",
            "module.aft.module.aft_backend.aws_s3_bucket.primary-backend-bucket",
            "module.aft.module.aft_backend.data.aws_caller_identity.current"
          ]
        }
      ]
    },
    {
      "module": "module.aft.module.aft_backend",
      "mode": "managed",
      "type": "aws_s3_bucket_public_access_block",
      "name": "secondary-backend-bucket",
      "provider": "module.aft.provider[\"registry.terraform.io/hashicorp/aws\"].tf_backend_secondary_region",
      "instances": [
        {
          "schema_version": 0,
          "attributes": {
            "block_public_acls": true,
            "block_public_policy": true,
            "bucket": "aft-backend-137457353584-secondary-region",
            "id": "aft-backend-137457353584-secondary-region",
            "ignore_public_acls": false,
            "restrict_public_buckets": false
          },
          "sensitive_attributes": [],
          "private": "bnVsbA==",
          "dependencies": [
            "module.aft.data.aws_partition.current",
            "module.aft.module.aft_backend.aws_s3_bucket.secondary-backend-bucket",
            "module.aft.module.aft_backend.data.aws_caller_identity.current"
          ]
        }
      ]
    },
    {
      "module": "module.aft.module.aft_backend",
      "mode": "managed",
      "type": "aws_s3_bucket_replication_configuration",
      "name": "primary-backend-bucket-replication",
      "provider": "module.aft.provider[\"registry.terraform.io/hashicorp/aws\"].aft_management",
      "instances": [
        {
          "schema_version": 0,
          "attributes": {
            "bucket": "aft-backend-137457353584-primary-region",
            "id": "aft-backend-137457353584-primary-region",
            "role": "arn:aws:iam::137457353584:role/aft-s3-terraform-backend-replication",
            "rule": [
              {
                "delete_marker_replication": [],
                "destination": [
                  {
                    "access_control_translation": [],
                    "account": "",
                    "bucket": "arn:aws:s3:::aft-backend-137457353584-secondary-region",
                    "encryption_configuration": [
                      {
                        "replica_kms_key_id": "arn:aws:kms:us-west-2:137457353584:key/b5323ff3-451e-4d17-8de0-be44364c78d6"
                      }
                    ],
                    "metrics": [],
                    "replication_time": [],
                    "storage_class": "STANDARD"
                  }
                ],
                "existing_object_replication": [],
                "filter": [],
                "id": "0",
                "prefix": "",
                "priority": 0,
                "source_selection_criteria": [
                  {
                    "replica_modifications": [],
                    "sse_kms_encrypted_objects": [
                      {
                        "status": "Enabled"
                      }
                    ]
                  }
                ],
                "status": "Enabled"
              }
            ],
            "token": null
          },
          "sensitive_attributes": [],
          "private": "bnVsbA==",
          "dependencies": [
            "module.aft.data.aws_partition.current",
            "module.aft.module.aft_backend.aws_iam_role.replication",
            "module.aft.module.aft_backend.aws_kms_key.encrypt-secondary-region",
            "module.aft.module.aft_backend.aws_s3_bucket.primary-backend-bucket",
            "module.aft.module.aft_backend.aws_s3_bucket.secondary-backend-bucket",
            "module.aft.module.aft_backend.data.aws_caller_identity.current"
          ]
        }
      ]
    },
    {
      "module": "module.aft.module.aft_backend",
      "mode": "managed",
      "type": "aws_s3_bucket_server_side_encryption_configuration",
      "name": "primary-backend-bucket-encryption",
      "provider": "module.aft.provider[\"registry.terraform.io/hashicorp/aws\"].aft_management",
      "instances": [
        {
          "schema_version": 0,
          "attributes": {
            "bucket": "aft-backend-137457353584-primary-region",
            "expected_bucket_owner": "",
            "id": "aft-backend-137457353584-primary-region",
            "rule": [
              {
                "apply_server_side_encryption_by_default": [
                  {
                    "kms_master_key_id": "arn:aws:kms:us-east-1:137457353584:key/8832b11f-809d-47a0-9e1f-5ca6e2736063",
                    "sse_algorithm": "aws:kms"
                  }
                ],
                "bucket_key_enabled": null
              }
            ]
          },
          "sensitive_attributes": [],
          "private": "bnVsbA==",
          "dependencies": [
            "module.aft.data.aws_partition.current",
            "module.aft.module.aft_backend.aws_kms_key.encrypt-primary-region",
            "module.aft.module.aft_backend.aws_s3_bucket.primary-backend-bucket",
            "module.aft.module.aft_backend.data.aws_caller_identity.current"
          ]
        }
      ]
    },
    {
      "module": "module.aft.module.aft_backend",
      "mode": "managed",
      "type": "aws_s3_bucket_server_side_encryption_configuration",
      "name": "secondary-backend-bucket-encryption",
      "provider": "module.aft.provider[\"registry.terraform.io/hashicorp/aws\"].tf_backend_secondary_region",
      "instances": [
        {
          "schema_version": 0,
          "attributes": {
            "bucket": "aft-backend-137457353584-secondary-region",
            "expected_bucket_owner": "",
            "id": "aft-backend-137457353584-secondary-region",
            "rule": [
              {
                "apply_server_side_encryption_by_default": [
                  {
                    "kms_master_key_id": "arn:aws:kms:us-west-2:137457353584:key/b5323ff3-451e-4d17-8de0-be44364c78d6",
                    "sse_algorithm": "aws:kms"
                  }
                ],
                "bucket_key_enabled": null
              }
            ]
          },
          "sensitive_attributes": [],
          "private": "bnVsbA==",
          "dependencies": [
            "module.aft.data.aws_partition.current",
            "module.aft.module.aft_backend.aws_kms_key.encrypt-secondary-region",
            "module.aft.module.aft_backend.aws_s3_bucket.secondary-backend-bucket",
            "module.aft.module.aft_backend.data.aws_caller_identity.current"
          ]
        }
      ]
    },
    {
      "module": "module.aft.module.aft_backend",
      "mode": "managed",
      "type": "aws_s3_bucket_versioning",
      "name": "primary-backend-bucket-versioning",
      "provider": "module.aft.provider[\"registry.terraform.io/hashicorp/aws\"].aft_management",
      "instances": [
        {
          "schema_version": 0,
          "attributes": {
            "bucket": "aft-backend-137457353584-primary-region",
            "expected_bucket_owner": "",
            "id": "aft-backend-137457353584-primary-region",
            "mfa": null,
            "versioning_configuration": [
              {
                "mfa_delete": "",
                "status": "Enabled"
              }
            ]
          },
          "sensitive_attributes": [],
          "private": "bnVsbA==",
          "dependencies": [
            "module.aft.data.aws_partition.current",
            "module.aft.module.aft_backend.aws_s3_bucket.primary-backend-bucket",
            "module.aft.module.aft_backend.data.aws_caller_identity.current"
          ]
        }
      ]
    },
    {
      "module": "module.aft.module.aft_backend",
      "mode": "managed",
      "type": "aws_s3_bucket_versioning",
      "name": "secondary-backend-bucket-versioning",
      "provider": "module.aft.provider[\"registry.terraform.io/hashicorp/aws\"].tf_backend_secondary_region",
      "instances": [
        {
          "schema_version": 0,
          "attributes": {
            "bucket": "aft-backend-137457353584-secondary-region",
            "expected_bucket_owner": "",
            "id": "aft-backend-137457353584-secondary-region",
            "mfa": null,
            "versioning_configuration": [
              {
                "mfa_delete": "",
                "status": "Enabled"
              }
            ]
          },
          "sensitive_attributes": [],
          "private": "bnVsbA==",
          "dependencies": [
            "module.aft.data.aws_partition.current",
            "module.aft.module.aft_backend.aws_s3_bucket.secondary-backend-bucket",
            "module.aft.module.aft_backend.data.aws_caller_identity.current"
          ]
        }
      ]
    },
    {
      "module": "module.aft.module.aft_code_repositories",
      "mode": "data",
      "type": "aws_caller_identity",
      "name": "current",
      "provider": "module.aft.provider[\"registry.terraform.io/hashicorp/aws\"].aft_management",
      "instances": [
        {
          "schema_version": 0,
          "attributes": {
            "account_id": "137457353584",
            "arn": "arn:aws:sts::137457353584:assumed-role/AWSControlTowerExecution/AWSAFT-Session",
            "id": "137457353584",
            "user_id": "AROASAAIYYNYLY2FMGUIH:AWSAFT-Session"
          },
          "sensitive_attributes": []
        }
      ]
    },
    {
      "module": "module.aft.module.aft_code_repositories",
      "mode": "data",
      "type": "aws_partition",
      "name": "current",
      "provider": "module.aft.provider[\"registry.terraform.io/hashicorp/aws\"].aft_management",
      "instances": [
        {
          "schema_version": 0,
          "attributes": {
            "dns_suffix": "amazonaws.com",
            "id": "aws",
            "partition": "aws",
            "reverse_dns_prefix": "com.amazonaws"
          },
          "sensitive_attributes": []
        }
      ]
    },
    {
      "module": "module.aft.module.aft_code_repositories",
      "mode": "data",
      "type": "aws_region",
      "name": "current",
      "provider": "module.aft.provider[\"registry.terraform.io/hashicorp/aws\"].aft_management",
      "instances": [
        {
          "schema_version": 0,
          "attributes": {
            "description": "US East (N. Virginia)",
            "endpoint": "ec2.us-east-1.amazonaws.com",
            "id": "us-east-1",
            "name": "us-east-1"
          },
          "sensitive_attributes": []
        }
      ]
    },
    {
      "module": "module.aft.module.aft_code_repositories",
      "mode": "data",
      "type": "local_file",
      "name": "account_provisioning_customizations_buildspec",
      "provider": "provider[\"registry.terraform.io/hashicorp/local\"]",
      "instances": [
        {
          "schema_version": 0,
          "attributes": {
            "content": "# Copyright Amazon.com, Inc. or its affiliates. All rights reserved.\n# SPDX-License-Identifier: Apache-2.0\n#\nversion: 0.2\n\nphases:\n  pre_build:\n    commands:\n      - DEFAULT_PATH=$(pwd)\n      - TIMESTAMP=$(date '+%Y-%m-%d %H:%M:%S')\n      - AWS_MODULE_SOURCE=$(aws ssm get-parameter --name \"/aft/config/aft-pipeline-code-source/repo-url\" --query \"Parameter.Value\" --output text)\n      - AWS_MODULE_GIT_REF=$(aws ssm get-parameter --name \"/aft/config/aft-pipeline-code-source/repo-git-ref\" --query \"Parameter.Value\" --output text)\n      - TF_VERSION=$(aws ssm get-parameter --name \"/aft/config/terraform/version\" --query \"Parameter.Value\" --output text)\n      - TF_DISTRIBUTION=$(aws ssm get-parameter --name \"/aft/config/terraform/distribution\" --query \"Parameter.Value\" --output text)\n      - CT_MGMT_REGION=$(aws ssm get-parameter --name \"/aft/config/ct-management-region\" --query \"Parameter.Value\" --output text)\n      - AFT_MGMT_ACCOUNT=$(aws sts get-caller-identity --query Account --output text)\n      - AFT_EXEC_ROLE_ARN=arn:$AWS_PARTITION:iam::$AFT_MGMT_ACCOUNT:role/AWSAFTExecution\n      - AFT_ADMIN_ROLE_NAME=$(aws ssm get-parameter --name /aft/resources/iam/aft-administrator-role-name | jq --raw-output \".Parameter.Value\")\n      - AFT_ADMIN_ROLE_ARN=arn:$AWS_PARTITION:iam::$AFT_MGMT_ACCOUNT:role/$AFT_ADMIN_ROLE_NAME\n      - ROLE_SESSION_NAME=$(aws ssm get-parameter --name /aft/resources/iam/aft-session-name | jq --raw-output \".Parameter.Value\")\n      - |\n        ssh_key_parameter=$(aws ssm get-parameter --name /aft/config/aft-ssh-key --with-decryption 2\u003e /dev/null || echo \"None\")\n        if [[ $ssh_key_parameter != \"None\" ]]; then\n          ssh_key=$(jq --raw-output \".Parameter.Value\" \u003c\u003c\u003c $ssh_key_parameter)\n          mkdir -p ~/.ssh\n          echo \"Host *\" \u003e\u003e ~/.ssh/config\n          echo \"StrictHostKeyChecking no\" \u003e\u003e ~/.ssh/config\n          echo \"UserKnownHostsFile=/dev/null\" \u003e\u003e ~/.ssh/config\n          echo \"$ssh_key\" \u003e ~/.ssh/ssh_key\n          echo -e \"\\n\\n\" \u003e\u003e  ~/.ssh/ssh_key\n          chmod 600 ~/.ssh/ssh_key\n          eval \"$(ssh-agent -s)\"\n          ssh-add ~/.ssh/ssh_key\n        fi\n      - git config --global credential.helper '!aws codecommit credential-helper $@'\n      - git config --global credential.UseHttpPath true\n      - git clone -b $AWS_MODULE_GIT_REF $AWS_MODULE_SOURCE aws-aft-core-framework\n      - python3 -m venv ./venv\n      - source ./venv/bin/activate\n      - pip install jinja2-cli==0.7.0 Jinja2==3.0.1 MarkupSafe==2.0.1 boto3==1.18.56 requests==2.26.0\n      - |\n        if [ $TF_DISTRIBUTION = \"oss\" ]; then\n          TF_BACKEND_REGION=$(aws ssm get-parameter --name \"/aft/config/oss-backend/primary-region\" --query \"Parameter.Value\" --output text)\n          TF_KMS_KEY_ID=$(aws ssm get-parameter --name \"/aft/config/oss-backend/kms-key-id\" --query \"Parameter.Value\" --output text)\n          TF_DDB_TABLE=$(aws ssm get-parameter --name \"/aft/config/oss-backend/table-id\" --query \"Parameter.Value\" --output text)\n          TF_S3_BUCKET=$(aws ssm get-parameter --name \"/aft/config/oss-backend/bucket-id\" --query \"Parameter.Value\" --output text)\n          TF_S3_KEY=account-provisioning-customizations/terraform.tfstate\n          cd /tmp\n          echo \"Installing Terraform\"\n          curl -o terraform_${TF_VERSION}_linux_amd64.zip https://releases.hashicorp.com/terraform/${TF_VERSION}/terraform_${TF_VERSION}_linux_amd64.zip\n          unzip -o terraform_${TF_VERSION}_linux_amd64.zip \u0026\u0026 mv terraform /usr/bin\n          terraform --version\n          cd $DEFAULT_PATH/terraform\n          for f in *.jinja; do jinja2 $f -D timestamp=\"$TIMESTAMP\" -D tf_distribution_type=$TF_DISTRIBUTION -D region=$TF_BACKEND_REGION -D provider_region=$CT_MGMT_REGION -D bucket=$TF_S3_BUCKET -D key=$TF_S3_KEY -D dynamodb_table=$TF_DDB_TABLE -D kms_key_id=$TF_KMS_KEY_ID -D aft_admin_role_arn=$AFT_EXEC_ROLE_ARN \u003e\u003e ./$(basename $f .jinja).tf; done\n          for f in *.tf; do echo \"\\n \\n\"; echo $f; cat $f; done\n          JSON=$(aws sts assume-role --role-arn ${AFT_ADMIN_ROLE_ARN} --role-session-name ${ROLE_SESSION_NAME})\n          #Make newly assumed role default session\n          export AWS_ACCESS_KEY_ID=$(echo ${JSON} | jq --raw-output \".Credentials[\\\"AccessKeyId\\\"]\")\n          export AWS_SECRET_ACCESS_KEY=$(echo ${JSON} | jq --raw-output \".Credentials[\\\"SecretAccessKey\\\"]\")\n          export AWS_SESSION_TOKEN=$(echo ${JSON} | jq --raw-output \".Credentials[\\\"SessionToken\\\"]\")\n          terraform init\n        else\n          TF_BACKEND_REGION=$(aws ssm get-parameter --name \"/aft/config/oss-backend/primary-region\" --query \"Parameter.Value\" --output text)\n          TF_ORG_NAME=$(aws ssm get-parameter --name \"/aft/config/terraform/org-name\" --query \"Parameter.Value\" --output text)\n          TF_TOKEN=$(aws ssm get-parameter --name \"/aft/config/terraform/token\" --with-decryption --query \"Parameter.Value\" --output text)\n          TF_ENDPOINT=$(aws ssm get-parameter --name \"/aft/config/terraform/api-endpoint\" --query \"Parameter.Value\" --output text)\n          TF_WORKSPACE_NAME=\"ct-aft-account-provisioning-customizations\"\n          TF_CONFIG_PATH=\"./temp_configuration_file.tar.gz\"\n          cd $DEFAULT_PATH/terraform\n          for f in *.jinja; do jinja2 $f -D timestamp=\"$TIMESTAMP\" -D provider_region=$CT_MGMT_REGION -D tf_distribution_type=$TF_DISTRIBUTION -D terraform_org_name=$TF_ORG_NAME -D terraform_workspace_name=$TF_WORKSPACE_NAME -D aft_admin_role_arn=$AFT_EXEC_ROLE_ARN \u003e\u003e ./$(basename $f .jinja).tf; done\n          for f in *.tf; do echo \"\\n \\n\"; echo $f; cat $f; done\n          cd $DEFAULT_PATH\n          tar -czf temp_configuration_file.tar.gz -C terraform --exclude .git --exclude venv .\n          python3 $DEFAULT_PATH/aws-aft-core-framework/sources/scripts/workspace_manager.py --operation \"deploy\" --organization_name $TF_ORG_NAME --workspace_name $TF_WORKSPACE_NAME --assume_role_arn $AFT_ADMIN_ROLE_ARN --assume_role_session_name $ROLE_SESSION_NAME --api_endpoint $TF_ENDPOINT --api_token $TF_TOKEN --terraform_version $TF_VERSION --config_file $TF_CONFIG_PATH\n        fi\n\n  build:\n    commands:\n      - |\n        if [ $TF_DISTRIBUTION = \"oss\" ]; then\n          terraform apply --auto-approve\n        fi\n  post_build:\n    commands:\n      - echo \"Post-Build\"\n",
            "content_base64": "IyBDb3B5cmlnaHQgQW1hem9uLmNvbSwgSW5jLiBvciBpdHMgYWZmaWxpYXRlcy4gQWxsIHJpZ2h0cyByZXNlcnZlZC4KIyBTUERYLUxpY2Vuc2UtSWRlbnRpZmllcjogQXBhY2hlLTIuMAojCnZlcnNpb246IDAuMgoKcGhhc2VzOgogIHByZV9idWlsZDoKICAgIGNvbW1hbmRzOgogICAgICAtIERFRkFVTFRfUEFUSD0kKHB3ZCkKICAgICAgLSBUSU1FU1RBTVA9JChkYXRlICcrJVktJW0tJWQgJUg6JU06JVMnKQogICAgICAtIEFXU19NT0RVTEVfU09VUkNFPSQoYXdzIHNzbSBnZXQtcGFyYW1ldGVyIC0tbmFtZSAiL2FmdC9jb25maWcvYWZ0LXBpcGVsaW5lLWNvZGUtc291cmNlL3JlcG8tdXJsIiAtLXF1ZXJ5ICJQYXJhbWV0ZXIuVmFsdWUiIC0tb3V0cHV0IHRleHQpCiAgICAgIC0gQVdTX01PRFVMRV9HSVRfUkVGPSQoYXdzIHNzbSBnZXQtcGFyYW1ldGVyIC0tbmFtZSAiL2FmdC9jb25maWcvYWZ0LXBpcGVsaW5lLWNvZGUtc291cmNlL3JlcG8tZ2l0LXJlZiIgLS1xdWVyeSAiUGFyYW1ldGVyLlZhbHVlIiAtLW91dHB1dCB0ZXh0KQogICAgICAtIFRGX1ZFUlNJT049JChhd3Mgc3NtIGdldC1wYXJhbWV0ZXIgLS1uYW1lICIvYWZ0L2NvbmZpZy90ZXJyYWZvcm0vdmVyc2lvbiIgLS1xdWVyeSAiUGFyYW1ldGVyLlZhbHVlIiAtLW91dHB1dCB0ZXh0KQogICAgICAtIFRGX0RJU1RSSUJVVElPTj0kKGF3cyBzc20gZ2V0LXBhcmFtZXRlciAtLW5hbWUgIi9hZnQvY29uZmlnL3RlcnJhZm9ybS9kaXN0cmlidXRpb24iIC0tcXVlcnkgIlBhcmFtZXRlci5WYWx1ZSIgLS1vdXRwdXQgdGV4dCkKICAgICAgLSBDVF9NR01UX1JFR0lPTj0kKGF3cyBzc20gZ2V0LXBhcmFtZXRlciAtLW5hbWUgIi9hZnQvY29uZmlnL2N0LW1hbmFnZW1lbnQtcmVnaW9uIiAtLXF1ZXJ5ICJQYXJhbWV0ZXIuVmFsdWUiIC0tb3V0cHV0IHRleHQpCiAgICAgIC0gQUZUX01HTVRfQUNDT1VOVD0kKGF3cyBzdHMgZ2V0LWNhbGxlci1pZGVudGl0eSAtLXF1ZXJ5IEFjY291bnQgLS1vdXRwdXQgdGV4dCkKICAgICAgLSBBRlRfRVhFQ19ST0xFX0FSTj1hcm46JEFXU19QQVJUSVRJT046aWFtOjokQUZUX01HTVRfQUNDT1VOVDpyb2xlL0FXU0FGVEV4ZWN1dGlvbgogICAgICAtIEFGVF9BRE1JTl9ST0xFX05BTUU9JChhd3Mgc3NtIGdldC1wYXJhbWV0ZXIgLS1uYW1lIC9hZnQvcmVzb3VyY2VzL2lhbS9hZnQtYWRtaW5pc3RyYXRvci1yb2xlLW5hbWUgfCBqcSAtLXJhdy1vdXRwdXQgIi5QYXJhbWV0ZXIuVmFsdWUiKQogICAgICAtIEFGVF9BRE1JTl9ST0xFX0FSTj1hcm46JEFXU19QQVJUSVRJT046aWFtOjokQUZUX01HTVRfQUNDT1VOVDpyb2xlLyRBRlRfQURNSU5fUk9MRV9OQU1FCiAgICAgIC0gUk9MRV9TRVNTSU9OX05BTUU9JChhd3Mgc3NtIGdldC1wYXJhbWV0ZXIgLS1uYW1lIC9hZnQvcmVzb3VyY2VzL2lhbS9hZnQtc2Vzc2lvbi1uYW1lIHwganEgLS1yYXctb3V0cHV0ICIuUGFyYW1ldGVyLlZhbHVlIikKICAgICAgLSB8CiAgICAgICAgc3NoX2tleV9wYXJhbWV0ZXI9JChhd3Mgc3NtIGdldC1wYXJhbWV0ZXIgLS1uYW1lIC9hZnQvY29uZmlnL2FmdC1zc2gta2V5IC0td2l0aC1kZWNyeXB0aW9uIDI+IC9kZXYvbnVsbCB8fCBlY2hvICJOb25lIikKICAgICAgICBpZiBbWyAkc3NoX2tleV9wYXJhbWV0ZXIgIT0gIk5vbmUiIF1dOyB0aGVuCiAgICAgICAgICBzc2hfa2V5PSQoanEgLS1yYXctb3V0cHV0ICIuUGFyYW1ldGVyLlZhbHVlIiA8PDwgJHNzaF9rZXlfcGFyYW1ldGVyKQogICAgICAgICAgbWtkaXIgLXAgfi8uc3NoCiAgICAgICAgICBlY2hvICJIb3N0ICoiID4+IH4vLnNzaC9jb25maWcKICAgICAgICAgIGVjaG8gIlN0cmljdEhvc3RLZXlDaGVja2luZyBubyIgPj4gfi8uc3NoL2NvbmZpZwogICAgICAgICAgZWNobyAiVXNlcktub3duSG9zdHNGaWxlPS9kZXYvbnVsbCIgPj4gfi8uc3NoL2NvbmZpZwogICAgICAgICAgZWNobyAiJHNzaF9rZXkiID4gfi8uc3NoL3NzaF9rZXkKICAgICAgICAgIGVjaG8gLWUgIlxuXG4iID4+ICB+Ly5zc2gvc3NoX2tleQogICAgICAgICAgY2htb2QgNjAwIH4vLnNzaC9zc2hfa2V5CiAgICAgICAgICBldmFsICIkKHNzaC1hZ2VudCAtcykiCiAgICAgICAgICBzc2gtYWRkIH4vLnNzaC9zc2hfa2V5CiAgICAgICAgZmkKICAgICAgLSBnaXQgY29uZmlnIC0tZ2xvYmFsIGNyZWRlbnRpYWwuaGVscGVyICchYXdzIGNvZGVjb21taXQgY3JlZGVudGlhbC1oZWxwZXIgJEAnCiAgICAgIC0gZ2l0IGNvbmZpZyAtLWdsb2JhbCBjcmVkZW50aWFsLlVzZUh0dHBQYXRoIHRydWUKICAgICAgLSBnaXQgY2xvbmUgLWIgJEFXU19NT0RVTEVfR0lUX1JFRiAkQVdTX01PRFVMRV9TT1VSQ0UgYXdzLWFmdC1jb3JlLWZyYW1ld29yawogICAgICAtIHB5dGhvbjMgLW0gdmVudiAuL3ZlbnYKICAgICAgLSBzb3VyY2UgLi92ZW52L2Jpbi9hY3RpdmF0ZQogICAgICAtIHBpcCBpbnN0YWxsIGppbmphMi1jbGk9PTAuNy4wIEppbmphMj09My4wLjEgTWFya3VwU2FmZT09Mi4wLjEgYm90bzM9PTEuMTguNTYgcmVxdWVzdHM9PTIuMjYuMAogICAgICAtIHwKICAgICAgICBpZiBbICRURl9ESVNUUklCVVRJT04gPSAib3NzIiBdOyB0aGVuCiAgICAgICAgICBURl9CQUNLRU5EX1JFR0lPTj0kKGF3cyBzc20gZ2V0LXBhcmFtZXRlciAtLW5hbWUgIi9hZnQvY29uZmlnL29zcy1iYWNrZW5kL3ByaW1hcnktcmVnaW9uIiAtLXF1ZXJ5ICJQYXJhbWV0ZXIuVmFsdWUiIC0tb3V0cHV0IHRleHQpCiAgICAgICAgICBURl9LTVNfS0VZX0lEPSQoYXdzIHNzbSBnZXQtcGFyYW1ldGVyIC0tbmFtZSAiL2FmdC9jb25maWcvb3NzLWJhY2tlbmQva21zLWtleS1pZCIgLS1xdWVyeSAiUGFyYW1ldGVyLlZhbHVlIiAtLW91dHB1dCB0ZXh0KQogICAgICAgICAgVEZfRERCX1RBQkxFPSQoYXdzIHNzbSBnZXQtcGFyYW1ldGVyIC0tbmFtZSAiL2FmdC9jb25maWcvb3NzLWJhY2tlbmQvdGFibGUtaWQiIC0tcXVlcnkgIlBhcmFtZXRlci5WYWx1ZSIgLS1vdXRwdXQgdGV4dCkKICAgICAgICAgIFRGX1MzX0JVQ0tFVD0kKGF3cyBzc20gZ2V0LXBhcmFtZXRlciAtLW5hbWUgIi9hZnQvY29uZmlnL29zcy1iYWNrZW5kL2J1Y2tldC1pZCIgLS1xdWVyeSAiUGFyYW1ldGVyLlZhbHVlIiAtLW91dHB1dCB0ZXh0KQogICAgICAgICAgVEZfUzNfS0VZPWFjY291bnQtcHJvdmlzaW9uaW5nLWN1c3RvbWl6YXRpb25zL3RlcnJhZm9ybS50ZnN0YXRlCiAgICAgICAgICBjZCAvdG1wCiAgICAgICAgICBlY2hvICJJbnN0YWxsaW5nIFRlcnJhZm9ybSIKICAgICAgICAgIGN1cmwgLW8gdGVycmFmb3JtXyR7VEZfVkVSU0lPTn1fbGludXhfYW1kNjQuemlwIGh0dHBzOi8vcmVsZWFzZXMuaGFzaGljb3JwLmNvbS90ZXJyYWZvcm0vJHtURl9WRVJTSU9OfS90ZXJyYWZvcm1fJHtURl9WRVJTSU9OfV9saW51eF9hbWQ2NC56aXAKICAgICAgICAgIHVuemlwIC1vIHRlcnJhZm9ybV8ke1RGX1ZFUlNJT059X2xpbnV4X2FtZDY0LnppcCAmJiBtdiB0ZXJyYWZvcm0gL3Vzci9iaW4KICAgICAgICAgIHRlcnJhZm9ybSAtLXZlcnNpb24KICAgICAgICAgIGNkICRERUZBVUxUX1BBVEgvdGVycmFmb3JtCiAgICAgICAgICBmb3IgZiBpbiAqLmppbmphOyBkbyBqaW5qYTIgJGYgLUQgdGltZXN0YW1wPSIkVElNRVNUQU1QIiAtRCB0Zl9kaXN0cmlidXRpb25fdHlwZT0kVEZfRElTVFJJQlVUSU9OIC1EIHJlZ2lvbj0kVEZfQkFDS0VORF9SRUdJT04gLUQgcHJvdmlkZXJfcmVnaW9uPSRDVF9NR01UX1JFR0lPTiAtRCBidWNrZXQ9JFRGX1MzX0JVQ0tFVCAtRCBrZXk9JFRGX1MzX0tFWSAtRCBkeW5hbW9kYl90YWJsZT0kVEZfRERCX1RBQkxFIC1EIGttc19rZXlfaWQ9JFRGX0tNU19LRVlfSUQgLUQgYWZ0X2FkbWluX3JvbGVfYXJuPSRBRlRfRVhFQ19ST0xFX0FSTiA+PiAuLyQoYmFzZW5hbWUgJGYgLmppbmphKS50ZjsgZG9uZQogICAgICAgICAgZm9yIGYgaW4gKi50ZjsgZG8gZWNobyAiXG4gXG4iOyBlY2hvICRmOyBjYXQgJGY7IGRvbmUKICAgICAgICAgIEpTT049JChhd3Mgc3RzIGFzc3VtZS1yb2xlIC0tcm9sZS1hcm4gJHtBRlRfQURNSU5fUk9MRV9BUk59IC0tcm9sZS1zZXNzaW9uLW5hbWUgJHtST0xFX1NFU1NJT05fTkFNRX0pCiAgICAgICAgICAjTWFrZSBuZXdseSBhc3N1bWVkIHJvbGUgZGVmYXVsdCBzZXNzaW9uCiAgICAgICAgICBleHBvcnQgQVdTX0FDQ0VTU19LRVlfSUQ9JChlY2hvICR7SlNPTn0gfCBqcSAtLXJhdy1vdXRwdXQgIi5DcmVkZW50aWFsc1tcIkFjY2Vzc0tleUlkXCJdIikKICAgICAgICAgIGV4cG9ydCBBV1NfU0VDUkVUX0FDQ0VTU19LRVk9JChlY2hvICR7SlNPTn0gfCBqcSAtLXJhdy1vdXRwdXQgIi5DcmVkZW50aWFsc1tcIlNlY3JldEFjY2Vzc0tleVwiXSIpCiAgICAgICAgICBleHBvcnQgQVdTX1NFU1NJT05fVE9LRU49JChlY2hvICR7SlNPTn0gfCBqcSAtLXJhdy1vdXRwdXQgIi5DcmVkZW50aWFsc1tcIlNlc3Npb25Ub2tlblwiXSIpCiAgICAgICAgICB0ZXJyYWZvcm0gaW5pdAogICAgICAgIGVsc2UKICAgICAgICAgIFRGX0JBQ0tFTkRfUkVHSU9OPSQoYXdzIHNzbSBnZXQtcGFyYW1ldGVyIC0tbmFtZSAiL2FmdC9jb25maWcvb3NzLWJhY2tlbmQvcHJpbWFyeS1yZWdpb24iIC0tcXVlcnkgIlBhcmFtZXRlci5WYWx1ZSIgLS1vdXRwdXQgdGV4dCkKICAgICAgICAgIFRGX09SR19OQU1FPSQoYXdzIHNzbSBnZXQtcGFyYW1ldGVyIC0tbmFtZSAiL2FmdC9jb25maWcvdGVycmFmb3JtL29yZy1uYW1lIiAtLXF1ZXJ5ICJQYXJhbWV0ZXIuVmFsdWUiIC0tb3V0cHV0IHRleHQpCiAgICAgICAgICBURl9UT0tFTj0kKGF3cyBzc20gZ2V0LXBhcmFtZXRlciAtLW5hbWUgIi9hZnQvY29uZmlnL3RlcnJhZm9ybS90b2tlbiIgLS13aXRoLWRlY3J5cHRpb24gLS1xdWVyeSAiUGFyYW1ldGVyLlZhbHVlIiAtLW91dHB1dCB0ZXh0KQogICAgICAgICAgVEZfRU5EUE9JTlQ9JChhd3Mgc3NtIGdldC1wYXJhbWV0ZXIgLS1uYW1lICIvYWZ0L2NvbmZpZy90ZXJyYWZvcm0vYXBpLWVuZHBvaW50IiAtLXF1ZXJ5ICJQYXJhbWV0ZXIuVmFsdWUiIC0tb3V0cHV0IHRleHQpCiAgICAgICAgICBURl9XT1JLU1BBQ0VfTkFNRT0iY3QtYWZ0LWFjY291bnQtcHJvdmlzaW9uaW5nLWN1c3RvbWl6YXRpb25zIgogICAgICAgICAgVEZfQ09ORklHX1BBVEg9Ii4vdGVtcF9jb25maWd1cmF0aW9uX2ZpbGUudGFyLmd6IgogICAgICAgICAgY2QgJERFRkFVTFRfUEFUSC90ZXJyYWZvcm0KICAgICAgICAgIGZvciBmIGluICouamluamE7IGRvIGppbmphMiAkZiAtRCB0aW1lc3RhbXA9IiRUSU1FU1RBTVAiIC1EIHByb3ZpZGVyX3JlZ2lvbj0kQ1RfTUdNVF9SRUdJT04gLUQgdGZfZGlzdHJpYnV0aW9uX3R5cGU9JFRGX0RJU1RSSUJVVElPTiAtRCB0ZXJyYWZvcm1fb3JnX25hbWU9JFRGX09SR19OQU1FIC1EIHRlcnJhZm9ybV93b3Jrc3BhY2VfbmFtZT0kVEZfV09SS1NQQUNFX05BTUUgLUQgYWZ0X2FkbWluX3JvbGVfYXJuPSRBRlRfRVhFQ19ST0xFX0FSTiA+PiAuLyQoYmFzZW5hbWUgJGYgLmppbmphKS50ZjsgZG9uZQogICAgICAgICAgZm9yIGYgaW4gKi50ZjsgZG8gZWNobyAiXG4gXG4iOyBlY2hvICRmOyBjYXQgJGY7IGRvbmUKICAgICAgICAgIGNkICRERUZBVUxUX1BBVEgKICAgICAgICAgIHRhciAtY3pmIHRlbXBfY29uZmlndXJhdGlvbl9maWxlLnRhci5neiAtQyB0ZXJyYWZvcm0gLS1leGNsdWRlIC5naXQgLS1leGNsdWRlIHZlbnYgLgogICAgICAgICAgcHl0aG9uMyAkREVGQVVMVF9QQVRIL2F3cy1hZnQtY29yZS1mcmFtZXdvcmsvc291cmNlcy9zY3JpcHRzL3dvcmtzcGFjZV9tYW5hZ2VyLnB5IC0tb3BlcmF0aW9uICJkZXBsb3kiIC0tb3JnYW5pemF0aW9uX25hbWUgJFRGX09SR19OQU1FIC0td29ya3NwYWNlX25hbWUgJFRGX1dPUktTUEFDRV9OQU1FIC0tYXNzdW1lX3JvbGVfYXJuICRBRlRfQURNSU5fUk9MRV9BUk4gLS1hc3N1bWVfcm9sZV9zZXNzaW9uX25hbWUgJFJPTEVfU0VTU0lPTl9OQU1FIC0tYXBpX2VuZHBvaW50ICRURl9FTkRQT0lOVCAtLWFwaV90b2tlbiAkVEZfVE9LRU4gLS10ZXJyYWZvcm1fdmVyc2lvbiAkVEZfVkVSU0lPTiAtLWNvbmZpZ19maWxlICRURl9DT05GSUdfUEFUSAogICAgICAgIGZpCgogIGJ1aWxkOgogICAgY29tbWFuZHM6CiAgICAgIC0gfAogICAgICAgIGlmIFsgJFRGX0RJU1RSSUJVVElPTiA9ICJvc3MiIF07IHRoZW4KICAgICAgICAgIHRlcnJhZm9ybSBhcHBseSAtLWF1dG8tYXBwcm92ZQogICAgICAgIGZpCiAgcG9zdF9idWlsZDoKICAgIGNvbW1hbmRzOgogICAgICAtIGVjaG8gIlBvc3QtQnVpbGQiCg==",
            "filename": ".terraform/modules/aft/modules/aft-code-repositories/buildspecs/ct-aft-account-provisioning-customizations.yml",
            "id": "d90be7f394cc43afe8df7d0e36ebfe7aafa1f878"
          },
          "sensitive_attributes": []
        }
      ]
    },
    {
      "module": "module.aft.module.aft_code_repositories",
      "mode": "data",
      "type": "local_file",
      "name": "account_request_buildspec",
      "provider": "provider[\"registry.terraform.io/hashicorp/local\"]",
      "instances": [
        {
          "schema_version": 0,
          "attributes": {
            "content": "# Copyright Amazon.com, Inc. or its affiliates. All rights reserved.\n# SPDX-License-Identifier: Apache-2.0\n#\nversion: 0.2\n\nphases:\n  pre_build:\n    commands:\n      - DEFAULT_PATH=$(pwd)\n      - TIMESTAMP=$(date '+%Y-%m-%d %H:%M:%S')\n      - AWS_MODULE_SOURCE=$(aws ssm get-parameter --name \"/aft/config/aft-pipeline-code-source/repo-url\" --query \"Parameter.Value\" --output text)\n      - AWS_MODULE_GIT_REF=$(aws ssm get-parameter --name \"/aft/config/aft-pipeline-code-source/repo-git-ref\" --query \"Parameter.Value\" --output text)\n      - TF_VERSION=$(aws ssm get-parameter --name \"/aft/config/terraform/version\" --query \"Parameter.Value\" --output text)\n      - TF_DISTRIBUTION=$(aws ssm get-parameter --name \"/aft/config/terraform/distribution\" --query \"Parameter.Value\" --output text)\n      - CT_MGMT_REGION=$(aws ssm get-parameter --name \"/aft/config/ct-management-region\" --query \"Parameter.Value\" --output text)\n      - AFT_MGMT_ACCOUNT=$(aws sts get-caller-identity --query Account --output text)\n      - AFT_EXEC_ROLE_ARN=arn:$AWS_PARTITION:iam::$AFT_MGMT_ACCOUNT:role/AWSAFTExecution\n      - AFT_ADMIN_ROLE_NAME=$(aws ssm get-parameter --name /aft/resources/iam/aft-administrator-role-name | jq --raw-output \".Parameter.Value\")\n      - AFT_ADMIN_ROLE_ARN=arn:$AWS_PARTITION:iam::$AFT_MGMT_ACCOUNT:role/$AFT_ADMIN_ROLE_NAME\n      - ROLE_SESSION_NAME=$(aws ssm get-parameter --name /aft/resources/iam/aft-session-name | jq --raw-output \".Parameter.Value\")\n      - |\n        ssh_key_parameter=$(aws ssm get-parameter --name /aft/config/aft-ssh-key --with-decryption 2\u003e /dev/null || echo \"None\")\n        if [[ $ssh_key_parameter != \"None\" ]]; then\n          ssh_key=$(jq --raw-output \".Parameter.Value\" \u003c\u003c\u003c $ssh_key_parameter)\n          mkdir -p ~/.ssh\n          echo \"Host *\" \u003e\u003e ~/.ssh/config\n          echo \"StrictHostKeyChecking no\" \u003e\u003e ~/.ssh/config\n          echo \"UserKnownHostsFile=/dev/null\" \u003e\u003e ~/.ssh/config\n          echo \"$ssh_key\" \u003e ~/.ssh/ssh_key\n          echo -e \"\\n\\n\" \u003e\u003e  ~/.ssh/ssh_key\n          chmod 600 ~/.ssh/ssh_key\n          eval \"$(ssh-agent -s)\"\n          ssh-add ~/.ssh/ssh_key\n        fi\n      - git config --global credential.helper '!aws codecommit credential-helper $@'\n      - git config --global credential.UseHttpPath true\n      - git clone -b $AWS_MODULE_GIT_REF $AWS_MODULE_SOURCE aws-aft-core-framework\n      - python3 -m venv ./venv\n      - source ./venv/bin/activate\n      - pip install jinja2-cli==0.7.0 Jinja2==3.0.1 MarkupSafe==2.0.1 boto3==1.18.56 requests==2.26.0\n      - |\n        if [ $TF_DISTRIBUTION = \"oss\" ]; then\n          TF_BACKEND_REGION=$(aws ssm get-parameter --name \"/aft/config/oss-backend/primary-region\" --query \"Parameter.Value\" --output text)\n          TF_KMS_KEY_ID=$(aws ssm get-parameter --name \"/aft/config/oss-backend/kms-key-id\" --query \"Parameter.Value\" --output text)\n          TF_DDB_TABLE=$(aws ssm get-parameter --name \"/aft/config/oss-backend/table-id\" --query \"Parameter.Value\" --output text)\n          TF_S3_BUCKET=$(aws ssm get-parameter --name \"/aft/config/oss-backend/bucket-id\" --query \"Parameter.Value\" --output text)\n          TF_S3_KEY=account-request/terraform.tfstate\n          cd /tmp\n          echo \"Installing Terraform\"\n          curl -o terraform_${TF_VERSION}_linux_amd64.zip https://releases.hashicorp.com/terraform/${TF_VERSION}/terraform_${TF_VERSION}_linux_amd64.zip\n          unzip -o terraform_${TF_VERSION}_linux_amd64.zip \u0026\u0026 mv terraform /usr/bin\n          terraform --version\n          cd $DEFAULT_PATH/terraform\n          for f in *.jinja; do jinja2 $f -D timestamp=\"$TIMESTAMP\" -D tf_distribution_type=$TF_DISTRIBUTION -D provider_region=$CT_MGMT_REGION -D region=$TF_BACKEND_REGION -D bucket=$TF_S3_BUCKET -D key=$TF_S3_KEY -D dynamodb_table=$TF_DDB_TABLE -D kms_key_id=$TF_KMS_KEY_ID -D aft_admin_role_arn=$AFT_EXEC_ROLE_ARN \u003e\u003e ./$(basename $f .jinja).tf; done\n          for f in *.tf; do echo \"\\n \\n\"; echo $f; cat $f; done\n          JSON=$(aws sts assume-role --role-arn ${AFT_ADMIN_ROLE_ARN} --role-session-name ${ROLE_SESSION_NAME})\n          #Make newly assumed role default session\n          export AWS_ACCESS_KEY_ID=$(echo ${JSON} | jq --raw-output \".Credentials[\\\"AccessKeyId\\\"]\")\n          export AWS_SECRET_ACCESS_KEY=$(echo ${JSON} | jq --raw-output \".Credentials[\\\"SecretAccessKey\\\"]\")\n          export AWS_SESSION_TOKEN=$(echo ${JSON} | jq --raw-output \".Credentials[\\\"SessionToken\\\"]\")\n          terraform init\n        else\n          TF_ORG_NAME=$(aws ssm get-parameter --name \"/aft/config/terraform/org-name\" --query \"Parameter.Value\" --output text)\n          TF_TOKEN=$(aws ssm get-parameter --name \"/aft/config/terraform/token\" --with-decryption --query \"Parameter.Value\" --output text)\n          TF_ENDPOINT=$(aws ssm get-parameter --name \"/aft/config/terraform/api-endpoint\" --query \"Parameter.Value\" --output text)\n          TF_WORKSPACE_NAME=\"ct-aft-account-request\"\n          TF_CONFIG_PATH=\"./temp_configuration_file.tar.gz\"\n          cd $DEFAULT_PATH/terraform\n          for f in *.jinja; do jinja2 $f -D timestamp=\"$TIMESTAMP\" -D provider_region=$CT_MGMT_REGION -D tf_distribution_type=$TF_DISTRIBUTION -D terraform_org_name=$TF_ORG_NAME -D terraform_workspace_name=$TF_WORKSPACE_NAME -D aft_admin_role_arn=$AFT_EXEC_ROLE_ARN \u003e\u003e ./$(basename $f .jinja).tf; done\n          for f in *.tf; do echo \"\\n \\n\"; echo $f; cat $f; done\n          cd $DEFAULT_PATH\n          tar -czf temp_configuration_file.tar.gz -C terraform --exclude .git --exclude venv .\n          python3 $DEFAULT_PATH/aws-aft-core-framework/sources/scripts/workspace_manager.py --operation \"deploy\" --organization_name $TF_ORG_NAME --workspace_name $TF_WORKSPACE_NAME --assume_role_arn $AFT_ADMIN_ROLE_ARN --assume_role_session_name $ROLE_SESSION_NAME --api_endpoint $TF_ENDPOINT --api_token $TF_TOKEN --terraform_version $TF_VERSION --config_file $TF_CONFIG_PATH\n        fi\n\n  build:\n    commands:\n      - |\n        if [ $TF_DISTRIBUTION = \"oss\" ]; then\n          terraform apply --auto-approve\n        fi\n  post_build:\n    commands:\n      - echo \"Post-Build\"\n",
            "content_base64": "IyBDb3B5cmlnaHQgQW1hem9uLmNvbSwgSW5jLiBvciBpdHMgYWZmaWxpYXRlcy4gQWxsIHJpZ2h0cyByZXNlcnZlZC4KIyBTUERYLUxpY2Vuc2UtSWRlbnRpZmllcjogQXBhY2hlLTIuMAojCnZlcnNpb246IDAuMgoKcGhhc2VzOgogIHByZV9idWlsZDoKICAgIGNvbW1hbmRzOgogICAgICAtIERFRkFVTFRfUEFUSD0kKHB3ZCkKICAgICAgLSBUSU1FU1RBTVA9JChkYXRlICcrJVktJW0tJWQgJUg6JU06JVMnKQogICAgICAtIEFXU19NT0RVTEVfU09VUkNFPSQoYXdzIHNzbSBnZXQtcGFyYW1ldGVyIC0tbmFtZSAiL2FmdC9jb25maWcvYWZ0LXBpcGVsaW5lLWNvZGUtc291cmNlL3JlcG8tdXJsIiAtLXF1ZXJ5ICJQYXJhbWV0ZXIuVmFsdWUiIC0tb3V0cHV0IHRleHQpCiAgICAgIC0gQVdTX01PRFVMRV9HSVRfUkVGPSQoYXdzIHNzbSBnZXQtcGFyYW1ldGVyIC0tbmFtZSAiL2FmdC9jb25maWcvYWZ0LXBpcGVsaW5lLWNvZGUtc291cmNlL3JlcG8tZ2l0LXJlZiIgLS1xdWVyeSAiUGFyYW1ldGVyLlZhbHVlIiAtLW91dHB1dCB0ZXh0KQogICAgICAtIFRGX1ZFUlNJT049JChhd3Mgc3NtIGdldC1wYXJhbWV0ZXIgLS1uYW1lICIvYWZ0L2NvbmZpZy90ZXJyYWZvcm0vdmVyc2lvbiIgLS1xdWVyeSAiUGFyYW1ldGVyLlZhbHVlIiAtLW91dHB1dCB0ZXh0KQogICAgICAtIFRGX0RJU1RSSUJVVElPTj0kKGF3cyBzc20gZ2V0LXBhcmFtZXRlciAtLW5hbWUgIi9hZnQvY29uZmlnL3RlcnJhZm9ybS9kaXN0cmlidXRpb24iIC0tcXVlcnkgIlBhcmFtZXRlci5WYWx1ZSIgLS1vdXRwdXQgdGV4dCkKICAgICAgLSBDVF9NR01UX1JFR0lPTj0kKGF3cyBzc20gZ2V0LXBhcmFtZXRlciAtLW5hbWUgIi9hZnQvY29uZmlnL2N0LW1hbmFnZW1lbnQtcmVnaW9uIiAtLXF1ZXJ5ICJQYXJhbWV0ZXIuVmFsdWUiIC0tb3V0cHV0IHRleHQpCiAgICAgIC0gQUZUX01HTVRfQUNDT1VOVD0kKGF3cyBzdHMgZ2V0LWNhbGxlci1pZGVudGl0eSAtLXF1ZXJ5IEFjY291bnQgLS1vdXRwdXQgdGV4dCkKICAgICAgLSBBRlRfRVhFQ19ST0xFX0FSTj1hcm46JEFXU19QQVJUSVRJT046aWFtOjokQUZUX01HTVRfQUNDT1VOVDpyb2xlL0FXU0FGVEV4ZWN1dGlvbgogICAgICAtIEFGVF9BRE1JTl9ST0xFX05BTUU9JChhd3Mgc3NtIGdldC1wYXJhbWV0ZXIgLS1uYW1lIC9hZnQvcmVzb3VyY2VzL2lhbS9hZnQtYWRtaW5pc3RyYXRvci1yb2xlLW5hbWUgfCBqcSAtLXJhdy1vdXRwdXQgIi5QYXJhbWV0ZXIuVmFsdWUiKQogICAgICAtIEFGVF9BRE1JTl9ST0xFX0FSTj1hcm46JEFXU19QQVJUSVRJT046aWFtOjokQUZUX01HTVRfQUNDT1VOVDpyb2xlLyRBRlRfQURNSU5fUk9MRV9OQU1FCiAgICAgIC0gUk9MRV9TRVNTSU9OX05BTUU9JChhd3Mgc3NtIGdldC1wYXJhbWV0ZXIgLS1uYW1lIC9hZnQvcmVzb3VyY2VzL2lhbS9hZnQtc2Vzc2lvbi1uYW1lIHwganEgLS1yYXctb3V0cHV0ICIuUGFyYW1ldGVyLlZhbHVlIikKICAgICAgLSB8CiAgICAgICAgc3NoX2tleV9wYXJhbWV0ZXI9JChhd3Mgc3NtIGdldC1wYXJhbWV0ZXIgLS1uYW1lIC9hZnQvY29uZmlnL2FmdC1zc2gta2V5IC0td2l0aC1kZWNyeXB0aW9uIDI+IC9kZXYvbnVsbCB8fCBlY2hvICJOb25lIikKICAgICAgICBpZiBbWyAkc3NoX2tleV9wYXJhbWV0ZXIgIT0gIk5vbmUiIF1dOyB0aGVuCiAgICAgICAgICBzc2hfa2V5PSQoanEgLS1yYXctb3V0cHV0ICIuUGFyYW1ldGVyLlZhbHVlIiA8PDwgJHNzaF9rZXlfcGFyYW1ldGVyKQogICAgICAgICAgbWtkaXIgLXAgfi8uc3NoCiAgICAgICAgICBlY2hvICJIb3N0ICoiID4+IH4vLnNzaC9jb25maWcKICAgICAgICAgIGVjaG8gIlN0cmljdEhvc3RLZXlDaGVja2luZyBubyIgPj4gfi8uc3NoL2NvbmZpZwogICAgICAgICAgZWNobyAiVXNlcktub3duSG9zdHNGaWxlPS9kZXYvbnVsbCIgPj4gfi8uc3NoL2NvbmZpZwogICAgICAgICAgZWNobyAiJHNzaF9rZXkiID4gfi8uc3NoL3NzaF9rZXkKICAgICAgICAgIGVjaG8gLWUgIlxuXG4iID4+ICB+Ly5zc2gvc3NoX2tleQogICAgICAgICAgY2htb2QgNjAwIH4vLnNzaC9zc2hfa2V5CiAgICAgICAgICBldmFsICIkKHNzaC1hZ2VudCAtcykiCiAgICAgICAgICBzc2gtYWRkIH4vLnNzaC9zc2hfa2V5CiAgICAgICAgZmkKICAgICAgLSBnaXQgY29uZmlnIC0tZ2xvYmFsIGNyZWRlbnRpYWwuaGVscGVyICchYXdzIGNvZGVjb21taXQgY3JlZGVudGlhbC1oZWxwZXIgJEAnCiAgICAgIC0gZ2l0IGNvbmZpZyAtLWdsb2JhbCBjcmVkZW50aWFsLlVzZUh0dHBQYXRoIHRydWUKICAgICAgLSBnaXQgY2xvbmUgLWIgJEFXU19NT0RVTEVfR0lUX1JFRiAkQVdTX01PRFVMRV9TT1VSQ0UgYXdzLWFmdC1jb3JlLWZyYW1ld29yawogICAgICAtIHB5dGhvbjMgLW0gdmVudiAuL3ZlbnYKICAgICAgLSBzb3VyY2UgLi92ZW52L2Jpbi9hY3RpdmF0ZQogICAgICAtIHBpcCBpbnN0YWxsIGppbmphMi1jbGk9PTAuNy4wIEppbmphMj09My4wLjEgTWFya3VwU2FmZT09Mi4wLjEgYm90bzM9PTEuMTguNTYgcmVxdWVzdHM9PTIuMjYuMAogICAgICAtIHwKICAgICAgICBpZiBbICRURl9ESVNUUklCVVRJT04gPSAib3NzIiBdOyB0aGVuCiAgICAgICAgICBURl9CQUNLRU5EX1JFR0lPTj0kKGF3cyBzc20gZ2V0LXBhcmFtZXRlciAtLW5hbWUgIi9hZnQvY29uZmlnL29zcy1iYWNrZW5kL3ByaW1hcnktcmVnaW9uIiAtLXF1ZXJ5ICJQYXJhbWV0ZXIuVmFsdWUiIC0tb3V0cHV0IHRleHQpCiAgICAgICAgICBURl9LTVNfS0VZX0lEPSQoYXdzIHNzbSBnZXQtcGFyYW1ldGVyIC0tbmFtZSAiL2FmdC9jb25maWcvb3NzLWJhY2tlbmQva21zLWtleS1pZCIgLS1xdWVyeSAiUGFyYW1ldGVyLlZhbHVlIiAtLW91dHB1dCB0ZXh0KQogICAgICAgICAgVEZfRERCX1RBQkxFPSQoYXdzIHNzbSBnZXQtcGFyYW1ldGVyIC0tbmFtZSAiL2FmdC9jb25maWcvb3NzLWJhY2tlbmQvdGFibGUtaWQiIC0tcXVlcnkgIlBhcmFtZXRlci5WYWx1ZSIgLS1vdXRwdXQgdGV4dCkKICAgICAgICAgIFRGX1MzX0JVQ0tFVD0kKGF3cyBzc20gZ2V0LXBhcmFtZXRlciAtLW5hbWUgIi9hZnQvY29uZmlnL29zcy1iYWNrZW5kL2J1Y2tldC1pZCIgLS1xdWVyeSAiUGFyYW1ldGVyLlZhbHVlIiAtLW91dHB1dCB0ZXh0KQogICAgICAgICAgVEZfUzNfS0VZPWFjY291bnQtcmVxdWVzdC90ZXJyYWZvcm0udGZzdGF0ZQogICAgICAgICAgY2QgL3RtcAogICAgICAgICAgZWNobyAiSW5zdGFsbGluZyBUZXJyYWZvcm0iCiAgICAgICAgICBjdXJsIC1vIHRlcnJhZm9ybV8ke1RGX1ZFUlNJT059X2xpbnV4X2FtZDY0LnppcCBodHRwczovL3JlbGVhc2VzLmhhc2hpY29ycC5jb20vdGVycmFmb3JtLyR7VEZfVkVSU0lPTn0vdGVycmFmb3JtXyR7VEZfVkVSU0lPTn1fbGludXhfYW1kNjQuemlwCiAgICAgICAgICB1bnppcCAtbyB0ZXJyYWZvcm1fJHtURl9WRVJTSU9OfV9saW51eF9hbWQ2NC56aXAgJiYgbXYgdGVycmFmb3JtIC91c3IvYmluCiAgICAgICAgICB0ZXJyYWZvcm0gLS12ZXJzaW9uCiAgICAgICAgICBjZCAkREVGQVVMVF9QQVRIL3RlcnJhZm9ybQogICAgICAgICAgZm9yIGYgaW4gKi5qaW5qYTsgZG8gamluamEyICRmIC1EIHRpbWVzdGFtcD0iJFRJTUVTVEFNUCIgLUQgdGZfZGlzdHJpYnV0aW9uX3R5cGU9JFRGX0RJU1RSSUJVVElPTiAtRCBwcm92aWRlcl9yZWdpb249JENUX01HTVRfUkVHSU9OIC1EIHJlZ2lvbj0kVEZfQkFDS0VORF9SRUdJT04gLUQgYnVja2V0PSRURl9TM19CVUNLRVQgLUQga2V5PSRURl9TM19LRVkgLUQgZHluYW1vZGJfdGFibGU9JFRGX0REQl9UQUJMRSAtRCBrbXNfa2V5X2lkPSRURl9LTVNfS0VZX0lEIC1EIGFmdF9hZG1pbl9yb2xlX2Fybj0kQUZUX0VYRUNfUk9MRV9BUk4gPj4gLi8kKGJhc2VuYW1lICRmIC5qaW5qYSkudGY7IGRvbmUKICAgICAgICAgIGZvciBmIGluICoudGY7IGRvIGVjaG8gIlxuIFxuIjsgZWNobyAkZjsgY2F0ICRmOyBkb25lCiAgICAgICAgICBKU09OPSQoYXdzIHN0cyBhc3N1bWUtcm9sZSAtLXJvbGUtYXJuICR7QUZUX0FETUlOX1JPTEVfQVJOfSAtLXJvbGUtc2Vzc2lvbi1uYW1lICR7Uk9MRV9TRVNTSU9OX05BTUV9KQogICAgICAgICAgI01ha2UgbmV3bHkgYXNzdW1lZCByb2xlIGRlZmF1bHQgc2Vzc2lvbgogICAgICAgICAgZXhwb3J0IEFXU19BQ0NFU1NfS0VZX0lEPSQoZWNobyAke0pTT059IHwganEgLS1yYXctb3V0cHV0ICIuQ3JlZGVudGlhbHNbXCJBY2Nlc3NLZXlJZFwiXSIpCiAgICAgICAgICBleHBvcnQgQVdTX1NFQ1JFVF9BQ0NFU1NfS0VZPSQoZWNobyAke0pTT059IHwganEgLS1yYXctb3V0cHV0ICIuQ3JlZGVudGlhbHNbXCJTZWNyZXRBY2Nlc3NLZXlcIl0iKQogICAgICAgICAgZXhwb3J0IEFXU19TRVNTSU9OX1RPS0VOPSQoZWNobyAke0pTT059IHwganEgLS1yYXctb3V0cHV0ICIuQ3JlZGVudGlhbHNbXCJTZXNzaW9uVG9rZW5cIl0iKQogICAgICAgICAgdGVycmFmb3JtIGluaXQKICAgICAgICBlbHNlCiAgICAgICAgICBURl9PUkdfTkFNRT0kKGF3cyBzc20gZ2V0LXBhcmFtZXRlciAtLW5hbWUgIi9hZnQvY29uZmlnL3RlcnJhZm9ybS9vcmctbmFtZSIgLS1xdWVyeSAiUGFyYW1ldGVyLlZhbHVlIiAtLW91dHB1dCB0ZXh0KQogICAgICAgICAgVEZfVE9LRU49JChhd3Mgc3NtIGdldC1wYXJhbWV0ZXIgLS1uYW1lICIvYWZ0L2NvbmZpZy90ZXJyYWZvcm0vdG9rZW4iIC0td2l0aC1kZWNyeXB0aW9uIC0tcXVlcnkgIlBhcmFtZXRlci5WYWx1ZSIgLS1vdXRwdXQgdGV4dCkKICAgICAgICAgIFRGX0VORFBPSU5UPSQoYXdzIHNzbSBnZXQtcGFyYW1ldGVyIC0tbmFtZSAiL2FmdC9jb25maWcvdGVycmFmb3JtL2FwaS1lbmRwb2ludCIgLS1xdWVyeSAiUGFyYW1ldGVyLlZhbHVlIiAtLW91dHB1dCB0ZXh0KQogICAgICAgICAgVEZfV09SS1NQQUNFX05BTUU9ImN0LWFmdC1hY2NvdW50LXJlcXVlc3QiCiAgICAgICAgICBURl9DT05GSUdfUEFUSD0iLi90ZW1wX2NvbmZpZ3VyYXRpb25fZmlsZS50YXIuZ3oiCiAgICAgICAgICBjZCAkREVGQVVMVF9QQVRIL3RlcnJhZm9ybQogICAgICAgICAgZm9yIGYgaW4gKi5qaW5qYTsgZG8gamluamEyICRmIC1EIHRpbWVzdGFtcD0iJFRJTUVTVEFNUCIgLUQgcHJvdmlkZXJfcmVnaW9uPSRDVF9NR01UX1JFR0lPTiAtRCB0Zl9kaXN0cmlidXRpb25fdHlwZT0kVEZfRElTVFJJQlVUSU9OIC1EIHRlcnJhZm9ybV9vcmdfbmFtZT0kVEZfT1JHX05BTUUgLUQgdGVycmFmb3JtX3dvcmtzcGFjZV9uYW1lPSRURl9XT1JLU1BBQ0VfTkFNRSAtRCBhZnRfYWRtaW5fcm9sZV9hcm49JEFGVF9FWEVDX1JPTEVfQVJOID4+IC4vJChiYXNlbmFtZSAkZiAuamluamEpLnRmOyBkb25lCiAgICAgICAgICBmb3IgZiBpbiAqLnRmOyBkbyBlY2hvICJcbiBcbiI7IGVjaG8gJGY7IGNhdCAkZjsgZG9uZQogICAgICAgICAgY2QgJERFRkFVTFRfUEFUSAogICAgICAgICAgdGFyIC1jemYgdGVtcF9jb25maWd1cmF0aW9uX2ZpbGUudGFyLmd6IC1DIHRlcnJhZm9ybSAtLWV4Y2x1ZGUgLmdpdCAtLWV4Y2x1ZGUgdmVudiAuCiAgICAgICAgICBweXRob24zICRERUZBVUxUX1BBVEgvYXdzLWFmdC1jb3JlLWZyYW1ld29yay9zb3VyY2VzL3NjcmlwdHMvd29ya3NwYWNlX21hbmFnZXIucHkgLS1vcGVyYXRpb24gImRlcGxveSIgLS1vcmdhbml6YXRpb25fbmFtZSAkVEZfT1JHX05BTUUgLS13b3Jrc3BhY2VfbmFtZSAkVEZfV09SS1NQQUNFX05BTUUgLS1hc3N1bWVfcm9sZV9hcm4gJEFGVF9BRE1JTl9ST0xFX0FSTiAtLWFzc3VtZV9yb2xlX3Nlc3Npb25fbmFtZSAkUk9MRV9TRVNTSU9OX05BTUUgLS1hcGlfZW5kcG9pbnQgJFRGX0VORFBPSU5UIC0tYXBpX3Rva2VuICRURl9UT0tFTiAtLXRlcnJhZm9ybV92ZXJzaW9uICRURl9WRVJTSU9OIC0tY29uZmlnX2ZpbGUgJFRGX0NPTkZJR19QQVRICiAgICAgICAgZmkKCiAgYnVpbGQ6CiAgICBjb21tYW5kczoKICAgICAgLSB8CiAgICAgICAgaWYgWyAkVEZfRElTVFJJQlVUSU9OID0gIm9zcyIgXTsgdGhlbgogICAgICAgICAgdGVycmFmb3JtIGFwcGx5IC0tYXV0by1hcHByb3ZlCiAgICAgICAgZmkKICBwb3N0X2J1aWxkOgogICAgY29tbWFuZHM6CiAgICAgIC0gZWNobyAiUG9zdC1CdWlsZCIK",
            "filename": ".terraform/modules/aft/modules/aft-code-repositories/buildspecs/ct-aft-account-request.yml",
            "id": "f9249e8cc0c976cf31c472ddc9bdb4f628656964"
          },
          "sensitive_attributes": []
        }
      ]
    },
    {
      "module": "module.aft.module.aft_code_repositories",
      "mode": "managed",
      "type": "aws_cloudwatch_log_group",
      "name": "account_provisioning_customizations",
      "provider": "module.aft.provider[\"registry.terraform.io/hashicorp/aws\"].aft_management",
      "instances": [
        {
          "schema_version": 0,
          "attributes": {
            "arn": "arn:aws:logs:us-east-1:137457353584:log-group:/aws/codebuild/ct-aft-account-provisioning-customizations",
            "id": "/aws/codebuild/ct-aft-account-provisioning-customizations",
            "kms_key_id": "",
            "name": "/aws/codebuild/ct-aft-account-provisioning-customizations",
            "name_prefix": "",
            "retention_in_days": 0,
            "skip_destroy": false,
            "tags": null,
            "tags_all": {
              "managed_by": "AFT"
            }
          },
          "sensitive_attributes": [],
          "private": "bnVsbA==",
          "dependencies": [
            "module.aft.data.aws_partition.current"
          ]
        }
      ]
    },
    {
      "module": "module.aft.module.aft_code_repositories",
      "mode": "managed",
      "type": "aws_cloudwatch_log_group",
      "name": "account_request",
      "provider": "module.aft.provider[\"registry.terraform.io/hashicorp/aws\"].aft_management",
      "instances": [
        {
          "schema_version": 0,
          "attributes": {
            "arn": "arn:aws:logs:us-east-1:137457353584:log-group:/aws/codebuild/ct-aft-account-request",
            "id": "/aws/codebuild/ct-aft-account-request",
            "kms_key_id": "",
            "name": "/aws/codebuild/ct-aft-account-request",
            "name_prefix": "",
            "retention_in_days": 0,
            "skip_destroy": false,
            "tags": null,
            "tags_all": {
              "managed_by": "AFT"
            }
          },
          "sensitive_attributes": [],
          "private": "bnVsbA==",
          "dependencies": [
            "module.aft.data.aws_partition.current"
          ]
        }
      ]
    },
    {
      "module": "module.aft.module.aft_code_repositories",
      "mode": "managed",
      "type": "aws_codebuild_project",
      "name": "account_provisioning_customizations_pipeline",
      "provider": "module.aft.provider[\"registry.terraform.io/hashicorp/aws\"].aft_management",
      "instances": [
        {
          "schema_version": 0,
          "attributes": {
            "arn": "arn:aws:codebuild:us-east-1:137457353584:project/ct-aft-account-provisioning-customizations",
            "artifacts": [
              {
                "artifact_identifier": "",
                "bucket_owner_access": "",
                "encryption_disabled": false,
                "location": "",
                "name": "ct-aft-account-provisioning-customizations",
                "namespace_type": "",
                "override_artifact_name": false,
                "packaging": "NONE",
                "path": "",
                "type": "CODEPIPELINE"
              }
            ],
            "badge_enabled": false,
            "badge_url": "",
            "build_batch_config": [],
            "build_timeout": 60,
            "cache": [
              {
                "location": "",
                "modes": [],
                "type": "NO_CACHE"
              }
            ],
            "concurrent_build_limit": 0,
            "description": "Deploys the Account Provisioning Customizations terraform project",
            "encryption_key": "arn:aws:kms:us-east-1:137457353584:key/c7596c37-1777-47ee-9109-c55a643c8326",
            "environment": [
              {
                "certificate": "",
                "compute_type": "BUILD_GENERAL1_MEDIUM",
                "environment_variable": [
                  {
                    "name": "AWS_PARTITION",
                    "type": "PLAINTEXT",
                    "value": "aws"
                  }
                ],
                "image": "aws/codebuild/amazonlinux2-x86_64-standard:3.0",
                "image_pull_credentials_type": "CODEBUILD",
                "privileged_mode": false,
                "registry_credential": [],
                "type": "LINUX_CONTAINER"
              }
            ],
            "file_system_locations": [],
            "id": "arn:aws:codebuild:us-east-1:137457353584:project/ct-aft-account-provisioning-customizations",
            "logs_config": [
              {
                "cloudwatch_logs": [
                  {
                    "group_name": "/aws/codebuild/ct-aft-account-provisioning-customizations",
                    "status": "ENABLED",
                    "stream_name": ""
                  }
                ],
                "s3_logs": [
                  {
                    "bucket_owner_access": "",
                    "encryption_disabled": false,
                    "location": "aft-customizations-pipeline-137457353584/ct-aft-account-provisioning-customization-logs",
                    "status": "ENABLED"
                  }
                ]
              }
            ],
            "name": "ct-aft-account-provisioning-customizations",
            "project_visibility": "PRIVATE",
            "public_project_alias": "",
            "queued_timeout": 480,
            "resource_access_role": "",
            "secondary_artifacts": [],
            "secondary_source_version": [],
            "secondary_sources": [],
            "service_role": "arn:aws:iam::137457353584:role/ct-aft-codebuild-account-provisioning-customizations-role",
            "source": [
              {
                "auth": [],
                "build_status_config": [],
                "buildspec": "# Copyright Amazon.com, Inc. or its affiliates. All rights reserved.\n# SPDX-License-Identifier: Apache-2.0\n#\nversion: 0.2\n\nphases:\n  pre_build:\n    commands:\n      - DEFAULT_PATH=$(pwd)\n      - TIMESTAMP=$(date '+%Y-%m-%d %H:%M:%S')\n      - AWS_MODULE_SOURCE=$(aws ssm get-parameter --name \"/aft/config/aft-pipeline-code-source/repo-url\" --query \"Parameter.Value\" --output text)\n      - AWS_MODULE_GIT_REF=$(aws ssm get-parameter --name \"/aft/config/aft-pipeline-code-source/repo-git-ref\" --query \"Parameter.Value\" --output text)\n      - TF_VERSION=$(aws ssm get-parameter --name \"/aft/config/terraform/version\" --query \"Parameter.Value\" --output text)\n      - TF_DISTRIBUTION=$(aws ssm get-parameter --name \"/aft/config/terraform/distribution\" --query \"Parameter.Value\" --output text)\n      - CT_MGMT_REGION=$(aws ssm get-parameter --name \"/aft/config/ct-management-region\" --query \"Parameter.Value\" --output text)\n      - AFT_MGMT_ACCOUNT=$(aws sts get-caller-identity --query Account --output text)\n      - AFT_EXEC_ROLE_ARN=arn:$AWS_PARTITION:iam::$AFT_MGMT_ACCOUNT:role/AWSAFTExecution\n      - AFT_ADMIN_ROLE_NAME=$(aws ssm get-parameter --name /aft/resources/iam/aft-administrator-role-name | jq --raw-output \".Parameter.Value\")\n      - AFT_ADMIN_ROLE_ARN=arn:$AWS_PARTITION:iam::$AFT_MGMT_ACCOUNT:role/$AFT_ADMIN_ROLE_NAME\n      - ROLE_SESSION_NAME=$(aws ssm get-parameter --name /aft/resources/iam/aft-session-name | jq --raw-output \".Parameter.Value\")\n      - |\n        ssh_key_parameter=$(aws ssm get-parameter --name /aft/config/aft-ssh-key --with-decryption 2\u003e /dev/null || echo \"None\")\n        if [[ $ssh_key_parameter != \"None\" ]]; then\n          ssh_key=$(jq --raw-output \".Parameter.Value\" \u003c\u003c\u003c $ssh_key_parameter)\n          mkdir -p ~/.ssh\n          echo \"Host *\" \u003e\u003e ~/.ssh/config\n          echo \"StrictHostKeyChecking no\" \u003e\u003e ~/.ssh/config\n          echo \"UserKnownHostsFile=/dev/null\" \u003e\u003e ~/.ssh/config\n          echo \"$ssh_key\" \u003e ~/.ssh/ssh_key\n          echo -e \"\\n\\n\" \u003e\u003e  ~/.ssh/ssh_key\n          chmod 600 ~/.ssh/ssh_key\n          eval \"$(ssh-agent -s)\"\n          ssh-add ~/.ssh/ssh_key\n        fi\n      - git config --global credential.helper '!aws codecommit credential-helper $@'\n      - git config --global credential.UseHttpPath true\n      - git clone -b $AWS_MODULE_GIT_REF $AWS_MODULE_SOURCE aws-aft-core-framework\n      - python3 -m venv ./venv\n      - source ./venv/bin/activate\n      - pip install jinja2-cli==0.7.0 Jinja2==3.0.1 MarkupSafe==2.0.1 boto3==1.18.56 requests==2.26.0\n      - |\n        if [ $TF_DISTRIBUTION = \"oss\" ]; then\n          TF_BACKEND_REGION=$(aws ssm get-parameter --name \"/aft/config/oss-backend/primary-region\" --query \"Parameter.Value\" --output text)\n          TF_KMS_KEY_ID=$(aws ssm get-parameter --name \"/aft/config/oss-backend/kms-key-id\" --query \"Parameter.Value\" --output text)\n          TF_DDB_TABLE=$(aws ssm get-parameter --name \"/aft/config/oss-backend/table-id\" --query \"Parameter.Value\" --output text)\n          TF_S3_BUCKET=$(aws ssm get-parameter --name \"/aft/config/oss-backend/bucket-id\" --query \"Parameter.Value\" --output text)\n          TF_S3_KEY=account-provisioning-customizations/terraform.tfstate\n          cd /tmp\n          echo \"Installing Terraform\"\n          curl -o terraform_${TF_VERSION}_linux_amd64.zip https://releases.hashicorp.com/terraform/${TF_VERSION}/terraform_${TF_VERSION}_linux_amd64.zip\n          unzip -o terraform_${TF_VERSION}_linux_amd64.zip \u0026\u0026 mv terraform /usr/bin\n          terraform --version\n          cd $DEFAULT_PATH/terraform\n          for f in *.jinja; do jinja2 $f -D timestamp=\"$TIMESTAMP\" -D tf_distribution_type=$TF_DISTRIBUTION -D region=$TF_BACKEND_REGION -D provider_region=$CT_MGMT_REGION -D bucket=$TF_S3_BUCKET -D key=$TF_S3_KEY -D dynamodb_table=$TF_DDB_TABLE -D kms_key_id=$TF_KMS_KEY_ID -D aft_admin_role_arn=$AFT_EXEC_ROLE_ARN \u003e\u003e ./$(basename $f .jinja).tf; done\n          for f in *.tf; do echo \"\\n \\n\"; echo $f; cat $f; done\n          JSON=$(aws sts assume-role --role-arn ${AFT_ADMIN_ROLE_ARN} --role-session-name ${ROLE_SESSION_NAME})\n          #Make newly assumed role default session\n          export AWS_ACCESS_KEY_ID=$(echo ${JSON} | jq --raw-output \".Credentials[\\\"AccessKeyId\\\"]\")\n          export AWS_SECRET_ACCESS_KEY=$(echo ${JSON} | jq --raw-output \".Credentials[\\\"SecretAccessKey\\\"]\")\n          export AWS_SESSION_TOKEN=$(echo ${JSON} | jq --raw-output \".Credentials[\\\"SessionToken\\\"]\")\n          terraform init\n        else\n          TF_BACKEND_REGION=$(aws ssm get-parameter --name \"/aft/config/oss-backend/primary-region\" --query \"Parameter.Value\" --output text)\n          TF_ORG_NAME=$(aws ssm get-parameter --name \"/aft/config/terraform/org-name\" --query \"Parameter.Value\" --output text)\n          TF_TOKEN=$(aws ssm get-parameter --name \"/aft/config/terraform/token\" --with-decryption --query \"Parameter.Value\" --output text)\n          TF_ENDPOINT=$(aws ssm get-parameter --name \"/aft/config/terraform/api-endpoint\" --query \"Parameter.Value\" --output text)\n          TF_WORKSPACE_NAME=\"ct-aft-account-provisioning-customizations\"\n          TF_CONFIG_PATH=\"./temp_configuration_file.tar.gz\"\n          cd $DEFAULT_PATH/terraform\n          for f in *.jinja; do jinja2 $f -D timestamp=\"$TIMESTAMP\" -D provider_region=$CT_MGMT_REGION -D tf_distribution_type=$TF_DISTRIBUTION -D terraform_org_name=$TF_ORG_NAME -D terraform_workspace_name=$TF_WORKSPACE_NAME -D aft_admin_role_arn=$AFT_EXEC_ROLE_ARN \u003e\u003e ./$(basename $f .jinja).tf; done\n          for f in *.tf; do echo \"\\n \\n\"; echo $f; cat $f; done\n          cd $DEFAULT_PATH\n          tar -czf temp_configuration_file.tar.gz -C terraform --exclude .git --exclude venv .\n          python3 $DEFAULT_PATH/aws-aft-core-framework/sources/scripts/workspace_manager.py --operation \"deploy\" --organization_name $TF_ORG_NAME --workspace_name $TF_WORKSPACE_NAME --assume_role_arn $AFT_ADMIN_ROLE_ARN --assume_role_session_name $ROLE_SESSION_NAME --api_endpoint $TF_ENDPOINT --api_token $TF_TOKEN --terraform_version $TF_VERSION --config_file $TF_CONFIG_PATH\n        fi\n\n  build:\n    commands:\n      - |\n        if [ $TF_DISTRIBUTION = \"oss\" ]; then\n          terraform apply --auto-approve\n        fi\n  post_build:\n    commands:\n      - echo \"Post-Build\"\n",
                "git_clone_depth": 0,
                "git_submodules_config": [],
                "insecure_ssl": false,
                "location": "",
                "report_build_status": false,
                "type": "CODEPIPELINE"
              }
            ],
            "source_version": "",
            "tags": null,
            "tags_all": {
              "managed_by": "AFT"
            },
            "vpc_config": [
              {
                "security_group_ids": [
                  "sg-0132c8911be5b8025"
                ],
                "subnets": [
                  "subnet-0aa55f2a7e70ddf9a",
                  "subnet-0d5e6c3eb948669e7"
                ],
                "vpc_id": "vpc-093b0a1fd1314e022"
              }
            ]
          },
          "sensitive_attributes": [],
          "private": "bnVsbA==",
          "dependencies": [
            "module.aft.data.aws_partition.current",
            "module.aft.module.aft_account_request_framework.aws_kms_key.aft",
            "module.aft.module.aft_account_request_framework.aws_security_group.aft_vpc_default_sg",
            "module.aft.module.aft_account_request_framework.aws_subnet.aft_vpc_private_subnet_01",
            "module.aft.module.aft_account_request_framework.aws_subnet.aft_vpc_private_subnet_02",
            "module.aft.module.aft_account_request_framework.aws_vpc.aft_vpc",
            "module.aft.module.aft_account_request_framework.data.aws_availability_zones.available",
            "module.aft.module.aft_code_repositories.aws_cloudwatch_log_group.account_provisioning_customizations",
            "module.aft.module.aft_code_repositories.aws_cloudwatch_log_group.account_request",
            "module.aft.module.aft_code_repositories.aws_iam_role.account_provisioning_customizations_codebuild_role",
            "module.aft.module.aft_code_repositories.data.aws_partition.current",
            "module.aft.module.aft_code_repositories.data.local_file.account_provisioning_customizations_buildspec",
            "module.aft.module.aft_customizations.aws_s3_bucket.aft_codepipeline_customizations_bucket",
            "module.aft.module.aft_customizations.data.aws_caller_identity.current"
          ]
        }
      ]
    },
    {
      "module": "module.aft.module.aft_code_repositories",
      "mode": "managed",
      "type": "aws_codebuild_project",
      "name": "account_request",
      "provider": "module.aft.provider[\"registry.terraform.io/hashicorp/aws\"].aft_management",
      "instances": [
        {
          "schema_version": 0,
          "attributes": {
            "arn": "arn:aws:codebuild:us-east-1:137457353584:project/ct-aft-account-request",
            "artifacts": [
              {
                "artifact_identifier": "",
                "bucket_owner_access": "",
                "encryption_disabled": false,
                "location": "",
                "name": "ct-aft-account-request",
                "namespace_type": "",
                "override_artifact_name": false,
                "packaging": "NONE",
                "path": "",
                "type": "CODEPIPELINE"
              }
            ],
            "badge_enabled": false,
            "badge_url": "",
            "build_batch_config": [],
            "build_timeout": 60,
            "cache": [
              {
                "location": "",
                "modes": [],
                "type": "NO_CACHE"
              }
            ],
            "concurrent_build_limit": 0,
            "description": "Job to apply Terraform for Account Requests",
            "encryption_key": "arn:aws:kms:us-east-1:137457353584:key/c7596c37-1777-47ee-9109-c55a643c8326",
            "environment": [
              {
                "certificate": "",
                "compute_type": "BUILD_GENERAL1_MEDIUM",
                "environment_variable": [
                  {
                    "name": "AWS_PARTITION",
                    "type": "PLAINTEXT",
                    "value": "aws"
                  }
                ],
                "image": "aws/codebuild/amazonlinux2-x86_64-standard:3.0",
                "image_pull_credentials_type": "CODEBUILD",
                "privileged_mode": false,
                "registry_credential": [],
                "type": "LINUX_CONTAINER"
              }
            ],
            "file_system_locations": [],
            "id": "arn:aws:codebuild:us-east-1:137457353584:project/ct-aft-account-request",
            "logs_config": [
              {
                "cloudwatch_logs": [
                  {
                    "group_name": "/aws/codebuild/ct-aft-account-request",
                    "status": "ENABLED",
                    "stream_name": ""
                  }
                ],
                "s3_logs": [
                  {
                    "bucket_owner_access": "",
                    "encryption_disabled": false,
                    "location": "aft-customizations-pipeline-137457353584/ct-aft-account-request-logs",
                    "status": "ENABLED"
                  }
                ]
              }
            ],
            "name": "ct-aft-account-request",
            "project_visibility": "PRIVATE",
            "public_project_alias": "",
            "queued_timeout": 480,
            "resource_access_role": "",
            "secondary_artifacts": [],
            "secondary_source_version": [],
            "secondary_sources": [],
            "service_role": "arn:aws:iam::137457353584:role/ct-aft-codebuild-account-request-role",
            "source": [
              {
                "auth": [],
                "build_status_config": [],
                "buildspec": "# Copyright Amazon.com, Inc. or its affiliates. All rights reserved.\n# SPDX-License-Identifier: Apache-2.0\n#\nversion: 0.2\n\nphases:\n  pre_build:\n    commands:\n      - DEFAULT_PATH=$(pwd)\n      - TIMESTAMP=$(date '+%Y-%m-%d %H:%M:%S')\n      - AWS_MODULE_SOURCE=$(aws ssm get-parameter --name \"/aft/config/aft-pipeline-code-source/repo-url\" --query \"Parameter.Value\" --output text)\n      - AWS_MODULE_GIT_REF=$(aws ssm get-parameter --name \"/aft/config/aft-pipeline-code-source/repo-git-ref\" --query \"Parameter.Value\" --output text)\n      - TF_VERSION=$(aws ssm get-parameter --name \"/aft/config/terraform/version\" --query \"Parameter.Value\" --output text)\n      - TF_DISTRIBUTION=$(aws ssm get-parameter --name \"/aft/config/terraform/distribution\" --query \"Parameter.Value\" --output text)\n      - CT_MGMT_REGION=$(aws ssm get-parameter --name \"/aft/config/ct-management-region\" --query \"Parameter.Value\" --output text)\n      - AFT_MGMT_ACCOUNT=$(aws sts get-caller-identity --query Account --output text)\n      - AFT_EXEC_ROLE_ARN=arn:$AWS_PARTITION:iam::$AFT_MGMT_ACCOUNT:role/AWSAFTExecution\n      - AFT_ADMIN_ROLE_NAME=$(aws ssm get-parameter --name /aft/resources/iam/aft-administrator-role-name | jq --raw-output \".Parameter.Value\")\n      - AFT_ADMIN_ROLE_ARN=arn:$AWS_PARTITION:iam::$AFT_MGMT_ACCOUNT:role/$AFT_ADMIN_ROLE_NAME\n      - ROLE_SESSION_NAME=$(aws ssm get-parameter --name /aft/resources/iam/aft-session-name | jq --raw-output \".Parameter.Value\")\n      - |\n        ssh_key_parameter=$(aws ssm get-parameter --name /aft/config/aft-ssh-key --with-decryption 2\u003e /dev/null || echo \"None\")\n        if [[ $ssh_key_parameter != \"None\" ]]; then\n          ssh_key=$(jq --raw-output \".Parameter.Value\" \u003c\u003c\u003c $ssh_key_parameter)\n          mkdir -p ~/.ssh\n          echo \"Host *\" \u003e\u003e ~/.ssh/config\n          echo \"StrictHostKeyChecking no\" \u003e\u003e ~/.ssh/config\n          echo \"UserKnownHostsFile=/dev/null\" \u003e\u003e ~/.ssh/config\n          echo \"$ssh_key\" \u003e ~/.ssh/ssh_key\n          echo -e \"\\n\\n\" \u003e\u003e  ~/.ssh/ssh_key\n          chmod 600 ~/.ssh/ssh_key\n          eval \"$(ssh-agent -s)\"\n          ssh-add ~/.ssh/ssh_key\n        fi\n      - git config --global credential.helper '!aws codecommit credential-helper $@'\n      - git config --global credential.UseHttpPath true\n      - git clone -b $AWS_MODULE_GIT_REF $AWS_MODULE_SOURCE aws-aft-core-framework\n      - python3 -m venv ./venv\n      - source ./venv/bin/activate\n      - pip install jinja2-cli==0.7.0 Jinja2==3.0.1 MarkupSafe==2.0.1 boto3==1.18.56 requests==2.26.0\n      - |\n        if [ $TF_DISTRIBUTION = \"oss\" ]; then\n          TF_BACKEND_REGION=$(aws ssm get-parameter --name \"/aft/config/oss-backend/primary-region\" --query \"Parameter.Value\" --output text)\n          TF_KMS_KEY_ID=$(aws ssm get-parameter --name \"/aft/config/oss-backend/kms-key-id\" --query \"Parameter.Value\" --output text)\n          TF_DDB_TABLE=$(aws ssm get-parameter --name \"/aft/config/oss-backend/table-id\" --query \"Parameter.Value\" --output text)\n          TF_S3_BUCKET=$(aws ssm get-parameter --name \"/aft/config/oss-backend/bucket-id\" --query \"Parameter.Value\" --output text)\n          TF_S3_KEY=account-request/terraform.tfstate\n          cd /tmp\n          echo \"Installing Terraform\"\n          curl -o terraform_${TF_VERSION}_linux_amd64.zip https://releases.hashicorp.com/terraform/${TF_VERSION}/terraform_${TF_VERSION}_linux_amd64.zip\n          unzip -o terraform_${TF_VERSION}_linux_amd64.zip \u0026\u0026 mv terraform /usr/bin\n          terraform --version\n          cd $DEFAULT_PATH/terraform\n          for f in *.jinja; do jinja2 $f -D timestamp=\"$TIMESTAMP\" -D tf_distribution_type=$TF_DISTRIBUTION -D provider_region=$CT_MGMT_REGION -D region=$TF_BACKEND_REGION -D bucket=$TF_S3_BUCKET -D key=$TF_S3_KEY -D dynamodb_table=$TF_DDB_TABLE -D kms_key_id=$TF_KMS_KEY_ID -D aft_admin_role_arn=$AFT_EXEC_ROLE_ARN \u003e\u003e ./$(basename $f .jinja).tf; done\n          for f in *.tf; do echo \"\\n \\n\"; echo $f; cat $f; done\n          JSON=$(aws sts assume-role --role-arn ${AFT_ADMIN_ROLE_ARN} --role-session-name ${ROLE_SESSION_NAME})\n          #Make newly assumed role default session\n          export AWS_ACCESS_KEY_ID=$(echo ${JSON} | jq --raw-output \".Credentials[\\\"AccessKeyId\\\"]\")\n          export AWS_SECRET_ACCESS_KEY=$(echo ${JSON} | jq --raw-output \".Credentials[\\\"SecretAccessKey\\\"]\")\n          export AWS_SESSION_TOKEN=$(echo ${JSON} | jq --raw-output \".Credentials[\\\"SessionToken\\\"]\")\n          terraform init\n        else\n          TF_ORG_NAME=$(aws ssm get-parameter --name \"/aft/config/terraform/org-name\" --query \"Parameter.Value\" --output text)\n          TF_TOKEN=$(aws ssm get-parameter --name \"/aft/config/terraform/token\" --with-decryption --query \"Parameter.Value\" --output text)\n          TF_ENDPOINT=$(aws ssm get-parameter --name \"/aft/config/terraform/api-endpoint\" --query \"Parameter.Value\" --output text)\n          TF_WORKSPACE_NAME=\"ct-aft-account-request\"\n          TF_CONFIG_PATH=\"./temp_configuration_file.tar.gz\"\n          cd $DEFAULT_PATH/terraform\n          for f in *.jinja; do jinja2 $f -D timestamp=\"$TIMESTAMP\" -D provider_region=$CT_MGMT_REGION -D tf_distribution_type=$TF_DISTRIBUTION -D terraform_org_name=$TF_ORG_NAME -D terraform_workspace_name=$TF_WORKSPACE_NAME -D aft_admin_role_arn=$AFT_EXEC_ROLE_ARN \u003e\u003e ./$(basename $f .jinja).tf; done\n          for f in *.tf; do echo \"\\n \\n\"; echo $f; cat $f; done\n          cd $DEFAULT_PATH\n          tar -czf temp_configuration_file.tar.gz -C terraform --exclude .git --exclude venv .\n          python3 $DEFAULT_PATH/aws-aft-core-framework/sources/scripts/workspace_manager.py --operation \"deploy\" --organization_name $TF_ORG_NAME --workspace_name $TF_WORKSPACE_NAME --assume_role_arn $AFT_ADMIN_ROLE_ARN --assume_role_session_name $ROLE_SESSION_NAME --api_endpoint $TF_ENDPOINT --api_token $TF_TOKEN --terraform_version $TF_VERSION --config_file $TF_CONFIG_PATH\n        fi\n\n  build:\n    commands:\n      - |\n        if [ $TF_DISTRIBUTION = \"oss\" ]; then\n          terraform apply --auto-approve\n        fi\n  post_build:\n    commands:\n      - echo \"Post-Build\"\n",
                "git_clone_depth": 0,
                "git_submodules_config": [],
                "insecure_ssl": false,
                "location": "",
                "report_build_status": false,
                "type": "CODEPIPELINE"
              }
            ],
            "source_version": "",
            "tags": null,
            "tags_all": {
              "managed_by": "AFT"
            },
            "vpc_config": [
              {
                "security_group_ids": [
                  "sg-0132c8911be5b8025"
                ],
                "subnets": [
                  "subnet-0aa55f2a7e70ddf9a",
                  "subnet-0d5e6c3eb948669e7"
                ],
                "vpc_id": "vpc-093b0a1fd1314e022"
              }
            ]
          },
          "sensitive_attributes": [],
          "private": "bnVsbA==",
          "dependencies": [
            "module.aft.data.aws_partition.current",
            "module.aft.module.aft_account_request_framework.aws_kms_key.aft",
            "module.aft.module.aft_account_request_framework.aws_security_group.aft_vpc_default_sg",
            "module.aft.module.aft_account_request_framework.aws_subnet.aft_vpc_private_subnet_01",
            "module.aft.module.aft_account_request_framework.aws_subnet.aft_vpc_private_subnet_02",
            "module.aft.module.aft_account_request_framework.aws_vpc.aft_vpc",
            "module.aft.module.aft_account_request_framework.data.aws_availability_zones.available",
            "module.aft.module.aft_code_repositories.aws_cloudwatch_log_group.account_request",
            "module.aft.module.aft_code_repositories.aws_iam_role.account_request_codebuild_role",
            "module.aft.module.aft_code_repositories.data.aws_partition.current",
            "module.aft.module.aft_code_repositories.data.local_file.account_request_buildspec",
            "module.aft.module.aft_customizations.aws_s3_bucket.aft_codepipeline_customizations_bucket",
            "module.aft.module.aft_customizations.data.aws_caller_identity.current"
          ]
        }
      ]
    },
    {
      "module": "module.aft.module.aft_code_repositories",
      "mode": "managed",
      "type": "aws_codepipeline",
      "name": "codestar_account_provisioning_customizations",
      "provider": "module.aft.provider[\"registry.terraform.io/hashicorp/aws\"].aft_management",
      "instances": [
        {
          "index_key": 0,
          "schema_version": 0,
          "attributes": {
            "arn": "arn:aws:codepipeline:us-east-1:137457353584:ct-aft-account-provisioning-customizations",
            "artifact_store": [
              {
                "encryption_key": [
                  {
                    "id": "arn:aws:kms:us-east-1:137457353584:key/c7596c37-1777-47ee-9109-c55a643c8326",
                    "type": "KMS"
                  }
                ],
                "location": "aft-customizations-pipeline-137457353584",
                "region": "",
                "type": "S3"
              }
            ],
            "id": "ct-aft-account-provisioning-customizations",
            "name": "ct-aft-account-provisioning-customizations",
            "role_arn": "arn:aws:iam::137457353584:role/ct-aft-codepipeline-account-provisioning-customizations-role",
            "stage": [
              {
                "action": [
                  {
                    "category": "Source",
                    "configuration": {
                      "BranchName": "main",
                      "ConnectionArn": "arn:aws:codestar-connections:us-east-1:137457353584:connection/42760641-e381-44ed-9609-21590d052167",
                      "DetectChanges": "true",
                      "FullRepositoryId": "aft-account-provisioning-customizations",
                      "OutputArtifactFormat": "CODE_ZIP"
                    },
                    "input_artifacts": null,
                    "name": "account-provisioning-customizations",
                    "namespace": "",
                    "output_artifacts": [
                      "account-provisioning-customizations"
                    ],
                    "owner": "AWS",
                    "provider": "CodeStarSourceConnection",
                    "region": "",
                    "role_arn": "",
                    "run_order": 1,
                    "version": "1"
                  }
                ],
                "name": "Source"
              },
              {
                "action": [
                  {
                    "category": "Build",
                    "configuration": {
                      "ProjectName": "ct-aft-account-provisioning-customizations"
                    },
                    "input_artifacts": [
                      "account-provisioning-customizations"
                    ],
                    "name": "Apply-Terraform",
                    "namespace": "",
                    "output_artifacts": [
                      "account-provisioning-customizations-output"
                    ],
                    "owner": "AWS",
                    "provider": "CodeBuild",
                    "region": "",
                    "role_arn": "",
                    "run_order": 2,
                    "version": "1"
                  }
                ],
                "name": "terraform-apply"
              }
            ],
            "tags": null,
            "tags_all": {
              "managed_by": "AFT"
            }
          },
          "sensitive_attributes": [],
          "private": "bnVsbA==",
          "dependencies": [
            "module.aft.data.aws_partition.current",
            "module.aft.module.aft_account_request_framework.aws_kms_key.aft",
            "module.aft.module.aft_account_request_framework.aws_security_group.aft_vpc_default_sg",
            "module.aft.module.aft_account_request_framework.aws_subnet.aft_vpc_private_subnet_01",
            "module.aft.module.aft_account_request_framework.aws_subnet.aft_vpc_private_subnet_02",
            "module.aft.module.aft_account_request_framework.aws_vpc.aft_vpc",
            "module.aft.module.aft_account_request_framework.data.aws_availability_zones.available",
            "module.aft.module.aft_code_repositories.aws_cloudwatch_log_group.account_provisioning_customizations",
            "module.aft.module.aft_code_repositories.aws_cloudwatch_log_group.account_request",
            "module.aft.module.aft_code_repositories.aws_codebuild_project.account_provisioning_customizations_pipeline",
            "module.aft.module.aft_code_repositories.aws_codestarconnections_connection.bitbucket",
            "module.aft.module.aft_code_repositories.aws_codestarconnections_connection.github",
            "module.aft.module.aft_code_repositories.aws_codestarconnections_connection.githubenterprise",
            "module.aft.module.aft_code_repositories.aws_iam_role.account_provisioning_customizations_codebuild_role",
            "module.aft.module.aft_code_repositories.aws_iam_role.account_provisioning_customizations_codepipeline_role",
            "module.aft.module.aft_code_repositories.data.aws_partition.current",
            "module.aft.module.aft_code_repositories.data.local_file.account_provisioning_customizations_buildspec",
            "module.aft.module.aft_customizations.aws_s3_bucket.aft_codepipeline_customizations_bucket",
            "module.aft.module.aft_customizations.data.aws_caller_identity.current"
          ]
        }
      ]
    },
    {
      "module": "module.aft.module.aft_code_repositories",
      "mode": "managed",
      "type": "aws_codepipeline",
      "name": "codestar_account_request",
      "provider": "module.aft.provider[\"registry.terraform.io/hashicorp/aws\"].aft_management",
      "instances": [
        {
          "index_key": 0,
          "schema_version": 0,
          "attributes": {
            "arn": "arn:aws:codepipeline:us-east-1:137457353584:ct-aft-account-request",
            "artifact_store": [
              {
                "encryption_key": [
                  {
                    "id": "arn:aws:kms:us-east-1:137457353584:key/c7596c37-1777-47ee-9109-c55a643c8326",
                    "type": "KMS"
                  }
                ],
                "location": "aft-customizations-pipeline-137457353584",
                "region": "",
                "type": "S3"
              }
            ],
            "id": "ct-aft-account-request",
            "name": "ct-aft-account-request",
            "role_arn": "arn:aws:iam::137457353584:role/ct-aft-codepipeline-account-request-role",
            "stage": [
              {
                "action": [
                  {
                    "category": "Source",
                    "configuration": {
                      "BranchName": "main",
                      "ConnectionArn": "arn:aws:codestar-connections:us-east-1:137457353584:connection/42760641-e381-44ed-9609-21590d052167",
                      "DetectChanges": "true",
                      "FullRepositoryId": "aft-account-request",
                      "OutputArtifactFormat": "CODE_ZIP"
                    },
                    "input_artifacts": null,
                    "name": "account-request",
                    "namespace": "",
                    "output_artifacts": [
                      "account-request"
                    ],
                    "owner": "AWS",
                    "provider": "CodeStarSourceConnection",
                    "region": "",
                    "role_arn": "",
                    "run_order": 1,
                    "version": "1"
                  }
                ],
                "name": "Source"
              },
              {
                "action": [
                  {
                    "category": "Build",
                    "configuration": {
                      "ProjectName": "ct-aft-account-request"
                    },
                    "input_artifacts": [
                      "account-request"
                    ],
                    "name": "Apply-Terraform",
                    "namespace": "",
                    "output_artifacts": [
                      "account-request-terraform"
                    ],
                    "owner": "AWS",
                    "provider": "CodeBuild",
                    "region": "",
                    "role_arn": "",
                    "run_order": 2,
                    "version": "1"
                  }
                ],
                "name": "terraform-apply"
              }
            ],
            "tags": null,
            "tags_all": {
              "managed_by": "AFT"
            }
          },
          "sensitive_attributes": [],
          "private": "bnVsbA==",
          "dependencies": [
            "module.aft.data.aws_partition.current",
            "module.aft.module.aft_account_request_framework.aws_kms_key.aft",
            "module.aft.module.aft_account_request_framework.aws_security_group.aft_vpc_default_sg",
            "module.aft.module.aft_account_request_framework.aws_subnet.aft_vpc_private_subnet_01",
            "module.aft.module.aft_account_request_framework.aws_subnet.aft_vpc_private_subnet_02",
            "module.aft.module.aft_account_request_framework.aws_vpc.aft_vpc",
            "module.aft.module.aft_account_request_framework.data.aws_availability_zones.available",
            "module.aft.module.aft_code_repositories.aws_cloudwatch_log_group.account_request",
            "module.aft.module.aft_code_repositories.aws_codebuild_project.account_request",
            "module.aft.module.aft_code_repositories.aws_codestarconnections_connection.bitbucket",
            "module.aft.module.aft_code_repositories.aws_codestarconnections_connection.github",
            "module.aft.module.aft_code_repositories.aws_codestarconnections_connection.githubenterprise",
            "module.aft.module.aft_code_repositories.aws_iam_role.account_request_codebuild_role",
            "module.aft.module.aft_code_repositories.aws_iam_role.account_request_codepipeline_role",
            "module.aft.module.aft_code_repositories.data.aws_partition.current",
            "module.aft.module.aft_code_repositories.data.local_file.account_request_buildspec",
            "module.aft.module.aft_customizations.aws_s3_bucket.aft_codepipeline_customizations_bucket",
            "module.aft.module.aft_customizations.data.aws_caller_identity.current"
          ]
        }
      ]
    },
    {
      "module": "module.aft.module.aft_code_repositories",
      "mode": "managed",
      "type": "aws_codestarconnections_connection",
      "name": "github",
      "provider": "module.aft.provider[\"registry.terraform.io/hashicorp/aws\"].aft_management",
      "instances": [
        {
          "index_key": 0,
          "schema_version": 0,
          "attributes": {
            "arn": "arn:aws:codestar-connections:us-east-1:137457353584:connection/42760641-e381-44ed-9609-21590d052167",
            "connection_status": "PENDING",
            "host_arn": "",
            "id": "arn:aws:codestar-connections:us-east-1:137457353584:connection/42760641-e381-44ed-9609-21590d052167",
            "name": "ct-aft-github-connection",
            "provider_type": "GitHub",
            "tags": null,
            "tags_all": {
              "managed_by": "AFT"
            }
          },
          "sensitive_attributes": [],
          "private": "bnVsbA==",
          "dependencies": [
            "module.aft.data.aws_partition.current"
          ]
        }
      ]
    },
    {
      "module": "module.aft.module.aft_code_repositories",
      "mode": "managed",
      "type": "aws_iam_role",
      "name": "account_provisioning_customizations_codebuild_role",
      "provider": "module.aft.provider[\"registry.terraform.io/hashicorp/aws\"].aft_management",
      "instances": [
        {
          "schema_version": 0,
          "attributes": {
            "arn": "arn:aws:iam::137457353584:role/ct-aft-codebuild-account-provisioning-customizations-role",
            "assume_role_policy": "{\"Statement\":[{\"Action\":\"sts:AssumeRole\",\"Effect\":\"Allow\",\"Principal\":{\"Service\":\"codebuild.amazonaws.com\"}}],\"Version\":\"2012-10-17\"}",
            "create_date": "2022-11-25T03:31:46Z",
            "description": "",
            "force_detach_policies": false,
            "id": "ct-aft-codebuild-account-provisioning-customizations-role",
            "inline_policy": [],
            "managed_policy_arns": [],
            "max_session_duration": 3600,
            "name": "ct-aft-codebuild-account-provisioning-customizations-role",
            "name_prefix": "",
            "path": "/",
            "permissions_boundary": null,
            "tags": null,
            "tags_all": {
              "managed_by": "AFT"
            },
            "unique_id": "AROASAAIYYNYDUM2FQQFI"
          },
          "sensitive_attributes": [],
          "private": "bnVsbA==",
          "dependencies": [
            "module.aft.data.aws_partition.current"
          ]
        }
      ]
    },
    {
      "module": "module.aft.module.aft_code_repositories",
      "mode": "managed",
      "type": "aws_iam_role",
      "name": "account_provisioning_customizations_codepipeline_role",
      "provider": "module.aft.provider[\"registry.terraform.io/hashicorp/aws\"].aft_management",
      "instances": [
        {
          "schema_version": 0,
          "attributes": {
            "arn": "arn:aws:iam::137457353584:role/ct-aft-codepipeline-account-provisioning-customizations-role",
            "assume_role_policy": "{\"Statement\":[{\"Action\":\"sts:AssumeRole\",\"Effect\":\"Allow\",\"Principal\":{\"Service\":\"codepipeline.amazonaws.com\"}}],\"Version\":\"2012-10-17\"}",
            "create_date": "2022-11-25T03:31:50Z",
            "description": "",
            "force_detach_policies": false,
            "id": "ct-aft-codepipeline-account-provisioning-customizations-role",
            "inline_policy": [],
            "managed_policy_arns": [],
            "max_session_duration": 3600,
            "name": "ct-aft-codepipeline-account-provisioning-customizations-role",
            "name_prefix": "",
            "path": "/",
            "permissions_boundary": null,
            "tags": null,
            "tags_all": {
              "managed_by": "AFT"
            },
            "unique_id": "AROASAAIYYNYGVXTZBDEL"
          },
          "sensitive_attributes": [],
          "private": "bnVsbA==",
          "dependencies": [
            "module.aft.data.aws_partition.current"
          ]
        }
      ]
    },
    {
      "module": "module.aft.module.aft_code_repositories",
      "mode": "managed",
      "type": "aws_iam_role",
      "name": "account_request_codebuild_role",
      "provider": "module.aft.provider[\"registry.terraform.io/hashicorp/aws\"].aft_management",
      "instances": [
        {
          "schema_version": 0,
          "attributes": {
            "arn": "arn:aws:iam::137457353584:role/ct-aft-codebuild-account-request-role",
            "assume_role_policy": "{\"Statement\":[{\"Action\":\"sts:AssumeRole\",\"Effect\":\"Allow\",\"Principal\":{\"Service\":\"codebuild.amazonaws.com\"}}],\"Version\":\"2012-10-17\"}",
            "create_date": "2022-11-25T03:31:41Z",
            "description": "",
            "force_detach_policies": false,
            "id": "ct-aft-codebuild-account-request-role",
            "inline_policy": [],
            "managed_policy_arns": [],
            "max_session_duration": 3600,
            "name": "ct-aft-codebuild-account-request-role",
            "name_prefix": "",
            "path": "/",
            "permissions_boundary": null,
            "tags": null,
            "tags_all": {
              "managed_by": "AFT"
            },
            "unique_id": "AROASAAIYYNYIORNIAXBQ"
          },
          "sensitive_attributes": [],
          "private": "bnVsbA==",
          "dependencies": [
            "module.aft.data.aws_partition.current"
          ]
        }
      ]
    },
    {
      "module": "module.aft.module.aft_code_repositories",
      "mode": "managed",
      "type": "aws_iam_role",
      "name": "account_request_codepipeline_role",
      "provider": "module.aft.provider[\"registry.terraform.io/hashicorp/aws\"].aft_management",
      "instances": [
        {
          "schema_version": 0,
          "attributes": {
            "arn": "arn:aws:iam::137457353584:role/ct-aft-codepipeline-account-request-role",
            "assume_role_policy": "{\"Statement\":[{\"Action\":\"sts:AssumeRole\",\"Effect\":\"Allow\",\"Principal\":{\"Service\":\"codepipeline.amazonaws.com\"}}],\"Version\":\"2012-10-17\"}",
            "create_date": "2022-11-25T03:31:47Z",
            "description": "",
            "force_detach_policies": false,
            "id": "ct-aft-codepipeline-account-request-role",
            "inline_policy": [],
            "managed_policy_arns": [],
            "max_session_duration": 3600,
            "name": "ct-aft-codepipeline-account-request-role",
            "name_prefix": "",
            "path": "/",
            "permissions_boundary": null,
            "tags": null,
            "tags_all": {
              "managed_by": "AFT"
            },
            "unique_id": "AROASAAIYYNYN25NS2DIA"
          },
          "sensitive_attributes": [],
          "private": "bnVsbA==",
          "dependencies": [
            "module.aft.data.aws_partition.current"
          ]
        }
      ]
    },
    {
      "module": "module.aft.module.aft_code_repositories",
      "mode": "managed",
      "type": "aws_iam_role_policy",
      "name": "account_provisioning_customizations_codebuild_policy",
      "provider": "module.aft.provider[\"registry.terraform.io/hashicorp/aws\"].aft_management",
      "instances": [
        {
          "schema_version": 0,
          "attributes": {
            "id": "ct-aft-codebuild-account-provisioning-customizations-role:ct-aft-codebuild-account-provisioning-customizations-policy",
            "name": "ct-aft-codebuild-account-provisioning-customizations-policy",
            "name_prefix": null,
            "policy": "{\n  \"Version\": \"2012-10-17\",\n  \"Statement\": [\n    {\n      \"Effect\": \"Allow\",\n      \"Resource\": \"arn:aws:logs:us-east-1:137457353584:log-group:/aws/codebuild/ct-aft*\",\n      \"Action\": [\n        \"logs:CreateLogStream\",\n        \"logs:PutLogEvents\"\n      ]\n    },\n    {\n      \"Effect\": \"Allow\",\n      \"Action\": [\n        \"ec2:CreateNetworkInterface\",\n        \"ec2:DescribeDhcpOptions\",\n        \"ec2:DescribeNetworkInterfaces\",\n        \"ec2:DeleteNetworkInterface\",\n        \"ec2:DescribeSubnets\",\n        \"ec2:DescribeSecurityGroups\",\n        \"ec2:DescribeVpcs\"\n      ],\n      \"Resource\": \"*\"\n    },\n    {\n      \"Effect\": \"Allow\",\n      \"Action\": [\n        \"ec2:CreateNetworkInterfacePermission\"\n      ],\n      \"Resource\": [\n        \"arn:aws:ec2:us-east-1:137457353584:network-interface/*\"\n      ]\n    },\n    {\n      \"Effect\": \"Allow\",\n      \"Action\": [\n        \"dynamodb:*Item\"\n      ],\n      \"Resource\": [\n        \"arn:aws:dynamodb:us-east-1:137457353584:table/aft-request\"\n      ]\n    },\n    {\n      \"Effect\": \"Allow\",\n      \"Action\": [\n        \"s3:GetObject\",\n        \"s3:GetObjectVersion\",\n        \"s3:GetBucketVersioning\",\n        \"s3:List*\",\n        \"s3:PutObjectAcl\",\n        \"s3:PutObject\"\n      ],\n      \"Resource\": [\n        \"arn:aws:s3:::aft-customizations-pipeline-137457353584\",\n        \"arn:aws:s3:::aft-customizations-pipeline-137457353584/*\"\n      ]\n    },\n    {\n      \"Effect\": \"Allow\",\n      \"Action\": [\n        \"kms:Decrypt\",\n        \"kms:Encrypt\",\n        \"kms:GenerateDataKey\"\n      ],\n      \"Resource\": \"arn:aws:kms:us-east-1:137457353584:key/c7596c37-1777-47ee-9109-c55a643c8326\"\n    },\n    {\n      \"Effect\": \"Allow\",\n      \"Action\": [\n        \"ssm:GetParameters\",\n        \"ssm:GetParameter\"\n      ],\n      \"Resource\": [\n        \"arn:aws:ssm:us-east-1:137457353584:parameter/aft/*\"\n      ]\n    },\n    {\n      \"Effect\": \"Allow\",\n      \"Action\": [\n        \"codecommit:GetBranch\",\n        \"codecommit:GetRepository\",\n        \"codecommit:GetCommit\",\n        \"codecommit:GitPull\",\n        \"codecommit:UploadArchive\",\n        \"codecommit:GetUploadArchiveStatus\",\n        \"codecommit:CancelUploadArchive\"\n      ],\n      \"Resource\": \"arn:aws:codecommit:us-east-1:137457353584:*account-request*\"\n    },\n    {\n      \"Effect\": \"Allow\",\n      \"Action\": [\n        \"sts:AssumeRole\"\n      ],\n      \"Resource\": [\n        \"arn:aws:iam::137457353584:role/AWSAFTAdmin\"\n      ]\n    }\n  ]\n}\n",
            "role": "ct-aft-codebuild-account-provisioning-customizations-role"
          },
          "sensitive_attributes": [],
          "private": "bnVsbA==",
          "dependencies": [
            "module.aft.data.aws_partition.current",
            "module.aft.module.aft_account_request_framework.aws_dynamodb_table.aft_request",
            "module.aft.module.aft_account_request_framework.aws_kms_key.aft",
            "module.aft.module.aft_code_repositories.aws_iam_role.account_provisioning_customizations_codebuild_role",
            "module.aft.module.aft_code_repositories.data.aws_caller_identity.current",
            "module.aft.module.aft_code_repositories.data.aws_partition.current",
            "module.aft.module.aft_code_repositories.data.aws_region.current",
            "module.aft.module.aft_customizations.aws_s3_bucket.aft_codepipeline_customizations_bucket",
            "module.aft.module.aft_customizations.data.aws_caller_identity.current"
          ]
        }
      ]
    },
    {
      "module": "module.aft.module.aft_code_repositories",
      "mode": "managed",
      "type": "aws_iam_role_policy",
      "name": "account_provisioning_customizations_codepipeline_policy",
      "provider": "module.aft.provider[\"registry.terraform.io/hashicorp/aws\"].aft_management",
      "instances": [
        {
          "schema_version": 0,
          "attributes": {
            "id": "ct-aft-codepipeline-account-provisioning-customizations-role:ct-aft-codepipeline-account-provisioning-customizations-policy",
            "name": "ct-aft-codepipeline-account-provisioning-customizations-policy",
            "name_prefix": null,
            "policy": "{\n  \"Version\": \"2012-10-17\",\n  \"Statement\": [\n    {\n      \"Effect\":\"Allow\",\n      \"Action\": [\n        \"s3:GetObject\",\n        \"s3:GetObjectVersion\",\n        \"s3:GetBucketVersioning\",\n        \"s3:List*\",\n        \"s3:PutObjectAcl\",\n        \"s3:PutObject\"\n      ],\n      \"Resource\": [\n        \"arn:aws:s3:::aft-customizations-pipeline-137457353584\",\n        \"arn:aws:s3:::aft-customizations-pipeline-137457353584/*\"\n      ]\n    },\n    {\n      \"Effect\": \"Allow\",\n      \"Action\": [\n        \"codebuild:BatchGetBuilds\",\n        \"codebuild:StartBuild\"\n      ],\n        \"Resource\": \"arn:aws:codebuild:us-east-1:137457353584:*account-provisioning*\"\n    },\n    {\n      \"Effect\": \"Allow\",\n      \"Action\": [\n        \"codecommit:GetBranch\",\n        \"codecommit:GetRepository\",\n        \"codecommit:GetCommit\",\n        \"codecommit:GitPull\",\n        \"codecommit:UploadArchive\",\n        \"codecommit:GetUploadArchiveStatus\",\n        \"codecommit:CancelUploadArchive\"\n      ],\n      \"Resource\": \"arn:aws:codecommit:us-east-1:137457353584:*account-provisioning*\"\n    },\n    {\n      \"Effect\": \"Allow\",\n      \"Action\": [\n        \"kms:Decrypt\",\n        \"kms:Encrypt\",\n        \"kms:GenerateDataKey\"\n      ],\n      \"Resource\": \"arn:aws:kms:us-east-1:137457353584:key/c7596c37-1777-47ee-9109-c55a643c8326\"\n    },\n    {\n        \"Effect\": \"Allow\",\n        \"Action\": \"codestar-connections:UseConnection\",\n        \"Resource\": \"*\"\n    }\n  ]\n}\n",
            "role": "ct-aft-codepipeline-account-provisioning-customizations-role"
          },
          "sensitive_attributes": [],
          "private": "bnVsbA==",
          "dependencies": [
            "module.aft.data.aws_partition.current",
            "module.aft.module.aft_account_request_framework.aws_kms_key.aft",
            "module.aft.module.aft_code_repositories.aws_iam_role.account_provisioning_customizations_codepipeline_role",
            "module.aft.module.aft_code_repositories.data.aws_caller_identity.current",
            "module.aft.module.aft_code_repositories.data.aws_partition.current",
            "module.aft.module.aft_code_repositories.data.aws_region.current",
            "module.aft.module.aft_customizations.aws_s3_bucket.aft_codepipeline_customizations_bucket",
            "module.aft.module.aft_customizations.data.aws_caller_identity.current"
          ]
        }
      ]
    },
    {
      "module": "module.aft.module.aft_code_repositories",
      "mode": "managed",
      "type": "aws_iam_role_policy",
      "name": "account_request_codebuild_policy",
      "provider": "module.aft.provider[\"registry.terraform.io/hashicorp/aws\"].aft_management",
      "instances": [
        {
          "schema_version": 0,
          "attributes": {
            "id": "ct-aft-codebuild-account-request-role:ct-aft-codebuild-account-request-policy",
            "name": "ct-aft-codebuild-account-request-policy",
            "name_prefix": null,
            "policy": "{\n  \"Version\": \"2012-10-17\",\n  \"Statement\": [\n    {\n      \"Effect\": \"Allow\",\n      \"Resource\": \"arn:aws:logs:us-east-1:137457353584:log-group:/aws/codebuild/ct-aft*\",\n      \"Action\": [\n        \"logs:CreateLogStream\",\n        \"logs:PutLogEvents\"\n      ]\n    },\n    {\n      \"Effect\": \"Allow\",\n      \"Action\": [\n        \"ec2:CreateNetworkInterface\",\n        \"ec2:DescribeDhcpOptions\",\n        \"ec2:DescribeNetworkInterfaces\",\n        \"ec2:DeleteNetworkInterface\",\n        \"ec2:DescribeSubnets\",\n        \"ec2:DescribeSecurityGroups\",\n        \"ec2:DescribeVpcs\"\n      ],\n      \"Resource\": \"*\"\n    },\n    {\n      \"Effect\": \"Allow\",\n      \"Action\": [\n        \"ec2:CreateNetworkInterfacePermission\"\n      ],\n      \"Resource\": [\n        \"arn:aws:ec2:us-east-1:137457353584:network-interface/*\"\n      ]\n    },\n    {\n      \"Effect\": \"Allow\",\n      \"Action\": [\n        \"dynamodb:*Item\"\n      ],\n      \"Resource\": [\n        \"arn:aws:dynamodb:us-east-1:137457353584:table/aft-request\"\n      ]\n    },\n    {\n      \"Effect\": \"Allow\",\n      \"Action\": [\n        \"s3:GetObject\",\n        \"s3:GetObjectVersion\",\n        \"s3:GetBucketVersioning\",\n        \"s3:List*\",\n        \"s3:PutObjectAcl\",\n        \"s3:PutObject\"\n      ],\n      \"Resource\": [\n        \"arn:aws:s3:::aft-customizations-pipeline-137457353584\",\n        \"arn:aws:s3:::aft-customizations-pipeline-137457353584/*\"\n      ]\n    },\n    {\n      \"Effect\": \"Allow\",\n      \"Action\": [\n        \"kms:Decrypt\",\n        \"kms:Encrypt\",\n        \"kms:GenerateDataKey\"\n      ],\n      \"Resource\": \"arn:aws:kms:us-east-1:137457353584:key/c7596c37-1777-47ee-9109-c55a643c8326\"\n    },\n    {\n      \"Effect\": \"Allow\",\n      \"Action\": [\n        \"ssm:GetParameters\",\n        \"ssm:GetParameter\"\n      ],\n      \"Resource\": [\n        \"arn:aws:ssm:us-east-1:137457353584:parameter/aft/*\"\n      ]\n    },\n    {\n      \"Effect\": \"Allow\",\n      \"Action\": [\n        \"codecommit:GetBranch\",\n        \"codecommit:GetRepository\",\n        \"codecommit:GetCommit\",\n        \"codecommit:GitPull\",\n        \"codecommit:UploadArchive\",\n        \"codecommit:GetUploadArchiveStatus\",\n        \"codecommit:CancelUploadArchive\"\n      ],\n      \"Resource\": \"arn:aws:codecommit:us-east-1:137457353584:*account-request*\"\n    },\n    {\n      \"Effect\": \"Allow\",\n      \"Action\": [\n        \"sts:AssumeRole\"\n      ],\n      \"Resource\": [\n        \"arn:aws:iam::137457353584:role/AWSAFTAdmin\"\n      ]\n    }\n  ]\n}\n",
            "role": "ct-aft-codebuild-account-request-role"
          },
          "sensitive_attributes": [],
          "private": "bnVsbA==",
          "dependencies": [
            "module.aft.data.aws_partition.current",
            "module.aft.module.aft_account_request_framework.aws_dynamodb_table.aft_request",
            "module.aft.module.aft_account_request_framework.aws_kms_key.aft",
            "module.aft.module.aft_code_repositories.aws_iam_role.account_request_codebuild_role",
            "module.aft.module.aft_code_repositories.data.aws_caller_identity.current",
            "module.aft.module.aft_code_repositories.data.aws_partition.current",
            "module.aft.module.aft_code_repositories.data.aws_region.current",
            "module.aft.module.aft_customizations.aws_s3_bucket.aft_codepipeline_customizations_bucket",
            "module.aft.module.aft_customizations.data.aws_caller_identity.current"
          ]
        }
      ]
    },
    {
      "module": "module.aft.module.aft_code_repositories",
      "mode": "managed",
      "type": "aws_iam_role_policy",
      "name": "account_request_codepipeline_policy",
      "provider": "module.aft.provider[\"registry.terraform.io/hashicorp/aws\"].aft_management",
      "instances": [
        {
          "schema_version": 0,
          "attributes": {
            "id": "ct-aft-codepipeline-account-request-role:ct-aft-codepipeline-account-request-policy",
            "name": "ct-aft-codepipeline-account-request-policy",
            "name_prefix": null,
            "policy": "{\n  \"Version\": \"2012-10-17\",\n  \"Statement\": [\n    {\n      \"Effect\":\"Allow\",\n      \"Action\": [\n        \"s3:GetObject\",\n        \"s3:GetObjectVersion\",\n        \"s3:GetBucketVersioning\",\n        \"s3:List*\",\n        \"s3:PutObjectAcl\",\n        \"s3:PutObject\"\n      ],\n      \"Resource\": [\n        \"arn:aws:s3:::aft-customizations-pipeline-137457353584\",\n        \"arn:aws:s3:::aft-customizations-pipeline-137457353584/*\"\n      ]\n    },\n    {\n      \"Effect\": \"Allow\",\n      \"Action\": [\n        \"codebuild:BatchGetBuilds\",\n        \"codebuild:StartBuild\"\n      ],\n        \"Resource\": \"arn:aws:codebuild:us-east-1:137457353584:*account-request*\"\n    },\n    {\n      \"Effect\": \"Allow\",\n      \"Action\": [\n        \"codecommit:GetBranch\",\n        \"codecommit:GetRepository\",\n        \"codecommit:GetCommit\",\n        \"codecommit:GitPull\",\n        \"codecommit:UploadArchive\",\n        \"codecommit:GetUploadArchiveStatus\",\n        \"codecommit:CancelUploadArchive\"\n      ],\n      \"Resource\": \"arn:aws:codecommit:us-east-1:137457353584:*account-request*\"\n    },\n    {\n      \"Effect\": \"Allow\",\n      \"Action\": [\n        \"kms:Decrypt\",\n        \"kms:Encrypt\",\n        \"kms:GenerateDataKey\"\n      ],\n      \"Resource\": \"arn:aws:kms:us-east-1:137457353584:key/c7596c37-1777-47ee-9109-c55a643c8326\"\n    },\n    {\n        \"Effect\": \"Allow\",\n        \"Action\": \"codestar-connections:UseConnection\",\n        \"Resource\": \"*\"\n    }\n  ]\n}\n",
            "role": "ct-aft-codepipeline-account-request-role"
          },
          "sensitive_attributes": [],
          "private": "bnVsbA==",
          "dependencies": [
            "module.aft.data.aws_partition.current",
            "module.aft.module.aft_account_request_framework.aws_kms_key.aft",
            "module.aft.module.aft_code_repositories.aws_iam_role.account_request_codepipeline_role",
            "module.aft.module.aft_code_repositories.data.aws_caller_identity.current",
            "module.aft.module.aft_code_repositories.data.aws_partition.current",
            "module.aft.module.aft_code_repositories.data.aws_region.current",
            "module.aft.module.aft_customizations.aws_s3_bucket.aft_codepipeline_customizations_bucket",
            "module.aft.module.aft_customizations.data.aws_caller_identity.current"
          ]
        }
      ]
    },
    {
      "module": "module.aft.module.aft_code_repositories",
      "mode": "managed",
      "type": "aws_iam_role_policy",
      "name": "terraform_oss_backend_account_provisioning_customizations_codebuild_policy",
      "provider": "module.aft.provider[\"registry.terraform.io/hashicorp/aws\"].aft_management",
      "instances": [
        {
          "index_key": 0,
          "schema_version": 0,
          "attributes": {
            "id": "ct-aft-codebuild-account-provisioning-customizations-role:ct-aft-codebuild-terraform-oss-backend-policy",
            "name": "ct-aft-codebuild-terraform-oss-backend-policy",
            "name_prefix": null,
            "policy": "{\n  \"Version\": \"2012-10-17\",\n  \"Statement\": [\n    {\n      \"Effect\": \"Allow\",\n      \"Action\": [\n        \"dynamodb:*Item\"\n      ],\n      \"Resource\": [\n        \"arn:aws:dynamodb:us-east-1:137457353584:table/aft-backend-137457353584\"\n      ]\n    },\n    {\n      \"Effect\": \"Allow\",\n      \"Action\": [\n        \"s3:GetObject\",\n        \"s3:GetObjectVersion\",\n        \"s3:GetBucketVersioning\",\n        \"s3:List*\",\n        \"s3:PutObjectAcl\",\n        \"s3:PutObject\"\n      ],\n      \"Resource\": [\n        \"arn:aws:s3:::aft-backend-137457353584-primary-region\",\n        \"arn:aws:s3:::aft-backend-137457353584-primary-region/*\"\n      ]\n    },\n    {\n      \"Effect\": \"Allow\",\n      \"Action\": [\n        \"kms:Decrypt\",\n        \"kms:Encrypt\",\n        \"kms:GenerateDataKey\"\n      ],\n      \"Resource\": \"arn:aws:kms:us-east-1:137457353584:key/8832b11f-809d-47a0-9e1f-5ca6e2736063\"\n    }\n  ]\n}\n",
            "role": "ct-aft-codebuild-account-provisioning-customizations-role"
          },
          "sensitive_attributes": [],
          "private": "bnVsbA==",
          "dependencies": [
            "module.aft.data.aws_partition.current",
            "module.aft.module.aft_backend.aws_dynamodb_table.lock-table",
            "module.aft.module.aft_backend.aws_kms_key.encrypt-primary-region",
            "module.aft.module.aft_backend.aws_s3_bucket.primary-backend-bucket",
            "module.aft.module.aft_backend.data.aws_caller_identity.current",
            "module.aft.module.aft_code_repositories.aws_iam_role.account_provisioning_customizations_codebuild_role",
            "module.aft.module.aft_code_repositories.data.aws_caller_identity.current",
            "module.aft.module.aft_code_repositories.data.aws_partition.current",
            "module.aft.module.aft_code_repositories.data.aws_region.current"
          ]
        }
      ]
    },
    {
      "module": "module.aft.module.aft_code_repositories",
      "mode": "managed",
      "type": "aws_iam_role_policy",
      "name": "terraform_oss_backend_account_request_codebuild_policy",
      "provider": "module.aft.provider[\"registry.terraform.io/hashicorp/aws\"].aft_management",
      "instances": [
        {
          "index_key": 0,
          "schema_version": 0,
          "attributes": {
            "id": "ct-aft-codebuild-account-request-role:ct-aft-codebuild-terraform-oss-backend-policy",
            "name": "ct-aft-codebuild-terraform-oss-backend-policy",
            "name_prefix": null,
            "policy": "{\n  \"Version\": \"2012-10-17\",\n  \"Statement\": [\n    {\n      \"Effect\": \"Allow\",\n      \"Action\": [\n        \"dynamodb:*Item\"\n      ],\n      \"Resource\": [\n        \"arn:aws:dynamodb:us-east-1:137457353584:table/aft-backend-137457353584\"\n      ]\n    },\n    {\n      \"Effect\": \"Allow\",\n      \"Action\": [\n        \"s3:GetObject\",\n        \"s3:GetObjectVersion\",\n        \"s3:GetBucketVersioning\",\n        \"s3:List*\",\n        \"s3:PutObjectAcl\",\n        \"s3:PutObject\"\n      ],\n      \"Resource\": [\n        \"arn:aws:s3:::aft-backend-137457353584-primary-region\",\n        \"arn:aws:s3:::aft-backend-137457353584-primary-region/*\"\n      ]\n    },\n    {\n      \"Effect\": \"Allow\",\n      \"Action\": [\n        \"kms:Decrypt\",\n        \"kms:Encrypt\",\n        \"kms:GenerateDataKey\"\n      ],\n      \"Resource\": \"arn:aws:kms:us-east-1:137457353584:key/8832b11f-809d-47a0-9e1f-5ca6e2736063\"\n    }\n  ]\n}\n",
            "role": "ct-aft-codebuild-account-request-role"
          },
          "sensitive_attributes": [],
          "private": "bnVsbA==",
          "dependencies": [
            "module.aft.data.aws_partition.current",
            "module.aft.module.aft_backend.aws_dynamodb_table.lock-table",
            "module.aft.module.aft_backend.aws_kms_key.encrypt-primary-region",
            "module.aft.module.aft_backend.aws_s3_bucket.primary-backend-bucket",
            "module.aft.module.aft_backend.data.aws_caller_identity.current",
            "module.aft.module.aft_code_repositories.aws_iam_role.account_request_codebuild_role",
            "module.aft.module.aft_code_repositories.data.aws_caller_identity.current",
            "module.aft.module.aft_code_repositories.data.aws_partition.current",
            "module.aft.module.aft_code_repositories.data.aws_region.current"
          ]
        }
      ]
    },
    {
      "module": "module.aft.module.aft_customizations",
      "mode": "data",
      "type": "aws_caller_identity",
      "name": "aft_management",
      "provider": "module.aft.provider[\"registry.terraform.io/hashicorp/aws\"].aft_management",
      "instances": [
        {
          "schema_version": 0,
          "attributes": {
            "account_id": "137457353584",
            "arn": "arn:aws:sts::137457353584:assumed-role/AWSControlTowerExecution/AWSAFT-Session",
            "id": "137457353584",
            "user_id": "AROASAAIYYNYLY2FMGUIH:AWSAFT-Session"
          },
          "sensitive_attributes": []
        }
      ]
    },
    {
      "module": "module.aft.module.aft_customizations",
      "mode": "data",
      "type": "aws_caller_identity",
      "name": "current",
      "provider": "module.aft.provider[\"registry.terraform.io/hashicorp/aws\"].aft_management",
      "instances": [
        {
          "schema_version": 0,
          "attributes": {
            "account_id": "137457353584",
            "arn": "arn:aws:sts::137457353584:assumed-role/AWSControlTowerExecution/AWSAFT-Session",
            "id": "137457353584",
            "user_id": "AROASAAIYYNYLY2FMGUIH:AWSAFT-Session"
          },
          "sensitive_attributes": []
        }
      ]
    },
    {
      "module": "module.aft.module.aft_customizations",
      "mode": "data",
      "type": "aws_iam_policy",
      "name": "AWSLambdaBasicExecutionRole",
      "provider": "module.aft.provider[\"registry.terraform.io/hashicorp/aws\"].aft_management",
      "instances": [
        {
          "schema_version": 0,
          "attributes": {
            "arn": "arn:aws:iam::aws:policy/service-role/AWSLambdaBasicExecutionRole",
            "description": "Provides write permissions to CloudWatch Logs.",
            "id": "arn:aws:iam::aws:policy/service-role/AWSLambdaBasicExecutionRole",
            "name": "AWSLambdaBasicExecutionRole",
            "path": "/service-role/",
            "path_prefix": null,
            "policy": "{\n  \"Version\": \"2012-10-17\",\n  \"Statement\": [\n    {\n      \"Effect\": \"Allow\",\n      \"Action\": [\n        \"logs:CreateLogGroup\",\n        \"logs:CreateLogStream\",\n        \"logs:PutLogEvents\"\n      ],\n      \"Resource\": \"*\"\n    }\n  ]\n}",
            "policy_id": "ANPAJNCQGXC42545SKXIK",
            "tags": {}
          },
          "sensitive_attributes": []
        }
      ]
    },
    {
      "module": "module.aft.module.aft_customizations",
      "mode": "data",
      "type": "aws_iam_policy",
      "name": "AWSLambdaVPCAccessExecutionRole",
      "provider": "module.aft.provider[\"registry.terraform.io/hashicorp/aws\"].aft_management",
      "instances": [
        {
          "schema_version": 0,
          "attributes": {
            "arn": "arn:aws:iam::aws:policy/service-role/AWSLambdaVPCAccessExecutionRole",
            "description": "Provides minimum permissions for a Lambda function to execute while accessing a resource within a VPC - create, describe, delete network interfaces and write permissions to CloudWatch Logs. ",
            "id": "arn:aws:iam::aws:policy/service-role/AWSLambdaVPCAccessExecutionRole",
            "name": "AWSLambdaVPCAccessExecutionRole",
            "path": "/service-role/",
            "path_prefix": null,
            "policy": "{\n  \"Version\": \"2012-10-17\",\n  \"Statement\": [\n    {\n      \"Effect\": \"Allow\",\n      \"Action\": [\n        \"logs:CreateLogGroup\",\n        \"logs:CreateLogStream\",\n        \"logs:PutLogEvents\",\n        \"ec2:CreateNetworkInterface\",\n        \"ec2:DescribeNetworkInterfaces\",\n        \"ec2:DeleteNetworkInterface\",\n        \"ec2:AssignPrivateIpAddresses\",\n        \"ec2:UnassignPrivateIpAddresses\"\n      ],\n      \"Resource\": \"*\"\n    }\n  ]\n}",
            "policy_id": "ANPAJVTME3YLVNL72YR2K",
            "tags": {}
          },
          "sensitive_attributes": []
        }
      ]
    },
    {
      "module": "module.aft.module.aft_customizations",
      "mode": "data",
      "type": "aws_partition",
      "name": "current",
      "provider": "module.aft.provider[\"registry.terraform.io/hashicorp/aws\"].aft_management",
      "instances": [
        {
          "schema_version": 0,
          "attributes": {
            "dns_suffix": "amazonaws.com",
            "id": "aws",
            "partition": "aws",
            "reverse_dns_prefix": "com.amazonaws"
          },
          "sensitive_attributes": []
        }
      ]
    },
    {
      "module": "module.aft.module.aft_customizations",
      "mode": "data",
      "type": "aws_region",
      "name": "aft_management",
      "provider": "module.aft.provider[\"registry.terraform.io/hashicorp/aws\"].aft_management",
      "instances": [
        {
          "schema_version": 0,
          "attributes": {
            "description": "US East (N. Virginia)",
            "endpoint": "ec2.us-east-1.amazonaws.com",
            "id": "us-east-1",
            "name": "us-east-1"
          },
          "sensitive_attributes": []
        }
      ]
    },
    {
      "module": "module.aft.module.aft_customizations",
      "mode": "data",
      "type": "aws_region",
      "name": "current",
      "provider": "module.aft.provider[\"registry.terraform.io/hashicorp/aws\"].aft_management",
      "instances": [
        {
          "schema_version": 0,
          "attributes": {
            "description": "US East (N. Virginia)",
            "endpoint": "ec2.us-east-1.amazonaws.com",
            "id": "us-east-1",
            "name": "us-east-1"
          },
          "sensitive_attributes": []
        }
      ]
    },
    {
      "module": "module.aft.module.aft_customizations",
      "mode": "data",
      "type": "local_file",
      "name": "aft_account_customizations_terraform",
      "provider": "provider[\"registry.terraform.io/hashicorp/local\"]",
      "instances": [
        {
          "schema_version": 0,
          "attributes": {
            "content": "# Copyright Amazon.com, Inc. or its affiliates. All rights reserved.\n# SPDX-License-Identifier: Apache-2.0\n#\nversion: 0.2\n\nphases:\n  install:\n    on-failure: ABORT\n    commands:\n      - set -e\n      # Populate Required Variables\n      - DEFAULT_PATH=$(pwd)\n      - TIMESTAMP=$(date '+%Y-%m-%d %H:%M:%S')\n      - TF_VERSION=$(aws ssm get-parameter --name \"/aft/config/terraform/version\" --query \"Parameter.Value\" --output text)\n      - TF_DISTRIBUTION=$(aws ssm get-parameter --name \"/aft/config/terraform/distribution\" --query \"Parameter.Value\" --output text)\n      - CT_MGMT_REGION=$(aws ssm get-parameter --name \"/aft/config/ct-management-region\" --query \"Parameter.Value\" --output text)\n      - AFT_MGMT_ACCOUNT=$(aws ssm get-parameter --name \"/aft/account/aft-management/account-id\" --query \"Parameter.Value\" --output text)\n      - AFT_EXEC_ROLE_ARN=arn:$AWS_PARTITION:iam::$AFT_MGMT_ACCOUNT:role/AWSAFTExecution\n      - VENDED_EXEC_ROLE_ARN=arn:$AWS_PARTITION:iam::$VENDED_ACCOUNT_ID:role/AWSAFTExecution\n      - AFT_ADMIN_ROLE_NAME=$(aws ssm get-parameter --name /aft/resources/iam/aft-administrator-role-name | jq --raw-output \".Parameter.Value\")\n      - AFT_ADMIN_ROLE_ARN=arn:$AWS_PARTITION:iam::$AFT_MGMT_ACCOUNT:role/$AFT_ADMIN_ROLE_NAME\n      - ROLE_SESSION_NAME=$(aws ssm get-parameter --name /aft/resources/iam/aft-session-name | jq --raw-output \".Parameter.Value\")\n      - |\n        CUSTOMIZATION=$(aws dynamodb get-item --table-name aft-request-metadata --key \"{\\\"id\\\": {\\\"S\\\": \\\"$VENDED_ACCOUNT_ID\\\"}}\" --attributes-to-get \"account_customizations_name\" | jq --raw-output \".Item.account_customizations_name.S\")\n\n      # Check if customization directory exists       \n      - |\n        if [[ ! -z \"$CUSTOMIZATION\" ]]; then  \n          if [[ ! -d \"$DEFAULT_PATH/$CUSTOMIZATION\" ]]; then\n            echo \"Error: ${CUSTOMIZATION} directory does not exist\"\n            exit 1\n          fi\n          \n          echo \"Found customization\" $CUSTOMIZATION\n\n          # Configure Development SSH Key\n          ssh_key_parameter=$(aws ssm get-parameter --name /aft/config/aft-ssh-key --with-decryption 2\u003e /dev/null || echo \"None\")\n\n          if [[ $ssh_key_parameter != \"None\" ]]; then\n            ssh_key=$(jq --raw-output \".Parameter.Value\" \u003c\u003c\u003c $ssh_key_parameter)\n            mkdir -p ~/.ssh\n            echo \"Host *\" \u003e\u003e ~/.ssh/config\n            echo \"StrictHostKeyChecking no\" \u003e\u003e ~/.ssh/config\n            echo \"UserKnownHostsFile=/dev/null\" \u003e\u003e ~/.ssh/config\n            echo \"$ssh_key\" \u003e ~/.ssh/ssh_key\n            echo -e \"\\n\\n\" \u003e\u003e  ~/.ssh/ssh_key\n            chmod 600 ~/.ssh/ssh_key\n            eval \"$(ssh-agent -s)\"\n            ssh-add ~/.ssh/ssh_key\n          fi   \n\n          # Clone AFT\n          AWS_MODULE_SOURCE=$(aws ssm get-parameter --name \"/aft/config/aft-pipeline-code-source/repo-url\" --query \"Parameter.Value\" --output text)\n          AWS_MODULE_GIT_REF=$(aws ssm get-parameter --name \"/aft/config/aft-pipeline-code-source/repo-git-ref\" --query \"Parameter.Value\" --output text)\n          git config --global credential.helper '!aws codecommit credential-helper $@'\n          git config --global credential.UseHttpPath true\n          git clone --quiet -b $AWS_MODULE_GIT_REF $AWS_MODULE_SOURCE aws-aft-core-framework\n\n          # Install AFT Python Dependencies\n          python3 -m venv $DEFAULT_PATH/aft-venv\n          $DEFAULT_PATH/aft-venv/bin/pip install pip==22.1.2\n          $DEFAULT_PATH/aft-venv/bin/pip install jinja2-cli==0.7.0 Jinja2==3.0.1 MarkupSafe==2.0.1 boto3==1.18.56 requests==2.26.0\n\n          # Install API Helper Python Dependencies\n          python3 -m venv $DEFAULT_PATH/api-helpers-venv\n          $DEFAULT_PATH/api-helpers-venv/bin/pip install -r $DEFAULT_PATH/$CUSTOMIZATION/api_helpers/python/requirements.txt\n\n          # Mark helper scripts as executable\n          chmod +x $DEFAULT_PATH/$CUSTOMIZATION/api_helpers/pre-api-helpers.sh\n          chmod +x $DEFAULT_PATH/$CUSTOMIZATION/api_helpers/post-api-helpers.sh\n\n          # Generate session profiles\n          chmod +x $DEFAULT_PATH/aws-aft-core-framework/sources/scripts/creds.sh\n          $DEFAULT_PATH/aws-aft-core-framework/sources/scripts/creds.sh\n        fi\n\n\n  pre_build:\n    on-failure: ABORT\n    commands:\n      - |\n        if [[ ! -z \"$CUSTOMIZATION\" ]]; then \n          source $DEFAULT_PATH/api-helpers-venv/bin/activate\n          export AWS_PROFILE=aft-target\n          $DEFAULT_PATH/$CUSTOMIZATION/api_helpers/pre-api-helpers.sh\n          unset AWS_PROFILE\n        fi\n\n  build:\n    on-failure: CONTINUE\n    commands:\n      # Apply Customizations\n      - |\n        if [[ ! -z \"$CUSTOMIZATION\" ]]; then \n          source $DEFAULT_PATH/aft-venv/bin/activate\n          if [ $TF_DISTRIBUTION = \"oss\" ]; then\n            TF_BACKEND_REGION=$(aws ssm get-parameter --name \"/aft/config/oss-backend/primary-region\" --query \"Parameter.Value\" --output text)\n            TF_KMS_KEY_ID=$(aws ssm get-parameter --name \"/aft/config/oss-backend/kms-key-id\" --query \"Parameter.Value\" --output text)\n            TF_DDB_TABLE=$(aws ssm get-parameter --name \"/aft/config/oss-backend/table-id\" --query \"Parameter.Value\" --output text)\n            TF_S3_BUCKET=$(aws ssm get-parameter --name \"/aft/config/oss-backend/bucket-id\" --query \"Parameter.Value\" --output text)\n            TF_S3_KEY=$VENDED_ACCOUNT_ID-aft-account-customizations/terraform.tfstate\n\n            cd /tmp\n            echo \"Installing Terraform\"\n            curl -q -o terraform_${TF_VERSION}_linux_amd64.zip https://releases.hashicorp.com/terraform/${TF_VERSION}/terraform_${TF_VERSION}_linux_amd64.zip\n            mkdir -p /opt/aft/bin\n            unzip -q -o terraform_${TF_VERSION}_linux_amd64.zip \n            mv terraform /opt/aft/bin\n            /opt/aft/bin/terraform --version\n\n            cd $DEFAULT_PATH/$CUSTOMIZATION/terraform\n            for f in *.jinja; do jinja2 $f -D timestamp=\"$TIMESTAMP\" -D tf_distribution_type=$TF_DISTRIBUTION -D provider_region=$CT_MGMT_REGION -D region=$TF_BACKEND_REGION -D aft_admin_role_arn=$AFT_EXEC_ROLE_ARN -D target_admin_role_arn=$VENDED_EXEC_ROLE_ARN -D bucket=$TF_S3_BUCKET -D key=$TF_S3_KEY -D dynamodb_table=$TF_DDB_TABLE -D kms_key_id=$TF_KMS_KEY_ID \u003e\u003e ./$(basename $f .jinja).tf; done\n            for f in *.tf; do echo \"\\n \\n\"; echo $f; cat $f; done\n            \n            cd $DEFAULT_PATH/$CUSTOMIZATION/terraform\n            export AWS_PROFILE=aft-management-admin\n            /opt/aft/bin/terraform init\n            /opt/aft/bin/terraform apply --auto-approve\n          else\n            TF_BACKEND_REGION=$(aws ssm get-parameter --name \"/aft/config/oss-backend/primary-region\" --query \"Parameter.Value\" --output text)\n            TF_ORG_NAME=$(aws ssm get-parameter --name \"/aft/config/terraform/org-name\" --query \"Parameter.Value\" --output text)\n            TF_TOKEN=$(aws ssm get-parameter --name \"/aft/config/terraform/token\" --with-decryption --query \"Parameter.Value\" --output text)\n            TF_ENDPOINT=$(aws ssm get-parameter --name \"/aft/config/terraform/api-endpoint\" --query \"Parameter.Value\" --output text)\n            TF_WORKSPACE_NAME=$VENDED_ACCOUNT_ID-aft-account-customizations\n            TF_CONFIG_PATH=\"./temp_configuration_file.tar.gz\"\n\n            cd $DEFAULT_PATH/$CUSTOMIZATION/terraform\n            for f in *.jinja; do jinja2 $f -D timestamp=\"$TIMESTAMP\" -D provider_region=$CT_MGMT_REGION -D tf_distribution_type=$TF_DISTRIBUTION -D aft_admin_role_arn=$AFT_EXEC_ROLE_ARN -D target_admin_role_arn=$VENDED_EXEC_ROLE_ARN -D terraform_org_name=$TF_ORG_NAME -D terraform_workspace_name=$TF_WORKSPACE_NAME  \u003e\u003e ./$(basename $f .jinja).tf; done\n            for f in *.tf; do echo \"\\n \\n\"; echo $f; cat $f; done\n            \n            cd $DEFAULT_PATH/$CUSTOMIZATION\n            tar -czf temp_configuration_file.tar.gz -C terraform --exclude .git --exclude venv .\n            python3 $DEFAULT_PATH/aws-aft-core-framework/sources/scripts/workspace_manager.py --operation \"deploy\" --organization_name $TF_ORG_NAME --workspace_name $TF_WORKSPACE_NAME --assume_role_arn $AFT_ADMIN_ROLE_ARN --assume_role_session_name $ROLE_SESSION_NAME --api_endpoint $TF_ENDPOINT --api_token $TF_TOKEN --terraform_version $TF_VERSION --config_file $TF_CONFIG_PATH\n          fi\n        fi\n  post_build:\n    on-failure: ABORT\n    commands:\n      - |\n        if [[ ! -z \"$CUSTOMIZATION\" ]]; then\n          export PYTHONPATH=\"$DEFAULT_PATH/aws-aft-core-framework/sources/aft-lambda-layer:$PYTHONPATH\"\n          export AWS_PROFILE=aft-management\n          python3 $DEFAULT_PATH/aws-aft-core-framework/sources/aft-lambda-layer/aft_common/report_metrics.py --codebuild-name \"aft-account-customizations\" --codebuild-status $CODEBUILD_BUILD_SUCCEEDING\n          unset AWS_PROFILE\n        fi\n      - |\n        if [[ $CODEBUILD_BUILD_SUCCEEDING == 0 ]]; then\n          exit 1\n        fi\n      - |\n        if [[ ! -z \"$CUSTOMIZATION\" ]]; then \n          source $DEFAULT_PATH/api-helpers-venv/bin/activate\n          export AWS_PROFILE=aft-target\n          $DEFAULT_PATH/$CUSTOMIZATION/api_helpers/post-api-helpers.sh\n        fi\n",
            "content_base64": "IyBDb3B5cmlnaHQgQW1hem9uLmNvbSwgSW5jLiBvciBpdHMgYWZmaWxpYXRlcy4gQWxsIHJpZ2h0cyByZXNlcnZlZC4KIyBTUERYLUxpY2Vuc2UtSWRlbnRpZmllcjogQXBhY2hlLTIuMAojCnZlcnNpb246IDAuMgoKcGhhc2VzOgogIGluc3RhbGw6CiAgICBvbi1mYWlsdXJlOiBBQk9SVAogICAgY29tbWFuZHM6CiAgICAgIC0gc2V0IC1lCiAgICAgICMgUG9wdWxhdGUgUmVxdWlyZWQgVmFyaWFibGVzCiAgICAgIC0gREVGQVVMVF9QQVRIPSQocHdkKQogICAgICAtIFRJTUVTVEFNUD0kKGRhdGUgJyslWS0lbS0lZCAlSDolTTolUycpCiAgICAgIC0gVEZfVkVSU0lPTj0kKGF3cyBzc20gZ2V0LXBhcmFtZXRlciAtLW5hbWUgIi9hZnQvY29uZmlnL3RlcnJhZm9ybS92ZXJzaW9uIiAtLXF1ZXJ5ICJQYXJhbWV0ZXIuVmFsdWUiIC0tb3V0cHV0IHRleHQpCiAgICAgIC0gVEZfRElTVFJJQlVUSU9OPSQoYXdzIHNzbSBnZXQtcGFyYW1ldGVyIC0tbmFtZSAiL2FmdC9jb25maWcvdGVycmFmb3JtL2Rpc3RyaWJ1dGlvbiIgLS1xdWVyeSAiUGFyYW1ldGVyLlZhbHVlIiAtLW91dHB1dCB0ZXh0KQogICAgICAtIENUX01HTVRfUkVHSU9OPSQoYXdzIHNzbSBnZXQtcGFyYW1ldGVyIC0tbmFtZSAiL2FmdC9jb25maWcvY3QtbWFuYWdlbWVudC1yZWdpb24iIC0tcXVlcnkgIlBhcmFtZXRlci5WYWx1ZSIgLS1vdXRwdXQgdGV4dCkKICAgICAgLSBBRlRfTUdNVF9BQ0NPVU5UPSQoYXdzIHNzbSBnZXQtcGFyYW1ldGVyIC0tbmFtZSAiL2FmdC9hY2NvdW50L2FmdC1tYW5hZ2VtZW50L2FjY291bnQtaWQiIC0tcXVlcnkgIlBhcmFtZXRlci5WYWx1ZSIgLS1vdXRwdXQgdGV4dCkKICAgICAgLSBBRlRfRVhFQ19ST0xFX0FSTj1hcm46JEFXU19QQVJUSVRJT046aWFtOjokQUZUX01HTVRfQUNDT1VOVDpyb2xlL0FXU0FGVEV4ZWN1dGlvbgogICAgICAtIFZFTkRFRF9FWEVDX1JPTEVfQVJOPWFybjokQVdTX1BBUlRJVElPTjppYW06OiRWRU5ERURfQUNDT1VOVF9JRDpyb2xlL0FXU0FGVEV4ZWN1dGlvbgogICAgICAtIEFGVF9BRE1JTl9ST0xFX05BTUU9JChhd3Mgc3NtIGdldC1wYXJhbWV0ZXIgLS1uYW1lIC9hZnQvcmVzb3VyY2VzL2lhbS9hZnQtYWRtaW5pc3RyYXRvci1yb2xlLW5hbWUgfCBqcSAtLXJhdy1vdXRwdXQgIi5QYXJhbWV0ZXIuVmFsdWUiKQogICAgICAtIEFGVF9BRE1JTl9ST0xFX0FSTj1hcm46JEFXU19QQVJUSVRJT046aWFtOjokQUZUX01HTVRfQUNDT1VOVDpyb2xlLyRBRlRfQURNSU5fUk9MRV9OQU1FCiAgICAgIC0gUk9MRV9TRVNTSU9OX05BTUU9JChhd3Mgc3NtIGdldC1wYXJhbWV0ZXIgLS1uYW1lIC9hZnQvcmVzb3VyY2VzL2lhbS9hZnQtc2Vzc2lvbi1uYW1lIHwganEgLS1yYXctb3V0cHV0ICIuUGFyYW1ldGVyLlZhbHVlIikKICAgICAgLSB8CiAgICAgICAgQ1VTVE9NSVpBVElPTj0kKGF3cyBkeW5hbW9kYiBnZXQtaXRlbSAtLXRhYmxlLW5hbWUgYWZ0LXJlcXVlc3QtbWV0YWRhdGEgLS1rZXkgIntcImlkXCI6IHtcIlNcIjogXCIkVkVOREVEX0FDQ09VTlRfSURcIn19IiAtLWF0dHJpYnV0ZXMtdG8tZ2V0ICJhY2NvdW50X2N1c3RvbWl6YXRpb25zX25hbWUiIHwganEgLS1yYXctb3V0cHV0ICIuSXRlbS5hY2NvdW50X2N1c3RvbWl6YXRpb25zX25hbWUuUyIpCgogICAgICAjIENoZWNrIGlmIGN1c3RvbWl6YXRpb24gZGlyZWN0b3J5IGV4aXN0cyAgICAgICAKICAgICAgLSB8CiAgICAgICAgaWYgW1sgISAteiAiJENVU1RPTUlaQVRJT04iIF1dOyB0aGVuICAKICAgICAgICAgIGlmIFtbICEgLWQgIiRERUZBVUxUX1BBVEgvJENVU1RPTUlaQVRJT04iIF1dOyB0aGVuCiAgICAgICAgICAgIGVjaG8gIkVycm9yOiAke0NVU1RPTUlaQVRJT059IGRpcmVjdG9yeSBkb2VzIG5vdCBleGlzdCIKICAgICAgICAgICAgZXhpdCAxCiAgICAgICAgICBmaQogICAgICAgICAgCiAgICAgICAgICBlY2hvICJGb3VuZCBjdXN0b21pemF0aW9uIiAkQ1VTVE9NSVpBVElPTgoKICAgICAgICAgICMgQ29uZmlndXJlIERldmVsb3BtZW50IFNTSCBLZXkKICAgICAgICAgIHNzaF9rZXlfcGFyYW1ldGVyPSQoYXdzIHNzbSBnZXQtcGFyYW1ldGVyIC0tbmFtZSAvYWZ0L2NvbmZpZy9hZnQtc3NoLWtleSAtLXdpdGgtZGVjcnlwdGlvbiAyPiAvZGV2L251bGwgfHwgZWNobyAiTm9uZSIpCgogICAgICAgICAgaWYgW1sgJHNzaF9rZXlfcGFyYW1ldGVyICE9ICJOb25lIiBdXTsgdGhlbgogICAgICAgICAgICBzc2hfa2V5PSQoanEgLS1yYXctb3V0cHV0ICIuUGFyYW1ldGVyLlZhbHVlIiA8PDwgJHNzaF9rZXlfcGFyYW1ldGVyKQogICAgICAgICAgICBta2RpciAtcCB+Ly5zc2gKICAgICAgICAgICAgZWNobyAiSG9zdCAqIiA+PiB+Ly5zc2gvY29uZmlnCiAgICAgICAgICAgIGVjaG8gIlN0cmljdEhvc3RLZXlDaGVja2luZyBubyIgPj4gfi8uc3NoL2NvbmZpZwogICAgICAgICAgICBlY2hvICJVc2VyS25vd25Ib3N0c0ZpbGU9L2Rldi9udWxsIiA+PiB+Ly5zc2gvY29uZmlnCiAgICAgICAgICAgIGVjaG8gIiRzc2hfa2V5IiA+IH4vLnNzaC9zc2hfa2V5CiAgICAgICAgICAgIGVjaG8gLWUgIlxuXG4iID4+ICB+Ly5zc2gvc3NoX2tleQogICAgICAgICAgICBjaG1vZCA2MDAgfi8uc3NoL3NzaF9rZXkKICAgICAgICAgICAgZXZhbCAiJChzc2gtYWdlbnQgLXMpIgogICAgICAgICAgICBzc2gtYWRkIH4vLnNzaC9zc2hfa2V5CiAgICAgICAgICBmaSAgIAoKICAgICAgICAgICMgQ2xvbmUgQUZUCiAgICAgICAgICBBV1NfTU9EVUxFX1NPVVJDRT0kKGF3cyBzc20gZ2V0LXBhcmFtZXRlciAtLW5hbWUgIi9hZnQvY29uZmlnL2FmdC1waXBlbGluZS1jb2RlLXNvdXJjZS9yZXBvLXVybCIgLS1xdWVyeSAiUGFyYW1ldGVyLlZhbHVlIiAtLW91dHB1dCB0ZXh0KQogICAgICAgICAgQVdTX01PRFVMRV9HSVRfUkVGPSQoYXdzIHNzbSBnZXQtcGFyYW1ldGVyIC0tbmFtZSAiL2FmdC9jb25maWcvYWZ0LXBpcGVsaW5lLWNvZGUtc291cmNlL3JlcG8tZ2l0LXJlZiIgLS1xdWVyeSAiUGFyYW1ldGVyLlZhbHVlIiAtLW91dHB1dCB0ZXh0KQogICAgICAgICAgZ2l0IGNvbmZpZyAtLWdsb2JhbCBjcmVkZW50aWFsLmhlbHBlciAnIWF3cyBjb2RlY29tbWl0IGNyZWRlbnRpYWwtaGVscGVyICRAJwogICAgICAgICAgZ2l0IGNvbmZpZyAtLWdsb2JhbCBjcmVkZW50aWFsLlVzZUh0dHBQYXRoIHRydWUKICAgICAgICAgIGdpdCBjbG9uZSAtLXF1aWV0IC1iICRBV1NfTU9EVUxFX0dJVF9SRUYgJEFXU19NT0RVTEVfU09VUkNFIGF3cy1hZnQtY29yZS1mcmFtZXdvcmsKCiAgICAgICAgICAjIEluc3RhbGwgQUZUIFB5dGhvbiBEZXBlbmRlbmNpZXMKICAgICAgICAgIHB5dGhvbjMgLW0gdmVudiAkREVGQVVMVF9QQVRIL2FmdC12ZW52CiAgICAgICAgICAkREVGQVVMVF9QQVRIL2FmdC12ZW52L2Jpbi9waXAgaW5zdGFsbCBwaXA9PTIyLjEuMgogICAgICAgICAgJERFRkFVTFRfUEFUSC9hZnQtdmVudi9iaW4vcGlwIGluc3RhbGwgamluamEyLWNsaT09MC43LjAgSmluamEyPT0zLjAuMSBNYXJrdXBTYWZlPT0yLjAuMSBib3RvMz09MS4xOC41NiByZXF1ZXN0cz09Mi4yNi4wCgogICAgICAgICAgIyBJbnN0YWxsIEFQSSBIZWxwZXIgUHl0aG9uIERlcGVuZGVuY2llcwogICAgICAgICAgcHl0aG9uMyAtbSB2ZW52ICRERUZBVUxUX1BBVEgvYXBpLWhlbHBlcnMtdmVudgogICAgICAgICAgJERFRkFVTFRfUEFUSC9hcGktaGVscGVycy12ZW52L2Jpbi9waXAgaW5zdGFsbCAtciAkREVGQVVMVF9QQVRILyRDVVNUT01JWkFUSU9OL2FwaV9oZWxwZXJzL3B5dGhvbi9yZXF1aXJlbWVudHMudHh0CgogICAgICAgICAgIyBNYXJrIGhlbHBlciBzY3JpcHRzIGFzIGV4ZWN1dGFibGUKICAgICAgICAgIGNobW9kICt4ICRERUZBVUxUX1BBVEgvJENVU1RPTUlaQVRJT04vYXBpX2hlbHBlcnMvcHJlLWFwaS1oZWxwZXJzLnNoCiAgICAgICAgICBjaG1vZCAreCAkREVGQVVMVF9QQVRILyRDVVNUT01JWkFUSU9OL2FwaV9oZWxwZXJzL3Bvc3QtYXBpLWhlbHBlcnMuc2gKCiAgICAgICAgICAjIEdlbmVyYXRlIHNlc3Npb24gcHJvZmlsZXMKICAgICAgICAgIGNobW9kICt4ICRERUZBVUxUX1BBVEgvYXdzLWFmdC1jb3JlLWZyYW1ld29yay9zb3VyY2VzL3NjcmlwdHMvY3JlZHMuc2gKICAgICAgICAgICRERUZBVUxUX1BBVEgvYXdzLWFmdC1jb3JlLWZyYW1ld29yay9zb3VyY2VzL3NjcmlwdHMvY3JlZHMuc2gKICAgICAgICBmaQoKCiAgcHJlX2J1aWxkOgogICAgb24tZmFpbHVyZTogQUJPUlQKICAgIGNvbW1hbmRzOgogICAgICAtIHwKICAgICAgICBpZiBbWyAhIC16ICIkQ1VTVE9NSVpBVElPTiIgXV07IHRoZW4gCiAgICAgICAgICBzb3VyY2UgJERFRkFVTFRfUEFUSC9hcGktaGVscGVycy12ZW52L2Jpbi9hY3RpdmF0ZQogICAgICAgICAgZXhwb3J0IEFXU19QUk9GSUxFPWFmdC10YXJnZXQKICAgICAgICAgICRERUZBVUxUX1BBVEgvJENVU1RPTUlaQVRJT04vYXBpX2hlbHBlcnMvcHJlLWFwaS1oZWxwZXJzLnNoCiAgICAgICAgICB1bnNldCBBV1NfUFJPRklMRQogICAgICAgIGZpCgogIGJ1aWxkOgogICAgb24tZmFpbHVyZTogQ09OVElOVUUKICAgIGNvbW1hbmRzOgogICAgICAjIEFwcGx5IEN1c3RvbWl6YXRpb25zCiAgICAgIC0gfAogICAgICAgIGlmIFtbICEgLXogIiRDVVNUT01JWkFUSU9OIiBdXTsgdGhlbiAKICAgICAgICAgIHNvdXJjZSAkREVGQVVMVF9QQVRIL2FmdC12ZW52L2Jpbi9hY3RpdmF0ZQogICAgICAgICAgaWYgWyAkVEZfRElTVFJJQlVUSU9OID0gIm9zcyIgXTsgdGhlbgogICAgICAgICAgICBURl9CQUNLRU5EX1JFR0lPTj0kKGF3cyBzc20gZ2V0LXBhcmFtZXRlciAtLW5hbWUgIi9hZnQvY29uZmlnL29zcy1iYWNrZW5kL3ByaW1hcnktcmVnaW9uIiAtLXF1ZXJ5ICJQYXJhbWV0ZXIuVmFsdWUiIC0tb3V0cHV0IHRleHQpCiAgICAgICAgICAgIFRGX0tNU19LRVlfSUQ9JChhd3Mgc3NtIGdldC1wYXJhbWV0ZXIgLS1uYW1lICIvYWZ0L2NvbmZpZy9vc3MtYmFja2VuZC9rbXMta2V5LWlkIiAtLXF1ZXJ5ICJQYXJhbWV0ZXIuVmFsdWUiIC0tb3V0cHV0IHRleHQpCiAgICAgICAgICAgIFRGX0REQl9UQUJMRT0kKGF3cyBzc20gZ2V0LXBhcmFtZXRlciAtLW5hbWUgIi9hZnQvY29uZmlnL29zcy1iYWNrZW5kL3RhYmxlLWlkIiAtLXF1ZXJ5ICJQYXJhbWV0ZXIuVmFsdWUiIC0tb3V0cHV0IHRleHQpCiAgICAgICAgICAgIFRGX1MzX0JVQ0tFVD0kKGF3cyBzc20gZ2V0LXBhcmFtZXRlciAtLW5hbWUgIi9hZnQvY29uZmlnL29zcy1iYWNrZW5kL2J1Y2tldC1pZCIgLS1xdWVyeSAiUGFyYW1ldGVyLlZhbHVlIiAtLW91dHB1dCB0ZXh0KQogICAgICAgICAgICBURl9TM19LRVk9JFZFTkRFRF9BQ0NPVU5UX0lELWFmdC1hY2NvdW50LWN1c3RvbWl6YXRpb25zL3RlcnJhZm9ybS50ZnN0YXRlCgogICAgICAgICAgICBjZCAvdG1wCiAgICAgICAgICAgIGVjaG8gIkluc3RhbGxpbmcgVGVycmFmb3JtIgogICAgICAgICAgICBjdXJsIC1xIC1vIHRlcnJhZm9ybV8ke1RGX1ZFUlNJT059X2xpbnV4X2FtZDY0LnppcCBodHRwczovL3JlbGVhc2VzLmhhc2hpY29ycC5jb20vdGVycmFmb3JtLyR7VEZfVkVSU0lPTn0vdGVycmFmb3JtXyR7VEZfVkVSU0lPTn1fbGludXhfYW1kNjQuemlwCiAgICAgICAgICAgIG1rZGlyIC1wIC9vcHQvYWZ0L2JpbgogICAgICAgICAgICB1bnppcCAtcSAtbyB0ZXJyYWZvcm1fJHtURl9WRVJTSU9OfV9saW51eF9hbWQ2NC56aXAgCiAgICAgICAgICAgIG12IHRlcnJhZm9ybSAvb3B0L2FmdC9iaW4KICAgICAgICAgICAgL29wdC9hZnQvYmluL3RlcnJhZm9ybSAtLXZlcnNpb24KCiAgICAgICAgICAgIGNkICRERUZBVUxUX1BBVEgvJENVU1RPTUlaQVRJT04vdGVycmFmb3JtCiAgICAgICAgICAgIGZvciBmIGluICouamluamE7IGRvIGppbmphMiAkZiAtRCB0aW1lc3RhbXA9IiRUSU1FU1RBTVAiIC1EIHRmX2Rpc3RyaWJ1dGlvbl90eXBlPSRURl9ESVNUUklCVVRJT04gLUQgcHJvdmlkZXJfcmVnaW9uPSRDVF9NR01UX1JFR0lPTiAtRCByZWdpb249JFRGX0JBQ0tFTkRfUkVHSU9OIC1EIGFmdF9hZG1pbl9yb2xlX2Fybj0kQUZUX0VYRUNfUk9MRV9BUk4gLUQgdGFyZ2V0X2FkbWluX3JvbGVfYXJuPSRWRU5ERURfRVhFQ19ST0xFX0FSTiAtRCBidWNrZXQ9JFRGX1MzX0JVQ0tFVCAtRCBrZXk9JFRGX1MzX0tFWSAtRCBkeW5hbW9kYl90YWJsZT0kVEZfRERCX1RBQkxFIC1EIGttc19rZXlfaWQ9JFRGX0tNU19LRVlfSUQgPj4gLi8kKGJhc2VuYW1lICRmIC5qaW5qYSkudGY7IGRvbmUKICAgICAgICAgICAgZm9yIGYgaW4gKi50ZjsgZG8gZWNobyAiXG4gXG4iOyBlY2hvICRmOyBjYXQgJGY7IGRvbmUKICAgICAgICAgICAgCiAgICAgICAgICAgIGNkICRERUZBVUxUX1BBVEgvJENVU1RPTUlaQVRJT04vdGVycmFmb3JtCiAgICAgICAgICAgIGV4cG9ydCBBV1NfUFJPRklMRT1hZnQtbWFuYWdlbWVudC1hZG1pbgogICAgICAgICAgICAvb3B0L2FmdC9iaW4vdGVycmFmb3JtIGluaXQKICAgICAgICAgICAgL29wdC9hZnQvYmluL3RlcnJhZm9ybSBhcHBseSAtLWF1dG8tYXBwcm92ZQogICAgICAgICAgZWxzZQogICAgICAgICAgICBURl9CQUNLRU5EX1JFR0lPTj0kKGF3cyBzc20gZ2V0LXBhcmFtZXRlciAtLW5hbWUgIi9hZnQvY29uZmlnL29zcy1iYWNrZW5kL3ByaW1hcnktcmVnaW9uIiAtLXF1ZXJ5ICJQYXJhbWV0ZXIuVmFsdWUiIC0tb3V0cHV0IHRleHQpCiAgICAgICAgICAgIFRGX09SR19OQU1FPSQoYXdzIHNzbSBnZXQtcGFyYW1ldGVyIC0tbmFtZSAiL2FmdC9jb25maWcvdGVycmFmb3JtL29yZy1uYW1lIiAtLXF1ZXJ5ICJQYXJhbWV0ZXIuVmFsdWUiIC0tb3V0cHV0IHRleHQpCiAgICAgICAgICAgIFRGX1RPS0VOPSQoYXdzIHNzbSBnZXQtcGFyYW1ldGVyIC0tbmFtZSAiL2FmdC9jb25maWcvdGVycmFmb3JtL3Rva2VuIiAtLXdpdGgtZGVjcnlwdGlvbiAtLXF1ZXJ5ICJQYXJhbWV0ZXIuVmFsdWUiIC0tb3V0cHV0IHRleHQpCiAgICAgICAgICAgIFRGX0VORFBPSU5UPSQoYXdzIHNzbSBnZXQtcGFyYW1ldGVyIC0tbmFtZSAiL2FmdC9jb25maWcvdGVycmFmb3JtL2FwaS1lbmRwb2ludCIgLS1xdWVyeSAiUGFyYW1ldGVyLlZhbHVlIiAtLW91dHB1dCB0ZXh0KQogICAgICAgICAgICBURl9XT1JLU1BBQ0VfTkFNRT0kVkVOREVEX0FDQ09VTlRfSUQtYWZ0LWFjY291bnQtY3VzdG9taXphdGlvbnMKICAgICAgICAgICAgVEZfQ09ORklHX1BBVEg9Ii4vdGVtcF9jb25maWd1cmF0aW9uX2ZpbGUudGFyLmd6IgoKICAgICAgICAgICAgY2QgJERFRkFVTFRfUEFUSC8kQ1VTVE9NSVpBVElPTi90ZXJyYWZvcm0KICAgICAgICAgICAgZm9yIGYgaW4gKi5qaW5qYTsgZG8gamluamEyICRmIC1EIHRpbWVzdGFtcD0iJFRJTUVTVEFNUCIgLUQgcHJvdmlkZXJfcmVnaW9uPSRDVF9NR01UX1JFR0lPTiAtRCB0Zl9kaXN0cmlidXRpb25fdHlwZT0kVEZfRElTVFJJQlVUSU9OIC1EIGFmdF9hZG1pbl9yb2xlX2Fybj0kQUZUX0VYRUNfUk9MRV9BUk4gLUQgdGFyZ2V0X2FkbWluX3JvbGVfYXJuPSRWRU5ERURfRVhFQ19ST0xFX0FSTiAtRCB0ZXJyYWZvcm1fb3JnX25hbWU9JFRGX09SR19OQU1FIC1EIHRlcnJhZm9ybV93b3Jrc3BhY2VfbmFtZT0kVEZfV09SS1NQQUNFX05BTUUgID4+IC4vJChiYXNlbmFtZSAkZiAuamluamEpLnRmOyBkb25lCiAgICAgICAgICAgIGZvciBmIGluICoudGY7IGRvIGVjaG8gIlxuIFxuIjsgZWNobyAkZjsgY2F0ICRmOyBkb25lCiAgICAgICAgICAgIAogICAgICAgICAgICBjZCAkREVGQVVMVF9QQVRILyRDVVNUT01JWkFUSU9OCiAgICAgICAgICAgIHRhciAtY3pmIHRlbXBfY29uZmlndXJhdGlvbl9maWxlLnRhci5neiAtQyB0ZXJyYWZvcm0gLS1leGNsdWRlIC5naXQgLS1leGNsdWRlIHZlbnYgLgogICAgICAgICAgICBweXRob24zICRERUZBVUxUX1BBVEgvYXdzLWFmdC1jb3JlLWZyYW1ld29yay9zb3VyY2VzL3NjcmlwdHMvd29ya3NwYWNlX21hbmFnZXIucHkgLS1vcGVyYXRpb24gImRlcGxveSIgLS1vcmdhbml6YXRpb25fbmFtZSAkVEZfT1JHX05BTUUgLS13b3Jrc3BhY2VfbmFtZSAkVEZfV09SS1NQQUNFX05BTUUgLS1hc3N1bWVfcm9sZV9hcm4gJEFGVF9BRE1JTl9ST0xFX0FSTiAtLWFzc3VtZV9yb2xlX3Nlc3Npb25fbmFtZSAkUk9MRV9TRVNTSU9OX05BTUUgLS1hcGlfZW5kcG9pbnQgJFRGX0VORFBPSU5UIC0tYXBpX3Rva2VuICRURl9UT0tFTiAtLXRlcnJhZm9ybV92ZXJzaW9uICRURl9WRVJTSU9OIC0tY29uZmlnX2ZpbGUgJFRGX0NPTkZJR19QQVRICiAgICAgICAgICBmaQogICAgICAgIGZpCiAgcG9zdF9idWlsZDoKICAgIG9uLWZhaWx1cmU6IEFCT1JUCiAgICBjb21tYW5kczoKICAgICAgLSB8CiAgICAgICAgaWYgW1sgISAteiAiJENVU1RPTUlaQVRJT04iIF1dOyB0aGVuCiAgICAgICAgICBleHBvcnQgUFlUSE9OUEFUSD0iJERFRkFVTFRfUEFUSC9hd3MtYWZ0LWNvcmUtZnJhbWV3b3JrL3NvdXJjZXMvYWZ0LWxhbWJkYS1sYXllcjokUFlUSE9OUEFUSCIKICAgICAgICAgIGV4cG9ydCBBV1NfUFJPRklMRT1hZnQtbWFuYWdlbWVudAogICAgICAgICAgcHl0aG9uMyAkREVGQVVMVF9QQVRIL2F3cy1hZnQtY29yZS1mcmFtZXdvcmsvc291cmNlcy9hZnQtbGFtYmRhLWxheWVyL2FmdF9jb21tb24vcmVwb3J0X21ldHJpY3MucHkgLS1jb2RlYnVpbGQtbmFtZSAiYWZ0LWFjY291bnQtY3VzdG9taXphdGlvbnMiIC0tY29kZWJ1aWxkLXN0YXR1cyAkQ09ERUJVSUxEX0JVSUxEX1NVQ0NFRURJTkcKICAgICAgICAgIHVuc2V0IEFXU19QUk9GSUxFCiAgICAgICAgZmkKICAgICAgLSB8CiAgICAgICAgaWYgW1sgJENPREVCVUlMRF9CVUlMRF9TVUNDRUVESU5HID09IDAgXV07IHRoZW4KICAgICAgICAgIGV4aXQgMQogICAgICAgIGZpCiAgICAgIC0gfAogICAgICAgIGlmIFtbICEgLXogIiRDVVNUT01JWkFUSU9OIiBdXTsgdGhlbiAKICAgICAgICAgIHNvdXJjZSAkREVGQVVMVF9QQVRIL2FwaS1oZWxwZXJzLXZlbnYvYmluL2FjdGl2YXRlCiAgICAgICAgICBleHBvcnQgQVdTX1BST0ZJTEU9YWZ0LXRhcmdldAogICAgICAgICAgJERFRkFVTFRfUEFUSC8kQ1VTVE9NSVpBVElPTi9hcGlfaGVscGVycy9wb3N0LWFwaS1oZWxwZXJzLnNoCiAgICAgICAgZmkK",
            "filename": ".terraform/modules/aft/modules/aft-customizations/buildspecs/aft-account-customizations-terraform.yml",
            "id": "06584eeb5e044283f51cc7decd799dac27ed3343"
          },
          "sensitive_attributes": []
        }
      ]
    },
    {
      "module": "module.aft.module.aft_customizations",
      "mode": "data",
      "type": "local_file",
      "name": "aft_create_pipeline",
      "provider": "provider[\"registry.terraform.io/hashicorp/local\"]",
      "instances": [
        {
          "schema_version": 0,
          "attributes": {
            "content": "# Copyright Amazon.com, Inc. or its affiliates. All rights reserved.\n# SPDX-License-Identifier: Apache-2.0\n#\nversion: 0.2\n\nphases:\n  install:\n    commands:\n      - set -e\n      # Populate Required Variables\n      - DEFAULT_PATH=$(pwd)\n      - TIMESTAMP=$(date '+%Y-%m-%d %H:%M:%S')\n      - TF_S3_BUCKET=$(aws ssm get-parameter --name $SSM_TF_S3_BUCKET --query \"Parameter.Value\" --output text)\n      - TF_S3_KEY=$VENDED_ACCOUNT_ID-customizations-pipeline/terraform.tfstate\n      - TF_BACKEND_REGION=$(aws ssm get-parameter --name $SSM_TF_BACKEND_REGION --query \"Parameter.Value\" --output text)\n      - TF_KMS_KEY_ID=$(aws ssm get-parameter --name $SSM_TF_KMS_KEY_ID --query \"Parameter.Value\" --output text)\n      - TF_DDB_TABLE=$(aws ssm get-parameter --name $SSM_TF_DDB_TABLE --query \"Parameter.Value\" --output text)\n      - TF_VERSION=$(aws ssm get-parameter --name $SSM_TF_VERSION --query \"Parameter.Value\" --output text)\n\n\n      # Configure Development SSH Key\n      - |\n        ssh_key_parameter=$(aws ssm get-parameter --name /aft/config/aft-ssh-key --with-decryption 2\u003e /dev/null || echo \"None\")\n        if [[ $ssh_key_parameter != \"None\" ]]; then\n          ssh_key=$(jq --raw-output \".Parameter.Value\" \u003c\u003c\u003c $ssh_key_parameter)\n          mkdir -p ~/.ssh\n          echo \"Host *\" \u003e\u003e ~/.ssh/config\n          echo \"StrictHostKeyChecking no\" \u003e\u003e ~/.ssh/config\n          echo \"UserKnownHostsFile=/dev/null\" \u003e\u003e ~/.ssh/config\n          echo \"$ssh_key\" \u003e ~/.ssh/ssh_key\n          echo -e \"\\n\\n\" \u003e\u003e  ~/.ssh/ssh_key\n          chmod 600 ~/.ssh/ssh_key\n          eval \"$(ssh-agent -s)\"\n          ssh-add ~/.ssh/ssh_key\n        fi\n\n      # Clone AFT\n      - AWS_MODULE_SOURCE=$(aws ssm get-parameter --name $SSM_AWS_MODULE_SOURCE --query \"Parameter.Value\" --output text)\n      - AWS_MODULE_GIT_REF=$(aws ssm get-parameter --name $SSM_AWS_MODULE_GIT_REF --query \"Parameter.Value\" --output text)\n      - git config --global credential.helper '!aws codecommit credential-helper $@'\n      - git config --global credential.UseHttpPath true\n      - git clone --quiet -b $AWS_MODULE_GIT_REF $AWS_MODULE_SOURCE aws-aft-core-framework\n\n      # Generate session profiles\n      - chmod +x $DEFAULT_PATH/aws-aft-core-framework/sources/scripts/creds.sh\n      - $DEFAULT_PATH/aws-aft-core-framework/sources/scripts/creds.sh\n\n      # Install Terraform\n      - cd /tmp\n      - echo \"Installing Terraform\"\n      - curl -q -o terraform_${TF_VERSION}_linux_amd64.zip https://releases.hashicorp.com/terraform/${TF_VERSION}/terraform_${TF_VERSION}_linux_amd64.zip\n      - unzip -q -o terraform_${TF_VERSION}_linux_amd64.zip \u0026\u0026 mv terraform /usr/bin\n      - terraform --version\n\n      # Install Python Dependencies\n      - python3 -m venv ./venv\n      - source ./venv/bin/activate\n      - pip install pip==22.1.2\n      - pip install jinja2-cli==0.7.0 Jinja2==3.0.1\n\n  pre_build:\n    on-failure: ABORT\n    commands:\n      - cd $DEFAULT_PATH/aws-aft-core-framework/sources/aft-customizations-common/templates/customizations_pipeline\n      - for f in *.jinja; do jinja2 $f -D timestamp=\"$TIMESTAMP\" -D region=$TF_BACKEND_REGION -D bucket=$TF_S3_BUCKET -D key=$TF_S3_KEY -D dynamodb_table=$TF_DDB_TABLE -D kms_key_id=$TF_KMS_KEY_ID \u003e\u003e $(basename $f .jinja).tf; done\n      - for f in *.tf; do echo \"\\n \\n\"; echo $f; cat $f; done\n  build:\n    on-failure: ABORT\n    commands:\n      - export AWS_PROFILE=aft-management-admin\n      - terraform init\n      - terraform apply -var=\"account_id=$VENDED_ACCOUNT_ID\" --auto-approve\n",
            "content_base64": "IyBDb3B5cmlnaHQgQW1hem9uLmNvbSwgSW5jLiBvciBpdHMgYWZmaWxpYXRlcy4gQWxsIHJpZ2h0cyByZXNlcnZlZC4KIyBTUERYLUxpY2Vuc2UtSWRlbnRpZmllcjogQXBhY2hlLTIuMAojCnZlcnNpb246IDAuMgoKcGhhc2VzOgogIGluc3RhbGw6CiAgICBjb21tYW5kczoKICAgICAgLSBzZXQgLWUKICAgICAgIyBQb3B1bGF0ZSBSZXF1aXJlZCBWYXJpYWJsZXMKICAgICAgLSBERUZBVUxUX1BBVEg9JChwd2QpCiAgICAgIC0gVElNRVNUQU1QPSQoZGF0ZSAnKyVZLSVtLSVkICVIOiVNOiVTJykKICAgICAgLSBURl9TM19CVUNLRVQ9JChhd3Mgc3NtIGdldC1wYXJhbWV0ZXIgLS1uYW1lICRTU01fVEZfUzNfQlVDS0VUIC0tcXVlcnkgIlBhcmFtZXRlci5WYWx1ZSIgLS1vdXRwdXQgdGV4dCkKICAgICAgLSBURl9TM19LRVk9JFZFTkRFRF9BQ0NPVU5UX0lELWN1c3RvbWl6YXRpb25zLXBpcGVsaW5lL3RlcnJhZm9ybS50ZnN0YXRlCiAgICAgIC0gVEZfQkFDS0VORF9SRUdJT049JChhd3Mgc3NtIGdldC1wYXJhbWV0ZXIgLS1uYW1lICRTU01fVEZfQkFDS0VORF9SRUdJT04gLS1xdWVyeSAiUGFyYW1ldGVyLlZhbHVlIiAtLW91dHB1dCB0ZXh0KQogICAgICAtIFRGX0tNU19LRVlfSUQ9JChhd3Mgc3NtIGdldC1wYXJhbWV0ZXIgLS1uYW1lICRTU01fVEZfS01TX0tFWV9JRCAtLXF1ZXJ5ICJQYXJhbWV0ZXIuVmFsdWUiIC0tb3V0cHV0IHRleHQpCiAgICAgIC0gVEZfRERCX1RBQkxFPSQoYXdzIHNzbSBnZXQtcGFyYW1ldGVyIC0tbmFtZSAkU1NNX1RGX0REQl9UQUJMRSAtLXF1ZXJ5ICJQYXJhbWV0ZXIuVmFsdWUiIC0tb3V0cHV0IHRleHQpCiAgICAgIC0gVEZfVkVSU0lPTj0kKGF3cyBzc20gZ2V0LXBhcmFtZXRlciAtLW5hbWUgJFNTTV9URl9WRVJTSU9OIC0tcXVlcnkgIlBhcmFtZXRlci5WYWx1ZSIgLS1vdXRwdXQgdGV4dCkKCgogICAgICAjIENvbmZpZ3VyZSBEZXZlbG9wbWVudCBTU0ggS2V5CiAgICAgIC0gfAogICAgICAgIHNzaF9rZXlfcGFyYW1ldGVyPSQoYXdzIHNzbSBnZXQtcGFyYW1ldGVyIC0tbmFtZSAvYWZ0L2NvbmZpZy9hZnQtc3NoLWtleSAtLXdpdGgtZGVjcnlwdGlvbiAyPiAvZGV2L251bGwgfHwgZWNobyAiTm9uZSIpCiAgICAgICAgaWYgW1sgJHNzaF9rZXlfcGFyYW1ldGVyICE9ICJOb25lIiBdXTsgdGhlbgogICAgICAgICAgc3NoX2tleT0kKGpxIC0tcmF3LW91dHB1dCAiLlBhcmFtZXRlci5WYWx1ZSIgPDw8ICRzc2hfa2V5X3BhcmFtZXRlcikKICAgICAgICAgIG1rZGlyIC1wIH4vLnNzaAogICAgICAgICAgZWNobyAiSG9zdCAqIiA+PiB+Ly5zc2gvY29uZmlnCiAgICAgICAgICBlY2hvICJTdHJpY3RIb3N0S2V5Q2hlY2tpbmcgbm8iID4+IH4vLnNzaC9jb25maWcKICAgICAgICAgIGVjaG8gIlVzZXJLbm93bkhvc3RzRmlsZT0vZGV2L251bGwiID4+IH4vLnNzaC9jb25maWcKICAgICAgICAgIGVjaG8gIiRzc2hfa2V5IiA+IH4vLnNzaC9zc2hfa2V5CiAgICAgICAgICBlY2hvIC1lICJcblxuIiA+PiAgfi8uc3NoL3NzaF9rZXkKICAgICAgICAgIGNobW9kIDYwMCB+Ly5zc2gvc3NoX2tleQogICAgICAgICAgZXZhbCAiJChzc2gtYWdlbnQgLXMpIgogICAgICAgICAgc3NoLWFkZCB+Ly5zc2gvc3NoX2tleQogICAgICAgIGZpCgogICAgICAjIENsb25lIEFGVAogICAgICAtIEFXU19NT0RVTEVfU09VUkNFPSQoYXdzIHNzbSBnZXQtcGFyYW1ldGVyIC0tbmFtZSAkU1NNX0FXU19NT0RVTEVfU09VUkNFIC0tcXVlcnkgIlBhcmFtZXRlci5WYWx1ZSIgLS1vdXRwdXQgdGV4dCkKICAgICAgLSBBV1NfTU9EVUxFX0dJVF9SRUY9JChhd3Mgc3NtIGdldC1wYXJhbWV0ZXIgLS1uYW1lICRTU01fQVdTX01PRFVMRV9HSVRfUkVGIC0tcXVlcnkgIlBhcmFtZXRlci5WYWx1ZSIgLS1vdXRwdXQgdGV4dCkKICAgICAgLSBnaXQgY29uZmlnIC0tZ2xvYmFsIGNyZWRlbnRpYWwuaGVscGVyICchYXdzIGNvZGVjb21taXQgY3JlZGVudGlhbC1oZWxwZXIgJEAnCiAgICAgIC0gZ2l0IGNvbmZpZyAtLWdsb2JhbCBjcmVkZW50aWFsLlVzZUh0dHBQYXRoIHRydWUKICAgICAgLSBnaXQgY2xvbmUgLS1xdWlldCAtYiAkQVdTX01PRFVMRV9HSVRfUkVGICRBV1NfTU9EVUxFX1NPVVJDRSBhd3MtYWZ0LWNvcmUtZnJhbWV3b3JrCgogICAgICAjIEdlbmVyYXRlIHNlc3Npb24gcHJvZmlsZXMKICAgICAgLSBjaG1vZCAreCAkREVGQVVMVF9QQVRIL2F3cy1hZnQtY29yZS1mcmFtZXdvcmsvc291cmNlcy9zY3JpcHRzL2NyZWRzLnNoCiAgICAgIC0gJERFRkFVTFRfUEFUSC9hd3MtYWZ0LWNvcmUtZnJhbWV3b3JrL3NvdXJjZXMvc2NyaXB0cy9jcmVkcy5zaAoKICAgICAgIyBJbnN0YWxsIFRlcnJhZm9ybQogICAgICAtIGNkIC90bXAKICAgICAgLSBlY2hvICJJbnN0YWxsaW5nIFRlcnJhZm9ybSIKICAgICAgLSBjdXJsIC1xIC1vIHRlcnJhZm9ybV8ke1RGX1ZFUlNJT059X2xpbnV4X2FtZDY0LnppcCBodHRwczovL3JlbGVhc2VzLmhhc2hpY29ycC5jb20vdGVycmFmb3JtLyR7VEZfVkVSU0lPTn0vdGVycmFmb3JtXyR7VEZfVkVSU0lPTn1fbGludXhfYW1kNjQuemlwCiAgICAgIC0gdW56aXAgLXEgLW8gdGVycmFmb3JtXyR7VEZfVkVSU0lPTn1fbGludXhfYW1kNjQuemlwICYmIG12IHRlcnJhZm9ybSAvdXNyL2JpbgogICAgICAtIHRlcnJhZm9ybSAtLXZlcnNpb24KCiAgICAgICMgSW5zdGFsbCBQeXRob24gRGVwZW5kZW5jaWVzCiAgICAgIC0gcHl0aG9uMyAtbSB2ZW52IC4vdmVudgogICAgICAtIHNvdXJjZSAuL3ZlbnYvYmluL2FjdGl2YXRlCiAgICAgIC0gcGlwIGluc3RhbGwgcGlwPT0yMi4xLjIKICAgICAgLSBwaXAgaW5zdGFsbCBqaW5qYTItY2xpPT0wLjcuMCBKaW5qYTI9PTMuMC4xCgogIHByZV9idWlsZDoKICAgIG9uLWZhaWx1cmU6IEFCT1JUCiAgICBjb21tYW5kczoKICAgICAgLSBjZCAkREVGQVVMVF9QQVRIL2F3cy1hZnQtY29yZS1mcmFtZXdvcmsvc291cmNlcy9hZnQtY3VzdG9taXphdGlvbnMtY29tbW9uL3RlbXBsYXRlcy9jdXN0b21pemF0aW9uc19waXBlbGluZQogICAgICAtIGZvciBmIGluICouamluamE7IGRvIGppbmphMiAkZiAtRCB0aW1lc3RhbXA9IiRUSU1FU1RBTVAiIC1EIHJlZ2lvbj0kVEZfQkFDS0VORF9SRUdJT04gLUQgYnVja2V0PSRURl9TM19CVUNLRVQgLUQga2V5PSRURl9TM19LRVkgLUQgZHluYW1vZGJfdGFibGU9JFRGX0REQl9UQUJMRSAtRCBrbXNfa2V5X2lkPSRURl9LTVNfS0VZX0lEID4+ICQoYmFzZW5hbWUgJGYgLmppbmphKS50ZjsgZG9uZQogICAgICAtIGZvciBmIGluICoudGY7IGRvIGVjaG8gIlxuIFxuIjsgZWNobyAkZjsgY2F0ICRmOyBkb25lCiAgYnVpbGQ6CiAgICBvbi1mYWlsdXJlOiBBQk9SVAogICAgY29tbWFuZHM6CiAgICAgIC0gZXhwb3J0IEFXU19QUk9GSUxFPWFmdC1tYW5hZ2VtZW50LWFkbWluCiAgICAgIC0gdGVycmFmb3JtIGluaXQKICAgICAgLSB0ZXJyYWZvcm0gYXBwbHkgLXZhcj0iYWNjb3VudF9pZD0kVkVOREVEX0FDQ09VTlRfSUQiIC0tYXV0by1hcHByb3ZlCg==",
            "filename": ".terraform/modules/aft/modules/aft-customizations/buildspecs/aft-create-pipeline.yml",
            "id": "278c0e859be0fbe78ebb7dd73f159ef8b3a324be"
          },
          "sensitive_attributes": []
        }
      ]
    },
    {
      "module": "module.aft.module.aft_customizations",
      "mode": "data",
      "type": "local_file",
      "name": "aft_global_customizations_terraform",
      "provider": "provider[\"registry.terraform.io/hashicorp/local\"]",
      "instances": [
        {
          "schema_version": 0,
          "attributes": {
            "content": "# Copyright Amazon.com, Inc. or its affiliates. All rights reserved.\n# SPDX-License-Identifier: Apache-2.0\n#\nversion: 0.2\n\nphases:\n  install:\n    commands:\n      - set -e\n      # Populate Required Variables\n      - DEFAULT_PATH=$(pwd)\n      - TIMESTAMP=$(date '+%Y-%m-%d %H:%M:%S')\n      - TF_VERSION=$(aws ssm get-parameter --name \"/aft/config/terraform/version\" --query \"Parameter.Value\" --output text)\n      - TF_DISTRIBUTION=$(aws ssm get-parameter --name \"/aft/config/terraform/distribution\" --query \"Parameter.Value\" --output text)\n      - CT_MGMT_REGION=$(aws ssm get-parameter --name \"/aft/config/ct-management-region\" --query \"Parameter.Value\" --output text)\n      - AFT_MGMT_ACCOUNT=$(aws ssm get-parameter --name \"/aft/account/aft-management/account-id\" --query \"Parameter.Value\" --output text)\n      - AFT_EXEC_ROLE_ARN=arn:$AWS_PARTITION:iam::$AFT_MGMT_ACCOUNT:role/AWSAFTExecution\n      - VENDED_EXEC_ROLE_ARN=arn:$AWS_PARTITION:iam::$VENDED_ACCOUNT_ID:role/AWSAFTExecution\n      - AFT_ADMIN_ROLE_NAME=$(aws ssm get-parameter --name /aft/resources/iam/aft-administrator-role-name | jq --raw-output \".Parameter.Value\")\n      - AFT_ADMIN_ROLE_ARN=arn:$AWS_PARTITION:iam::$AFT_MGMT_ACCOUNT:role/$AFT_ADMIN_ROLE_NAME\n      - ROLE_SESSION_NAME=$(aws ssm get-parameter --name /aft/resources/iam/aft-session-name | jq --raw-output \".Parameter.Value\")\n\n      # Configure Development SSH Key\n      - |\n        ssh_key_parameter=$(aws ssm get-parameter --name /aft/config/aft-ssh-key --with-decryption 2\u003e /dev/null || echo \"None\")\n        if [[ $ssh_key_parameter != \"None\" ]]; then\n          ssh_key=$(jq --raw-output \".Parameter.Value\" \u003c\u003c\u003c $ssh_key_parameter)\n          mkdir -p ~/.ssh\n          echo \"Host *\" \u003e\u003e ~/.ssh/config\n          echo \"StrictHostKeyChecking no\" \u003e\u003e ~/.ssh/config\n          echo \"UserKnownHostsFile=/dev/null\" \u003e\u003e ~/.ssh/config\n          echo \"$ssh_key\" \u003e ~/.ssh/ssh_key\n          echo -e \"\\n\\n\" \u003e\u003e  ~/.ssh/ssh_key\n          chmod 600 ~/.ssh/ssh_key\n          eval \"$(ssh-agent -s)\"\n          ssh-add ~/.ssh/ssh_key\n        fi\n\n      # Clone AFT\n      - AWS_MODULE_SOURCE=$(aws ssm get-parameter --name \"/aft/config/aft-pipeline-code-source/repo-url\" --query \"Parameter.Value\" --output text)\n      - AWS_MODULE_GIT_REF=$(aws ssm get-parameter --name \"/aft/config/aft-pipeline-code-source/repo-git-ref\" --query \"Parameter.Value\" --output text)\n      - git config --global credential.helper '!aws codecommit credential-helper $@'\n      - git config --global credential.UseHttpPath true\n      - git clone --quiet -b $AWS_MODULE_GIT_REF $AWS_MODULE_SOURCE aws-aft-core-framework\n\n      # Generate session profiles\n      - chmod +x $DEFAULT_PATH/aws-aft-core-framework/sources/scripts/creds.sh\n      - $DEFAULT_PATH/aws-aft-core-framework/sources/scripts/creds.sh\n\n      # Install AFT Python Dependencies\n      - python3 -m venv $DEFAULT_PATH/aft-venv\n      - $DEFAULT_PATH/aft-venv/bin/pip install pip==22.1.2\n      - $DEFAULT_PATH/aft-venv/bin/pip install jinja2-cli==0.7.0 Jinja2==3.0.1 MarkupSafe==2.0.1 boto3==1.18.56 requests==2.26.0\n\n      # Install API Helper Python Dependencies\n      - python3 -m venv $DEFAULT_PATH/api-helpers-venv\n      - $DEFAULT_PATH/api-helpers-venv/bin/pip install -r $DEFAULT_PATH/api_helpers/python/requirements.txt\n\n      # Mark helper scripts as executable\n      - chmod +x $DEFAULT_PATH/api_helpers/pre-api-helpers.sh\n      - chmod +x $DEFAULT_PATH/api_helpers/post-api-helpers.sh\n      \n  pre_build:\n    on-failure: ABORT\n    commands:\n      - source $DEFAULT_PATH/api-helpers-venv/bin/activate\n      - export AWS_PROFILE=aft-target\n      - $DEFAULT_PATH/api_helpers/pre-api-helpers.sh\n      - unset AWS_PROFILE\n\n  build:\n    on-failure: CONTINUE\n    commands:\n      # Apply customizations\n      - source $DEFAULT_PATH/aft-venv/bin/activate\n      - |\n        if [ $TF_DISTRIBUTION = \"oss\" ]; then\n          TF_BACKEND_REGION=$(aws ssm get-parameter --name \"/aft/config/oss-backend/primary-region\" --query \"Parameter.Value\" --output text)\n          TF_KMS_KEY_ID=$(aws ssm get-parameter --name \"/aft/config/oss-backend/kms-key-id\" --query \"Parameter.Value\" --output text)\n          TF_DDB_TABLE=$(aws ssm get-parameter --name \"/aft/config/oss-backend/table-id\" --query \"Parameter.Value\" --output text)\n          TF_S3_BUCKET=$(aws ssm get-parameter --name \"/aft/config/oss-backend/bucket-id\" --query \"Parameter.Value\" --output text)\n          TF_S3_KEY=$VENDED_ACCOUNT_ID-aft-global-customizations/terraform.tfstate\n\n          cd /tmp\n          echo \"Installing Terraform\"\n          curl -q -o terraform_${TF_VERSION}_linux_amd64.zip https://releases.hashicorp.com/terraform/${TF_VERSION}/terraform_${TF_VERSION}_linux_amd64.zip\n          mkdir -p /opt/aft/bin\n          unzip -q -o terraform_${TF_VERSION}_linux_amd64.zip\n          mv terraform /opt/aft/bin\n          /opt/aft/bin/terraform --version\n\n          # Move back to customization module\n          cd $DEFAULT_PATH/terraform\n          for f in *.jinja; do jinja2 $f -D timestamp=\"$TIMESTAMP\" -D tf_distribution_type=$TF_DISTRIBUTION -D provider_region=$CT_MGMT_REGION -D region=$TF_BACKEND_REGION -D aft_admin_role_arn=$AFT_EXEC_ROLE_ARN -D target_admin_role_arn=$VENDED_EXEC_ROLE_ARN -D bucket=$TF_S3_BUCKET -D key=$TF_S3_KEY -D dynamodb_table=$TF_DDB_TABLE -D kms_key_id=$TF_KMS_KEY_ID \u003e\u003e ./$(basename $f .jinja).tf; done\n          for f in *.tf; do echo \"\\n \\n\"; echo $f; cat $f; done\n\n          cd $DEFAULT_PATH/terraform\n          export AWS_PROFILE=aft-management-admin\n          /opt/aft/bin/terraform init\n          /opt/aft/bin/terraform apply --auto-approve\n        else\n          TF_ORG_NAME=$(aws ssm get-parameter --name \"/aft/config/terraform/org-name\" --query \"Parameter.Value\" --output text)\n          TF_TOKEN=$(aws ssm get-parameter --name \"/aft/config/terraform/token\" --with-decryption --query \"Parameter.Value\" --output text)\n          TF_ENDPOINT=$(aws ssm get-parameter --name \"/aft/config/terraform/api-endpoint\" --query \"Parameter.Value\" --output text)\n          TF_WORKSPACE_NAME=$VENDED_ACCOUNT_ID-aft-global-customizations\n          TF_CONFIG_PATH=\"./temp_configuration_file.tar.gz\"\n          cd $DEFAULT_PATH/terraform\n          for f in *.jinja; do jinja2 $f -D timestamp=\"$TIMESTAMP\" -D provider_region=$CT_MGMT_REGION -D tf_distribution_type=$TF_DISTRIBUTION -D aft_admin_role_arn=$AFT_EXEC_ROLE_ARN -D target_admin_role_arn=$VENDED_EXEC_ROLE_ARN -D terraform_org_name=$TF_ORG_NAME -D terraform_workspace_name=$TF_WORKSPACE_NAME  \u003e\u003e ./$(basename $f .jinja).tf; done\n          for f in *.tf; do echo \"\\n \\n\"; echo $f; cat $f; done\n          cd $DEFAULT_PATH\n          tar -czf temp_configuration_file.tar.gz -C terraform --exclude .git --exclude venv .\n          python3 $DEFAULT_PATH/aws-aft-core-framework/sources/scripts/workspace_manager.py --operation \"deploy\" --organization_name $TF_ORG_NAME --workspace_name $TF_WORKSPACE_NAME --assume_role_arn $AFT_ADMIN_ROLE_ARN --assume_role_session_name $ROLE_SESSION_NAME --api_endpoint $TF_ENDPOINT --api_token $TF_TOKEN --terraform_version $TF_VERSION --config_file $TF_CONFIG_PATH\n        fi\n\n  post_build:\n    on-failure: ABORT\n    commands:\n      - export PYTHONPATH=\"$DEFAULT_PATH/aws-aft-core-framework/sources/aft-lambda-layer:$PYTHONPATH\"\n      - export AWS_PROFILE=aft-management\n      - python3 $DEFAULT_PATH/aws-aft-core-framework/sources/aft-lambda-layer/aft_common/report_metrics.py --codebuild-name \"aft-global-customizations\" --codebuild-status $CODEBUILD_BUILD_SUCCEEDING\n      - unset AWS_PROFILE\n      - |\n        if [[ $CODEBUILD_BUILD_SUCCEEDING == 0 ]]; then\n          exit 1\n        fi\n      - source $DEFAULT_PATH/api-helpers-venv/bin/activate\n      - export AWS_PROFILE=aft-target\n      - $DEFAULT_PATH/api_helpers/post-api-helpers.sh\n",
            "content_base64": "IyBDb3B5cmlnaHQgQW1hem9uLmNvbSwgSW5jLiBvciBpdHMgYWZmaWxpYXRlcy4gQWxsIHJpZ2h0cyByZXNlcnZlZC4KIyBTUERYLUxpY2Vuc2UtSWRlbnRpZmllcjogQXBhY2hlLTIuMAojCnZlcnNpb246IDAuMgoKcGhhc2VzOgogIGluc3RhbGw6CiAgICBjb21tYW5kczoKICAgICAgLSBzZXQgLWUKICAgICAgIyBQb3B1bGF0ZSBSZXF1aXJlZCBWYXJpYWJsZXMKICAgICAgLSBERUZBVUxUX1BBVEg9JChwd2QpCiAgICAgIC0gVElNRVNUQU1QPSQoZGF0ZSAnKyVZLSVtLSVkICVIOiVNOiVTJykKICAgICAgLSBURl9WRVJTSU9OPSQoYXdzIHNzbSBnZXQtcGFyYW1ldGVyIC0tbmFtZSAiL2FmdC9jb25maWcvdGVycmFmb3JtL3ZlcnNpb24iIC0tcXVlcnkgIlBhcmFtZXRlci5WYWx1ZSIgLS1vdXRwdXQgdGV4dCkKICAgICAgLSBURl9ESVNUUklCVVRJT049JChhd3Mgc3NtIGdldC1wYXJhbWV0ZXIgLS1uYW1lICIvYWZ0L2NvbmZpZy90ZXJyYWZvcm0vZGlzdHJpYnV0aW9uIiAtLXF1ZXJ5ICJQYXJhbWV0ZXIuVmFsdWUiIC0tb3V0cHV0IHRleHQpCiAgICAgIC0gQ1RfTUdNVF9SRUdJT049JChhd3Mgc3NtIGdldC1wYXJhbWV0ZXIgLS1uYW1lICIvYWZ0L2NvbmZpZy9jdC1tYW5hZ2VtZW50LXJlZ2lvbiIgLS1xdWVyeSAiUGFyYW1ldGVyLlZhbHVlIiAtLW91dHB1dCB0ZXh0KQogICAgICAtIEFGVF9NR01UX0FDQ09VTlQ9JChhd3Mgc3NtIGdldC1wYXJhbWV0ZXIgLS1uYW1lICIvYWZ0L2FjY291bnQvYWZ0LW1hbmFnZW1lbnQvYWNjb3VudC1pZCIgLS1xdWVyeSAiUGFyYW1ldGVyLlZhbHVlIiAtLW91dHB1dCB0ZXh0KQogICAgICAtIEFGVF9FWEVDX1JPTEVfQVJOPWFybjokQVdTX1BBUlRJVElPTjppYW06OiRBRlRfTUdNVF9BQ0NPVU5UOnJvbGUvQVdTQUZURXhlY3V0aW9uCiAgICAgIC0gVkVOREVEX0VYRUNfUk9MRV9BUk49YXJuOiRBV1NfUEFSVElUSU9OOmlhbTo6JFZFTkRFRF9BQ0NPVU5UX0lEOnJvbGUvQVdTQUZURXhlY3V0aW9uCiAgICAgIC0gQUZUX0FETUlOX1JPTEVfTkFNRT0kKGF3cyBzc20gZ2V0LXBhcmFtZXRlciAtLW5hbWUgL2FmdC9yZXNvdXJjZXMvaWFtL2FmdC1hZG1pbmlzdHJhdG9yLXJvbGUtbmFtZSB8IGpxIC0tcmF3LW91dHB1dCAiLlBhcmFtZXRlci5WYWx1ZSIpCiAgICAgIC0gQUZUX0FETUlOX1JPTEVfQVJOPWFybjokQVdTX1BBUlRJVElPTjppYW06OiRBRlRfTUdNVF9BQ0NPVU5UOnJvbGUvJEFGVF9BRE1JTl9ST0xFX05BTUUKICAgICAgLSBST0xFX1NFU1NJT05fTkFNRT0kKGF3cyBzc20gZ2V0LXBhcmFtZXRlciAtLW5hbWUgL2FmdC9yZXNvdXJjZXMvaWFtL2FmdC1zZXNzaW9uLW5hbWUgfCBqcSAtLXJhdy1vdXRwdXQgIi5QYXJhbWV0ZXIuVmFsdWUiKQoKICAgICAgIyBDb25maWd1cmUgRGV2ZWxvcG1lbnQgU1NIIEtleQogICAgICAtIHwKICAgICAgICBzc2hfa2V5X3BhcmFtZXRlcj0kKGF3cyBzc20gZ2V0LXBhcmFtZXRlciAtLW5hbWUgL2FmdC9jb25maWcvYWZ0LXNzaC1rZXkgLS13aXRoLWRlY3J5cHRpb24gMj4gL2Rldi9udWxsIHx8IGVjaG8gIk5vbmUiKQogICAgICAgIGlmIFtbICRzc2hfa2V5X3BhcmFtZXRlciAhPSAiTm9uZSIgXV07IHRoZW4KICAgICAgICAgIHNzaF9rZXk9JChqcSAtLXJhdy1vdXRwdXQgIi5QYXJhbWV0ZXIuVmFsdWUiIDw8PCAkc3NoX2tleV9wYXJhbWV0ZXIpCiAgICAgICAgICBta2RpciAtcCB+Ly5zc2gKICAgICAgICAgIGVjaG8gIkhvc3QgKiIgPj4gfi8uc3NoL2NvbmZpZwogICAgICAgICAgZWNobyAiU3RyaWN0SG9zdEtleUNoZWNraW5nIG5vIiA+PiB+Ly5zc2gvY29uZmlnCiAgICAgICAgICBlY2hvICJVc2VyS25vd25Ib3N0c0ZpbGU9L2Rldi9udWxsIiA+PiB+Ly5zc2gvY29uZmlnCiAgICAgICAgICBlY2hvICIkc3NoX2tleSIgPiB+Ly5zc2gvc3NoX2tleQogICAgICAgICAgZWNobyAtZSAiXG5cbiIgPj4gIH4vLnNzaC9zc2hfa2V5CiAgICAgICAgICBjaG1vZCA2MDAgfi8uc3NoL3NzaF9rZXkKICAgICAgICAgIGV2YWwgIiQoc3NoLWFnZW50IC1zKSIKICAgICAgICAgIHNzaC1hZGQgfi8uc3NoL3NzaF9rZXkKICAgICAgICBmaQoKICAgICAgIyBDbG9uZSBBRlQKICAgICAgLSBBV1NfTU9EVUxFX1NPVVJDRT0kKGF3cyBzc20gZ2V0LXBhcmFtZXRlciAtLW5hbWUgIi9hZnQvY29uZmlnL2FmdC1waXBlbGluZS1jb2RlLXNvdXJjZS9yZXBvLXVybCIgLS1xdWVyeSAiUGFyYW1ldGVyLlZhbHVlIiAtLW91dHB1dCB0ZXh0KQogICAgICAtIEFXU19NT0RVTEVfR0lUX1JFRj0kKGF3cyBzc20gZ2V0LXBhcmFtZXRlciAtLW5hbWUgIi9hZnQvY29uZmlnL2FmdC1waXBlbGluZS1jb2RlLXNvdXJjZS9yZXBvLWdpdC1yZWYiIC0tcXVlcnkgIlBhcmFtZXRlci5WYWx1ZSIgLS1vdXRwdXQgdGV4dCkKICAgICAgLSBnaXQgY29uZmlnIC0tZ2xvYmFsIGNyZWRlbnRpYWwuaGVscGVyICchYXdzIGNvZGVjb21taXQgY3JlZGVudGlhbC1oZWxwZXIgJEAnCiAgICAgIC0gZ2l0IGNvbmZpZyAtLWdsb2JhbCBjcmVkZW50aWFsLlVzZUh0dHBQYXRoIHRydWUKICAgICAgLSBnaXQgY2xvbmUgLS1xdWlldCAtYiAkQVdTX01PRFVMRV9HSVRfUkVGICRBV1NfTU9EVUxFX1NPVVJDRSBhd3MtYWZ0LWNvcmUtZnJhbWV3b3JrCgogICAgICAjIEdlbmVyYXRlIHNlc3Npb24gcHJvZmlsZXMKICAgICAgLSBjaG1vZCAreCAkREVGQVVMVF9QQVRIL2F3cy1hZnQtY29yZS1mcmFtZXdvcmsvc291cmNlcy9zY3JpcHRzL2NyZWRzLnNoCiAgICAgIC0gJERFRkFVTFRfUEFUSC9hd3MtYWZ0LWNvcmUtZnJhbWV3b3JrL3NvdXJjZXMvc2NyaXB0cy9jcmVkcy5zaAoKICAgICAgIyBJbnN0YWxsIEFGVCBQeXRob24gRGVwZW5kZW5jaWVzCiAgICAgIC0gcHl0aG9uMyAtbSB2ZW52ICRERUZBVUxUX1BBVEgvYWZ0LXZlbnYKICAgICAgLSAkREVGQVVMVF9QQVRIL2FmdC12ZW52L2Jpbi9waXAgaW5zdGFsbCBwaXA9PTIyLjEuMgogICAgICAtICRERUZBVUxUX1BBVEgvYWZ0LXZlbnYvYmluL3BpcCBpbnN0YWxsIGppbmphMi1jbGk9PTAuNy4wIEppbmphMj09My4wLjEgTWFya3VwU2FmZT09Mi4wLjEgYm90bzM9PTEuMTguNTYgcmVxdWVzdHM9PTIuMjYuMAoKICAgICAgIyBJbnN0YWxsIEFQSSBIZWxwZXIgUHl0aG9uIERlcGVuZGVuY2llcwogICAgICAtIHB5dGhvbjMgLW0gdmVudiAkREVGQVVMVF9QQVRIL2FwaS1oZWxwZXJzLXZlbnYKICAgICAgLSAkREVGQVVMVF9QQVRIL2FwaS1oZWxwZXJzLXZlbnYvYmluL3BpcCBpbnN0YWxsIC1yICRERUZBVUxUX1BBVEgvYXBpX2hlbHBlcnMvcHl0aG9uL3JlcXVpcmVtZW50cy50eHQKCiAgICAgICMgTWFyayBoZWxwZXIgc2NyaXB0cyBhcyBleGVjdXRhYmxlCiAgICAgIC0gY2htb2QgK3ggJERFRkFVTFRfUEFUSC9hcGlfaGVscGVycy9wcmUtYXBpLWhlbHBlcnMuc2gKICAgICAgLSBjaG1vZCAreCAkREVGQVVMVF9QQVRIL2FwaV9oZWxwZXJzL3Bvc3QtYXBpLWhlbHBlcnMuc2gKICAgICAgCiAgcHJlX2J1aWxkOgogICAgb24tZmFpbHVyZTogQUJPUlQKICAgIGNvbW1hbmRzOgogICAgICAtIHNvdXJjZSAkREVGQVVMVF9QQVRIL2FwaS1oZWxwZXJzLXZlbnYvYmluL2FjdGl2YXRlCiAgICAgIC0gZXhwb3J0IEFXU19QUk9GSUxFPWFmdC10YXJnZXQKICAgICAgLSAkREVGQVVMVF9QQVRIL2FwaV9oZWxwZXJzL3ByZS1hcGktaGVscGVycy5zaAogICAgICAtIHVuc2V0IEFXU19QUk9GSUxFCgogIGJ1aWxkOgogICAgb24tZmFpbHVyZTogQ09OVElOVUUKICAgIGNvbW1hbmRzOgogICAgICAjIEFwcGx5IGN1c3RvbWl6YXRpb25zCiAgICAgIC0gc291cmNlICRERUZBVUxUX1BBVEgvYWZ0LXZlbnYvYmluL2FjdGl2YXRlCiAgICAgIC0gfAogICAgICAgIGlmIFsgJFRGX0RJU1RSSUJVVElPTiA9ICJvc3MiIF07IHRoZW4KICAgICAgICAgIFRGX0JBQ0tFTkRfUkVHSU9OPSQoYXdzIHNzbSBnZXQtcGFyYW1ldGVyIC0tbmFtZSAiL2FmdC9jb25maWcvb3NzLWJhY2tlbmQvcHJpbWFyeS1yZWdpb24iIC0tcXVlcnkgIlBhcmFtZXRlci5WYWx1ZSIgLS1vdXRwdXQgdGV4dCkKICAgICAgICAgIFRGX0tNU19LRVlfSUQ9JChhd3Mgc3NtIGdldC1wYXJhbWV0ZXIgLS1uYW1lICIvYWZ0L2NvbmZpZy9vc3MtYmFja2VuZC9rbXMta2V5LWlkIiAtLXF1ZXJ5ICJQYXJhbWV0ZXIuVmFsdWUiIC0tb3V0cHV0IHRleHQpCiAgICAgICAgICBURl9EREJfVEFCTEU9JChhd3Mgc3NtIGdldC1wYXJhbWV0ZXIgLS1uYW1lICIvYWZ0L2NvbmZpZy9vc3MtYmFja2VuZC90YWJsZS1pZCIgLS1xdWVyeSAiUGFyYW1ldGVyLlZhbHVlIiAtLW91dHB1dCB0ZXh0KQogICAgICAgICAgVEZfUzNfQlVDS0VUPSQoYXdzIHNzbSBnZXQtcGFyYW1ldGVyIC0tbmFtZSAiL2FmdC9jb25maWcvb3NzLWJhY2tlbmQvYnVja2V0LWlkIiAtLXF1ZXJ5ICJQYXJhbWV0ZXIuVmFsdWUiIC0tb3V0cHV0IHRleHQpCiAgICAgICAgICBURl9TM19LRVk9JFZFTkRFRF9BQ0NPVU5UX0lELWFmdC1nbG9iYWwtY3VzdG9taXphdGlvbnMvdGVycmFmb3JtLnRmc3RhdGUKCiAgICAgICAgICBjZCAvdG1wCiAgICAgICAgICBlY2hvICJJbnN0YWxsaW5nIFRlcnJhZm9ybSIKICAgICAgICAgIGN1cmwgLXEgLW8gdGVycmFmb3JtXyR7VEZfVkVSU0lPTn1fbGludXhfYW1kNjQuemlwIGh0dHBzOi8vcmVsZWFzZXMuaGFzaGljb3JwLmNvbS90ZXJyYWZvcm0vJHtURl9WRVJTSU9OfS90ZXJyYWZvcm1fJHtURl9WRVJTSU9OfV9saW51eF9hbWQ2NC56aXAKICAgICAgICAgIG1rZGlyIC1wIC9vcHQvYWZ0L2JpbgogICAgICAgICAgdW56aXAgLXEgLW8gdGVycmFmb3JtXyR7VEZfVkVSU0lPTn1fbGludXhfYW1kNjQuemlwCiAgICAgICAgICBtdiB0ZXJyYWZvcm0gL29wdC9hZnQvYmluCiAgICAgICAgICAvb3B0L2FmdC9iaW4vdGVycmFmb3JtIC0tdmVyc2lvbgoKICAgICAgICAgICMgTW92ZSBiYWNrIHRvIGN1c3RvbWl6YXRpb24gbW9kdWxlCiAgICAgICAgICBjZCAkREVGQVVMVF9QQVRIL3RlcnJhZm9ybQogICAgICAgICAgZm9yIGYgaW4gKi5qaW5qYTsgZG8gamluamEyICRmIC1EIHRpbWVzdGFtcD0iJFRJTUVTVEFNUCIgLUQgdGZfZGlzdHJpYnV0aW9uX3R5cGU9JFRGX0RJU1RSSUJVVElPTiAtRCBwcm92aWRlcl9yZWdpb249JENUX01HTVRfUkVHSU9OIC1EIHJlZ2lvbj0kVEZfQkFDS0VORF9SRUdJT04gLUQgYWZ0X2FkbWluX3JvbGVfYXJuPSRBRlRfRVhFQ19ST0xFX0FSTiAtRCB0YXJnZXRfYWRtaW5fcm9sZV9hcm49JFZFTkRFRF9FWEVDX1JPTEVfQVJOIC1EIGJ1Y2tldD0kVEZfUzNfQlVDS0VUIC1EIGtleT0kVEZfUzNfS0VZIC1EIGR5bmFtb2RiX3RhYmxlPSRURl9EREJfVEFCTEUgLUQga21zX2tleV9pZD0kVEZfS01TX0tFWV9JRCA+PiAuLyQoYmFzZW5hbWUgJGYgLmppbmphKS50ZjsgZG9uZQogICAgICAgICAgZm9yIGYgaW4gKi50ZjsgZG8gZWNobyAiXG4gXG4iOyBlY2hvICRmOyBjYXQgJGY7IGRvbmUKCiAgICAgICAgICBjZCAkREVGQVVMVF9QQVRIL3RlcnJhZm9ybQogICAgICAgICAgZXhwb3J0IEFXU19QUk9GSUxFPWFmdC1tYW5hZ2VtZW50LWFkbWluCiAgICAgICAgICAvb3B0L2FmdC9iaW4vdGVycmFmb3JtIGluaXQKICAgICAgICAgIC9vcHQvYWZ0L2Jpbi90ZXJyYWZvcm0gYXBwbHkgLS1hdXRvLWFwcHJvdmUKICAgICAgICBlbHNlCiAgICAgICAgICBURl9PUkdfTkFNRT0kKGF3cyBzc20gZ2V0LXBhcmFtZXRlciAtLW5hbWUgIi9hZnQvY29uZmlnL3RlcnJhZm9ybS9vcmctbmFtZSIgLS1xdWVyeSAiUGFyYW1ldGVyLlZhbHVlIiAtLW91dHB1dCB0ZXh0KQogICAgICAgICAgVEZfVE9LRU49JChhd3Mgc3NtIGdldC1wYXJhbWV0ZXIgLS1uYW1lICIvYWZ0L2NvbmZpZy90ZXJyYWZvcm0vdG9rZW4iIC0td2l0aC1kZWNyeXB0aW9uIC0tcXVlcnkgIlBhcmFtZXRlci5WYWx1ZSIgLS1vdXRwdXQgdGV4dCkKICAgICAgICAgIFRGX0VORFBPSU5UPSQoYXdzIHNzbSBnZXQtcGFyYW1ldGVyIC0tbmFtZSAiL2FmdC9jb25maWcvdGVycmFmb3JtL2FwaS1lbmRwb2ludCIgLS1xdWVyeSAiUGFyYW1ldGVyLlZhbHVlIiAtLW91dHB1dCB0ZXh0KQogICAgICAgICAgVEZfV09SS1NQQUNFX05BTUU9JFZFTkRFRF9BQ0NPVU5UX0lELWFmdC1nbG9iYWwtY3VzdG9taXphdGlvbnMKICAgICAgICAgIFRGX0NPTkZJR19QQVRIPSIuL3RlbXBfY29uZmlndXJhdGlvbl9maWxlLnRhci5neiIKICAgICAgICAgIGNkICRERUZBVUxUX1BBVEgvdGVycmFmb3JtCiAgICAgICAgICBmb3IgZiBpbiAqLmppbmphOyBkbyBqaW5qYTIgJGYgLUQgdGltZXN0YW1wPSIkVElNRVNUQU1QIiAtRCBwcm92aWRlcl9yZWdpb249JENUX01HTVRfUkVHSU9OIC1EIHRmX2Rpc3RyaWJ1dGlvbl90eXBlPSRURl9ESVNUUklCVVRJT04gLUQgYWZ0X2FkbWluX3JvbGVfYXJuPSRBRlRfRVhFQ19ST0xFX0FSTiAtRCB0YXJnZXRfYWRtaW5fcm9sZV9hcm49JFZFTkRFRF9FWEVDX1JPTEVfQVJOIC1EIHRlcnJhZm9ybV9vcmdfbmFtZT0kVEZfT1JHX05BTUUgLUQgdGVycmFmb3JtX3dvcmtzcGFjZV9uYW1lPSRURl9XT1JLU1BBQ0VfTkFNRSAgPj4gLi8kKGJhc2VuYW1lICRmIC5qaW5qYSkudGY7IGRvbmUKICAgICAgICAgIGZvciBmIGluICoudGY7IGRvIGVjaG8gIlxuIFxuIjsgZWNobyAkZjsgY2F0ICRmOyBkb25lCiAgICAgICAgICBjZCAkREVGQVVMVF9QQVRICiAgICAgICAgICB0YXIgLWN6ZiB0ZW1wX2NvbmZpZ3VyYXRpb25fZmlsZS50YXIuZ3ogLUMgdGVycmFmb3JtIC0tZXhjbHVkZSAuZ2l0IC0tZXhjbHVkZSB2ZW52IC4KICAgICAgICAgIHB5dGhvbjMgJERFRkFVTFRfUEFUSC9hd3MtYWZ0LWNvcmUtZnJhbWV3b3JrL3NvdXJjZXMvc2NyaXB0cy93b3Jrc3BhY2VfbWFuYWdlci5weSAtLW9wZXJhdGlvbiAiZGVwbG95IiAtLW9yZ2FuaXphdGlvbl9uYW1lICRURl9PUkdfTkFNRSAtLXdvcmtzcGFjZV9uYW1lICRURl9XT1JLU1BBQ0VfTkFNRSAtLWFzc3VtZV9yb2xlX2FybiAkQUZUX0FETUlOX1JPTEVfQVJOIC0tYXNzdW1lX3JvbGVfc2Vzc2lvbl9uYW1lICRST0xFX1NFU1NJT05fTkFNRSAtLWFwaV9lbmRwb2ludCAkVEZfRU5EUE9JTlQgLS1hcGlfdG9rZW4gJFRGX1RPS0VOIC0tdGVycmFmb3JtX3ZlcnNpb24gJFRGX1ZFUlNJT04gLS1jb25maWdfZmlsZSAkVEZfQ09ORklHX1BBVEgKICAgICAgICBmaQoKICBwb3N0X2J1aWxkOgogICAgb24tZmFpbHVyZTogQUJPUlQKICAgIGNvbW1hbmRzOgogICAgICAtIGV4cG9ydCBQWVRIT05QQVRIPSIkREVGQVVMVF9QQVRIL2F3cy1hZnQtY29yZS1mcmFtZXdvcmsvc291cmNlcy9hZnQtbGFtYmRhLWxheWVyOiRQWVRIT05QQVRIIgogICAgICAtIGV4cG9ydCBBV1NfUFJPRklMRT1hZnQtbWFuYWdlbWVudAogICAgICAtIHB5dGhvbjMgJERFRkFVTFRfUEFUSC9hd3MtYWZ0LWNvcmUtZnJhbWV3b3JrL3NvdXJjZXMvYWZ0LWxhbWJkYS1sYXllci9hZnRfY29tbW9uL3JlcG9ydF9tZXRyaWNzLnB5IC0tY29kZWJ1aWxkLW5hbWUgImFmdC1nbG9iYWwtY3VzdG9taXphdGlvbnMiIC0tY29kZWJ1aWxkLXN0YXR1cyAkQ09ERUJVSUxEX0JVSUxEX1NVQ0NFRURJTkcKICAgICAgLSB1bnNldCBBV1NfUFJPRklMRQogICAgICAtIHwKICAgICAgICBpZiBbWyAkQ09ERUJVSUxEX0JVSUxEX1NVQ0NFRURJTkcgPT0gMCBdXTsgdGhlbgogICAgICAgICAgZXhpdCAxCiAgICAgICAgZmkKICAgICAgLSBzb3VyY2UgJERFRkFVTFRfUEFUSC9hcGktaGVscGVycy12ZW52L2Jpbi9hY3RpdmF0ZQogICAgICAtIGV4cG9ydCBBV1NfUFJPRklMRT1hZnQtdGFyZ2V0CiAgICAgIC0gJERFRkFVTFRfUEFUSC9hcGlfaGVscGVycy9wb3N0LWFwaS1oZWxwZXJzLnNoCg==",
            "filename": ".terraform/modules/aft/modules/aft-customizations/buildspecs/aft-global-customizations-terraform.yml",
            "id": "4566919c984ca209f8b11c3949cde056b29b020d"
          },
          "sensitive_attributes": []
        }
      ]
    },
    {
      "module": "module.aft.module.aft_customizations",
      "mode": "managed",
      "type": "aws_cloudwatch_log_group",
      "name": "aft_account_customizations_api_helpers",
      "provider": "module.aft.provider[\"registry.terraform.io/hashicorp/aws\"].aft_management",
      "instances": [
        {
          "schema_version": 0,
          "attributes": {
            "arn": "arn:aws:logs:us-east-1:137457353584:log-group:/aws/codebuild/aft-account-customizations-api-helpers",
            "id": "/aws/codebuild/aft-account-customizations-api-helpers",
            "kms_key_id": "",
            "name": "/aws/codebuild/aft-account-customizations-api-helpers",
            "name_prefix": "",
            "retention_in_days": 0,
            "skip_destroy": false,
            "tags": null,
            "tags_all": {
              "managed_by": "AFT"
            }
          },
          "sensitive_attributes": [],
          "private": "bnVsbA==",
          "dependencies": [
            "module.aft.data.aws_partition.current"
          ]
        }
      ]
    },
    {
      "module": "module.aft.module.aft_customizations",
      "mode": "managed",
      "type": "aws_cloudwatch_log_group",
      "name": "aft_account_customizations_terraform",
      "provider": "module.aft.provider[\"registry.terraform.io/hashicorp/aws\"].aft_management",
      "instances": [
        {
          "schema_version": 0,
          "attributes": {
            "arn": "arn:aws:logs:us-east-1:137457353584:log-group:/aws/codebuild/aft-account-customizations-terraform",
            "id": "/aws/codebuild/aft-account-customizations-terraform",
            "kms_key_id": "",
            "name": "/aws/codebuild/aft-account-customizations-terraform",
            "name_prefix": "",
            "retention_in_days": 0,
            "skip_destroy": false,
            "tags": null,
            "tags_all": {
              "managed_by": "AFT"
            }
          },
          "sensitive_attributes": [],
          "private": "bnVsbA==",
          "dependencies": [
            "module.aft.data.aws_partition.current"
          ]
        }
      ]
    },
    {
      "module": "module.aft.module.aft_customizations",
      "mode": "managed",
      "type": "aws_cloudwatch_log_group",
      "name": "aft_create_pipeline",
      "provider": "module.aft.provider[\"registry.terraform.io/hashicorp/aws\"].aft_management",
      "instances": [
        {
          "schema_version": 0,
          "attributes": {
            "arn": "arn:aws:logs:us-east-1:137457353584:log-group:/aws/codebuild/aft-create-pipeline",
            "id": "/aws/codebuild/aft-create-pipeline",
            "kms_key_id": "",
            "name": "/aws/codebuild/aft-create-pipeline",
            "name_prefix": "",
            "retention_in_days": 0,
            "skip_destroy": false,
            "tags": null,
            "tags_all": {
              "managed_by": "AFT"
            }
          },
          "sensitive_attributes": [],
          "private": "bnVsbA==",
          "dependencies": [
            "module.aft.data.aws_partition.current"
          ]
        }
      ]
    },
    {
      "module": "module.aft.module.aft_customizations",
      "mode": "managed",
      "type": "aws_cloudwatch_log_group",
      "name": "aft_customizations_identify_targets",
      "provider": "module.aft.provider[\"registry.terraform.io/hashicorp/aws\"].aft_management",
      "instances": []
    },
    {
      "module": "module.aft.module.aft_customizations",
      "mode": "managed",
      "type": "aws_cloudwatch_log_group",
      "name": "aft_customizations_invoke_account_provisioning",
      "provider": "module.aft.provider[\"registry.terraform.io/hashicorp/aws\"].aft_management",
      "instances": [
        {
          "schema_version": 0,
          "attributes": {
            "arn": "arn:aws:logs:us-east-1:137457353584:log-group:/aws/lambda/aft-customizations-invoke-account-provisioning",
            "id": "/aws/lambda/aft-customizations-invoke-account-provisioning",
            "kms_key_id": "",
            "name": "/aws/lambda/aft-customizations-invoke-account-provisioning",
            "name_prefix": "",
            "retention_in_days": 0,
            "skip_destroy": false,
            "tags": null,
            "tags_all": {
              "managed_by": "AFT"
            }
          },
          "sensitive_attributes": [],
          "private": "bnVsbA==",
          "dependencies": [
            "module.aft.data.aws_partition.current"
          ]
        }
      ]
    },
    {
      "module": "module.aft.module.aft_customizations",
      "mode": "managed",
      "type": "aws_cloudwatch_log_group",
      "name": "aft_execute_pipeline",
      "provider": "module.aft.provider[\"registry.terraform.io/hashicorp/aws\"].aft_management",
      "instances": []
    },
    {
      "module": "module.aft.module.aft_customizations",
      "mode": "managed",
      "type": "aws_cloudwatch_log_group",
      "name": "aft_get_pipeline_executions",
      "provider": "module.aft.provider[\"registry.terraform.io/hashicorp/aws\"].aft_management",
      "instances": []
    },
    {
      "module": "module.aft.module.aft_customizations",
      "mode": "managed",
      "type": "aws_cloudwatch_log_group",
      "name": "aft_global_customizations_api_helpers",
      "provider": "module.aft.provider[\"registry.terraform.io/hashicorp/aws\"].aft_management",
      "instances": [
        {
          "schema_version": 0,
          "attributes": {
            "arn": "arn:aws:logs:us-east-1:137457353584:log-group:/aws/codebuild/aft-global-customizations-api-helpers",
            "id": "/aws/codebuild/aft-global-customizations-api-helpers",
            "kms_key_id": "",
            "name": "/aws/codebuild/aft-global-customizations-api-helpers",
            "name_prefix": "",
            "retention_in_days": 0,
            "skip_destroy": false,
            "tags": null,
            "tags_all": {
              "managed_by": "AFT"
            }
          },
          "sensitive_attributes": [],
          "private": "bnVsbA==",
          "dependencies": [
            "module.aft.data.aws_partition.current"
          ]
        }
      ]
    },
    {
      "module": "module.aft.module.aft_customizations",
      "mode": "managed",
      "type": "aws_cloudwatch_log_group",
      "name": "aft_global_customizations_terraform",
      "provider": "module.aft.provider[\"registry.terraform.io/hashicorp/aws\"].aft_management",
      "instances": [
        {
          "schema_version": 0,
          "attributes": {
            "arn": "arn:aws:logs:us-east-1:137457353584:log-group:/aws/codebuild/aft-global-customizations-terraform",
            "id": "/aws/codebuild/aft-global-customizations-terraform",
            "kms_key_id": "",
            "name": "/aws/codebuild/aft-global-customizations-terraform",
            "name_prefix": "",
            "retention_in_days": 0,
            "skip_destroy": false,
            "tags": null,
            "tags_all": {
              "managed_by": "AFT"
            }
          },
          "sensitive_attributes": [],
          "private": "bnVsbA==",
          "dependencies": [
            "module.aft.data.aws_partition.current"
          ]
        }
      ]
    },
    {
      "module": "module.aft.module.aft_customizations",
      "mode": "managed",
      "type": "aws_codebuild_project",
      "name": "aft_account_customizations_terraform",
      "provider": "module.aft.provider[\"registry.terraform.io/hashicorp/aws\"].aft_management",
      "instances": [
        {
          "schema_version": 0,
          "attributes": {
            "arn": "arn:aws:codebuild:us-east-1:137457353584:project/aft-account-customizations-terraform",
            "artifacts": [
              {
                "artifact_identifier": "",
                "bucket_owner_access": "",
                "encryption_disabled": false,
                "location": "",
                "name": "aft-account-customizations-terraform",
                "namespace_type": "",
                "override_artifact_name": false,
                "packaging": "NONE",
                "path": "",
                "type": "CODEPIPELINE"
              }
            ],
            "badge_enabled": false,
            "badge_url": "",
            "build_batch_config": [],
            "build_timeout": 60,
            "cache": [
              {
                "location": "",
                "modes": [],
                "type": "NO_CACHE"
              }
            ],
            "concurrent_build_limit": 0,
            "description": "Job to apply Terraform provided by the customer account customizations repo",
            "encryption_key": "arn:aws:kms:us-east-1:137457353584:key/c7596c37-1777-47ee-9109-c55a643c8326",
            "environment": [
              {
                "certificate": "",
                "compute_type": "BUILD_GENERAL1_MEDIUM",
                "environment_variable": [
                  {
                    "name": "AWS_PARTITION",
                    "type": "PLAINTEXT",
                    "value": "aws"
                  }
                ],
                "image": "aws/codebuild/amazonlinux2-x86_64-standard:3.0",
                "image_pull_credentials_type": "CODEBUILD",
                "privileged_mode": false,
                "registry_credential": [],
                "type": "LINUX_CONTAINER"
              }
            ],
            "file_system_locations": [],
            "id": "arn:aws:codebuild:us-east-1:137457353584:project/aft-account-customizations-terraform",
            "logs_config": [
              {
                "cloudwatch_logs": [
                  {
                    "group_name": "/aws/codebuild/aft-account-customizations-terraform",
                    "status": "ENABLED",
                    "stream_name": ""
                  }
                ],
                "s3_logs": [
                  {
                    "bucket_owner_access": "",
                    "encryption_disabled": false,
                    "location": "aft-customizations-pipeline-137457353584/aft-account-customizations-terraform-logs",
                    "status": "ENABLED"
                  }
                ]
              }
            ],
            "name": "aft-account-customizations-terraform",
            "project_visibility": "PRIVATE",
            "public_project_alias": "",
            "queued_timeout": 480,
            "resource_access_role": "",
            "secondary_artifacts": [],
            "secondary_source_version": [],
            "secondary_sources": [],
            "service_role": "arn:aws:iam::137457353584:role/aft-codebuild-customizations-role",
            "source": [
              {
                "auth": [],
                "build_status_config": [],
                "buildspec": "# Copyright Amazon.com, Inc. or its affiliates. All rights reserved.\n# SPDX-License-Identifier: Apache-2.0\n#\nversion: 0.2\n\nphases:\n  install:\n    on-failure: ABORT\n    commands:\n      - set -e\n      # Populate Required Variables\n      - DEFAULT_PATH=$(pwd)\n      - TIMESTAMP=$(date '+%Y-%m-%d %H:%M:%S')\n      - TF_VERSION=$(aws ssm get-parameter --name \"/aft/config/terraform/version\" --query \"Parameter.Value\" --output text)\n      - TF_DISTRIBUTION=$(aws ssm get-parameter --name \"/aft/config/terraform/distribution\" --query \"Parameter.Value\" --output text)\n      - CT_MGMT_REGION=$(aws ssm get-parameter --name \"/aft/config/ct-management-region\" --query \"Parameter.Value\" --output text)\n      - AFT_MGMT_ACCOUNT=$(aws ssm get-parameter --name \"/aft/account/aft-management/account-id\" --query \"Parameter.Value\" --output text)\n      - AFT_EXEC_ROLE_ARN=arn:$AWS_PARTITION:iam::$AFT_MGMT_ACCOUNT:role/AWSAFTExecution\n      - VENDED_EXEC_ROLE_ARN=arn:$AWS_PARTITION:iam::$VENDED_ACCOUNT_ID:role/AWSAFTExecution\n      - AFT_ADMIN_ROLE_NAME=$(aws ssm get-parameter --name /aft/resources/iam/aft-administrator-role-name | jq --raw-output \".Parameter.Value\")\n      - AFT_ADMIN_ROLE_ARN=arn:$AWS_PARTITION:iam::$AFT_MGMT_ACCOUNT:role/$AFT_ADMIN_ROLE_NAME\n      - ROLE_SESSION_NAME=$(aws ssm get-parameter --name /aft/resources/iam/aft-session-name | jq --raw-output \".Parameter.Value\")\n      - |\n        CUSTOMIZATION=$(aws dynamodb get-item --table-name aft-request-metadata --key \"{\\\"id\\\": {\\\"S\\\": \\\"$VENDED_ACCOUNT_ID\\\"}}\" --attributes-to-get \"account_customizations_name\" | jq --raw-output \".Item.account_customizations_name.S\")\n\n      # Check if customization directory exists       \n      - |\n        if [[ ! -z \"$CUSTOMIZATION\" ]]; then  \n          if [[ ! -d \"$DEFAULT_PATH/$CUSTOMIZATION\" ]]; then\n            echo \"Error: ${CUSTOMIZATION} directory does not exist\"\n            exit 1\n          fi\n          \n          echo \"Found customization\" $CUSTOMIZATION\n\n          # Configure Development SSH Key\n          ssh_key_parameter=$(aws ssm get-parameter --name /aft/config/aft-ssh-key --with-decryption 2\u003e /dev/null || echo \"None\")\n\n          if [[ $ssh_key_parameter != \"None\" ]]; then\n            ssh_key=$(jq --raw-output \".Parameter.Value\" \u003c\u003c\u003c $ssh_key_parameter)\n            mkdir -p ~/.ssh\n            echo \"Host *\" \u003e\u003e ~/.ssh/config\n            echo \"StrictHostKeyChecking no\" \u003e\u003e ~/.ssh/config\n            echo \"UserKnownHostsFile=/dev/null\" \u003e\u003e ~/.ssh/config\n            echo \"$ssh_key\" \u003e ~/.ssh/ssh_key\n            echo -e \"\\n\\n\" \u003e\u003e  ~/.ssh/ssh_key\n            chmod 600 ~/.ssh/ssh_key\n            eval \"$(ssh-agent -s)\"\n            ssh-add ~/.ssh/ssh_key\n          fi   \n\n          # Clone AFT\n          AWS_MODULE_SOURCE=$(aws ssm get-parameter --name \"/aft/config/aft-pipeline-code-source/repo-url\" --query \"Parameter.Value\" --output text)\n          AWS_MODULE_GIT_REF=$(aws ssm get-parameter --name \"/aft/config/aft-pipeline-code-source/repo-git-ref\" --query \"Parameter.Value\" --output text)\n          git config --global credential.helper '!aws codecommit credential-helper $@'\n          git config --global credential.UseHttpPath true\n          git clone --quiet -b $AWS_MODULE_GIT_REF $AWS_MODULE_SOURCE aws-aft-core-framework\n\n          # Install AFT Python Dependencies\n          python3 -m venv $DEFAULT_PATH/aft-venv\n          $DEFAULT_PATH/aft-venv/bin/pip install pip==22.1.2\n          $DEFAULT_PATH/aft-venv/bin/pip install jinja2-cli==0.7.0 Jinja2==3.0.1 MarkupSafe==2.0.1 boto3==1.18.56 requests==2.26.0\n\n          # Install API Helper Python Dependencies\n          python3 -m venv $DEFAULT_PATH/api-helpers-venv\n          $DEFAULT_PATH/api-helpers-venv/bin/pip install -r $DEFAULT_PATH/$CUSTOMIZATION/api_helpers/python/requirements.txt\n\n          # Mark helper scripts as executable\n          chmod +x $DEFAULT_PATH/$CUSTOMIZATION/api_helpers/pre-api-helpers.sh\n          chmod +x $DEFAULT_PATH/$CUSTOMIZATION/api_helpers/post-api-helpers.sh\n\n          # Generate session profiles\n          chmod +x $DEFAULT_PATH/aws-aft-core-framework/sources/scripts/creds.sh\n          $DEFAULT_PATH/aws-aft-core-framework/sources/scripts/creds.sh\n        fi\n\n\n  pre_build:\n    on-failure: ABORT\n    commands:\n      - |\n        if [[ ! -z \"$CUSTOMIZATION\" ]]; then \n          source $DEFAULT_PATH/api-helpers-venv/bin/activate\n          export AWS_PROFILE=aft-target\n          $DEFAULT_PATH/$CUSTOMIZATION/api_helpers/pre-api-helpers.sh\n          unset AWS_PROFILE\n        fi\n\n  build:\n    on-failure: CONTINUE\n    commands:\n      # Apply Customizations\n      - |\n        if [[ ! -z \"$CUSTOMIZATION\" ]]; then \n          source $DEFAULT_PATH/aft-venv/bin/activate\n          if [ $TF_DISTRIBUTION = \"oss\" ]; then\n            TF_BACKEND_REGION=$(aws ssm get-parameter --name \"/aft/config/oss-backend/primary-region\" --query \"Parameter.Value\" --output text)\n            TF_KMS_KEY_ID=$(aws ssm get-parameter --name \"/aft/config/oss-backend/kms-key-id\" --query \"Parameter.Value\" --output text)\n            TF_DDB_TABLE=$(aws ssm get-parameter --name \"/aft/config/oss-backend/table-id\" --query \"Parameter.Value\" --output text)\n            TF_S3_BUCKET=$(aws ssm get-parameter --name \"/aft/config/oss-backend/bucket-id\" --query \"Parameter.Value\" --output text)\n            TF_S3_KEY=$VENDED_ACCOUNT_ID-aft-account-customizations/terraform.tfstate\n\n            cd /tmp\n            echo \"Installing Terraform\"\n            curl -q -o terraform_${TF_VERSION}_linux_amd64.zip https://releases.hashicorp.com/terraform/${TF_VERSION}/terraform_${TF_VERSION}_linux_amd64.zip\n            mkdir -p /opt/aft/bin\n            unzip -q -o terraform_${TF_VERSION}_linux_amd64.zip \n            mv terraform /opt/aft/bin\n            /opt/aft/bin/terraform --version\n\n            cd $DEFAULT_PATH/$CUSTOMIZATION/terraform\n            for f in *.jinja; do jinja2 $f -D timestamp=\"$TIMESTAMP\" -D tf_distribution_type=$TF_DISTRIBUTION -D provider_region=$CT_MGMT_REGION -D region=$TF_BACKEND_REGION -D aft_admin_role_arn=$AFT_EXEC_ROLE_ARN -D target_admin_role_arn=$VENDED_EXEC_ROLE_ARN -D bucket=$TF_S3_BUCKET -D key=$TF_S3_KEY -D dynamodb_table=$TF_DDB_TABLE -D kms_key_id=$TF_KMS_KEY_ID \u003e\u003e ./$(basename $f .jinja).tf; done\n            for f in *.tf; do echo \"\\n \\n\"; echo $f; cat $f; done\n            \n            cd $DEFAULT_PATH/$CUSTOMIZATION/terraform\n            export AWS_PROFILE=aft-management-admin\n            /opt/aft/bin/terraform init\n            /opt/aft/bin/terraform apply --auto-approve\n          else\n            TF_BACKEND_REGION=$(aws ssm get-parameter --name \"/aft/config/oss-backend/primary-region\" --query \"Parameter.Value\" --output text)\n            TF_ORG_NAME=$(aws ssm get-parameter --name \"/aft/config/terraform/org-name\" --query \"Parameter.Value\" --output text)\n            TF_TOKEN=$(aws ssm get-parameter --name \"/aft/config/terraform/token\" --with-decryption --query \"Parameter.Value\" --output text)\n            TF_ENDPOINT=$(aws ssm get-parameter --name \"/aft/config/terraform/api-endpoint\" --query \"Parameter.Value\" --output text)\n            TF_WORKSPACE_NAME=$VENDED_ACCOUNT_ID-aft-account-customizations\n            TF_CONFIG_PATH=\"./temp_configuration_file.tar.gz\"\n\n            cd $DEFAULT_PATH/$CUSTOMIZATION/terraform\n            for f in *.jinja; do jinja2 $f -D timestamp=\"$TIMESTAMP\" -D provider_region=$CT_MGMT_REGION -D tf_distribution_type=$TF_DISTRIBUTION -D aft_admin_role_arn=$AFT_EXEC_ROLE_ARN -D target_admin_role_arn=$VENDED_EXEC_ROLE_ARN -D terraform_org_name=$TF_ORG_NAME -D terraform_workspace_name=$TF_WORKSPACE_NAME  \u003e\u003e ./$(basename $f .jinja).tf; done\n            for f in *.tf; do echo \"\\n \\n\"; echo $f; cat $f; done\n            \n            cd $DEFAULT_PATH/$CUSTOMIZATION\n            tar -czf temp_configuration_file.tar.gz -C terraform --exclude .git --exclude venv .\n            python3 $DEFAULT_PATH/aws-aft-core-framework/sources/scripts/workspace_manager.py --operation \"deploy\" --organization_name $TF_ORG_NAME --workspace_name $TF_WORKSPACE_NAME --assume_role_arn $AFT_ADMIN_ROLE_ARN --assume_role_session_name $ROLE_SESSION_NAME --api_endpoint $TF_ENDPOINT --api_token $TF_TOKEN --terraform_version $TF_VERSION --config_file $TF_CONFIG_PATH\n          fi\n        fi\n  post_build:\n    on-failure: ABORT\n    commands:\n      - |\n        if [[ ! -z \"$CUSTOMIZATION\" ]]; then\n          export PYTHONPATH=\"$DEFAULT_PATH/aws-aft-core-framework/sources/aft-lambda-layer:$PYTHONPATH\"\n          export AWS_PROFILE=aft-management\n          python3 $DEFAULT_PATH/aws-aft-core-framework/sources/aft-lambda-layer/aft_common/report_metrics.py --codebuild-name \"aft-account-customizations\" --codebuild-status $CODEBUILD_BUILD_SUCCEEDING\n          unset AWS_PROFILE\n        fi\n      - |\n        if [[ $CODEBUILD_BUILD_SUCCEEDING == 0 ]]; then\n          exit 1\n        fi\n      - |\n        if [[ ! -z \"$CUSTOMIZATION\" ]]; then \n          source $DEFAULT_PATH/api-helpers-venv/bin/activate\n          export AWS_PROFILE=aft-target\n          $DEFAULT_PATH/$CUSTOMIZATION/api_helpers/post-api-helpers.sh\n        fi\n",
                "git_clone_depth": 0,
                "git_submodules_config": [],
                "insecure_ssl": false,
                "location": "",
                "report_build_status": false,
                "type": "CODEPIPELINE"
              }
            ],
            "source_version": "",
            "tags": null,
            "tags_all": {
              "managed_by": "AFT"
            },
            "vpc_config": [
              {
                "security_group_ids": [
                  "sg-0132c8911be5b8025"
                ],
                "subnets": [
                  "subnet-0aa55f2a7e70ddf9a",
                  "subnet-0d5e6c3eb948669e7"
                ],
                "vpc_id": "vpc-093b0a1fd1314e022"
              }
            ]
          },
          "sensitive_attributes": [],
          "private": "bnVsbA==",
          "dependencies": [
            "module.aft.data.aws_partition.current",
            "module.aft.module.aft_account_request_framework.aws_kms_key.aft",
            "module.aft.module.aft_account_request_framework.aws_security_group.aft_vpc_default_sg",
            "module.aft.module.aft_account_request_framework.aws_subnet.aft_vpc_private_subnet_01",
            "module.aft.module.aft_account_request_framework.aws_subnet.aft_vpc_private_subnet_02",
            "module.aft.module.aft_account_request_framework.aws_vpc.aft_vpc",
            "module.aft.module.aft_account_request_framework.data.aws_availability_zones.available",
            "module.aft.module.aft_customizations.aws_cloudwatch_log_group.aft_account_customizations_terraform",
            "module.aft.module.aft_customizations.aws_iam_role.aft_codebuild_customizations_role",
            "module.aft.module.aft_customizations.aws_s3_bucket.aft_codepipeline_customizations_bucket",
            "module.aft.module.aft_customizations.data.aws_caller_identity.current",
            "module.aft.module.aft_customizations.data.aws_partition.current",
            "module.aft.module.aft_customizations.data.local_file.aft_account_customizations_terraform"
          ]
        }
      ]
    },
    {
      "module": "module.aft.module.aft_customizations",
      "mode": "managed",
      "type": "aws_codebuild_project",
      "name": "aft_create_pipeline",
      "provider": "module.aft.provider[\"registry.terraform.io/hashicorp/aws\"].aft_management",
      "instances": [
        {
          "schema_version": 0,
          "attributes": {
            "arn": "arn:aws:codebuild:us-east-1:137457353584:project/aft-create-pipeline",
            "artifacts": [
              {
                "artifact_identifier": "",
                "bucket_owner_access": "",
                "encryption_disabled": false,
                "location": "",
                "name": "",
                "namespace_type": "",
                "override_artifact_name": false,
                "packaging": "",
                "path": "",
                "type": "NO_ARTIFACTS"
              }
            ],
            "badge_enabled": false,
            "badge_url": "",
            "build_batch_config": [],
            "build_timeout": 60,
            "cache": [
              {
                "location": "",
                "modes": [],
                "type": "NO_CACHE"
              }
            ],
            "concurrent_build_limit": 0,
            "description": "Job to run Terraform required to create account specific customizations pipeline",
            "encryption_key": "arn:aws:kms:us-east-1:137457353584:key/c7596c37-1777-47ee-9109-c55a643c8326",
            "environment": [
              {
                "certificate": "",
                "compute_type": "BUILD_GENERAL1_MEDIUM",
                "environment_variable": [
                  {
                    "name": "ACCOUNT_ID",
                    "type": "PLAINTEXT",
                    "value": "TBD"
                  },
                  {
                    "name": "SSM_TF_S3_BUCKET",
                    "type": "PLAINTEXT",
                    "value": "/aft/config/oss-backend/bucket-id"
                  },
                  {
                    "name": "SSM_TF_BACKEND_REGION",
                    "type": "PLAINTEXT",
                    "value": "/aft/config/oss-backend/primary-region"
                  },
                  {
                    "name": "SSM_TF_KMS_KEY_ID",
                    "type": "PLAINTEXT",
                    "value": "/aft/config/oss-backend/kms-key-id"
                  },
                  {
                    "name": "SSM_TF_DDB_TABLE",
                    "type": "PLAINTEXT",
                    "value": "/aft/config/oss-backend/table-id"
                  },
                  {
                    "name": "SSM_AWS_MODULE_SOURCE",
                    "type": "PLAINTEXT",
                    "value": "/aft/config/aft-pipeline-code-source/repo-url"
                  },
                  {
                    "name": "SSM_AWS_MODULE_GIT_REF",
                    "type": "PLAINTEXT",
                    "value": "/aft/config/aft-pipeline-code-source/repo-git-ref"
                  },
                  {
                    "name": "SSM_TF_VERSION",
                    "type": "PLAINTEXT",
                    "value": "/aft/config/terraform/version"
                  },
                  {
                    "name": "AWS_PARTITION",
                    "type": "PLAINTEXT",
                    "value": "aws"
                  }
                ],
                "image": "aws/codebuild/amazonlinux2-x86_64-standard:3.0",
                "image_pull_credentials_type": "CODEBUILD",
                "privileged_mode": false,
                "registry_credential": [],
                "type": "LINUX_CONTAINER"
              }
            ],
            "file_system_locations": [],
            "id": "arn:aws:codebuild:us-east-1:137457353584:project/aft-create-pipeline",
            "logs_config": [
              {
                "cloudwatch_logs": [
                  {
                    "group_name": "/aws/codebuild/aft-create-pipeline",
                    "status": "ENABLED",
                    "stream_name": ""
                  }
                ],
                "s3_logs": [
                  {
                    "bucket_owner_access": "",
                    "encryption_disabled": false,
                    "location": "aft-customizations-pipeline-137457353584/aft-create-pipeline-logs",
                    "status": "ENABLED"
                  }
                ]
              }
            ],
            "name": "aft-create-pipeline",
            "project_visibility": "PRIVATE",
            "public_project_alias": "",
            "queued_timeout": 480,
            "resource_access_role": "",
            "secondary_artifacts": [],
            "secondary_source_version": [],
            "secondary_sources": [],
            "service_role": "arn:aws:iam::137457353584:role/aft-codebuild-customizations-role",
            "source": [
              {
                "auth": [],
                "build_status_config": [],
                "buildspec": "# Copyright Amazon.com, Inc. or its affiliates. All rights reserved.\n# SPDX-License-Identifier: Apache-2.0\n#\nversion: 0.2\n\nphases:\n  install:\n    commands:\n      - set -e\n      # Populate Required Variables\n      - DEFAULT_PATH=$(pwd)\n      - TIMESTAMP=$(date '+%Y-%m-%d %H:%M:%S')\n      - TF_S3_BUCKET=$(aws ssm get-parameter --name $SSM_TF_S3_BUCKET --query \"Parameter.Value\" --output text)\n      - TF_S3_KEY=$VENDED_ACCOUNT_ID-customizations-pipeline/terraform.tfstate\n      - TF_BACKEND_REGION=$(aws ssm get-parameter --name $SSM_TF_BACKEND_REGION --query \"Parameter.Value\" --output text)\n      - TF_KMS_KEY_ID=$(aws ssm get-parameter --name $SSM_TF_KMS_KEY_ID --query \"Parameter.Value\" --output text)\n      - TF_DDB_TABLE=$(aws ssm get-parameter --name $SSM_TF_DDB_TABLE --query \"Parameter.Value\" --output text)\n      - TF_VERSION=$(aws ssm get-parameter --name $SSM_TF_VERSION --query \"Parameter.Value\" --output text)\n\n\n      # Configure Development SSH Key\n      - |\n        ssh_key_parameter=$(aws ssm get-parameter --name /aft/config/aft-ssh-key --with-decryption 2\u003e /dev/null || echo \"None\")\n        if [[ $ssh_key_parameter != \"None\" ]]; then\n          ssh_key=$(jq --raw-output \".Parameter.Value\" \u003c\u003c\u003c $ssh_key_parameter)\n          mkdir -p ~/.ssh\n          echo \"Host *\" \u003e\u003e ~/.ssh/config\n          echo \"StrictHostKeyChecking no\" \u003e\u003e ~/.ssh/config\n          echo \"UserKnownHostsFile=/dev/null\" \u003e\u003e ~/.ssh/config\n          echo \"$ssh_key\" \u003e ~/.ssh/ssh_key\n          echo -e \"\\n\\n\" \u003e\u003e  ~/.ssh/ssh_key\n          chmod 600 ~/.ssh/ssh_key\n          eval \"$(ssh-agent -s)\"\n          ssh-add ~/.ssh/ssh_key\n        fi\n\n      # Clone AFT\n      - AWS_MODULE_SOURCE=$(aws ssm get-parameter --name $SSM_AWS_MODULE_SOURCE --query \"Parameter.Value\" --output text)\n      - AWS_MODULE_GIT_REF=$(aws ssm get-parameter --name $SSM_AWS_MODULE_GIT_REF --query \"Parameter.Value\" --output text)\n      - git config --global credential.helper '!aws codecommit credential-helper $@'\n      - git config --global credential.UseHttpPath true\n      - git clone --quiet -b $AWS_MODULE_GIT_REF $AWS_MODULE_SOURCE aws-aft-core-framework\n\n      # Generate session profiles\n      - chmod +x $DEFAULT_PATH/aws-aft-core-framework/sources/scripts/creds.sh\n      - $DEFAULT_PATH/aws-aft-core-framework/sources/scripts/creds.sh\n\n      # Install Terraform\n      - cd /tmp\n      - echo \"Installing Terraform\"\n      - curl -q -o terraform_${TF_VERSION}_linux_amd64.zip https://releases.hashicorp.com/terraform/${TF_VERSION}/terraform_${TF_VERSION}_linux_amd64.zip\n      - unzip -q -o terraform_${TF_VERSION}_linux_amd64.zip \u0026\u0026 mv terraform /usr/bin\n      - terraform --version\n\n      # Install Python Dependencies\n      - python3 -m venv ./venv\n      - source ./venv/bin/activate\n      - pip install pip==22.1.2\n      - pip install jinja2-cli==0.7.0 Jinja2==3.0.1\n\n  pre_build:\n    on-failure: ABORT\n    commands:\n      - cd $DEFAULT_PATH/aws-aft-core-framework/sources/aft-customizations-common/templates/customizations_pipeline\n      - for f in *.jinja; do jinja2 $f -D timestamp=\"$TIMESTAMP\" -D region=$TF_BACKEND_REGION -D bucket=$TF_S3_BUCKET -D key=$TF_S3_KEY -D dynamodb_table=$TF_DDB_TABLE -D kms_key_id=$TF_KMS_KEY_ID \u003e\u003e $(basename $f .jinja).tf; done\n      - for f in *.tf; do echo \"\\n \\n\"; echo $f; cat $f; done\n  build:\n    on-failure: ABORT\n    commands:\n      - export AWS_PROFILE=aft-management-admin\n      - terraform init\n      - terraform apply -var=\"account_id=$VENDED_ACCOUNT_ID\" --auto-approve\n",
                "git_clone_depth": 0,
                "git_submodules_config": [],
                "insecure_ssl": false,
                "location": "",
                "report_build_status": false,
                "type": "NO_SOURCE"
              }
            ],
            "source_version": "",
            "tags": null,
            "tags_all": {
              "managed_by": "AFT"
            },
            "vpc_config": [
              {
                "security_group_ids": [
                  "sg-0132c8911be5b8025"
                ],
                "subnets": [
                  "subnet-0aa55f2a7e70ddf9a",
                  "subnet-0d5e6c3eb948669e7"
                ],
                "vpc_id": "vpc-093b0a1fd1314e022"
              }
            ]
          },
          "sensitive_attributes": [],
          "private": "bnVsbA==",
          "dependencies": [
            "module.aft.data.aws_partition.current",
            "module.aft.module.aft_account_request_framework.aws_kms_key.aft",
            "module.aft.module.aft_account_request_framework.aws_security_group.aft_vpc_default_sg",
            "module.aft.module.aft_account_request_framework.aws_subnet.aft_vpc_private_subnet_01",
            "module.aft.module.aft_account_request_framework.aws_subnet.aft_vpc_private_subnet_02",
            "module.aft.module.aft_account_request_framework.aws_vpc.aft_vpc",
            "module.aft.module.aft_account_request_framework.data.aws_availability_zones.available",
            "module.aft.module.aft_customizations.aws_cloudwatch_log_group.aft_create_pipeline",
            "module.aft.module.aft_customizations.aws_iam_role.aft_codebuild_customizations_role",
            "module.aft.module.aft_customizations.aws_s3_bucket.aft_codepipeline_customizations_bucket",
            "module.aft.module.aft_customizations.data.aws_caller_identity.current",
            "module.aft.module.aft_customizations.data.aws_partition.current",
            "module.aft.module.aft_customizations.data.local_file.aft_create_pipeline"
          ]
        }
      ]
    },
    {
      "module": "module.aft.module.aft_customizations",
      "mode": "managed",
      "type": "aws_codebuild_project",
      "name": "aft_global_customizations_terraform",
      "provider": "module.aft.provider[\"registry.terraform.io/hashicorp/aws\"].aft_management",
      "instances": [
        {
          "schema_version": 0,
          "attributes": {
            "arn": "arn:aws:codebuild:us-east-1:137457353584:project/aft-global-customizations-terraform",
            "artifacts": [
              {
                "artifact_identifier": "",
                "bucket_owner_access": "",
                "encryption_disabled": false,
                "location": "",
                "name": "aft-global-customizations-terraform",
                "namespace_type": "",
                "override_artifact_name": false,
                "packaging": "NONE",
                "path": "",
                "type": "CODEPIPELINE"
              }
            ],
            "badge_enabled": false,
            "badge_url": "",
            "build_batch_config": [],
            "build_timeout": 60,
            "cache": [
              {
                "location": "",
                "modes": [],
                "type": "NO_CACHE"
              }
            ],
            "concurrent_build_limit": 0,
            "description": "Job to apply Terraform provided by the customer global customizations repo",
            "encryption_key": "arn:aws:kms:us-east-1:137457353584:key/c7596c37-1777-47ee-9109-c55a643c8326",
            "environment": [
              {
                "certificate": "",
                "compute_type": "BUILD_GENERAL1_MEDIUM",
                "environment_variable": [
                  {
                    "name": "AWS_PARTITION",
                    "type": "PLAINTEXT",
                    "value": "aws"
                  }
                ],
                "image": "aws/codebuild/amazonlinux2-x86_64-standard:3.0",
                "image_pull_credentials_type": "CODEBUILD",
                "privileged_mode": false,
                "registry_credential": [],
                "type": "LINUX_CONTAINER"
              }
            ],
            "file_system_locations": [],
            "id": "arn:aws:codebuild:us-east-1:137457353584:project/aft-global-customizations-terraform",
            "logs_config": [
              {
                "cloudwatch_logs": [
                  {
                    "group_name": "/aws/codebuild/aft-global-customizations-terraform",
                    "status": "ENABLED",
                    "stream_name": ""
                  }
                ],
                "s3_logs": [
                  {
                    "bucket_owner_access": "",
                    "encryption_disabled": false,
                    "location": "aft-customizations-pipeline-137457353584/aft-global-customizations-terraform-logs",
                    "status": "ENABLED"
                  }
                ]
              }
            ],
            "name": "aft-global-customizations-terraform",
            "project_visibility": "PRIVATE",
            "public_project_alias": "",
            "queued_timeout": 480,
            "resource_access_role": "",
            "secondary_artifacts": [],
            "secondary_source_version": [],
            "secondary_sources": [],
            "service_role": "arn:aws:iam::137457353584:role/aft-codebuild-customizations-role",
            "source": [
              {
                "auth": [],
                "build_status_config": [],
                "buildspec": "# Copyright Amazon.com, Inc. or its affiliates. All rights reserved.\n# SPDX-License-Identifier: Apache-2.0\n#\nversion: 0.2\n\nphases:\n  install:\n    commands:\n      - set -e\n      # Populate Required Variables\n      - DEFAULT_PATH=$(pwd)\n      - TIMESTAMP=$(date '+%Y-%m-%d %H:%M:%S')\n      - TF_VERSION=$(aws ssm get-parameter --name \"/aft/config/terraform/version\" --query \"Parameter.Value\" --output text)\n      - TF_DISTRIBUTION=$(aws ssm get-parameter --name \"/aft/config/terraform/distribution\" --query \"Parameter.Value\" --output text)\n      - CT_MGMT_REGION=$(aws ssm get-parameter --name \"/aft/config/ct-management-region\" --query \"Parameter.Value\" --output text)\n      - AFT_MGMT_ACCOUNT=$(aws ssm get-parameter --name \"/aft/account/aft-management/account-id\" --query \"Parameter.Value\" --output text)\n      - AFT_EXEC_ROLE_ARN=arn:$AWS_PARTITION:iam::$AFT_MGMT_ACCOUNT:role/AWSAFTExecution\n      - VENDED_EXEC_ROLE_ARN=arn:$AWS_PARTITION:iam::$VENDED_ACCOUNT_ID:role/AWSAFTExecution\n      - AFT_ADMIN_ROLE_NAME=$(aws ssm get-parameter --name /aft/resources/iam/aft-administrator-role-name | jq --raw-output \".Parameter.Value\")\n      - AFT_ADMIN_ROLE_ARN=arn:$AWS_PARTITION:iam::$AFT_MGMT_ACCOUNT:role/$AFT_ADMIN_ROLE_NAME\n      - ROLE_SESSION_NAME=$(aws ssm get-parameter --name /aft/resources/iam/aft-session-name | jq --raw-output \".Parameter.Value\")\n\n      # Configure Development SSH Key\n      - |\n        ssh_key_parameter=$(aws ssm get-parameter --name /aft/config/aft-ssh-key --with-decryption 2\u003e /dev/null || echo \"None\")\n        if [[ $ssh_key_parameter != \"None\" ]]; then\n          ssh_key=$(jq --raw-output \".Parameter.Value\" \u003c\u003c\u003c $ssh_key_parameter)\n          mkdir -p ~/.ssh\n          echo \"Host *\" \u003e\u003e ~/.ssh/config\n          echo \"StrictHostKeyChecking no\" \u003e\u003e ~/.ssh/config\n          echo \"UserKnownHostsFile=/dev/null\" \u003e\u003e ~/.ssh/config\n          echo \"$ssh_key\" \u003e ~/.ssh/ssh_key\n          echo -e \"\\n\\n\" \u003e\u003e  ~/.ssh/ssh_key\n          chmod 600 ~/.ssh/ssh_key\n          eval \"$(ssh-agent -s)\"\n          ssh-add ~/.ssh/ssh_key\n        fi\n\n      # Clone AFT\n      - AWS_MODULE_SOURCE=$(aws ssm get-parameter --name \"/aft/config/aft-pipeline-code-source/repo-url\" --query \"Parameter.Value\" --output text)\n      - AWS_MODULE_GIT_REF=$(aws ssm get-parameter --name \"/aft/config/aft-pipeline-code-source/repo-git-ref\" --query \"Parameter.Value\" --output text)\n      - git config --global credential.helper '!aws codecommit credential-helper $@'\n      - git config --global credential.UseHttpPath true\n      - git clone --quiet -b $AWS_MODULE_GIT_REF $AWS_MODULE_SOURCE aws-aft-core-framework\n\n      # Generate session profiles\n      - chmod +x $DEFAULT_PATH/aws-aft-core-framework/sources/scripts/creds.sh\n      - $DEFAULT_PATH/aws-aft-core-framework/sources/scripts/creds.sh\n\n      # Install AFT Python Dependencies\n      - python3 -m venv $DEFAULT_PATH/aft-venv\n      - $DEFAULT_PATH/aft-venv/bin/pip install pip==22.1.2\n      - $DEFAULT_PATH/aft-venv/bin/pip install jinja2-cli==0.7.0 Jinja2==3.0.1 MarkupSafe==2.0.1 boto3==1.18.56 requests==2.26.0\n\n      # Install API Helper Python Dependencies\n      - python3 -m venv $DEFAULT_PATH/api-helpers-venv\n      - $DEFAULT_PATH/api-helpers-venv/bin/pip install -r $DEFAULT_PATH/api_helpers/python/requirements.txt\n\n      # Mark helper scripts as executable\n      - chmod +x $DEFAULT_PATH/api_helpers/pre-api-helpers.sh\n      - chmod +x $DEFAULT_PATH/api_helpers/post-api-helpers.sh\n      \n  pre_build:\n    on-failure: ABORT\n    commands:\n      - source $DEFAULT_PATH/api-helpers-venv/bin/activate\n      - export AWS_PROFILE=aft-target\n      - $DEFAULT_PATH/api_helpers/pre-api-helpers.sh\n      - unset AWS_PROFILE\n\n  build:\n    on-failure: CONTINUE\n    commands:\n      # Apply customizations\n      - source $DEFAULT_PATH/aft-venv/bin/activate\n      - |\n        if [ $TF_DISTRIBUTION = \"oss\" ]; then\n          TF_BACKEND_REGION=$(aws ssm get-parameter --name \"/aft/config/oss-backend/primary-region\" --query \"Parameter.Value\" --output text)\n          TF_KMS_KEY_ID=$(aws ssm get-parameter --name \"/aft/config/oss-backend/kms-key-id\" --query \"Parameter.Value\" --output text)\n          TF_DDB_TABLE=$(aws ssm get-parameter --name \"/aft/config/oss-backend/table-id\" --query \"Parameter.Value\" --output text)\n          TF_S3_BUCKET=$(aws ssm get-parameter --name \"/aft/config/oss-backend/bucket-id\" --query \"Parameter.Value\" --output text)\n          TF_S3_KEY=$VENDED_ACCOUNT_ID-aft-global-customizations/terraform.tfstate\n\n          cd /tmp\n          echo \"Installing Terraform\"\n          curl -q -o terraform_${TF_VERSION}_linux_amd64.zip https://releases.hashicorp.com/terraform/${TF_VERSION}/terraform_${TF_VERSION}_linux_amd64.zip\n          mkdir -p /opt/aft/bin\n          unzip -q -o terraform_${TF_VERSION}_linux_amd64.zip\n          mv terraform /opt/aft/bin\n          /opt/aft/bin/terraform --version\n\n          # Move back to customization module\n          cd $DEFAULT_PATH/terraform\n          for f in *.jinja; do jinja2 $f -D timestamp=\"$TIMESTAMP\" -D tf_distribution_type=$TF_DISTRIBUTION -D provider_region=$CT_MGMT_REGION -D region=$TF_BACKEND_REGION -D aft_admin_role_arn=$AFT_EXEC_ROLE_ARN -D target_admin_role_arn=$VENDED_EXEC_ROLE_ARN -D bucket=$TF_S3_BUCKET -D key=$TF_S3_KEY -D dynamodb_table=$TF_DDB_TABLE -D kms_key_id=$TF_KMS_KEY_ID \u003e\u003e ./$(basename $f .jinja).tf; done\n          for f in *.tf; do echo \"\\n \\n\"; echo $f; cat $f; done\n\n          cd $DEFAULT_PATH/terraform\n          export AWS_PROFILE=aft-management-admin\n          /opt/aft/bin/terraform init\n          /opt/aft/bin/terraform apply --auto-approve\n        else\n          TF_ORG_NAME=$(aws ssm get-parameter --name \"/aft/config/terraform/org-name\" --query \"Parameter.Value\" --output text)\n          TF_TOKEN=$(aws ssm get-parameter --name \"/aft/config/terraform/token\" --with-decryption --query \"Parameter.Value\" --output text)\n          TF_ENDPOINT=$(aws ssm get-parameter --name \"/aft/config/terraform/api-endpoint\" --query \"Parameter.Value\" --output text)\n          TF_WORKSPACE_NAME=$VENDED_ACCOUNT_ID-aft-global-customizations\n          TF_CONFIG_PATH=\"./temp_configuration_file.tar.gz\"\n          cd $DEFAULT_PATH/terraform\n          for f in *.jinja; do jinja2 $f -D timestamp=\"$TIMESTAMP\" -D provider_region=$CT_MGMT_REGION -D tf_distribution_type=$TF_DISTRIBUTION -D aft_admin_role_arn=$AFT_EXEC_ROLE_ARN -D target_admin_role_arn=$VENDED_EXEC_ROLE_ARN -D terraform_org_name=$TF_ORG_NAME -D terraform_workspace_name=$TF_WORKSPACE_NAME  \u003e\u003e ./$(basename $f .jinja).tf; done\n          for f in *.tf; do echo \"\\n \\n\"; echo $f; cat $f; done\n          cd $DEFAULT_PATH\n          tar -czf temp_configuration_file.tar.gz -C terraform --exclude .git --exclude venv .\n          python3 $DEFAULT_PATH/aws-aft-core-framework/sources/scripts/workspace_manager.py --operation \"deploy\" --organization_name $TF_ORG_NAME --workspace_name $TF_WORKSPACE_NAME --assume_role_arn $AFT_ADMIN_ROLE_ARN --assume_role_session_name $ROLE_SESSION_NAME --api_endpoint $TF_ENDPOINT --api_token $TF_TOKEN --terraform_version $TF_VERSION --config_file $TF_CONFIG_PATH\n        fi\n\n  post_build:\n    on-failure: ABORT\n    commands:\n      - export PYTHONPATH=\"$DEFAULT_PATH/aws-aft-core-framework/sources/aft-lambda-layer:$PYTHONPATH\"\n      - export AWS_PROFILE=aft-management\n      - python3 $DEFAULT_PATH/aws-aft-core-framework/sources/aft-lambda-layer/aft_common/report_metrics.py --codebuild-name \"aft-global-customizations\" --codebuild-status $CODEBUILD_BUILD_SUCCEEDING\n      - unset AWS_PROFILE\n      - |\n        if [[ $CODEBUILD_BUILD_SUCCEEDING == 0 ]]; then\n          exit 1\n        fi\n      - source $DEFAULT_PATH/api-helpers-venv/bin/activate\n      - export AWS_PROFILE=aft-target\n      - $DEFAULT_PATH/api_helpers/post-api-helpers.sh\n",
                "git_clone_depth": 0,
                "git_submodules_config": [],
                "insecure_ssl": false,
                "location": "",
                "report_build_status": false,
                "type": "CODEPIPELINE"
              }
            ],
            "source_version": "",
            "tags": null,
            "tags_all": {
              "managed_by": "AFT"
            },
            "vpc_config": [
              {
                "security_group_ids": [
                  "sg-0132c8911be5b8025"
                ],
                "subnets": [
                  "subnet-0aa55f2a7e70ddf9a",
                  "subnet-0d5e6c3eb948669e7"
                ],
                "vpc_id": "vpc-093b0a1fd1314e022"
              }
            ]
          },
          "sensitive_attributes": [],
          "private": "bnVsbA==",
          "dependencies": [
            "module.aft.data.aws_partition.current",
            "module.aft.module.aft_account_request_framework.aws_kms_key.aft",
            "module.aft.module.aft_account_request_framework.aws_security_group.aft_vpc_default_sg",
            "module.aft.module.aft_account_request_framework.aws_subnet.aft_vpc_private_subnet_01",
            "module.aft.module.aft_account_request_framework.aws_subnet.aft_vpc_private_subnet_02",
            "module.aft.module.aft_account_request_framework.aws_vpc.aft_vpc",
            "module.aft.module.aft_account_request_framework.data.aws_availability_zones.available",
            "module.aft.module.aft_customizations.aws_cloudwatch_log_group.aft_global_customizations_terraform",
            "module.aft.module.aft_customizations.aws_iam_role.aft_codebuild_customizations_role",
            "module.aft.module.aft_customizations.aws_s3_bucket.aft_codepipeline_customizations_bucket",
            "module.aft.module.aft_customizations.data.aws_caller_identity.current",
            "module.aft.module.aft_customizations.data.aws_partition.current",
            "module.aft.module.aft_customizations.data.local_file.aft_global_customizations_terraform"
          ]
        }
      ]
    },
    {
      "module": "module.aft.module.aft_customizations",
      "mode": "managed",
      "type": "aws_iam_role",
      "name": "aft_codebuild_customizations_role",
      "provider": "module.aft.provider[\"registry.terraform.io/hashicorp/aws\"].aft_management",
      "instances": [
        {
          "schema_version": 0,
          "attributes": {
            "arn": "arn:aws:iam::137457353584:role/aft-codebuild-customizations-role",
            "assume_role_policy": "{\"Statement\":[{\"Action\":\"sts:AssumeRole\",\"Effect\":\"Allow\",\"Principal\":{\"Service\":\"codebuild.amazonaws.com\"}}],\"Version\":\"2012-10-17\"}",
            "create_date": "2022-11-25T03:31:45Z",
            "description": "",
            "force_detach_policies": false,
            "id": "aft-codebuild-customizations-role",
            "inline_policy": [],
            "managed_policy_arns": [],
            "max_session_duration": 3600,
            "name": "aft-codebuild-customizations-role",
            "name_prefix": "",
            "path": "/",
            "permissions_boundary": null,
            "tags": null,
            "tags_all": {
              "managed_by": "AFT"
            },
            "unique_id": "AROASAAIYYNYMRII3N56G"
          },
          "sensitive_attributes": [],
          "private": "bnVsbA==",
          "dependencies": [
            "module.aft.data.aws_partition.current"
          ]
        }
      ]
    },
    {
      "module": "module.aft.module.aft_customizations",
      "mode": "managed",
      "type": "aws_iam_role",
      "name": "aft_codepipeline_customizations_role",
      "provider": "module.aft.provider[\"registry.terraform.io/hashicorp/aws\"].aft_management",
      "instances": [
        {
          "schema_version": 0,
          "attributes": {
            "arn": "arn:aws:iam::137457353584:role/aft-codepipeline-customizations-role",
            "assume_role_policy": "{\"Statement\":[{\"Action\":\"sts:AssumeRole\",\"Effect\":\"Allow\",\"Principal\":{\"Service\":\"codepipeline.amazonaws.com\"}}],\"Version\":\"2012-10-17\"}",
            "create_date": "2022-11-25T03:31:46Z",
            "description": "",
            "force_detach_policies": false,
            "id": "aft-codepipeline-customizations-role",
            "inline_policy": [],
            "managed_policy_arns": [],
            "max_session_duration": 3600,
            "name": "aft-codepipeline-customizations-role",
            "name_prefix": "",
            "path": "/",
            "permissions_boundary": null,
            "tags": null,
            "tags_all": {
              "managed_by": "AFT"
            },
            "unique_id": "AROASAAIYYNYICZL5XRX7"
          },
          "sensitive_attributes": [],
          "private": "bnVsbA==",
          "dependencies": [
            "module.aft.data.aws_partition.current"
          ]
        }
      ]
    },
    {
      "module": "module.aft.module.aft_customizations",
      "mode": "managed",
      "type": "aws_iam_role",
      "name": "aft_customizations_execute_pipeline_lambda",
      "provider": "module.aft.provider[\"registry.terraform.io/hashicorp/aws\"].aft_management",
      "instances": [
        {
          "schema_version": 0,
          "attributes": {
            "arn": "arn:aws:iam::137457353584:role/aft-execute-pipeline-execution-role",
            "assume_role_policy": "{\"Statement\":[{\"Action\":\"sts:AssumeRole\",\"Effect\":\"Allow\",\"Principal\":{\"Service\":\"lambda.amazonaws.com\"}}],\"Version\":\"2012-10-17\"}",
            "create_date": "2022-11-25T03:31:42Z",
            "description": "",
            "force_detach_policies": false,
            "id": "aft-execute-pipeline-execution-role",
            "inline_policy": [],
            "managed_policy_arns": [],
            "max_session_duration": 3600,
            "name": "aft-execute-pipeline-execution-role",
            "name_prefix": "",
            "path": "/",
            "permissions_boundary": null,
            "tags": null,
            "tags_all": {
              "managed_by": "AFT"
            },
            "unique_id": "AROASAAIYYNYPOWBKRPTO"
          },
          "sensitive_attributes": [],
          "private": "bnVsbA==",
          "dependencies": [
            "module.aft.data.aws_partition.current"
          ]
        }
      ]
    },
    {
      "module": "module.aft.module.aft_customizations",
      "mode": "managed",
      "type": "aws_iam_role",
      "name": "aft_customizations_get_pipeline_executions_lambda",
      "provider": "module.aft.provider[\"registry.terraform.io/hashicorp/aws\"].aft_management",
      "instances": [
        {
          "schema_version": 0,
          "attributes": {
            "arn": "arn:aws:iam::137457353584:role/aft-get-pipeline-status-execution-role",
            "assume_role_policy": "{\"Statement\":[{\"Action\":\"sts:AssumeRole\",\"Effect\":\"Allow\",\"Principal\":{\"Service\":\"lambda.amazonaws.com\"}}],\"Version\":\"2012-10-17\"}",
            "create_date": "2022-11-25T03:31:41Z",
            "description": "",
            "force_detach_policies": false,
            "id": "aft-get-pipeline-status-execution-role",
            "inline_policy": [],
            "managed_policy_arns": [],
            "max_session_duration": 3600,
            "name": "aft-get-pipeline-status-execution-role",
            "name_prefix": "",
            "path": "/",
            "permissions_boundary": null,
            "tags": null,
            "tags_all": {
              "managed_by": "AFT"
            },
            "unique_id": "AROASAAIYYNYCAYFZXPLA"
          },
          "sensitive_attributes": [],
          "private": "bnVsbA==",
          "dependencies": [
            "module.aft.data.aws_partition.current"
          ]
        }
      ]
    },
    {
      "module": "module.aft.module.aft_customizations",
      "mode": "managed",
      "type": "aws_iam_role",
      "name": "aft_customizations_identify_targets_lambda",
      "provider": "module.aft.provider[\"registry.terraform.io/hashicorp/aws\"].aft_management",
      "instances": [
        {
          "schema_version": 0,
          "attributes": {
            "arn": "arn:aws:iam::137457353584:role/aft-identify-targets-execution-role",
            "assume_role_policy": "{\"Statement\":[{\"Action\":\"sts:AssumeRole\",\"Effect\":\"Allow\",\"Principal\":{\"Service\":\"lambda.amazonaws.com\"}}],\"Version\":\"2012-10-17\"}",
            "create_date": "2022-11-25T03:31:42Z",
            "description": "",
            "force_detach_policies": false,
            "id": "aft-identify-targets-execution-role",
            "inline_policy": [],
            "managed_policy_arns": [],
            "max_session_duration": 3600,
            "name": "aft-identify-targets-execution-role",
            "name_prefix": "",
            "path": "/",
            "permissions_boundary": null,
            "tags": null,
            "tags_all": {
              "managed_by": "AFT"
            },
            "unique_id": "AROASAAIYYNYM575NIORH"
          },
          "sensitive_attributes": [],
          "private": "bnVsbA==",
          "dependencies": [
            "module.aft.data.aws_partition.current"
          ]
        }
      ]
    },
    {
      "module": "module.aft.module.aft_customizations",
      "mode": "managed",
      "type": "aws_iam_role",
      "name": "aft_invoke_customizations_sfn",
      "provider": "module.aft.provider[\"registry.terraform.io/hashicorp/aws\"].aft_management",
      "instances": [
        {
          "schema_version": 0,
          "attributes": {
            "arn": "arn:aws:iam::137457353584:role/aft-invoke-customizations-execution-role",
            "assume_role_policy": "{\"Statement\":[{\"Action\":\"sts:AssumeRole\",\"Effect\":\"Allow\",\"Principal\":{\"Service\":\"states.amazonaws.com\"}}],\"Version\":\"2012-10-17\"}",
            "create_date": "2022-11-25T03:31:46Z",
            "description": "",
            "force_detach_policies": false,
            "id": "aft-invoke-customizations-execution-role",
            "inline_policy": [],
            "managed_policy_arns": [],
            "max_session_duration": 3600,
            "name": "aft-invoke-customizations-execution-role",
            "name_prefix": "",
            "path": "/",
            "permissions_boundary": null,
            "tags": null,
            "tags_all": {
              "managed_by": "AFT"
            },
            "unique_id": "AROASAAIYYNYF5AMNLWZQ"
          },
          "sensitive_attributes": [],
          "private": "bnVsbA==",
          "dependencies": [
            "module.aft.data.aws_partition.current"
          ]
        }
      ]
    },
    {
      "module": "module.aft.module.aft_customizations",
      "mode": "managed",
      "type": "aws_iam_role_policy",
      "name": "aft_codebuild_customizations_policy",
      "provider": "module.aft.provider[\"registry.terraform.io/hashicorp/aws\"].aft_management",
      "instances": [
        {
          "schema_version": 0,
          "attributes": {
            "id": "aft-codebuild-customizations-role:terraform-2022112503355519450000003a",
            "name": "terraform-2022112503355519450000003a",
            "name_prefix": null,
            "policy": "{\n  \"Version\": \"2012-10-17\",\n  \"Statement\": [\n    {\n      \"Effect\": \"Allow\",\n      \"Resource\": \"arn:aws:logs:us-east-1:137457353584:log-group:/aws/codebuild/aft*\",\n      \"Action\": [\n        \"logs:CreateLogStream\",\n        \"logs:PutLogEvents\"\n      ]\n    },\n    {\n      \"Effect\": \"Allow\",\n      \"Action\": [\n        \"ec2:CreateNetworkInterface\",\n        \"ec2:DescribeDhcpOptions\",\n        \"ec2:DescribeNetworkInterfaces\",\n        \"ec2:DeleteNetworkInterface\",\n        \"ec2:DescribeSubnets\",\n        \"ec2:DescribeSecurityGroups\",\n        \"ec2:DescribeVpcs\"\n      ],\n      \"Resource\": \"*\"\n    },\n    {\n      \"Effect\": \"Allow\",\n      \"Action\": [\n        \"ec2:CreateNetworkInterfacePermission\"\n      ],\n      \"Resource\": [\n        \"arn:aws:ec2:us-east-1:137457353584:network-interface/*\"\n      ]\n    },\n    {\n      \"Effect\": \"Allow\",\n      \"Action\": [\n        \"s3:GetObject\",\n        \"s3:GetObjectVersion\",\n        \"s3:GetBucketVersioning\",\n        \"s3:List*\",\n        \"s3:PutObjectAcl\",\n        \"s3:PutObject\"\n      ],\n      \"Resource\": [\n        \"arn:aws:s3:::aft-customizations-pipeline-137457353584\",\n        \"arn:aws:s3:::aft-customizations-pipeline-137457353584/*\"\n      ]\n    },\n    {\n      \"Effect\": \"Allow\",\n      \"Action\": [\n        \"kms:Decrypt\",\n        \"kms:Encrypt\",\n        \"kms:GenerateDataKey\"\n      ],\n      \"Resource\": \"arn:aws:kms:us-east-1:137457353584:key/c7596c37-1777-47ee-9109-c55a643c8326\"\n    },\n    {\n      \"Effect\": \"Allow\",\n      \"Action\": [\n        \"ssm:GetParameters\",\n        \"ssm:GetParameter\"\n      ],\n      \"Resource\": [\n        \"arn:aws:ssm:us-east-1:137457353584:parameter/aft/*\"\n      ]\n    },\n    {\n      \"Effect\": \"Allow\",\n      \"Action\": [\n        \"codecommit:GetBranch\",\n        \"codecommit:GetRepository\",\n        \"codecommit:GetCommit\",\n        \"codecommit:GitPull\",\n        \"codecommit:UploadArchive\",\n        \"codecommit:GetUploadArchiveStatus\",\n        \"codecommit:CancelUploadArchive\"\n      ],\n      \"Resource\": \"arn:aws:codecommit:us-east-1:137457353584:*customizations*\"\n    },\n    {\n      \"Effect\": \"Allow\",\n      \"Action\": [\n        \"dynamodb:*Item\"\n      ],\n      \"Resource\": [\n        \"arn:aws:dynamodb:us-east-1:137457353584:table/aft-request-metadata\"\n      ]\n    },\n    {\n      \"Effect\": \"Allow\",\n      \"Action\": [\n        \"sts:AssumeRole\"\n      ],\n      \"Resource\": [\n        \"arn:aws:iam::137457353584:role/AWSAFTAdmin\"\n      ]\n    },\n      {\n        \"Effect\" : \"Allow\",\n        \"Action\" : [\n        \"dynamodb:GetItem\"\n      ],\n        \"Resource\" : [\n          \"arn:aws:dynamodb:us-east-1:137457353584:table/aft*\"\n        ]\n      }\n  ]\n}\n",
            "role": "aft-codebuild-customizations-role"
          },
          "sensitive_attributes": [],
          "private": "bnVsbA==",
          "dependencies": [
            "module.aft.data.aws_partition.current",
            "module.aft.module.aft_account_request_framework.aws_dynamodb_table.aft_request_metadata",
            "module.aft.module.aft_account_request_framework.aws_kms_key.aft",
            "module.aft.module.aft_customizations.aws_iam_role.aft_codebuild_customizations_role",
            "module.aft.module.aft_customizations.aws_s3_bucket.aft_codepipeline_customizations_bucket",
            "module.aft.module.aft_customizations.data.aws_caller_identity.current",
            "module.aft.module.aft_customizations.data.aws_partition.current",
            "module.aft.module.aft_customizations.data.aws_region.current"
          ]
        }
      ]
    },
    {
      "module": "module.aft.module.aft_customizations",
      "mode": "managed",
      "type": "aws_iam_role_policy",
      "name": "aft_codepipeline_customizations_policy",
      "provider": "module.aft.provider[\"registry.terraform.io/hashicorp/aws\"].aft_management",
      "instances": [
        {
          "schema_version": 0,
          "attributes": {
            "id": "aft-codepipeline-customizations-role:aft-codepipeline-customizations-policy",
            "name": "aft-codepipeline-customizations-policy",
            "name_prefix": null,
            "policy": "{\n  \"Version\": \"2012-10-17\",\n  \"Statement\": [\n    {\n      \"Effect\":\"Allow\",\n      \"Action\": [\n        \"s3:Get*\",\n        \"s3:List*\",\n        \"s3:Put*\"\n      ],\n      \"Resource\": [\n        \"arn:aws:s3:::aft-customizations-pipeline-137457353584\",\n        \"arn:aws:s3:::aft-customizations-pipeline-137457353584/*\"\n      ]\n    },\n    {\n      \"Effect\": \"Allow\",\n      \"Action\": [\n        \"codebuild:BatchGetBuilds\",\n        \"codebuild:StartBuild\"\n      ],\n        \"Resource\": \"arn:aws:codebuild:us-east-1:137457353584:*customizations*\"\n    },\n    {\n      \"Effect\": \"Allow\",\n      \"Action\": [\n        \"codecommit:GetBranch\",\n        \"codecommit:GetRepository\",\n        \"codecommit:GetCommit\",\n        \"codecommit:GitPull\",\n        \"codecommit:UploadArchive\",\n        \"codecommit:GetUploadArchiveStatus\",\n        \"codecommit:CancelUploadArchive\"\n      ],\n      \"Resource\": \"arn:aws:codecommit:us-east-1:137457353584:*\"\n    },\n    {\n      \"Effect\": \"Allow\",\n      \"Action\": [\n        \"kms:Decrypt\",\n        \"kms:Encrypt\",\n        \"kms:GenerateDataKey\"\n      ],\n      \"Resource\": \"arn:aws:kms:us-east-1:137457353584:key/c7596c37-1777-47ee-9109-c55a643c8326\"\n    },\n     {\n         \"Effect\": \"Allow\",\n         \"Action\": \"codestar-connections:UseConnection\",\n         \"Resource\": \"*\"\n     }\n  ]\n}\n",
            "role": "aft-codepipeline-customizations-role"
          },
          "sensitive_attributes": [],
          "private": "bnVsbA==",
          "dependencies": [
            "module.aft.data.aws_partition.current",
            "module.aft.module.aft_account_request_framework.aws_kms_key.aft",
            "module.aft.module.aft_customizations.aws_iam_role.aft_codepipeline_customizations_role",
            "module.aft.module.aft_customizations.aws_s3_bucket.aft_codepipeline_customizations_bucket",
            "module.aft.module.aft_customizations.data.aws_caller_identity.current",
            "module.aft.module.aft_customizations.data.aws_partition.current",
            "module.aft.module.aft_customizations.data.aws_region.current"
          ]
        }
      ]
    },
    {
      "module": "module.aft.module.aft_customizations",
      "mode": "managed",
      "type": "aws_iam_role_policy",
      "name": "aft_execute_pipeline_lambda",
      "provider": "module.aft.provider[\"registry.terraform.io/hashicorp/aws\"].aft_management",
      "instances": [
        {
          "schema_version": 0,
          "attributes": {
            "id": "aft-execute-pipeline-execution-role:aft-execute-pipeline-policy",
            "name": "aft-execute-pipeline-policy",
            "name_prefix": null,
            "policy": "{\n    \"Version\": \"2012-10-17\",\n    \"Statement\": [\n        {\n            \"Effect\": \"Allow\",\n            \"Action\": [\n                \"codepipeline:StartPipelineExecution\",\n                \"codepipeline:ListPipelineExecutions\",\n                \"codepipeline:ListPipelines\",\n                \"ssm:GetParameter\",\n                \"codepipeline:ListTagsForResource\"\n            ],\n            \"Resource\": [\n                \"arn:aws:codepipeline:us-east-1:137457353584:*\",\n                \"arn:aws:ssm:us-east-1:137457353584:parameter/aft/*\"\n            ]\n        },\n      {\n        \"Effect\" : \"Allow\",\n        \"Action\" : [\n            \"kms:GenerateDataKey\",\n            \"kms:Encrypt\",\n            \"kms:Decrypt\"\n        ],\n        \"Resource\" : [\n            \"arn:aws:kms:us-east-1:137457353584:key/c7596c37-1777-47ee-9109-c55a643c8326\"\n        ]\n      },\n      {\n          \"Effect\": \"Allow\",\n          \"Action\": \"sts:GetCallerIdentity\",\n          \"Resource\": \"*\"\n      },\n      {\n        \"Effect\" : \"Allow\",\n        \"Action\" : [\n            \"sns:Publish\"\n        ],\n        \"Resource\" : [\n            \"arn:aws:sns:us-east-1:137457353584:aft-notifications\",\n            \"arn:aws:sns:us-east-1:137457353584:aft-failure-notifications\"\n        ]\n      }\n    ]\n}\n",
            "role": "aft-execute-pipeline-execution-role"
          },
          "sensitive_attributes": [],
          "private": "bnVsbA==",
          "dependencies": [
            "module.aft.data.aws_partition.current",
            "module.aft.module.aft_account_request_framework.aws_kms_key.aft",
            "module.aft.module.aft_account_request_framework.aws_sns_topic.aft_failure_notifications",
            "module.aft.module.aft_account_request_framework.aws_sns_topic.aft_notifications",
            "module.aft.module.aft_customizations.aws_iam_role.aft_customizations_execute_pipeline_lambda",
            "module.aft.module.aft_customizations.data.aws_caller_identity.current",
            "module.aft.module.aft_customizations.data.aws_partition.current",
            "module.aft.module.aft_customizations.data.aws_region.current"
          ]
        }
      ]
    },
    {
      "module": "module.aft.module.aft_customizations",
      "mode": "managed",
      "type": "aws_iam_role_policy",
      "name": "aft_get_pipeline_executions_lambda",
      "provider": "module.aft.provider[\"registry.terraform.io/hashicorp/aws\"].aft_management",
      "instances": [
        {
          "schema_version": 0,
          "attributes": {
            "id": "aft-get-pipeline-status-execution-role:aft-get-pipeline-status-policy",
            "name": "aft-get-pipeline-status-policy",
            "name_prefix": null,
            "policy": "{\n    \"Version\": \"2012-10-17\",\n    \"Statement\": [\n        {\n            \"Effect\": \"Allow\",\n            \"Action\": \"codepipeline:ListPipelineExecutions\",\n            \"Resource\": \"arn:aws:codepipeline:us-east-1:137457353584:*\"\n        },\n        {\n            \"Effect\": \"Allow\",\n            \"Action\": \"codepipeline:ListPipelines\",\n            \"Resource\": \"*\"\n        },\n      {\n        \"Effect\" : \"Allow\",\n        \"Action\" : [\n            \"kms:GenerateDataKey\",\n            \"kms:Encrypt\",\n            \"kms:Decrypt\"\n        ],\n        \"Resource\" : [\n            \"arn:aws:kms:us-east-1:137457353584:key/c7596c37-1777-47ee-9109-c55a643c8326\"\n        ]\n      },\n      {\n        \"Effect\" : \"Allow\",\n        \"Action\" : [\n            \"sns:Publish\"\n        ],\n        \"Resource\" : [\n            \"arn:aws:sns:us-east-1:137457353584:aft-notifications\",\n            \"arn:aws:sns:us-east-1:137457353584:aft-failure-notifications\"\n        ]\n      }\n    ]\n}\n",
            "role": "aft-get-pipeline-status-execution-role"
          },
          "sensitive_attributes": [],
          "private": "bnVsbA==",
          "dependencies": [
            "module.aft.data.aws_partition.current",
            "module.aft.module.aft_account_request_framework.aws_kms_key.aft",
            "module.aft.module.aft_account_request_framework.aws_sns_topic.aft_failure_notifications",
            "module.aft.module.aft_account_request_framework.aws_sns_topic.aft_notifications",
            "module.aft.module.aft_customizations.aws_iam_role.aft_customizations_get_pipeline_executions_lambda",
            "module.aft.module.aft_customizations.data.aws_caller_identity.current",
            "module.aft.module.aft_customizations.data.aws_partition.current",
            "module.aft.module.aft_customizations.data.aws_region.current"
          ]
        }
      ]
    },
    {
      "module": "module.aft.module.aft_customizations",
      "mode": "managed",
      "type": "aws_iam_role_policy",
      "name": "aft_identify_targets_lambda",
      "provider": "module.aft.provider[\"registry.terraform.io/hashicorp/aws\"].aft_management",
      "instances": []
    },
    {
      "module": "module.aft.module.aft_customizations",
      "mode": "managed",
      "type": "aws_iam_role_policy",
      "name": "aft_invoke_customizations_sfn",
      "provider": "module.aft.provider[\"registry.terraform.io/hashicorp/aws\"].aft_management",
      "instances": [
        {
          "schema_version": 0,
          "attributes": {
            "id": "aft-invoke-customizations-execution-role:aft-invoke-customizations-policy",
            "name": "aft-invoke-customizations-policy",
            "name_prefix": null,
            "policy": "{\n    \"Version\": \"2012-10-17\",\n    \"Statement\": [\n        {\n            \"Effect\": \"Allow\",\n            \"Action\": [\n                \"lambda:InvokeFunction\"\n            ],\n            \"Resource\": [\n                \"arn:aws:lambda:us-east-1:137457353584:function:aft-*\"\n            ]\n        },\n        {\n            \"Effect\": \"Allow\",\n            \"Action\": [\n                \"sns:Publish\"\n            ],\n            \"Resource\": [\n                \"arn:aws:sns:us-east-1:137457353584:aft-*\"\n            ]\n        },\n        {\n            \"Effect\": \"Allow\",\n            \"Action\": [\n                \"states:StartExecution\",\n                \"states:DescribeExecution\",\n                \"states:StopExecution\"\n            ],\n            \"Resource\": [\n                \"arn:aws:states:us-east-1:137457353584:stateMachine:aft-*\"\n            ]\n        },\n        {\n            \"Effect\": \"Allow\",\n            \"Action\": [\n                \"events:PutTargets\",\n                \"events:PutRule\",\n                \"events:DescribeRule\"\n            ],\n            \"Resource\": [\n                \"arn:aws:events:us-east-1:137457353584:*\"\n            ]\n        }\n    ]\n}\n",
            "role": "aft-invoke-customizations-execution-role"
          },
          "sensitive_attributes": [],
          "private": "bnVsbA==",
          "dependencies": [
            "module.aft.data.aws_partition.current",
            "module.aft.module.aft_customizations.aws_iam_role.aft_invoke_customizations_sfn",
            "module.aft.module.aft_customizations.data.aws_caller_identity.aft_management",
            "module.aft.module.aft_customizations.data.aws_partition.current",
            "module.aft.module.aft_customizations.data.aws_region.aft_management"
          ]
        }
      ]
    },
    {
      "module": "module.aft.module.aft_customizations",
      "mode": "managed",
      "type": "aws_iam_role_policy",
      "name": "terraform_oss_backend_codebuild_customizations_policy",
      "provider": "module.aft.provider[\"registry.terraform.io/hashicorp/aws\"].aft_management",
      "instances": [
        {
          "index_key": 0,
          "schema_version": 0,
          "attributes": {
            "id": "aft-codebuild-customizations-role:ct-aft-codebuild-customizations-terraform-oss-backend-policy",
            "name": "ct-aft-codebuild-customizations-terraform-oss-backend-policy",
            "name_prefix": null,
            "policy": "{\n  \"Version\": \"2012-10-17\",\n  \"Statement\": [\n    {\n      \"Effect\": \"Allow\",\n      \"Action\": [\n        \"dynamodb:*Item\"\n      ],\n      \"Resource\": [\n        \"arn:aws:dynamodb:us-east-1:137457353584:table/aft-backend-137457353584\"\n      ]\n    },\n    {\n      \"Effect\": \"Allow\",\n      \"Action\": [\n        \"s3:GetObject\",\n        \"s3:GetObjectVersion\",\n        \"s3:GetBucketVersioning\",\n        \"s3:List*\",\n        \"s3:PutObjectAcl\",\n        \"s3:PutObject\"\n      ],\n      \"Resource\": [\n        \"arn:aws:s3:::aft-backend-137457353584-primary-region\",\n        \"arn:aws:s3:::aft-backend-137457353584-primary-region/*\"\n      ]\n    },\n     {\n       \"Effect\": \"Allow\",\n       \"Action\": [\n         \"kms:Decrypt\",\n         \"kms:Encrypt\",\n         \"kms:GenerateDataKey\"\n       ],\n       \"Resource\": \"arn:aws:kms:us-east-1:137457353584:key/8832b11f-809d-47a0-9e1f-5ca6e2736063\"\n     }\n  ]\n}\n",
            "role": "aft-codebuild-customizations-role"
          },
          "sensitive_attributes": [],
          "private": "bnVsbA==",
          "dependencies": [
            "module.aft.data.aws_partition.current",
            "module.aft.module.aft_backend.aws_dynamodb_table.lock-table",
            "module.aft.module.aft_backend.aws_kms_key.encrypt-primary-region",
            "module.aft.module.aft_backend.aws_s3_bucket.primary-backend-bucket",
            "module.aft.module.aft_backend.data.aws_caller_identity.current",
            "module.aft.module.aft_customizations.aws_iam_role.aft_codebuild_customizations_role",
            "module.aft.module.aft_customizations.data.aws_caller_identity.current",
            "module.aft.module.aft_customizations.data.aws_partition.current",
            "module.aft.module.aft_customizations.data.aws_region.current"
          ]
        }
      ]
    },
    {
      "module": "module.aft.module.aft_customizations",
      "mode": "managed",
      "type": "aws_iam_role_policy_attachment",
      "name": "aft_execute_pipeline_lambda",
      "provider": "module.aft.provider[\"registry.terraform.io/hashicorp/aws\"].aft_management",
      "instances": [
        {
          "index_key": 0,
          "schema_version": 0,
          "attributes": {
            "id": "aft-execute-pipeline-execution-role-2022112503315449750000000f",
            "policy_arn": "arn:aws:iam::aws:policy/service-role/AWSLambdaBasicExecutionRole",
            "role": "aft-execute-pipeline-execution-role"
          },
          "sensitive_attributes": [],
          "private": "bnVsbA==",
          "dependencies": [
            "module.aft.data.aws_partition.current",
            "module.aft.module.aft_customizations.aws_iam_role.aft_customizations_execute_pipeline_lambda",
            "module.aft.module.aft_customizations.data.aws_iam_policy.AWSLambdaBasicExecutionRole",
            "module.aft.module.aft_customizations.data.aws_iam_policy.AWSLambdaVPCAccessExecutionRole"
          ]
        },
        {
          "index_key": 1,
          "schema_version": 0,
          "attributes": {
            "id": "aft-execute-pipeline-execution-role-20221125033154676900000011",
            "policy_arn": "arn:aws:iam::aws:policy/service-role/AWSLambdaVPCAccessExecutionRole",
            "role": "aft-execute-pipeline-execution-role"
          },
          "sensitive_attributes": [],
          "private": "bnVsbA==",
          "dependencies": [
            "module.aft.data.aws_partition.current",
            "module.aft.module.aft_customizations.aws_iam_role.aft_customizations_execute_pipeline_lambda",
            "module.aft.module.aft_customizations.data.aws_iam_policy.AWSLambdaBasicExecutionRole",
            "module.aft.module.aft_customizations.data.aws_iam_policy.AWSLambdaVPCAccessExecutionRole"
          ]
        }
      ]
    },
    {
      "module": "module.aft.module.aft_customizations",
      "mode": "managed",
      "type": "aws_iam_role_policy_attachment",
      "name": "aft_get_pipeline_executions_lambda",
      "provider": "module.aft.provider[\"registry.terraform.io/hashicorp/aws\"].aft_management",
      "instances": [
        {
          "index_key": 0,
          "schema_version": 0,
          "attributes": {
            "id": "aft-get-pipeline-status-execution-role-2022112503315428720000000d",
            "policy_arn": "arn:aws:iam::aws:policy/service-role/AWSLambdaBasicExecutionRole",
            "role": "aft-get-pipeline-status-execution-role"
          },
          "sensitive_attributes": [],
          "private": "bnVsbA==",
          "dependencies": [
            "module.aft.data.aws_partition.current",
            "module.aft.module.aft_customizations.aws_iam_role.aft_customizations_get_pipeline_executions_lambda",
            "module.aft.module.aft_customizations.data.aws_iam_policy.AWSLambdaBasicExecutionRole",
            "module.aft.module.aft_customizations.data.aws_iam_policy.AWSLambdaVPCAccessExecutionRole"
          ]
        },
        {
          "index_key": 1,
          "schema_version": 0,
          "attributes": {
            "id": "aft-get-pipeline-status-execution-role-2022112503315447150000000e",
            "policy_arn": "arn:aws:iam::aws:policy/service-role/AWSLambdaVPCAccessExecutionRole",
            "role": "aft-get-pipeline-status-execution-role"
          },
          "sensitive_attributes": [],
          "private": "bnVsbA==",
          "dependencies": [
            "module.aft.data.aws_partition.current",
            "module.aft.module.aft_customizations.aws_iam_role.aft_customizations_get_pipeline_executions_lambda",
            "module.aft.module.aft_customizations.data.aws_iam_policy.AWSLambdaBasicExecutionRole",
            "module.aft.module.aft_customizations.data.aws_iam_policy.AWSLambdaVPCAccessExecutionRole"
          ]
        }
      ]
    },
    {
      "module": "module.aft.module.aft_customizations",
      "mode": "managed",
      "type": "aws_iam_role_policy_attachment",
      "name": "aft_identify_targets_lambda",
      "provider": "module.aft.provider[\"registry.terraform.io/hashicorp/aws\"].aft_management",
      "instances": [
        {
          "index_key": 0,
          "schema_version": 0,
          "attributes": {
            "id": "aft-identify-targets-execution-role-20221125033154671600000010",
            "policy_arn": "arn:aws:iam::aws:policy/service-role/AWSLambdaBasicExecutionRole",
            "role": "aft-identify-targets-execution-role"
          },
          "sensitive_attributes": [],
          "private": "bnVsbA==",
          "dependencies": [
            "module.aft.data.aws_partition.current",
            "module.aft.module.aft_customizations.aws_iam_role.aft_customizations_identify_targets_lambda",
            "module.aft.module.aft_customizations.data.aws_iam_policy.AWSLambdaBasicExecutionRole",
            "module.aft.module.aft_customizations.data.aws_iam_policy.AWSLambdaVPCAccessExecutionRole"
          ]
        },
        {
          "index_key": 1,
          "schema_version": 0,
          "attributes": {
            "id": "aft-identify-targets-execution-role-20221125033154809800000012",
            "policy_arn": "arn:aws:iam::aws:policy/service-role/AWSLambdaVPCAccessExecutionRole",
            "role": "aft-identify-targets-execution-role"
          },
          "sensitive_attributes": [],
          "private": "bnVsbA==",
          "dependencies": [
            "module.aft.data.aws_partition.current",
            "module.aft.module.aft_customizations.aws_iam_role.aft_customizations_identify_targets_lambda",
            "module.aft.module.aft_customizations.data.aws_iam_policy.AWSLambdaBasicExecutionRole",
            "module.aft.module.aft_customizations.data.aws_iam_policy.AWSLambdaVPCAccessExecutionRole"
          ]
        }
      ]
    },
    {
      "module": "module.aft.module.aft_customizations",
      "mode": "managed",
      "type": "aws_lambda_function",
      "name": "aft_customizations_execute_pipeline",
      "provider": "module.aft.provider[\"registry.terraform.io/hashicorp/aws\"].aft_management",
      "instances": []
    },
    {
      "module": "module.aft.module.aft_customizations",
      "mode": "managed",
      "type": "aws_lambda_function",
      "name": "aft_customizations_get_pipeline_executions",
      "provider": "module.aft.provider[\"registry.terraform.io/hashicorp/aws\"].aft_management",
      "instances": []
    },
    {
      "module": "module.aft.module.aft_customizations",
      "mode": "managed",
      "type": "aws_lambda_function",
      "name": "aft_customizations_identify_targets",
      "provider": "module.aft.provider[\"registry.terraform.io/hashicorp/aws\"].aft_management",
      "instances": []
    },
    {
      "module": "module.aft.module.aft_customizations",
      "mode": "managed",
      "type": "aws_s3_bucket",
      "name": "aft_codepipeline_customizations_bucket",
      "provider": "module.aft.provider[\"registry.terraform.io/hashicorp/aws\"].aft_management",
      "instances": [
        {
          "schema_version": 0,
          "attributes": {
            "acceleration_status": "",
            "acl": null,
            "arn": "arn:aws:s3:::aft-customizations-pipeline-137457353584",
            "bucket": "aft-customizations-pipeline-137457353584",
            "bucket_domain_name": "aft-customizations-pipeline-137457353584.s3.amazonaws.com",
            "bucket_prefix": null,
            "bucket_regional_domain_name": "aft-customizations-pipeline-137457353584.s3.amazonaws.com",
            "cors_rule": [],
            "force_destroy": false,
            "grant": [
              {
                "id": "d95447ceacd132a4f3a0e3bcaef270a64b129f599858933ca41bd78b213b8c4e",
                "permissions": [
                  "FULL_CONTROL"
                ],
                "type": "CanonicalUser",
                "uri": ""
              }
            ],
            "hosted_zone_id": "Z3AQBSTGFYJSTF",
            "id": "aft-customizations-pipeline-137457353584",
            "lifecycle_rule": [],
            "logging": [],
            "object_lock_configuration": [],
            "object_lock_enabled": false,
            "policy": "",
            "region": "us-east-1",
            "replication_configuration": [],
            "request_payer": "BucketOwner",
            "server_side_encryption_configuration": [],
            "tags": null,
            "tags_all": {
              "managed_by": "AFT"
            },
            "timeouts": null,
            "versioning": [
              {
                "enabled": false,
                "mfa_delete": false
              }
            ],
            "website": [],
            "website_domain": null,
            "website_endpoint": null
          },
          "sensitive_attributes": [],
          "private": "eyJlMmJmYjczMC1lY2FhLTExZTYtOGY4OC0zNDM2M2JjN2M0YzAiOnsiY3JlYXRlIjoxMjAwMDAwMDAwMDAwLCJkZWxldGUiOjM2MDAwMDAwMDAwMDAsInJlYWQiOjEyMDAwMDAwMDAwMDAsInVwZGF0ZSI6MTIwMDAwMDAwMDAwMH19",
          "dependencies": [
            "module.aft.data.aws_partition.current",
            "module.aft.module.aft_customizations.data.aws_caller_identity.current"
          ],
          "create_before_destroy": true
        }
      ]
    },
    {
      "module": "module.aft.module.aft_customizations",
      "mode": "managed",
      "type": "aws_s3_bucket_acl",
      "name": "aft-codepipeline-customizations-bucket-acl",
      "provider": "module.aft.provider[\"registry.terraform.io/hashicorp/aws\"].aft_management",
      "instances": [
        {
          "schema_version": 0,
          "attributes": {
            "access_control_policy": [
              {
                "grant": [
                  {
                    "grantee": [
                      {
                        "display_name": "ginugaakhil+aft",
                        "email_address": "",
                        "id": "d95447ceacd132a4f3a0e3bcaef270a64b129f599858933ca41bd78b213b8c4e",
                        "type": "CanonicalUser",
                        "uri": ""
                      }
                    ],
                    "permission": "FULL_CONTROL"
                  }
                ],
                "owner": [
                  {
                    "display_name": "ginugaakhil+aft",
                    "id": "d95447ceacd132a4f3a0e3bcaef270a64b129f599858933ca41bd78b213b8c4e"
                  }
                ]
              }
            ],
            "acl": "private",
            "bucket": "aft-customizations-pipeline-137457353584",
            "expected_bucket_owner": "",
            "id": "aft-customizations-pipeline-137457353584,private"
          },
          "sensitive_attributes": [],
          "private": "bnVsbA==",
          "dependencies": [
            "module.aft.data.aws_partition.current",
            "module.aft.module.aft_customizations.aws_s3_bucket.aft_codepipeline_customizations_bucket",
            "module.aft.module.aft_customizations.data.aws_caller_identity.current"
          ]
        }
      ]
    },
    {
      "module": "module.aft.module.aft_customizations",
      "mode": "managed",
      "type": "aws_s3_bucket_server_side_encryption_configuration",
      "name": "aft-codepipeline-customizations-bucket-encryption",
      "provider": "module.aft.provider[\"registry.terraform.io/hashicorp/aws\"].aft_management",
      "instances": [
        {
          "schema_version": 0,
          "attributes": {
            "bucket": "aft-customizations-pipeline-137457353584",
            "expected_bucket_owner": "",
            "id": "aft-customizations-pipeline-137457353584",
            "rule": [
              {
                "apply_server_side_encryption_by_default": [
                  {
                    "kms_master_key_id": "c7596c37-1777-47ee-9109-c55a643c8326",
                    "sse_algorithm": "aws:kms"
                  }
                ],
                "bucket_key_enabled": null
              }
            ]
          },
          "sensitive_attributes": [],
          "private": "bnVsbA==",
          "dependencies": [
            "module.aft.data.aws_partition.current",
            "module.aft.module.aft_account_request_framework.aws_kms_key.aft",
            "module.aft.module.aft_customizations.aws_s3_bucket.aft_codepipeline_customizations_bucket",
            "module.aft.module.aft_customizations.data.aws_caller_identity.current"
          ]
        }
      ]
    },
    {
      "module": "module.aft.module.aft_customizations",
      "mode": "managed",
      "type": "aws_s3_bucket_versioning",
      "name": "aft-codepipeline-customizations-bucket-versioning",
      "provider": "module.aft.provider[\"registry.terraform.io/hashicorp/aws\"].aft_management",
      "instances": [
        {
          "schema_version": 0,
          "attributes": {
            "bucket": "aft-customizations-pipeline-137457353584",
            "expected_bucket_owner": "",
            "id": "aft-customizations-pipeline-137457353584",
            "mfa": null,
            "versioning_configuration": [
              {
                "mfa_delete": "",
                "status": "Enabled"
              }
            ]
          },
          "sensitive_attributes": [],
          "private": "bnVsbA==",
          "dependencies": [
            "module.aft.data.aws_partition.current",
            "module.aft.module.aft_customizations.aws_s3_bucket.aft_codepipeline_customizations_bucket",
            "module.aft.module.aft_customizations.data.aws_caller_identity.current"
          ]
        }
      ]
    },
    {
      "module": "module.aft.module.aft_customizations",
      "mode": "managed",
      "type": "aws_sfn_state_machine",
      "name": "aft_invoke_customizations_sfn",
      "provider": "module.aft.provider[\"registry.terraform.io/hashicorp/aws\"].aft_management",
      "instances": []
    },
    {
      "module": "module.aft.module.aft_feature_options",
      "mode": "data",
      "type": "aws_caller_identity",
      "name": "ct_audit",
      "provider": "module.aft.provider[\"registry.terraform.io/hashicorp/aws\"].audit",
      "instances": [
        {
          "schema_version": 0,
          "attributes": {
            "account_id": "595026199011",
            "arn": "arn:aws:sts::595026199011:assumed-role/AWSControlTowerExecution/AWSAFT-Session",
            "id": "595026199011",
            "user_id": "AROAYVCSTIHRWGXSJX7I3:AWSAFT-Session"
          },
          "sensitive_attributes": []
        }
      ]
    },
    {
      "module": "module.aft.module.aft_feature_options",
      "mode": "data",
      "type": "aws_caller_identity",
      "name": "ct_log",
      "provider": "module.aft.provider[\"registry.terraform.io/hashicorp/aws\"].log_archive",
      "instances": [
        {
          "schema_version": 0,
          "attributes": {
            "account_id": "140742934807",
            "arn": "arn:aws:sts::140742934807:assumed-role/AWSControlTowerExecution/AWSAFT-Session",
            "id": "140742934807",
            "user_id": "AROASBRHOYELYE2R2VRTV:AWSAFT-Session"
          },
          "sensitive_attributes": []
        }
      ]
    },
    {
      "module": "module.aft.module.aft_feature_options",
      "mode": "data",
      "type": "aws_caller_identity",
      "name": "ct_management",
      "provider": "module.aft.provider[\"registry.terraform.io/hashicorp/aws\"].ct_management",
      "instances": [
        {
          "schema_version": 0,
          "attributes": {
            "account_id": "592485218204",
            "arn": "arn:aws:sts::592485218204:assumed-role/AWSReservedSSO_AWSAdministratorAccess_c1f0c4fc8c05acc4/saiguja@yahoo.com",
            "id": "592485218204",
            "user_id": "AROAYT4W666OEBVLXDNYG:saiguja@yahoo.com"
          },
          "sensitive_attributes": []
        }
      ]
    },
    {
      "module": "module.aft.module.aft_feature_options",
      "mode": "data",
      "type": "aws_caller_identity",
      "name": "current",
      "provider": "module.aft.provider[\"registry.terraform.io/hashicorp/aws\"].aft_management",
      "instances": [
        {
          "schema_version": 0,
          "attributes": {
            "account_id": "137457353584",
            "arn": "arn:aws:sts::137457353584:assumed-role/AWSControlTowerExecution/AWSAFT-Session",
            "id": "137457353584",
            "user_id": "AROASAAIYYNYLY2FMGUIH:AWSAFT-Session"
          },
          "sensitive_attributes": []
        }
      ]
    },
    {
      "module": "module.aft.module.aft_feature_options",
      "mode": "data",
      "type": "aws_iam_policy",
      "name": "AWSLambdaBasicExecutionRole",
      "provider": "module.aft.provider[\"registry.terraform.io/hashicorp/aws\"].aft_management",
      "instances": [
        {
          "schema_version": 0,
          "attributes": {
            "arn": "arn:aws:iam::aws:policy/service-role/AWSLambdaBasicExecutionRole",
            "description": "Provides write permissions to CloudWatch Logs.",
            "id": "arn:aws:iam::aws:policy/service-role/AWSLambdaBasicExecutionRole",
            "name": "AWSLambdaBasicExecutionRole",
            "path": "/service-role/",
            "path_prefix": null,
            "policy": "{\n  \"Version\": \"2012-10-17\",\n  \"Statement\": [\n    {\n      \"Effect\": \"Allow\",\n      \"Action\": [\n        \"logs:CreateLogGroup\",\n        \"logs:CreateLogStream\",\n        \"logs:PutLogEvents\"\n      ],\n      \"Resource\": \"*\"\n    }\n  ]\n}",
            "policy_id": "ANPAJNCQGXC42545SKXIK",
            "tags": {}
          },
          "sensitive_attributes": []
        }
      ]
    },
    {
      "module": "module.aft.module.aft_feature_options",
      "mode": "data",
      "type": "aws_iam_policy",
      "name": "AWSLambdaVPCAccessExecutionRole",
      "provider": "module.aft.provider[\"registry.terraform.io/hashicorp/aws\"].aft_management",
      "instances": [
        {
          "schema_version": 0,
          "attributes": {
            "arn": "arn:aws:iam::aws:policy/service-role/AWSLambdaVPCAccessExecutionRole",
            "description": "Provides minimum permissions for a Lambda function to execute while accessing a resource within a VPC - create, describe, delete network interfaces and write permissions to CloudWatch Logs. ",
            "id": "arn:aws:iam::aws:policy/service-role/AWSLambdaVPCAccessExecutionRole",
            "name": "AWSLambdaVPCAccessExecutionRole",
            "path": "/service-role/",
            "path_prefix": null,
            "policy": "{\n  \"Version\": \"2012-10-17\",\n  \"Statement\": [\n    {\n      \"Effect\": \"Allow\",\n      \"Action\": [\n        \"logs:CreateLogGroup\",\n        \"logs:CreateLogStream\",\n        \"logs:PutLogEvents\",\n        \"ec2:CreateNetworkInterface\",\n        \"ec2:DescribeNetworkInterfaces\",\n        \"ec2:DeleteNetworkInterface\",\n        \"ec2:AssignPrivateIpAddresses\",\n        \"ec2:UnassignPrivateIpAddresses\"\n      ],\n      \"Resource\": \"*\"\n    }\n  ]\n}",
            "policy_id": "ANPAJVTME3YLVNL72YR2K",
            "tags": {}
          },
          "sensitive_attributes": []
        }
      ]
    },
    {
      "module": "module.aft.module.aft_feature_options",
      "mode": "data",
      "type": "aws_organizations_organization",
      "name": "aft_organization",
      "provider": "module.aft.provider[\"registry.terraform.io/hashicorp/aws\"].ct_management",
      "instances": [
        {
          "schema_version": 0,
          "attributes": {
            "accounts": [
              {
                "arn": "arn:aws:organizations::592485218204:account/o-85bejvdzv0/595026199011",
                "email": "akhil.ginuga999+audit@gmail.com",
                "id": "595026199011",
                "name": "Audit",
                "status": "ACTIVE"
              },
              {
                "arn": "arn:aws:organizations::592485218204:account/o-85bejvdzv0/137457353584",
                "email": "ginugaakhil+aft@gmail.com",
                "id": "137457353584",
                "name": "AFT-Management",
                "status": "ACTIVE"
              },
              {
                "arn": "arn:aws:organizations::592485218204:account/o-85bejvdzv0/592485218204",
                "email": "saiguja@yahoo.com",
                "id": "592485218204",
                "name": "vw-root",
                "status": "ACTIVE"
              },
              {
                "arn": "arn:aws:organizations::592485218204:account/o-85bejvdzv0/140742934807",
                "email": "akhil.ginuga777+log@gmail.com",
                "id": "140742934807",
                "name": "Log Archive",
                "status": "ACTIVE"
              }
            ],
            "arn": "arn:aws:organizations::592485218204:organization/o-85bejvdzv0",
            "aws_service_access_principals": [
              "cloudtrail.amazonaws.com",
              "config.amazonaws.com",
              "controltower.amazonaws.com",
              "sso.amazonaws.com"
            ],
            "enabled_policy_types": [
              "SERVICE_CONTROL_POLICY"
            ],
            "feature_set": "ALL",
            "id": "o-85bejvdzv0",
            "master_account_arn": "arn:aws:organizations::592485218204:account/o-85bejvdzv0/592485218204",
            "master_account_email": "saiguja@yahoo.com",
            "master_account_id": "592485218204",
            "non_master_accounts": [
              {
                "arn": "arn:aws:organizations::592485218204:account/o-85bejvdzv0/595026199011",
                "email": "akhil.ginuga999+audit@gmail.com",
                "id": "595026199011",
                "name": "Audit",
                "status": "ACTIVE"
              },
              {
                "arn": "arn:aws:organizations::592485218204:account/o-85bejvdzv0/137457353584",
                "email": "ginugaakhil+aft@gmail.com",
                "id": "137457353584",
                "name": "AFT-Management",
                "status": "ACTIVE"
              },
              {
                "arn": "arn:aws:organizations::592485218204:account/o-85bejvdzv0/140742934807",
                "email": "akhil.ginuga777+log@gmail.com",
                "id": "140742934807",
                "name": "Log Archive",
                "status": "ACTIVE"
              }
            ],
            "roots": [
              {
                "arn": "arn:aws:organizations::592485218204:root/o-85bejvdzv0/r-37yz",
                "id": "r-37yz",
                "name": "Root",
                "policy_types": [
                  {
                    "status": "ENABLED",
                    "type": "SERVICE_CONTROL_POLICY"
                  }
                ]
              }
            ]
          },
          "sensitive_attributes": []
        }
      ]
    },
    {
      "module": "module.aft.module.aft_feature_options",
      "mode": "data",
      "type": "aws_partition",
      "name": "current",
      "provider": "provider[\"registry.terraform.io/hashicorp/aws\"]",
      "instances": [
        {
          "schema_version": 0,
          "attributes": {
            "dns_suffix": "amazonaws.com",
            "id": "aws",
            "partition": "aws",
            "reverse_dns_prefix": "com.amazonaws"
          },
          "sensitive_attributes": []
        }
      ]
    },
    {
      "module": "module.aft.module.aft_feature_options",
      "mode": "data",
      "type": "aws_region",
      "name": "current",
      "provider": "module.aft.provider[\"registry.terraform.io/hashicorp/aws\"].aft_management",
      "instances": [
        {
          "schema_version": 0,
          "attributes": {
            "description": "US East (N. Virginia)",
            "endpoint": "ec2.us-east-1.amazonaws.com",
            "id": "us-east-1",
            "name": "us-east-1"
          },
          "sensitive_attributes": []
        }
      ]
    },
    {
      "module": "module.aft.module.aft_feature_options",
      "mode": "managed",
      "type": "aws_cloudwatch_log_group",
      "name": "aft_delete_default_vpc",
      "provider": "module.aft.provider[\"registry.terraform.io/hashicorp/aws\"].aft_management",
      "instances": []
    },
    {
      "module": "module.aft.module.aft_feature_options",
      "mode": "managed",
      "type": "aws_cloudwatch_log_group",
      "name": "aft_enable_cloudtrail",
      "provider": "module.aft.provider[\"registry.terraform.io/hashicorp/aws\"].aft_management",
      "instances": []
    },
    {
      "module": "module.aft.module.aft_feature_options",
      "mode": "managed",
      "type": "aws_cloudwatch_log_group",
      "name": "aft_enroll_support",
      "provider": "module.aft.provider[\"registry.terraform.io/hashicorp/aws\"].aft_management",
      "instances": []
    },
    {
      "module": "module.aft.module.aft_feature_options",
      "mode": "managed",
      "type": "aws_iam_role",
      "name": "aft_delete_default_vpc_lambda",
      "provider": "module.aft.provider[\"registry.terraform.io/hashicorp/aws\"].aft_management",
      "instances": [
        {
          "schema_version": 0,
          "attributes": {
            "arn": "arn:aws:iam::137457353584:role/aft-delete-default-vpc-execution-role",
            "assume_role_policy": "{\"Statement\":[{\"Action\":\"sts:AssumeRole\",\"Effect\":\"Allow\",\"Principal\":{\"Service\":\"lambda.amazonaws.com\"}}],\"Version\":\"2012-10-17\"}",
            "create_date": "2022-11-25T03:31:42Z",
            "description": "",
            "force_detach_policies": false,
            "id": "aft-delete-default-vpc-execution-role",
            "inline_policy": [],
            "managed_policy_arns": [],
            "max_session_duration": 3600,
            "name": "aft-delete-default-vpc-execution-role",
            "name_prefix": "",
            "path": "/",
            "permissions_boundary": null,
            "tags": null,
            "tags_all": {
              "managed_by": "AFT"
            },
            "unique_id": "AROASAAIYYNYFTWT5PDO4"
          },
          "sensitive_attributes": [],
          "private": "bnVsbA==",
          "dependencies": [
            "module.aft.data.aws_partition.current"
          ]
        }
      ]
    },
    {
      "module": "module.aft.module.aft_feature_options",
      "mode": "managed",
      "type": "aws_iam_role",
      "name": "aft_enable_cloudtrail",
      "provider": "module.aft.provider[\"registry.terraform.io/hashicorp/aws\"].aft_management",
      "instances": [
        {
          "schema_version": 0,
          "attributes": {
            "arn": "arn:aws:iam::137457353584:role/aft-enable-cloudtrail-execution-role",
            "assume_role_policy": "{\"Statement\":[{\"Action\":\"sts:AssumeRole\",\"Effect\":\"Allow\",\"Principal\":{\"Service\":\"lambda.amazonaws.com\"}}],\"Version\":\"2012-10-17\"}",
            "create_date": "2022-11-25T03:31:44Z",
            "description": "",
            "force_detach_policies": false,
            "id": "aft-enable-cloudtrail-execution-role",
            "inline_policy": [],
            "managed_policy_arns": [],
            "max_session_duration": 3600,
            "name": "aft-enable-cloudtrail-execution-role",
            "name_prefix": "",
            "path": "/",
            "permissions_boundary": null,
            "tags": null,
            "tags_all": {
              "managed_by": "AFT"
            },
            "unique_id": "AROASAAIYYNYP34U3T4KJ"
          },
          "sensitive_attributes": [],
          "private": "bnVsbA==",
          "dependencies": [
            "module.aft.data.aws_partition.current"
          ]
        }
      ]
    },
    {
      "module": "module.aft.module.aft_feature_options",
      "mode": "managed",
      "type": "aws_iam_role",
      "name": "aft_enroll_support",
      "provider": "module.aft.provider[\"registry.terraform.io/hashicorp/aws\"].aft_management",
      "instances": [
        {
          "schema_version": 0,
          "attributes": {
            "arn": "arn:aws:iam::137457353584:role/aft-enroll-support-execution-role",
            "assume_role_policy": "{\"Statement\":[{\"Action\":\"sts:AssumeRole\",\"Effect\":\"Allow\",\"Principal\":{\"Service\":\"lambda.amazonaws.com\"}}],\"Version\":\"2012-10-17\"}",
            "create_date": "2022-11-25T03:31:49Z",
            "description": "",
            "force_detach_policies": false,
            "id": "aft-enroll-support-execution-role",
            "inline_policy": [],
            "managed_policy_arns": [],
            "max_session_duration": 3600,
            "name": "aft-enroll-support-execution-role",
            "name_prefix": "",
            "path": "/",
            "permissions_boundary": null,
            "tags": null,
            "tags_all": {
              "managed_by": "AFT"
            },
            "unique_id": "AROASAAIYYNYPTECHRTEP"
          },
          "sensitive_attributes": [],
          "private": "bnVsbA==",
          "dependencies": [
            "module.aft.data.aws_partition.current"
          ]
        }
      ]
    },
    {
      "module": "module.aft.module.aft_feature_options",
      "mode": "managed",
      "type": "aws_iam_role",
      "name": "aft_features_sfn",
      "provider": "module.aft.provider[\"registry.terraform.io/hashicorp/aws\"].aft_management",
      "instances": [
        {
          "schema_version": 0,
          "attributes": {
            "arn": "arn:aws:iam::137457353584:role/aft-features-execution-role",
            "assume_role_policy": "{\"Statement\":[{\"Action\":\"sts:AssumeRole\",\"Effect\":\"Allow\",\"Principal\":{\"Service\":\"states.amazonaws.com\"}}],\"Version\":\"2012-10-17\"}",
            "create_date": "2022-11-25T03:31:43Z",
            "description": "",
            "force_detach_policies": false,
            "id": "aft-features-execution-role",
            "inline_policy": [],
            "managed_policy_arns": [],
            "max_session_duration": 3600,
            "name": "aft-features-execution-role",
            "name_prefix": "",
            "path": "/",
            "permissions_boundary": null,
            "tags": null,
            "tags_all": {
              "managed_by": "AFT"
            },
            "unique_id": "AROASAAIYYNYM265O3VIO"
          },
          "sensitive_attributes": [],
          "private": "bnVsbA==",
          "dependencies": [
            "module.aft.data.aws_partition.current"
          ]
        }
      ]
    },
    {
      "module": "module.aft.module.aft_feature_options",
      "mode": "managed",
      "type": "aws_iam_role_policy",
      "name": "aft_delete_default_vpc_lambda",
      "provider": "module.aft.provider[\"registry.terraform.io/hashicorp/aws\"].aft_management",
      "instances": [
        {
          "schema_version": 0,
          "attributes": {
            "id": "aft-delete-default-vpc-execution-role:aft-delete-default-vpc-policy",
            "name": "aft-delete-default-vpc-policy",
            "name_prefix": null,
            "policy": "{\n    \"Version\": \"2012-10-17\",\n    \"Statement\": [\n        {\n            \"Effect\": \"Allow\",\n            \"Action\": [\n                \"ec2:DeleteSubnet\",\n                \"ec2:DescribeRegions\",\n                \"ec2:DetachInternetGateway\",\n                \"ec2:DescribeSecurityGroups\",\n                \"ec2:DeleteRouteTable\",\n                \"ec2:DescribeInternetGateways\",\n                \"ec2:DescribeVpcs\",\n                \"ec2:DeleteSecurityGroup\",\n                \"ec2:DeleteInternetGateway\",\n                \"ec2:DeleteVpc\",\n                \"ec2:DescribeSubnets\",\n                \"ec2:DescribeNetworkAcls\",\n                \"ec2:DescribeRouteTables\",\n                \"ec2:DeleteNetworkAcl\"\n            ],\n            \"Resource\": \"*\"\n        },\n          {\n            \"Effect\" : \"Allow\",\n            \"Action\" : \"ssm:GetParameter\",\n            \"Resource\" : [\n                    \"arn:aws:ssm:us-east-1:137457353584:parameter/aft/*\"\n            ]\n          },\n         {\n           \"Effect\" : \"Allow\",\n           \"Action\" : [\n               \"kms:GenerateDataKey\",\n               \"kms:Encrypt\",\n               \"kms:Decrypt\"\n           ],\n           \"Resource\" : [\n               \"arn:aws:kms:us-east-1:137457353584:key/c7596c37-1777-47ee-9109-c55a643c8326\"\n           ]\n         },\n      {\n        \"Effect\" : \"Allow\",\n        \"Action\" : [\n          \"sts:AssumeRole\"\n        ],\n        \"Resource\" : [\n          \"arn:aws:iam::137457353584:role/AWSAFTAdmin\"\n        ]\n      },\n      {\n        \"Effect\" : \"Allow\",\n        \"Action\" : \"sts:GetCallerIdentity\",\n        \"Resource\" : \"*\"\n      },\n      {\n        \"Effect\" : \"Allow\",\n        \"Action\" : [\n            \"sns:Publish\"\n        ],\n        \"Resource\" : [\n            \"arn:aws:sns:us-east-1:137457353584:aft-notifications\",\n            \"arn:aws:sns:us-east-1:137457353584:aft-failure-notifications\"\n        ]\n      }\n    ]\n}\n",
            "role": "aft-delete-default-vpc-execution-role"
          },
          "sensitive_attributes": [],
          "private": "bnVsbA==",
          "dependencies": [
            "module.aft.data.aws_partition.current",
            "module.aft.module.aft_account_request_framework.aws_kms_key.aft",
            "module.aft.module.aft_account_request_framework.aws_sns_topic.aft_failure_notifications",
            "module.aft.module.aft_account_request_framework.aws_sns_topic.aft_notifications",
            "module.aft.module.aft_feature_options.aws_iam_role.aft_delete_default_vpc_lambda",
            "module.aft.module.aft_feature_options.data.aws_caller_identity.current",
            "module.aft.module.aft_feature_options.data.aws_partition.current",
            "module.aft.module.aft_feature_options.data.aws_region.current"
          ]
        }
      ]
    },
    {
      "module": "module.aft.module.aft_feature_options",
      "mode": "managed",
      "type": "aws_iam_role_policy",
      "name": "aft_enable_cloudtrail",
      "provider": "module.aft.provider[\"registry.terraform.io/hashicorp/aws\"].aft_management",
      "instances": [
        {
          "schema_version": 0,
          "attributes": {
            "id": "aft-enable-cloudtrail-execution-role:aft-enable-cloudtrail-policy",
            "name": "aft-enable-cloudtrail-policy",
            "name_prefix": null,
            "policy": "{\n    \"Version\": \"2012-10-17\",\n    \"Statement\": [\n          {\n            \"Effect\" : \"Allow\",\n            \"Action\" : \"ssm:GetParameter\",\n            \"Resource\" : [\n                    \"arn:aws:ssm:us-east-1:137457353584:parameter/aft/*\"\n            ]\n          },\n         {\n           \"Effect\" : \"Allow\",\n           \"Action\" : [\n               \"kms:GenerateDataKey\",\n               \"kms:Encrypt\",\n               \"kms:Decrypt\"\n           ],\n           \"Resource\" : [\n               \"arn:aws:kms:us-east-1:137457353584:key/c7596c37-1777-47ee-9109-c55a643c8326\"\n           ]\n         },\n      {\n        \"Effect\" : \"Allow\",\n        \"Action\" : [\n          \"sts:AssumeRole\"\n        ],\n        \"Resource\" : [\n          \"arn:aws:iam::137457353584:role/AWSAFTAdmin\"\n        ]\n      },\n      {\n        \"Effect\" : \"Allow\",\n        \"Action\" : \"sts:GetCallerIdentity\",\n        \"Resource\" : \"*\"\n      },\n      {\n        \"Effect\" : \"Allow\",\n        \"Action\" : [\n            \"sns:Publish\"\n        ],\n        \"Resource\" : [\n            \"arn:aws:sns:us-east-1:137457353584:aft-notifications\",\n            \"arn:aws:sns:us-east-1:137457353584:aft-failure-notifications\"\n        ]\n      }\n    ]\n}\n",
            "role": "aft-enable-cloudtrail-execution-role"
          },
          "sensitive_attributes": [],
          "private": "bnVsbA==",
          "dependencies": [
            "module.aft.data.aws_partition.current",
            "module.aft.module.aft_account_request_framework.aws_kms_key.aft",
            "module.aft.module.aft_account_request_framework.aws_sns_topic.aft_failure_notifications",
            "module.aft.module.aft_account_request_framework.aws_sns_topic.aft_notifications",
            "module.aft.module.aft_feature_options.aws_iam_role.aft_enable_cloudtrail",
            "module.aft.module.aft_feature_options.data.aws_caller_identity.current",
            "module.aft.module.aft_feature_options.data.aws_partition.current",
            "module.aft.module.aft_feature_options.data.aws_region.current"
          ]
        }
      ]
    },
    {
      "module": "module.aft.module.aft_feature_options",
      "mode": "managed",
      "type": "aws_iam_role_policy",
      "name": "aft_enroll_support",
      "provider": "module.aft.provider[\"registry.terraform.io/hashicorp/aws\"].aft_management",
      "instances": [
        {
          "schema_version": 0,
          "attributes": {
            "id": "aft-enroll-support-execution-role:aft-enroll-support-policy",
            "name": "aft-enroll-support-policy",
            "name_prefix": null,
            "policy": "{\n    \"Version\": \"2012-10-17\",\n    \"Statement\": [\n          {\n            \"Effect\" : \"Allow\",\n            \"Action\" : \"ssm:GetParameter\",\n            \"Resource\" : [\n                    \"arn:aws:ssm:us-east-1:137457353584:parameter/aft/*\"\n            ]\n          },\n         {\n           \"Effect\" : \"Allow\",\n           \"Action\" : [\n               \"kms:GenerateDataKey\",\n               \"kms:Encrypt\",\n               \"kms:Decrypt\"\n           ],\n           \"Resource\" : [\n               \"arn:aws:kms:us-east-1:137457353584:key/c7596c37-1777-47ee-9109-c55a643c8326\"\n           ]\n         },\n      {\n        \"Effect\" : \"Allow\",\n        \"Action\" : [\n          \"sts:AssumeRole\"\n        ],\n        \"Resource\" : [\n          \"arn:aws:iam::137457353584:role/AWSAFTAdmin\"\n        ]\n      },\n      {\n        \"Effect\" : \"Allow\",\n        \"Action\" : \"sts:GetCallerIdentity\",\n        \"Resource\" : \"*\"\n      },\n      {\n        \"Effect\" : \"Allow\",\n        \"Action\" : [\n            \"sns:Publish\"\n        ],\n        \"Resource\" : [\n            \"arn:aws:sns:us-east-1:137457353584:aft-notifications\",\n            \"arn:aws:sns:us-east-1:137457353584:aft-failure-notifications\"\n        ]\n      }\n    ]\n}\n",
            "role": "aft-enroll-support-execution-role"
          },
          "sensitive_attributes": [],
          "private": "bnVsbA==",
          "dependencies": [
            "module.aft.data.aws_partition.current",
            "module.aft.module.aft_account_request_framework.aws_kms_key.aft",
            "module.aft.module.aft_account_request_framework.aws_sns_topic.aft_failure_notifications",
            "module.aft.module.aft_account_request_framework.aws_sns_topic.aft_notifications",
            "module.aft.module.aft_feature_options.aws_iam_role.aft_enroll_support",
            "module.aft.module.aft_feature_options.data.aws_caller_identity.current",
            "module.aft.module.aft_feature_options.data.aws_partition.current",
            "module.aft.module.aft_feature_options.data.aws_region.current"
          ]
        }
      ]
    },
    {
      "module": "module.aft.module.aft_feature_options",
      "mode": "managed",
      "type": "aws_iam_role_policy",
      "name": "aft_features_sfn",
      "provider": "module.aft.provider[\"registry.terraform.io/hashicorp/aws\"].aft_management",
      "instances": [
        {
          "schema_version": 0,
          "attributes": {
            "id": "aft-features-execution-role:aft-features-policy",
            "name": "aft-features-policy",
            "name_prefix": null,
            "policy": "{\n    \"Version\": \"2012-10-17\",\n    \"Statement\": [\n        {\n            \"Effect\": \"Allow\",\n            \"Action\": \"sns:Publish*\",\n            \"Resource\": \"arn:aws:sns:us-east-1:137457353584:aft-*\"\n        },\n        {\n            \"Effect\": \"Allow\",\n            \"Action\": [\n                \"lambda:InvokeFunction\"\n            ],\n            \"Resource\": [\n                \"arn:aws:lambda:us-east-1:137457353584:function:aft-*\"\n            ]\n        }\n    ]\n}\n",
            "role": "aft-features-execution-role"
          },
          "sensitive_attributes": [],
          "private": "bnVsbA==",
          "dependencies": [
            "module.aft.data.aws_partition.current",
            "module.aft.module.aft_feature_options.aws_iam_role.aft_features_sfn",
            "module.aft.module.aft_feature_options.data.aws_caller_identity.current",
            "module.aft.module.aft_feature_options.data.aws_partition.current",
            "module.aft.module.aft_feature_options.data.aws_region.current"
          ]
        }
      ]
    },
    {
      "module": "module.aft.module.aft_feature_options",
      "mode": "managed",
      "type": "aws_iam_role_policy_attachment",
      "name": "aft_delete_default_vpc_lambda",
      "provider": "module.aft.provider[\"registry.terraform.io/hashicorp/aws\"].aft_management",
      "instances": [
        {
          "index_key": 0,
          "schema_version": 0,
          "attributes": {
            "id": "aft-delete-default-vpc-execution-role-20221125033155068300000014",
            "policy_arn": "arn:aws:iam::aws:policy/service-role/AWSLambdaBasicExecutionRole",
            "role": "aft-delete-default-vpc-execution-role"
          },
          "sensitive_attributes": [],
          "private": "bnVsbA==",
          "dependencies": [
            "module.aft.data.aws_partition.current",
            "module.aft.module.aft_feature_options.aws_iam_role.aft_delete_default_vpc_lambda",
            "module.aft.module.aft_feature_options.data.aws_iam_policy.AWSLambdaBasicExecutionRole",
            "module.aft.module.aft_feature_options.data.aws_iam_policy.AWSLambdaVPCAccessExecutionRole"
          ]
        },
        {
          "index_key": 1,
          "schema_version": 0,
          "attributes": {
            "id": "aft-delete-default-vpc-execution-role-20221125033155168300000016",
            "policy_arn": "arn:aws:iam::aws:policy/service-role/AWSLambdaVPCAccessExecutionRole",
            "role": "aft-delete-default-vpc-execution-role"
          },
          "sensitive_attributes": [],
          "private": "bnVsbA==",
          "dependencies": [
            "module.aft.data.aws_partition.current",
            "module.aft.module.aft_feature_options.aws_iam_role.aft_delete_default_vpc_lambda",
            "module.aft.module.aft_feature_options.data.aws_iam_policy.AWSLambdaBasicExecutionRole",
            "module.aft.module.aft_feature_options.data.aws_iam_policy.AWSLambdaVPCAccessExecutionRole"
          ]
        }
      ]
    },
    {
      "module": "module.aft.module.aft_feature_options",
      "mode": "managed",
      "type": "aws_iam_role_policy_attachment",
      "name": "aft_enable_cloudtrail",
      "provider": "module.aft.provider[\"registry.terraform.io/hashicorp/aws\"].aft_management",
      "instances": [
        {
          "index_key": 0,
          "schema_version": 0,
          "attributes": {
            "id": "aft-enable-cloudtrail-execution-role-20221125033155104000000015",
            "policy_arn": "arn:aws:iam::aws:policy/service-role/AWSLambdaBasicExecutionRole",
            "role": "aft-enable-cloudtrail-execution-role"
          },
          "sensitive_attributes": [],
          "private": "bnVsbA==",
          "dependencies": [
            "module.aft.data.aws_partition.current",
            "module.aft.module.aft_feature_options.aws_iam_role.aft_enable_cloudtrail",
            "module.aft.module.aft_feature_options.data.aws_iam_policy.AWSLambdaBasicExecutionRole",
            "module.aft.module.aft_feature_options.data.aws_iam_policy.AWSLambdaVPCAccessExecutionRole"
          ]
        },
        {
          "index_key": 1,
          "schema_version": 0,
          "attributes": {
            "id": "aft-enable-cloudtrail-execution-role-20221125033154995900000013",
            "policy_arn": "arn:aws:iam::aws:policy/service-role/AWSLambdaVPCAccessExecutionRole",
            "role": "aft-enable-cloudtrail-execution-role"
          },
          "sensitive_attributes": [],
          "private": "bnVsbA==",
          "dependencies": [
            "module.aft.data.aws_partition.current",
            "module.aft.module.aft_feature_options.aws_iam_role.aft_enable_cloudtrail",
            "module.aft.module.aft_feature_options.data.aws_iam_policy.AWSLambdaBasicExecutionRole",
            "module.aft.module.aft_feature_options.data.aws_iam_policy.AWSLambdaVPCAccessExecutionRole"
          ]
        }
      ]
    },
    {
      "module": "module.aft.module.aft_feature_options",
      "mode": "managed",
      "type": "aws_iam_role_policy_attachment",
      "name": "aft_enroll_support",
      "provider": "module.aft.provider[\"registry.terraform.io/hashicorp/aws\"].aft_management",
      "instances": [
        {
          "index_key": 0,
          "schema_version": 0,
          "attributes": {
            "id": "aft-enroll-support-execution-role-20221125033155284300000017",
            "policy_arn": "arn:aws:iam::aws:policy/service-role/AWSLambdaBasicExecutionRole",
            "role": "aft-enroll-support-execution-role"
          },
          "sensitive_attributes": [],
          "private": "bnVsbA==",
          "dependencies": [
            "module.aft.data.aws_partition.current",
            "module.aft.module.aft_feature_options.aws_iam_role.aft_enroll_support",
            "module.aft.module.aft_feature_options.data.aws_iam_policy.AWSLambdaBasicExecutionRole",
            "module.aft.module.aft_feature_options.data.aws_iam_policy.AWSLambdaVPCAccessExecutionRole"
          ]
        },
        {
          "index_key": 1,
          "schema_version": 0,
          "attributes": {
            "id": "aft-enroll-support-execution-role-20221125033155288800000018",
            "policy_arn": "arn:aws:iam::aws:policy/service-role/AWSLambdaVPCAccessExecutionRole",
            "role": "aft-enroll-support-execution-role"
          },
          "sensitive_attributes": [],
          "private": "bnVsbA==",
          "dependencies": [
            "module.aft.data.aws_partition.current",
            "module.aft.module.aft_feature_options.aws_iam_role.aft_enroll_support",
            "module.aft.module.aft_feature_options.data.aws_iam_policy.AWSLambdaBasicExecutionRole",
            "module.aft.module.aft_feature_options.data.aws_iam_policy.AWSLambdaVPCAccessExecutionRole"
          ]
        }
      ]
    },
    {
      "module": "module.aft.module.aft_feature_options",
      "mode": "managed",
      "type": "aws_kms_alias",
      "name": "aft_log_key_alias",
      "provider": "module.aft.provider[\"registry.terraform.io/hashicorp/aws\"].log_archive",
      "instances": [
        {
          "schema_version": 0,
          "attributes": {
            "arn": "arn:aws:kms:us-east-1:140742934807:alias/aft",
            "id": "alias/aft",
            "name": "alias/aft",
            "name_prefix": "",
            "target_key_arn": "arn:aws:kms:us-east-1:140742934807:key/87f1445e-4be7-4c0b-a6da-b103ef558c24",
            "target_key_id": "87f1445e-4be7-4c0b-a6da-b103ef558c24"
          },
          "sensitive_attributes": [],
          "private": "bnVsbA==",
          "dependencies": [
            "module.aft.data.aws_partition.current",
            "module.aft.module.aft_feature_options.aws_kms_key.aft_log_key",
            "module.aft.module.aft_feature_options.data.aws_partition.current"
          ]
        }
      ]
    },
    {
      "module": "module.aft.module.aft_feature_options",
      "mode": "managed",
      "type": "aws_kms_key",
      "name": "aft_log_key",
      "provider": "module.aft.provider[\"registry.terraform.io/hashicorp/aws\"].log_archive",
      "instances": [
        {
          "schema_version": 0,
          "attributes": {
            "arn": "arn:aws:kms:us-east-1:140742934807:key/87f1445e-4be7-4c0b-a6da-b103ef558c24",
            "bypass_policy_lockout_safety_check": false,
            "custom_key_store_id": "",
            "customer_master_key_spec": "SYMMETRIC_DEFAULT",
            "deletion_window_in_days": null,
            "description": "KMS key for encrypt/decrypt log files",
            "enable_key_rotation": true,
            "id": "87f1445e-4be7-4c0b-a6da-b103ef558c24",
            "is_enabled": true,
            "key_id": "87f1445e-4be7-4c0b-a6da-b103ef558c24",
            "key_usage": "ENCRYPT_DECRYPT",
            "multi_region": false,
            "policy": "{\n    \"Version\": \"2012-10-17\",\n    \"Statement\": [\n        {\n            \"Sid\": \"Allow AWS Services to Encrypt data\",\n            \"Effect\": \"Allow\",\n            \"Principal\": {\n                \"Service\": [\n                    \"vpc-flow-logs.amazonaws.com\",\n                    \"delivery.logs.amazonaws.com\",\n                    \"cloudtrail.amazonaws.com\"\n                ]\n            },\n            \"Action\": [\n                \"kms:ReEncrypt*\",\n                \"kms:GenerateDataKey*\",\n                \"kms:Encrypt\",\n                \"kms:DescribeKey\",\n                \"kms:Decrypt\"\n            ],\n            \"Resource\": \"*\"\n        },\n        {\n            \"Sid\": \"Enable IAM User Permissions\",\n            \"Effect\": \"Allow\",\n            \"Principal\": {\n                \"AWS\": \"arn:aws:iam::140742934807:root\"\n            },\n            \"Action\": \"kms:*\",\n            \"Resource\": \"*\"\n        }\n    ]\n}\n",
            "tags": null,
            "tags_all": {
              "managed_by": "AFT"
            }
          },
          "sensitive_attributes": [],
          "private": "bnVsbA==",
          "dependencies": [
            "module.aft.data.aws_partition.current",
            "module.aft.module.aft_feature_options.data.aws_partition.current"
          ]
        }
      ]
    },
    {
      "module": "module.aft.module.aft_feature_options",
      "mode": "managed",
      "type": "aws_lambda_function",
      "name": "aft_delete_default_vpc",
      "provider": "module.aft.provider[\"registry.terraform.io/hashicorp/aws\"].aft_management",
      "instances": []
    },
    {
      "module": "module.aft.module.aft_feature_options",
      "mode": "managed",
      "type": "aws_lambda_function",
      "name": "aft_enable_cloudtrail",
      "provider": "module.aft.provider[\"registry.terraform.io/hashicorp/aws\"].aft_management",
      "instances": []
    },
    {
      "module": "module.aft.module.aft_feature_options",
      "mode": "managed",
      "type": "aws_lambda_function",
      "name": "aft_enroll_support",
      "provider": "module.aft.provider[\"registry.terraform.io/hashicorp/aws\"].aft_management",
      "instances": []
    },
    {
      "module": "module.aft.module.aft_feature_options",
      "mode": "managed",
      "type": "aws_s3_bucket",
      "name": "aft_access_logs",
      "provider": "module.aft.provider[\"registry.terraform.io/hashicorp/aws\"].log_archive",
      "instances": [
        {
          "schema_version": 0,
          "attributes": {
            "acceleration_status": "",
            "acl": null,
            "arn": "arn:aws:s3:::aws-aft-s3-access-logs-140742934807-us-east-1",
            "bucket": "aws-aft-s3-access-logs-140742934807-us-east-1",
            "bucket_domain_name": "aws-aft-s3-access-logs-140742934807-us-east-1.s3.amazonaws.com",
            "bucket_prefix": null,
            "bucket_regional_domain_name": "aws-aft-s3-access-logs-140742934807-us-east-1.s3.amazonaws.com",
            "cors_rule": [],
            "force_destroy": false,
            "grant": [
              {
                "id": "a6a70bcdd1741770b3ff82cdcb18cc053feaa98d5e9692ea1b4f8df408abec78",
                "permissions": [
                  "FULL_CONTROL"
                ],
                "type": "CanonicalUser",
                "uri": ""
              }
            ],
            "hosted_zone_id": "Z3AQBSTGFYJSTF",
            "id": "aws-aft-s3-access-logs-140742934807-us-east-1",
            "lifecycle_rule": [],
            "logging": [],
            "object_lock_configuration": [],
            "object_lock_enabled": false,
            "policy": "",
            "region": "us-east-1",
            "replication_configuration": [],
            "request_payer": "BucketOwner",
            "server_side_encryption_configuration": [],
            "tags": null,
            "tags_all": {
              "managed_by": "AFT"
            },
            "timeouts": null,
            "versioning": [
              {
                "enabled": false,
                "mfa_delete": false
              }
            ],
            "website": [],
            "website_domain": null,
            "website_endpoint": null
          },
          "sensitive_attributes": [],
          "private": "eyJlMmJmYjczMC1lY2FhLTExZTYtOGY4OC0zNDM2M2JjN2M0YzAiOnsiY3JlYXRlIjoxMjAwMDAwMDAwMDAwLCJkZWxldGUiOjM2MDAwMDAwMDAwMDAsInJlYWQiOjEyMDAwMDAwMDAwMDAsInVwZGF0ZSI6MTIwMDAwMDAwMDAwMH19",
          "dependencies": [
            "module.aft.data.aws_partition.current",
            "module.aft.module.aft_feature_options.data.aws_region.current"
          ]
        }
      ]
    },
    {
      "module": "module.aft.module.aft_feature_options",
      "mode": "managed",
      "type": "aws_s3_bucket",
      "name": "aft_logging_bucket",
      "provider": "module.aft.provider[\"registry.terraform.io/hashicorp/aws\"].log_archive",
      "instances": [
        {
          "schema_version": 0,
          "attributes": {
            "acceleration_status": "",
            "acl": null,
            "arn": "arn:aws:s3:::aws-aft-logs-140742934807-us-east-1",
            "bucket": "aws-aft-logs-140742934807-us-east-1",
            "bucket_domain_name": "aws-aft-logs-140742934807-us-east-1.s3.amazonaws.com",
            "bucket_prefix": null,
            "bucket_regional_domain_name": "aws-aft-logs-140742934807-us-east-1.s3.amazonaws.com",
            "cors_rule": [],
            "force_destroy": false,
            "grant": [
              {
                "id": "a6a70bcdd1741770b3ff82cdcb18cc053feaa98d5e9692ea1b4f8df408abec78",
                "permissions": [
                  "FULL_CONTROL"
                ],
                "type": "CanonicalUser",
                "uri": ""
              }
            ],
            "hosted_zone_id": "Z3AQBSTGFYJSTF",
            "id": "aws-aft-logs-140742934807-us-east-1",
            "lifecycle_rule": [],
            "logging": [],
            "object_lock_configuration": [],
            "object_lock_enabled": false,
            "policy": "",
            "region": "us-east-1",
            "replication_configuration": [],
            "request_payer": "BucketOwner",
            "server_side_encryption_configuration": [],
            "tags": null,
            "tags_all": {
              "managed_by": "AFT"
            },
            "timeouts": null,
            "versioning": [
              {
                "enabled": false,
                "mfa_delete": false
              }
            ],
            "website": [],
            "website_domain": null,
            "website_endpoint": null
          },
          "sensitive_attributes": [],
          "private": "eyJlMmJmYjczMC1lY2FhLTExZTYtOGY4OC0zNDM2M2JjN2M0YzAiOnsiY3JlYXRlIjoxMjAwMDAwMDAwMDAwLCJkZWxldGUiOjM2MDAwMDAwMDAwMDAsInJlYWQiOjEyMDAwMDAwMDAwMDAsInVwZGF0ZSI6MTIwMDAwMDAwMDAwMH19",
          "dependencies": [
            "module.aft.data.aws_partition.current",
            "module.aft.module.aft_feature_options.data.aws_region.current"
          ]
        }
      ]
    },
    {
      "module": "module.aft.module.aft_feature_options",
      "mode": "managed",
      "type": "aws_s3_bucket_acl",
      "name": "aft_access_logs_acl",
      "provider": "module.aft.provider[\"registry.terraform.io/hashicorp/aws\"].log_archive",
      "instances": [
        {
          "schema_version": 0,
          "attributes": {
            "access_control_policy": [
              {
                "grant": [
                  {
                    "grantee": [
                      {
                        "display_name": "",
                        "email_address": "",
                        "id": "",
                        "type": "Group",
                        "uri": "http://acs.amazonaws.com/groups/s3/LogDelivery"
                      }
                    ],
                    "permission": "READ_ACP"
                  },
                  {
                    "grantee": [
                      {
                        "display_name": "",
                        "email_address": "",
                        "id": "",
                        "type": "Group",
                        "uri": "http://acs.amazonaws.com/groups/s3/LogDelivery"
                      }
                    ],
                    "permission": "WRITE"
                  },
                  {
                    "grantee": [
                      {
                        "display_name": "akhil.ginuga777+log",
                        "email_address": "",
                        "id": "a6a70bcdd1741770b3ff82cdcb18cc053feaa98d5e9692ea1b4f8df408abec78",
                        "type": "CanonicalUser",
                        "uri": ""
                      }
                    ],
                    "permission": "FULL_CONTROL"
                  }
                ],
                "owner": [
                  {
                    "display_name": "akhil.ginuga777+log",
                    "id": "a6a70bcdd1741770b3ff82cdcb18cc053feaa98d5e9692ea1b4f8df408abec78"
                  }
                ]
              }
            ],
            "acl": "log-delivery-write",
            "bucket": "aws-aft-s3-access-logs-140742934807-us-east-1",
            "expected_bucket_owner": "",
            "id": "aws-aft-s3-access-logs-140742934807-us-east-1,log-delivery-write"
          },
          "sensitive_attributes": [],
          "private": "bnVsbA==",
          "dependencies": [
            "module.aft.data.aws_partition.current",
            "module.aft.module.aft_feature_options.aws_s3_bucket.aft_access_logs",
            "module.aft.module.aft_feature_options.data.aws_region.current"
          ]
        }
      ]
    },
    {
      "module": "module.aft.module.aft_feature_options",
      "mode": "managed",
      "type": "aws_s3_bucket_lifecycle_configuration",
      "name": "aft_access_logs_lifecycle_configuration",
      "provider": "module.aft.provider[\"registry.terraform.io/hashicorp/aws\"].log_archive",
      "instances": [
        {
          "schema_version": 0,
          "attributes": {
            "bucket": "aws-aft-s3-access-logs-140742934807-us-east-1",
            "expected_bucket_owner": "",
            "id": "aws-aft-s3-access-logs-140742934807-us-east-1",
            "rule": [
              {
                "abort_incomplete_multipart_upload": [],
                "expiration": [],
                "filter": [
                  {
                    "and": [],
                    "object_size_greater_than": "",
                    "object_size_less_than": "",
                    "prefix": "log/",
                    "tag": []
                  }
                ],
                "id": "aft_access_logs_lifecycle_configuration_rule",
                "noncurrent_version_expiration": [
                  {
                    "newer_noncurrent_versions": "",
                    "noncurrent_days": 365
                  }
                ],
                "noncurrent_version_transition": [],
                "prefix": "",
                "status": "Enabled",
                "transition": []
              }
            ]
          },
          "sensitive_attributes": [],
          "private": "bnVsbA==",
          "dependencies": [
            "module.aft.data.aws_partition.current",
            "module.aft.module.aft_feature_options.aws_s3_bucket.aft_access_logs",
            "module.aft.module.aft_feature_options.data.aws_region.current"
          ]
        }
      ]
    },
    {
      "module": "module.aft.module.aft_feature_options",
      "mode": "managed",
      "type": "aws_s3_bucket_lifecycle_configuration",
      "name": "aft_logging_bucket_lifecycle_configuration",
      "provider": "module.aft.provider[\"registry.terraform.io/hashicorp/aws\"].log_archive",
      "instances": [
        {
          "schema_version": 0,
          "attributes": {
            "bucket": "aws-aft-logs-140742934807-us-east-1",
            "expected_bucket_owner": "",
            "id": "aws-aft-logs-140742934807-us-east-1",
            "rule": [
              {
                "abort_incomplete_multipart_upload": [],
                "expiration": [],
                "filter": [
                  {
                    "and": [],
                    "object_size_greater_than": "",
                    "object_size_less_than": "",
                    "prefix": "",
                    "tag": []
                  }
                ],
                "id": "aft_logging_bucket_lifecycle_configuration_rule",
                "noncurrent_version_expiration": [
                  {
                    "newer_noncurrent_versions": "",
                    "noncurrent_days": 365
                  }
                ],
                "noncurrent_version_transition": [],
                "prefix": "",
                "status": "Enabled",
                "transition": []
              }
            ]
          },
          "sensitive_attributes": [],
          "private": "bnVsbA==",
          "dependencies": [
            "module.aft.data.aws_partition.current",
            "module.aft.module.aft_feature_options.aws_s3_bucket.aft_logging_bucket",
            "module.aft.module.aft_feature_options.data.aws_region.current"
          ]
        }
      ]
    },
    {
      "module": "module.aft.module.aft_feature_options",
      "mode": "managed",
      "type": "aws_s3_bucket_logging",
      "name": "aft_logging_bucket_logging",
      "provider": "module.aft.provider[\"registry.terraform.io/hashicorp/aws\"].log_archive",
      "instances": [
        {
          "schema_version": 0,
          "attributes": {
            "bucket": "aws-aft-logs-140742934807-us-east-1",
            "expected_bucket_owner": "",
            "id": "aws-aft-logs-140742934807-us-east-1",
            "target_bucket": "aws-aft-s3-access-logs-140742934807-us-east-1",
            "target_grant": [],
            "target_prefix": "log/"
          },
          "sensitive_attributes": [],
          "private": "bnVsbA==",
          "dependencies": [
            "module.aft.data.aws_partition.current",
            "module.aft.module.aft_feature_options.aws_s3_bucket.aft_access_logs",
            "module.aft.module.aft_feature_options.aws_s3_bucket.aft_logging_bucket",
            "module.aft.module.aft_feature_options.data.aws_region.current"
          ]
        }
      ]
    },
    {
      "module": "module.aft.module.aft_feature_options",
      "mode": "managed",
      "type": "aws_s3_bucket_policy",
      "name": "aft_logging_bucket",
      "provider": "module.aft.provider[\"registry.terraform.io/hashicorp/aws\"].log_archive",
      "instances": [
        {
          "schema_version": 0,
          "attributes": {
            "bucket": "aws-aft-logs-140742934807-us-east-1",
            "id": "aws-aft-logs-140742934807-us-east-1",
            "policy": "{\n    \"Version\": \"2012-10-17\",\n    \"Statement\": [\n        {\n            \"Sid\": \"AWSBucketPermissionsCheck\",\n            \"Effect\": \"Allow\",\n            \"Principal\": {\n                \"Service\": [\n                    \"cloudtrail.amazonaws.com\",\n                    \"vpc-flow-logs.amazonaws.com\",\n                    \"delivery.logs.amazonaws.com\"\n                ]\n            },\n            \"Action\": [\n                \"s3:ListBucket\",\n                \"s3:GetBucketLocation\",\n                \"s3:GetBucketAcl\"\n            ],\n            \"Resource\": \"arn:aws:s3:::aws-aft-logs-140742934807-us-east-1\"\n        },\n        {\n            \"Sid\": \"AWSBucketPermissionsCheck-AuditAcct\",\n            \"Effect\": \"Allow\",\n            \"Principal\": \"*\",\n            \"Action\": [\n                \"s3:ListBucket\",\n                \"s3:GetBucketLocation\",\n                \"s3:GetBucketAcl\"\n            ],\n            \"Resource\": \"arn:aws:s3:::aws-aft-logs-140742934807-us-east-1\",\n            \"Condition\": {\n                \"StringEquals\": {\n                    \"aws:PrincipalOrgID\": \"o-85bejvdzv0\"\n                }\n            }\n        },\n        {\n            \"Sid\": \"Allow PutObject\",\n            \"Effect\": \"Allow\",\n            \"Principal\": {\n                \"Service\": [\n                    \"cloudtrail.amazonaws.com\",\n                    \"delivery.logs.amazonaws.com\",\n                    \"vpc-flow-logs.amazonaws.com\"\n                ]\n            },\n            \"Action\": \"s3:PutObject\",\n            \"Resource\": [\n                \"arn:aws:s3:::aws-aft-logs-140742934807-us-east-1/AWSLogs*\",\n                \"arn:aws:s3:::aws-aft-logs-140742934807-us-east-1/*\",\n                \"arn:aws:s3:::aws-aft-logs-140742934807-us-east-1\"\n            ]\n        },\n        {\n            \"Sid\": \"Deny non-HTTPS access\",\n            \"Effect\": \"Deny\",\n            \"Principal\": \"*\",\n            \"Action\": \"s3:*\",\n            \"Resource\": \"arn:aws:s3:::aws-aft-logs-140742934807-us-east-1/*\",\n            \"Condition\": {\n                \"Bool\": {\n                    \"aws:SecureTransport\": \"false\"\n                }\n            }\n        }\n    ]\n}\n"
          },
          "sensitive_attributes": [],
          "private": "bnVsbA==",
          "dependencies": [
            "module.aft.data.aws_partition.current",
            "module.aft.module.aft_feature_options.aws_s3_bucket.aft_logging_bucket",
            "module.aft.module.aft_feature_options.data.aws_organizations_organization.aft_organization",
            "module.aft.module.aft_feature_options.data.aws_region.current"
          ]
        }
      ]
    },
    {
      "module": "module.aft.module.aft_feature_options",
      "mode": "managed",
      "type": "aws_s3_bucket_public_access_block",
      "name": "aft_access_logs",
      "provider": "module.aft.provider[\"registry.terraform.io/hashicorp/aws\"].log_archive",
      "instances": [
        {
          "schema_version": 0,
          "attributes": {
            "block_public_acls": true,
            "block_public_policy": true,
            "bucket": "aws-aft-s3-access-logs-140742934807-us-east-1",
            "id": "aws-aft-s3-access-logs-140742934807-us-east-1",
            "ignore_public_acls": true,
            "restrict_public_buckets": true
          },
          "sensitive_attributes": [],
          "private": "bnVsbA==",
          "dependencies": [
            "module.aft.data.aws_partition.current",
            "module.aft.module.aft_feature_options.aws_s3_bucket.aft_access_logs",
            "module.aft.module.aft_feature_options.data.aws_region.current"
          ]
        }
      ]
    },
    {
      "module": "module.aft.module.aft_feature_options",
      "mode": "managed",
      "type": "aws_s3_bucket_public_access_block",
      "name": "aft_logging_bucket",
      "provider": "module.aft.provider[\"registry.terraform.io/hashicorp/aws\"].log_archive",
      "instances": [
        {
          "schema_version": 0,
          "attributes": {
            "block_public_acls": true,
            "block_public_policy": true,
            "bucket": "aws-aft-logs-140742934807-us-east-1",
            "id": "aws-aft-logs-140742934807-us-east-1",
            "ignore_public_acls": true,
            "restrict_public_buckets": true
          },
          "sensitive_attributes": [],
          "private": "bnVsbA==",
          "dependencies": [
            "module.aft.data.aws_partition.current",
            "module.aft.module.aft_feature_options.aws_s3_bucket.aft_logging_bucket",
            "module.aft.module.aft_feature_options.data.aws_region.current"
          ]
        }
      ]
    },
    {
      "module": "module.aft.module.aft_feature_options",
      "mode": "managed",
      "type": "aws_s3_bucket_server_side_encryption_configuration",
      "name": "aft_access_logs_encryption",
      "provider": "module.aft.provider[\"registry.terraform.io/hashicorp/aws\"].log_archive",
      "instances": [
        {
          "schema_version": 0,
          "attributes": {
            "bucket": "aws-aft-s3-access-logs-140742934807-us-east-1",
            "expected_bucket_owner": "",
            "id": "aws-aft-s3-access-logs-140742934807-us-east-1",
            "rule": [
              {
                "apply_server_side_encryption_by_default": [
                  {
                    "kms_master_key_id": "",
                    "sse_algorithm": "AES256"
                  }
                ],
                "bucket_key_enabled": null
              }
            ]
          },
          "sensitive_attributes": [],
          "private": "bnVsbA==",
          "dependencies": [
            "module.aft.data.aws_partition.current",
            "module.aft.module.aft_feature_options.aws_s3_bucket.aft_access_logs",
            "module.aft.module.aft_feature_options.data.aws_region.current"
          ]
        }
      ]
    },
    {
      "module": "module.aft.module.aft_feature_options",
      "mode": "managed",
      "type": "aws_s3_bucket_server_side_encryption_configuration",
      "name": "aft_logging_bucket_encryption",
      "provider": "module.aft.provider[\"registry.terraform.io/hashicorp/aws\"].log_archive",
      "instances": [
        {
          "schema_version": 0,
          "attributes": {
            "bucket": "aws-aft-logs-140742934807-us-east-1",
            "expected_bucket_owner": "",
            "id": "aws-aft-logs-140742934807-us-east-1",
            "rule": [
              {
                "apply_server_side_encryption_by_default": [
                  {
                    "kms_master_key_id": "arn:aws:kms:us-east-1:140742934807:key/87f1445e-4be7-4c0b-a6da-b103ef558c24",
                    "sse_algorithm": "aws:kms"
                  }
                ],
                "bucket_key_enabled": null
              }
            ]
          },
          "sensitive_attributes": [],
          "private": "bnVsbA==",
          "dependencies": [
            "module.aft.data.aws_partition.current",
            "module.aft.module.aft_feature_options.aws_kms_key.aft_log_key",
            "module.aft.module.aft_feature_options.aws_s3_bucket.aft_logging_bucket",
            "module.aft.module.aft_feature_options.data.aws_partition.current",
            "module.aft.module.aft_feature_options.data.aws_region.current"
          ]
        }
      ]
    },
    {
      "module": "module.aft.module.aft_feature_options",
      "mode": "managed",
      "type": "aws_s3_bucket_versioning",
      "name": "aft_access_logs_versioning",
      "provider": "module.aft.provider[\"registry.terraform.io/hashicorp/aws\"].log_archive",
      "instances": [
        {
          "schema_version": 0,
          "attributes": {
            "bucket": "aws-aft-s3-access-logs-140742934807-us-east-1",
            "expected_bucket_owner": "",
            "id": "aws-aft-s3-access-logs-140742934807-us-east-1",
            "mfa": null,
            "versioning_configuration": [
              {
                "mfa_delete": "",
                "status": "Enabled"
              }
            ]
          },
          "sensitive_attributes": [],
          "private": "bnVsbA==",
          "dependencies": [
            "module.aft.data.aws_partition.current",
            "module.aft.module.aft_feature_options.aws_s3_bucket.aft_access_logs",
            "module.aft.module.aft_feature_options.data.aws_region.current"
          ]
        }
      ]
    },
    {
      "module": "module.aft.module.aft_feature_options",
      "mode": "managed",
      "type": "aws_s3_bucket_versioning",
      "name": "aft_logging_bucket_versioning",
      "provider": "module.aft.provider[\"registry.terraform.io/hashicorp/aws\"].log_archive",
      "instances": [
        {
          "schema_version": 0,
          "attributes": {
            "bucket": "aws-aft-logs-140742934807-us-east-1",
            "expected_bucket_owner": "",
            "id": "aws-aft-logs-140742934807-us-east-1",
            "mfa": null,
            "versioning_configuration": [
              {
                "mfa_delete": "",
                "status": "Enabled"
              }
            ]
          },
          "sensitive_attributes": [],
          "private": "bnVsbA==",
          "dependencies": [
            "module.aft.data.aws_partition.current",
            "module.aft.module.aft_feature_options.aws_s3_bucket.aft_logging_bucket",
            "module.aft.module.aft_feature_options.data.aws_region.current"
          ]
        }
      ]
    },
    {
      "module": "module.aft.module.aft_feature_options",
      "mode": "managed",
      "type": "aws_sfn_state_machine",
      "name": "aft_features",
      "provider": "module.aft.provider[\"registry.terraform.io/hashicorp/aws\"].aft_management",
      "instances": []
    },
    {
      "module": "module.aft.module.aft_iam_roles",
      "mode": "data",
      "type": "aws_caller_identity",
      "name": "aft_management",
      "provider": "module.aft.provider[\"registry.terraform.io/hashicorp/aws\"].aft_management",
      "instances": [
        {
          "schema_version": 0,
          "attributes": {
            "account_id": "137457353584",
            "arn": "arn:aws:sts::137457353584:assumed-role/AWSControlTowerExecution/AWSAFT-Session",
            "id": "137457353584",
            "user_id": "AROASAAIYYNYLY2FMGUIH:AWSAFT-Session"
          },
          "sensitive_attributes": []
        }
      ]
    },
    {
      "module": "module.aft.module.aft_iam_roles",
      "mode": "data",
      "type": "aws_partition",
      "name": "current",
      "provider": "provider[\"registry.terraform.io/hashicorp/aws\"]",
      "instances": [
        {
          "schema_version": 0,
          "attributes": {
            "dns_suffix": "amazonaws.com",
            "id": "aws",
            "partition": "aws",
            "reverse_dns_prefix": "com.amazonaws"
          },
          "sensitive_attributes": []
        }
      ]
    },
    {
      "module": "module.aft.module.aft_iam_roles",
      "mode": "managed",
      "type": "aws_iam_role",
      "name": "aft_admin_role",
      "provider": "module.aft.provider[\"registry.terraform.io/hashicorp/aws\"].aft_management",
      "instances": [
        {
          "schema_version": 0,
          "attributes": {
            "arn": "arn:aws:iam::137457353584:role/AWSAFTAdmin",
            "assume_role_policy": "{\"Statement\":[{\"Action\":\"sts:AssumeRole\",\"Effect\":\"Allow\",\"Principal\":{\"AWS\":\"arn:aws:iam::137457353584:root\"}}],\"Version\":\"2012-10-17\"}",
            "create_date": "2022-11-25T03:31:43Z",
            "description": "",
            "force_detach_policies": false,
            "id": "AWSAFTAdmin",
            "inline_policy": [],
            "managed_policy_arns": [],
            "max_session_duration": 3600,
            "name": "AWSAFTAdmin",
            "name_prefix": "",
            "path": "/",
            "permissions_boundary": null,
            "tags": null,
            "tags_all": {
              "managed_by": "AFT"
            },
            "unique_id": "AROASAAIYYNYB34TRY72P"
          },
          "sensitive_attributes": [],
          "private": "bnVsbA==",
          "dependencies": [
            "module.aft.data.aws_partition.current",
            "module.aft.module.aft_iam_roles.data.aws_caller_identity.aft_management",
            "module.aft.module.aft_iam_roles.data.aws_partition.current"
          ]
        }
      ]
    },
    {
      "module": "module.aft.module.aft_iam_roles",
      "mode": "managed",
      "type": "aws_iam_role_policy",
      "name": "aft_admin_role",
      "provider": "module.aft.provider[\"registry.terraform.io/hashicorp/aws\"].aft_management",
      "instances": [
        {
          "schema_version": 0,
          "attributes": {
            "id": "AWSAFTAdmin:aft_admin_role_policy",
            "name": "aft_admin_role_policy",
            "name_prefix": null,
            "policy": "{\n  \"Version\": \"2012-10-17\",\n  \"Statement\": [\n    {\n      \"Effect\": \"Allow\",\n      \"Action\": \"sts:AssumeRole\",\n      \"Resource\": [\n        \"arn:aws:iam::*:role/AWSAFTExecution\",\n        \"arn:aws:iam::*:role/AWSAFTService\"\n      ]\n    }\n  ]\n}\n",
            "role": "AWSAFTAdmin"
          },
          "sensitive_attributes": [],
          "private": "bnVsbA==",
          "dependencies": [
            "module.aft.data.aws_partition.current",
            "module.aft.module.aft_iam_roles.aws_iam_role.aft_admin_role",
            "module.aft.module.aft_iam_roles.data.aws_caller_identity.aft_management",
            "module.aft.module.aft_iam_roles.data.aws_partition.current"
          ]
        }
      ]
    },
    {
      "module": "module.aft.module.aft_iam_roles.module.aft_exec_role",
      "mode": "data",
      "type": "aws_partition",
      "name": "current",
      "provider": "module.aft.provider[\"registry.terraform.io/hashicorp/aws\"].aft_management",
      "instances": [
        {
          "schema_version": 0,
          "attributes": {
            "dns_suffix": "amazonaws.com",
            "id": "aws",
            "partition": "aws",
            "reverse_dns_prefix": "com.amazonaws"
          },
          "sensitive_attributes": []
        }
      ]
    },
    {
      "module": "module.aft.module.aft_iam_roles.module.aft_exec_role",
      "mode": "managed",
      "type": "aws_iam_role",
      "name": "role",
      "provider": "module.aft.provider[\"registry.terraform.io/hashicorp/aws\"].aft_management",
      "instances": [
        {
          "schema_version": 0,
          "attributes": {
            "arn": "arn:aws:iam::137457353584:role/AWSAFTExecution",
            "assume_role_policy": "{\"Statement\":[{\"Action\":\"sts:AssumeRole\",\"Effect\":\"Allow\",\"Principal\":{\"AWS\":\"AROASAAIYYNYB34TRY72P\"}}],\"Version\":\"2012-10-17\"}",
            "create_date": "2022-11-25T03:31:53Z",
            "description": "",
            "force_detach_policies": false,
            "id": "AWSAFTExecution",
            "inline_policy": [],
            "managed_policy_arns": [],
            "max_session_duration": 3600,
            "name": "AWSAFTExecution",
            "name_prefix": "",
            "path": "/",
            "permissions_boundary": null,
            "tags": null,
            "tags_all": {
              "managed_by": "AFT"
            },
            "unique_id": "AROASAAIYYNYLUGQJJQV6"
          },
          "sensitive_attributes": [],
          "private": "bnVsbA==",
          "dependencies": [
            "module.aft.data.aws_partition.current",
            "module.aft.module.aft_iam_roles.aws_iam_role.aft_admin_role",
            "module.aft.module.aft_iam_roles.data.aws_caller_identity.aft_management",
            "module.aft.module.aft_iam_roles.data.aws_partition.current"
          ]
        }
      ]
    },
    {
      "module": "module.aft.module.aft_iam_roles.module.aft_exec_role",
      "mode": "managed",
      "type": "aws_iam_role_policy_attachment",
      "name": "administrator-access-attachment",
      "provider": "module.aft.provider[\"registry.terraform.io/hashicorp/aws\"].aft_management",
      "instances": [
        {
          "schema_version": 0,
          "attributes": {
            "id": "AWSAFTExecution-20221125033157995200000023",
            "policy_arn": "arn:aws:iam::aws:policy/AdministratorAccess",
            "role": "AWSAFTExecution"
          },
          "sensitive_attributes": [],
          "private": "bnVsbA==",
          "dependencies": [
            "module.aft.data.aws_partition.current",
            "module.aft.module.aft_iam_roles.aws_iam_role.aft_admin_role",
            "module.aft.module.aft_iam_roles.data.aws_caller_identity.aft_management",
            "module.aft.module.aft_iam_roles.data.aws_partition.current",
            "module.aft.module.aft_iam_roles.module.aft_exec_role.aws_iam_role.role",
            "module.aft.module.aft_iam_roles.module.aft_exec_role.data.aws_partition.current"
          ]
        }
      ]
    },
    {
      "module": "module.aft.module.aft_iam_roles.module.aft_service_role",
      "mode": "data",
      "type": "aws_partition",
      "name": "current",
      "provider": "module.aft.provider[\"registry.terraform.io/hashicorp/aws\"].aft_management",
      "instances": [
        {
          "schema_version": 0,
          "attributes": {
            "dns_suffix": "amazonaws.com",
            "id": "aws",
            "partition": "aws",
            "reverse_dns_prefix": "com.amazonaws"
          },
          "sensitive_attributes": []
        }
      ]
    },
    {
      "module": "module.aft.module.aft_iam_roles.module.aft_service_role",
      "mode": "managed",
      "type": "aws_iam_role",
      "name": "role",
      "provider": "module.aft.provider[\"registry.terraform.io/hashicorp/aws\"].aft_management",
      "instances": [
        {
          "schema_version": 0,
          "attributes": {
            "arn": "arn:aws:iam::137457353584:role/AWSAFTService",
            "assume_role_policy": "{\"Statement\":[{\"Action\":\"sts:AssumeRole\",\"Effect\":\"Allow\",\"Principal\":{\"AWS\":\"AROASAAIYYNYB34TRY72P\"}}],\"Version\":\"2012-10-17\"}",
            "create_date": "2022-11-25T03:31:54Z",
            "description": "",
            "force_detach_policies": false,
            "id": "AWSAFTService",
            "inline_policy": [],
            "managed_policy_arns": [],
            "max_session_duration": 3600,
            "name": "AWSAFTService",
            "name_prefix": "",
            "path": "/",
            "permissions_boundary": null,
            "tags": null,
            "tags_all": {
              "managed_by": "AFT"
            },
            "unique_id": "AROASAAIYYNYN6CQ33DBF"
          },
          "sensitive_attributes": [],
          "private": "bnVsbA==",
          "dependencies": [
            "module.aft.data.aws_partition.current",
            "module.aft.module.aft_iam_roles.aws_iam_role.aft_admin_role",
            "module.aft.module.aft_iam_roles.data.aws_caller_identity.aft_management",
            "module.aft.module.aft_iam_roles.data.aws_partition.current"
          ]
        }
      ]
    },
    {
      "module": "module.aft.module.aft_iam_roles.module.aft_service_role",
      "mode": "managed",
      "type": "aws_iam_role_policy_attachment",
      "name": "administrator-access-attachment",
      "provider": "module.aft.provider[\"registry.terraform.io/hashicorp/aws\"].aft_management",
      "instances": [
        {
          "schema_version": 0,
          "attributes": {
            "id": "AWSAFTService-20221125033158365100000024",
            "policy_arn": "arn:aws:iam::aws:policy/AdministratorAccess",
            "role": "AWSAFTService"
          },
          "sensitive_attributes": [],
          "private": "bnVsbA==",
          "dependencies": [
            "module.aft.data.aws_partition.current",
            "module.aft.module.aft_iam_roles.aws_iam_role.aft_admin_role",
            "module.aft.module.aft_iam_roles.data.aws_caller_identity.aft_management",
            "module.aft.module.aft_iam_roles.data.aws_partition.current",
            "module.aft.module.aft_iam_roles.module.aft_service_role.aws_iam_role.role",
            "module.aft.module.aft_iam_roles.module.aft_service_role.data.aws_partition.current"
          ]
        }
      ]
    },
    {
      "module": "module.aft.module.aft_iam_roles.module.audit_exec_role",
      "mode": "data",
      "type": "aws_partition",
      "name": "current",
      "provider": "module.aft.provider[\"registry.terraform.io/hashicorp/aws\"].audit",
      "instances": [
        {
          "schema_version": 0,
          "attributes": {
            "dns_suffix": "amazonaws.com",
            "id": "aws",
            "partition": "aws",
            "reverse_dns_prefix": "com.amazonaws"
          },
          "sensitive_attributes": []
        }
      ]
    },
    {
      "module": "module.aft.module.aft_iam_roles.module.audit_exec_role",
      "mode": "managed",
      "type": "aws_iam_role",
      "name": "role",
      "provider": "module.aft.provider[\"registry.terraform.io/hashicorp/aws\"].audit",
      "instances": [
        {
          "schema_version": 0,
          "attributes": {
            "arn": "arn:aws:iam::595026199011:role/AWSAFTExecution",
            "assume_role_policy": "{\"Statement\":[{\"Action\":\"sts:AssumeRole\",\"Effect\":\"Allow\",\"Principal\":{\"AWS\":\"AROASAAIYYNYB34TRY72P\"}}],\"Version\":\"2012-10-17\"}",
            "create_date": "2022-11-25T03:31:52Z",
            "description": "",
            "force_detach_policies": false,
            "id": "AWSAFTExecution",
            "inline_policy": [],
            "managed_policy_arns": [],
            "max_session_duration": 3600,
            "name": "AWSAFTExecution",
            "name_prefix": "",
            "path": "/",
            "permissions_boundary": null,
            "tags": null,
            "tags_all": {
              "managed_by": "AFT"
            },
            "unique_id": "AROAYVCSTIHRU5Z2P3IZG"
          },
          "sensitive_attributes": [],
          "private": "bnVsbA==",
          "dependencies": [
            "module.aft.data.aws_partition.current",
            "module.aft.module.aft_iam_roles.aws_iam_role.aft_admin_role",
            "module.aft.module.aft_iam_roles.data.aws_caller_identity.aft_management",
            "module.aft.module.aft_iam_roles.data.aws_partition.current"
          ]
        }
      ]
    },
    {
      "module": "module.aft.module.aft_iam_roles.module.audit_exec_role",
      "mode": "managed",
      "type": "aws_iam_role_policy_attachment",
      "name": "administrator-access-attachment",
      "provider": "module.aft.provider[\"registry.terraform.io/hashicorp/aws\"].audit",
      "instances": [
        {
          "schema_version": 0,
          "attributes": {
            "id": "AWSAFTExecution-20221125033157609100000001",
            "policy_arn": "arn:aws:iam::aws:policy/AdministratorAccess",
            "role": "AWSAFTExecution"
          },
          "sensitive_attributes": [],
          "private": "bnVsbA==",
          "dependencies": [
            "module.aft.data.aws_partition.current",
            "module.aft.module.aft_iam_roles.aws_iam_role.aft_admin_role",
            "module.aft.module.aft_iam_roles.data.aws_caller_identity.aft_management",
            "module.aft.module.aft_iam_roles.data.aws_partition.current",
            "module.aft.module.aft_iam_roles.module.audit_exec_role.aws_iam_role.role",
            "module.aft.module.aft_iam_roles.module.audit_exec_role.data.aws_partition.current"
          ]
        }
      ]
    },
    {
      "module": "module.aft.module.aft_iam_roles.module.audit_service_role",
      "mode": "data",
      "type": "aws_partition",
      "name": "current",
      "provider": "module.aft.provider[\"registry.terraform.io/hashicorp/aws\"].audit",
      "instances": [
        {
          "schema_version": 0,
          "attributes": {
            "dns_suffix": "amazonaws.com",
            "id": "aws",
            "partition": "aws",
            "reverse_dns_prefix": "com.amazonaws"
          },
          "sensitive_attributes": []
        }
      ]
    },
    {
      "module": "module.aft.module.aft_iam_roles.module.audit_service_role",
      "mode": "managed",
      "type": "aws_iam_role",
      "name": "role",
      "provider": "module.aft.provider[\"registry.terraform.io/hashicorp/aws\"].audit",
      "instances": [
        {
          "schema_version": 0,
          "attributes": {
            "arn": "arn:aws:iam::595026199011:role/AWSAFTService",
            "assume_role_policy": "{\"Statement\":[{\"Action\":\"sts:AssumeRole\",\"Effect\":\"Allow\",\"Principal\":{\"AWS\":\"AROASAAIYYNYB34TRY72P\"}}],\"Version\":\"2012-10-17\"}",
            "create_date": "2022-11-25T03:31:53Z",
            "description": "",
            "force_detach_policies": false,
            "id": "AWSAFTService",
            "inline_policy": [],
            "managed_policy_arns": [],
            "max_session_duration": 3600,
            "name": "AWSAFTService",
            "name_prefix": "",
            "path": "/",
            "permissions_boundary": null,
            "tags": null,
            "tags_all": {
              "managed_by": "AFT"
            },
            "unique_id": "AROAYVCSTIHRUGAFSE5JA"
          },
          "sensitive_attributes": [],
          "private": "bnVsbA==",
          "dependencies": [
            "module.aft.data.aws_partition.current",
            "module.aft.module.aft_iam_roles.aws_iam_role.aft_admin_role",
            "module.aft.module.aft_iam_roles.data.aws_caller_identity.aft_management",
            "module.aft.module.aft_iam_roles.data.aws_partition.current"
          ]
        }
      ]
    },
    {
      "module": "module.aft.module.aft_iam_roles.module.audit_service_role",
      "mode": "managed",
      "type": "aws_iam_role_policy_attachment",
      "name": "administrator-access-attachment",
      "provider": "module.aft.provider[\"registry.terraform.io/hashicorp/aws\"].audit",
      "instances": [
        {
          "schema_version": 0,
          "attributes": {
            "id": "AWSAFTService-20221125033157997300000002",
            "policy_arn": "arn:aws:iam::aws:policy/AdministratorAccess",
            "role": "AWSAFTService"
          },
          "sensitive_attributes": [],
          "private": "bnVsbA==",
          "dependencies": [
            "module.aft.data.aws_partition.current",
            "module.aft.module.aft_iam_roles.aws_iam_role.aft_admin_role",
            "module.aft.module.aft_iam_roles.data.aws_caller_identity.aft_management",
            "module.aft.module.aft_iam_roles.data.aws_partition.current",
            "module.aft.module.aft_iam_roles.module.audit_service_role.aws_iam_role.role",
            "module.aft.module.aft_iam_roles.module.audit_service_role.data.aws_partition.current"
          ]
        }
      ]
    },
    {
      "module": "module.aft.module.aft_iam_roles.module.ct_management_exec_role",
      "mode": "data",
      "type": "aws_partition",
      "name": "current",
      "provider": "module.aft.provider[\"registry.terraform.io/hashicorp/aws\"].ct_management",
      "instances": [
        {
          "schema_version": 0,
          "attributes": {
            "dns_suffix": "amazonaws.com",
            "id": "aws",
            "partition": "aws",
            "reverse_dns_prefix": "com.amazonaws"
          },
          "sensitive_attributes": []
        }
      ]
    },
    {
      "module": "module.aft.module.aft_iam_roles.module.ct_management_exec_role",
      "mode": "managed",
      "type": "aws_iam_role",
      "name": "role",
      "provider": "module.aft.provider[\"registry.terraform.io/hashicorp/aws\"].ct_management",
      "instances": [
        {
          "schema_version": 0,
          "attributes": {
            "arn": "arn:aws:iam::592485218204:role/AWSAFTExecution",
            "assume_role_policy": "{\"Statement\":[{\"Action\":\"sts:AssumeRole\",\"Effect\":\"Allow\",\"Principal\":{\"AWS\":\"AROASAAIYYNYB34TRY72P\"}}],\"Version\":\"2012-10-17\"}",
            "create_date": "2022-11-25T03:31:52Z",
            "description": "",
            "force_detach_policies": false,
            "id": "AWSAFTExecution",
            "inline_policy": [],
            "managed_policy_arns": [],
            "max_session_duration": 3600,
            "name": "AWSAFTExecution",
            "name_prefix": "",
            "path": "/",
            "permissions_boundary": null,
            "tags": null,
            "tags_all": {
              "managed_by": "AFT"
            },
            "unique_id": "AROAYT4W666OHCDBVOJQP"
          },
          "sensitive_attributes": [],
          "private": "bnVsbA==",
          "dependencies": [
            "module.aft.data.aws_partition.current",
            "module.aft.module.aft_iam_roles.aws_iam_role.aft_admin_role",
            "module.aft.module.aft_iam_roles.data.aws_caller_identity.aft_management",
            "module.aft.module.aft_iam_roles.data.aws_partition.current"
          ]
        }
      ]
    },
    {
      "module": "module.aft.module.aft_iam_roles.module.ct_management_exec_role",
      "mode": "managed",
      "type": "aws_iam_role_policy_attachment",
      "name": "administrator-access-attachment",
      "provider": "module.aft.provider[\"registry.terraform.io/hashicorp/aws\"].ct_management",
      "instances": [
        {
          "schema_version": 0,
          "attributes": {
            "id": "AWSAFTExecution-20221125033157400600000002",
            "policy_arn": "arn:aws:iam::aws:policy/AdministratorAccess",
            "role": "AWSAFTExecution"
          },
          "sensitive_attributes": [],
          "private": "bnVsbA==",
          "dependencies": [
            "module.aft.data.aws_partition.current",
            "module.aft.module.aft_iam_roles.aws_iam_role.aft_admin_role",
            "module.aft.module.aft_iam_roles.data.aws_caller_identity.aft_management",
            "module.aft.module.aft_iam_roles.data.aws_partition.current",
            "module.aft.module.aft_iam_roles.module.ct_management_exec_role.aws_iam_role.role",
            "module.aft.module.aft_iam_roles.module.ct_management_exec_role.data.aws_partition.current"
          ]
        }
      ]
    },
    {
      "module": "module.aft.module.aft_iam_roles.module.ct_management_service_role",
      "mode": "data",
      "type": "aws_partition",
      "name": "current",
      "provider": "module.aft.provider[\"registry.terraform.io/hashicorp/aws\"].ct_management",
      "instances": [
        {
          "schema_version": 0,
          "attributes": {
            "dns_suffix": "amazonaws.com",
            "id": "aws",
            "partition": "aws",
            "reverse_dns_prefix": "com.amazonaws"
          },
          "sensitive_attributes": []
        }
      ]
    },
    {
      "module": "module.aft.module.aft_iam_roles.module.ct_management_service_role",
      "mode": "managed",
      "type": "aws_iam_role",
      "name": "role",
      "provider": "module.aft.provider[\"registry.terraform.io/hashicorp/aws\"].ct_management",
      "instances": [
        {
          "schema_version": 0,
          "attributes": {
            "arn": "arn:aws:iam::592485218204:role/AWSAFTService",
            "assume_role_policy": "{\"Statement\":[{\"Action\":\"sts:AssumeRole\",\"Effect\":\"Allow\",\"Principal\":{\"AWS\":\"AROASAAIYYNYB34TRY72P\"}}],\"Version\":\"2012-10-17\"}",
            "create_date": "2022-11-25T03:31:53Z",
            "description": "",
            "force_detach_policies": false,
            "id": "AWSAFTService",
            "inline_policy": [],
            "managed_policy_arns": [],
            "max_session_duration": 3600,
            "name": "AWSAFTService",
            "name_prefix": "",
            "path": "/",
            "permissions_boundary": null,
            "tags": null,
            "tags_all": {
              "managed_by": "AFT"
            },
            "unique_id": "AROAYT4W666ONLY7FJAC5"
          },
          "sensitive_attributes": [],
          "private": "bnVsbA==",
          "dependencies": [
            "module.aft.data.aws_partition.current",
            "module.aft.module.aft_iam_roles.aws_iam_role.aft_admin_role",
            "module.aft.module.aft_iam_roles.data.aws_caller_identity.aft_management",
            "module.aft.module.aft_iam_roles.data.aws_partition.current"
          ]
        }
      ]
    },
    {
      "module": "module.aft.module.aft_iam_roles.module.ct_management_service_role",
      "mode": "managed",
      "type": "aws_iam_role_policy_attachment",
      "name": "administrator-access-attachment",
      "provider": "module.aft.provider[\"registry.terraform.io/hashicorp/aws\"].ct_management",
      "instances": [
        {
          "schema_version": 0,
          "attributes": {
            "id": "AWSAFTService-20221125033157828900000003",
            "policy_arn": "arn:aws:iam::aws:policy/AdministratorAccess",
            "role": "AWSAFTService"
          },
          "sensitive_attributes": [],
          "private": "bnVsbA==",
          "dependencies": [
            "module.aft.data.aws_partition.current",
            "module.aft.module.aft_iam_roles.aws_iam_role.aft_admin_role",
            "module.aft.module.aft_iam_roles.data.aws_caller_identity.aft_management",
            "module.aft.module.aft_iam_roles.data.aws_partition.current",
            "module.aft.module.aft_iam_roles.module.ct_management_service_role.aws_iam_role.role",
            "module.aft.module.aft_iam_roles.module.ct_management_service_role.data.aws_partition.current"
          ]
        }
      ]
    },
    {
      "module": "module.aft.module.aft_iam_roles.module.log_archive_exec_role",
      "mode": "data",
      "type": "aws_partition",
      "name": "current",
      "provider": "module.aft.provider[\"registry.terraform.io/hashicorp/aws\"].log_archive",
      "instances": [
        {
          "schema_version": 0,
          "attributes": {
            "dns_suffix": "amazonaws.com",
            "id": "aws",
            "partition": "aws",
            "reverse_dns_prefix": "com.amazonaws"
          },
          "sensitive_attributes": []
        }
      ]
    },
    {
      "module": "module.aft.module.aft_iam_roles.module.log_archive_exec_role",
      "mode": "managed",
      "type": "aws_iam_role",
      "name": "role",
      "provider": "module.aft.provider[\"registry.terraform.io/hashicorp/aws\"].log_archive",
      "instances": [
        {
          "schema_version": 0,
          "attributes": {
            "arn": "arn:aws:iam::140742934807:role/AWSAFTExecution",
            "assume_role_policy": "{\"Statement\":[{\"Action\":\"sts:AssumeRole\",\"Effect\":\"Allow\",\"Principal\":{\"AWS\":[\"arn:aws:iam::137457353584:role/AWSAFTAdmin\"]}}],\"Version\":\"2012-10-17\"}",
            "create_date": "2022-11-25T03:31:53Z",
            "description": "",
            "force_detach_policies": false,
            "id": "AWSAFTExecution",
            "inline_policy": [],
            "managed_policy_arns": [],
            "max_session_duration": 3600,
            "name": "AWSAFTExecution",
            "name_prefix": "",
            "path": "/",
            "permissions_boundary": null,
            "tags": null,
            "tags_all": {
              "managed_by": "AFT"
            },
            "unique_id": "AROASBRHOYEL6OZA4O6HF"
          },
          "sensitive_attributes": [],
          "private": "bnVsbA==",
          "dependencies": [
            "module.aft.data.aws_partition.current",
            "module.aft.module.aft_iam_roles.aws_iam_role.aft_admin_role",
            "module.aft.module.aft_iam_roles.data.aws_caller_identity.aft_management",
            "module.aft.module.aft_iam_roles.data.aws_partition.current"
          ]
        }
      ]
    },
    {
      "module": "module.aft.module.aft_iam_roles.module.log_archive_exec_role",
      "mode": "managed",
      "type": "aws_iam_role_policy_attachment",
      "name": "administrator-access-attachment",
      "provider": "module.aft.provider[\"registry.terraform.io/hashicorp/aws\"].log_archive",
      "instances": [
        {
          "schema_version": 0,
          "attributes": {
            "id": "AWSAFTExecution-20221125033158012900000001",
            "policy_arn": "arn:aws:iam::aws:policy/AdministratorAccess",
            "role": "AWSAFTExecution"
          },
          "sensitive_attributes": [],
          "private": "bnVsbA==",
          "dependencies": [
            "module.aft.data.aws_partition.current",
            "module.aft.module.aft_iam_roles.aws_iam_role.aft_admin_role",
            "module.aft.module.aft_iam_roles.data.aws_caller_identity.aft_management",
            "module.aft.module.aft_iam_roles.data.aws_partition.current",
            "module.aft.module.aft_iam_roles.module.log_archive_exec_role.aws_iam_role.role",
            "module.aft.module.aft_iam_roles.module.log_archive_exec_role.data.aws_partition.current"
          ]
        }
      ]
    },
    {
      "module": "module.aft.module.aft_iam_roles.module.log_archive_service_role",
      "mode": "data",
      "type": "aws_partition",
      "name": "current",
      "provider": "module.aft.provider[\"registry.terraform.io/hashicorp/aws\"].log_archive",
      "instances": [
        {
          "schema_version": 0,
          "attributes": {
            "dns_suffix": "amazonaws.com",
            "id": "aws",
            "partition": "aws",
            "reverse_dns_prefix": "com.amazonaws"
          },
          "sensitive_attributes": []
        }
      ]
    },
    {
      "module": "module.aft.module.aft_iam_roles.module.log_archive_service_role",
      "mode": "managed",
      "type": "aws_iam_role",
      "name": "role",
      "provider": "module.aft.provider[\"registry.terraform.io/hashicorp/aws\"].log_archive",
      "instances": [
        {
          "schema_version": 0,
          "attributes": {
            "arn": "arn:aws:iam::140742934807:role/AWSAFTService",
            "assume_role_policy": "{\"Statement\":[{\"Action\":\"sts:AssumeRole\",\"Effect\":\"Allow\",\"Principal\":{\"AWS\":[\"arn:aws:iam::137457353584:role/AWSAFTAdmin\"]}}],\"Version\":\"2012-10-17\"}",
            "create_date": "2022-11-25T03:31:54Z",
            "description": "",
            "force_detach_policies": false,
            "id": "AWSAFTService",
            "inline_policy": [],
            "managed_policy_arns": [],
            "max_session_duration": 3600,
            "name": "AWSAFTService",
            "name_prefix": "",
            "path": "/",
            "permissions_boundary": null,
            "tags": null,
            "tags_all": {
              "managed_by": "AFT"
            },
            "unique_id": "AROASBRHOYEL4YED2R4KL"
          },
          "sensitive_attributes": [],
          "private": "bnVsbA==",
          "dependencies": [
            "module.aft.data.aws_partition.current",
            "module.aft.module.aft_iam_roles.aws_iam_role.aft_admin_role",
            "module.aft.module.aft_iam_roles.data.aws_caller_identity.aft_management",
            "module.aft.module.aft_iam_roles.data.aws_partition.current"
          ]
        }
      ]
    },
    {
      "module": "module.aft.module.aft_iam_roles.module.log_archive_service_role",
      "mode": "managed",
      "type": "aws_iam_role_policy_attachment",
      "name": "administrator-access-attachment",
      "provider": "module.aft.provider[\"registry.terraform.io/hashicorp/aws\"].log_archive",
      "instances": [
        {
          "schema_version": 0,
          "attributes": {
            "id": "AWSAFTService-20221125033158365300000002",
            "policy_arn": "arn:aws:iam::aws:policy/AdministratorAccess",
            "role": "AWSAFTService"
          },
          "sensitive_attributes": [],
          "private": "bnVsbA==",
          "dependencies": [
            "module.aft.data.aws_partition.current",
            "module.aft.module.aft_iam_roles.aws_iam_role.aft_admin_role",
            "module.aft.module.aft_iam_roles.data.aws_caller_identity.aft_management",
            "module.aft.module.aft_iam_roles.data.aws_partition.current",
            "module.aft.module.aft_iam_roles.module.log_archive_service_role.aws_iam_role.role",
            "module.aft.module.aft_iam_roles.module.log_archive_service_role.data.aws_partition.current"
          ]
        }
      ]
    },
    {
      "module": "module.aft.module.aft_lambda_layer",
      "mode": "data",
      "type": "aws_caller_identity",
      "name": "session",
      "provider": "module.aft.provider[\"registry.terraform.io/hashicorp/aws\"].aft_management",
      "instances": [
        {
          "schema_version": 0,
          "attributes": {
            "account_id": "137457353584",
            "arn": "arn:aws:sts::137457353584:assumed-role/AWSControlTowerExecution/AWSAFT-Session",
            "id": "137457353584",
            "user_id": "AROASAAIYYNYLY2FMGUIH:AWSAFT-Session"
          },
          "sensitive_attributes": []
        }
      ]
    },
    {
      "module": "module.aft.module.aft_lambda_layer",
      "mode": "data",
      "type": "aws_lambda_invocation",
      "name": "invoke_codebuild_job",
      "provider": "module.aft.provider[\"registry.terraform.io/hashicorp/aws\"].aft_management",
      "instances": []
    },
    {
      "module": "module.aft.module.aft_lambda_layer",
      "mode": "data",
      "type": "aws_partition",
      "name": "current",
      "provider": "module.aft.provider[\"registry.terraform.io/hashicorp/aws\"].aft_management",
      "instances": [
        {
          "schema_version": 0,
          "attributes": {
            "dns_suffix": "amazonaws.com",
            "id": "aws",
            "partition": "aws",
            "reverse_dns_prefix": "com.amazonaws"
          },
          "sensitive_attributes": []
        }
      ]
    },
    {
      "module": "module.aft.module.aft_lambda_layer",
      "mode": "data",
      "type": "local_file",
      "name": "aft_lambda_layer",
      "provider": "provider[\"registry.terraform.io/hashicorp/local\"]",
      "instances": [
        {
          "schema_version": 0,
          "attributes": {
            "content": "# Copyright Amazon.com, Inc. or its affiliates. All rights reserved.\n# SPDX-License-Identifier: Apache-2.0\n#\nversion: 0.2\n\nphases:\n  install:\n    runtime-versions:\n      python: $PYTHON_VERSION\n    commands:\n      - DEFAULT_PATH=$(pwd)\n      - AWS_MODULE_SOURCE=$(aws ssm get-parameter --name $SSM_AWS_MODULE_SOURCE --query \"Parameter.Value\" --output text)\n      - AWS_MODULE_GIT_REF=$(aws ssm get-parameter --name $SSM_AWS_MODULE_GIT_REF --query \"Parameter.Value\" --output text)\n      # URL Without Access ID\n      - URL=$(echo \"$AWS_MODULE_SOURCE\" | awk '{split($0,a,\"@\"); print a[2]}')\n      - |\n        ssh_key_parameter=$(aws ssm get-parameter --name /aft/config/aft-ssh-key --with-decryption 2\u003e /dev/null || echo \"None\")\n        if [[ $ssh_key_parameter != \"None\" ]]; then\n          ssh_key=$(jq --raw-output \".Parameter.Value\" \u003c\u003c\u003c $ssh_key_parameter)\n          mkdir -p ~/.ssh\n          echo \"Host *\" \u003e\u003e ~/.ssh/config\n          echo \"StrictHostKeyChecking no\" \u003e\u003e ~/.ssh/config\n          echo \"UserKnownHostsFile=/dev/null\" \u003e\u003e ~/.ssh/config\n          echo \"$ssh_key\" \u003e ~/.ssh/ssh_key\n          echo -e \"\\n\\n\" \u003e\u003e  ~/.ssh/ssh_key\n          chmod 600 ~/.ssh/ssh_key\n          eval \"$(ssh-agent -s)\"\n          ssh-add ~/.ssh/ssh_key\n        fi\n      - git config --global credential.helper '!aws codecommit credential-helper $@'\n      - git config --global credential.UseHttpPath true\n      - echo \"Building aft_common from ${URL}:${AWS_MODULE_GIT_REF}\"\n      - git clone -b $AWS_MODULE_GIT_REF $AWS_MODULE_SOURCE aws-aft-core-framework\n      - python3 -m pip install virtualenv\n      - python3 -m venv .venv\n      - . .venv/bin/activate\n      - python3 -m pip install ./aws-aft-core-framework/sources/aft-lambda-layer\n  build:\n    commands:\n      - mkdir -p python\n      - ls\n      - mv -v ./.venv/lib/ ./python/\n      - zip -r layer.zip python\n      - aws s3 cp layer.zip s3://${BUCKET_NAME}/layer.zip\n",
            "content_base64": "IyBDb3B5cmlnaHQgQW1hem9uLmNvbSwgSW5jLiBvciBpdHMgYWZmaWxpYXRlcy4gQWxsIHJpZ2h0cyByZXNlcnZlZC4KIyBTUERYLUxpY2Vuc2UtSWRlbnRpZmllcjogQXBhY2hlLTIuMAojCnZlcnNpb246IDAuMgoKcGhhc2VzOgogIGluc3RhbGw6CiAgICBydW50aW1lLXZlcnNpb25zOgogICAgICBweXRob246ICRQWVRIT05fVkVSU0lPTgogICAgY29tbWFuZHM6CiAgICAgIC0gREVGQVVMVF9QQVRIPSQocHdkKQogICAgICAtIEFXU19NT0RVTEVfU09VUkNFPSQoYXdzIHNzbSBnZXQtcGFyYW1ldGVyIC0tbmFtZSAkU1NNX0FXU19NT0RVTEVfU09VUkNFIC0tcXVlcnkgIlBhcmFtZXRlci5WYWx1ZSIgLS1vdXRwdXQgdGV4dCkKICAgICAgLSBBV1NfTU9EVUxFX0dJVF9SRUY9JChhd3Mgc3NtIGdldC1wYXJhbWV0ZXIgLS1uYW1lICRTU01fQVdTX01PRFVMRV9HSVRfUkVGIC0tcXVlcnkgIlBhcmFtZXRlci5WYWx1ZSIgLS1vdXRwdXQgdGV4dCkKICAgICAgIyBVUkwgV2l0aG91dCBBY2Nlc3MgSUQKICAgICAgLSBVUkw9JChlY2hvICIkQVdTX01PRFVMRV9TT1VSQ0UiIHwgYXdrICd7c3BsaXQoJDAsYSwiQCIpOyBwcmludCBhWzJdfScpCiAgICAgIC0gfAogICAgICAgIHNzaF9rZXlfcGFyYW1ldGVyPSQoYXdzIHNzbSBnZXQtcGFyYW1ldGVyIC0tbmFtZSAvYWZ0L2NvbmZpZy9hZnQtc3NoLWtleSAtLXdpdGgtZGVjcnlwdGlvbiAyPiAvZGV2L251bGwgfHwgZWNobyAiTm9uZSIpCiAgICAgICAgaWYgW1sgJHNzaF9rZXlfcGFyYW1ldGVyICE9ICJOb25lIiBdXTsgdGhlbgogICAgICAgICAgc3NoX2tleT0kKGpxIC0tcmF3LW91dHB1dCAiLlBhcmFtZXRlci5WYWx1ZSIgPDw8ICRzc2hfa2V5X3BhcmFtZXRlcikKICAgICAgICAgIG1rZGlyIC1wIH4vLnNzaAogICAgICAgICAgZWNobyAiSG9zdCAqIiA+PiB+Ly5zc2gvY29uZmlnCiAgICAgICAgICBlY2hvICJTdHJpY3RIb3N0S2V5Q2hlY2tpbmcgbm8iID4+IH4vLnNzaC9jb25maWcKICAgICAgICAgIGVjaG8gIlVzZXJLbm93bkhvc3RzRmlsZT0vZGV2L251bGwiID4+IH4vLnNzaC9jb25maWcKICAgICAgICAgIGVjaG8gIiRzc2hfa2V5IiA+IH4vLnNzaC9zc2hfa2V5CiAgICAgICAgICBlY2hvIC1lICJcblxuIiA+PiAgfi8uc3NoL3NzaF9rZXkKICAgICAgICAgIGNobW9kIDYwMCB+Ly5zc2gvc3NoX2tleQogICAgICAgICAgZXZhbCAiJChzc2gtYWdlbnQgLXMpIgogICAgICAgICAgc3NoLWFkZCB+Ly5zc2gvc3NoX2tleQogICAgICAgIGZpCiAgICAgIC0gZ2l0IGNvbmZpZyAtLWdsb2JhbCBjcmVkZW50aWFsLmhlbHBlciAnIWF3cyBjb2RlY29tbWl0IGNyZWRlbnRpYWwtaGVscGVyICRAJwogICAgICAtIGdpdCBjb25maWcgLS1nbG9iYWwgY3JlZGVudGlhbC5Vc2VIdHRwUGF0aCB0cnVlCiAgICAgIC0gZWNobyAiQnVpbGRpbmcgYWZ0X2NvbW1vbiBmcm9tICR7VVJMfToke0FXU19NT0RVTEVfR0lUX1JFRn0iCiAgICAgIC0gZ2l0IGNsb25lIC1iICRBV1NfTU9EVUxFX0dJVF9SRUYgJEFXU19NT0RVTEVfU09VUkNFIGF3cy1hZnQtY29yZS1mcmFtZXdvcmsKICAgICAgLSBweXRob24zIC1tIHBpcCBpbnN0YWxsIHZpcnR1YWxlbnYKICAgICAgLSBweXRob24zIC1tIHZlbnYgLnZlbnYKICAgICAgLSAuIC52ZW52L2Jpbi9hY3RpdmF0ZQogICAgICAtIHB5dGhvbjMgLW0gcGlwIGluc3RhbGwgLi9hd3MtYWZ0LWNvcmUtZnJhbWV3b3JrL3NvdXJjZXMvYWZ0LWxhbWJkYS1sYXllcgogIGJ1aWxkOgogICAgY29tbWFuZHM6CiAgICAgIC0gbWtkaXIgLXAgcHl0aG9uCiAgICAgIC0gbHMKICAgICAgLSBtdiAtdiAuLy52ZW52L2xpYi8gLi9weXRob24vCiAgICAgIC0gemlwIC1yIGxheWVyLnppcCBweXRob24KICAgICAgLSBhd3MgczMgY3AgbGF5ZXIuemlwIHMzOi8vJHtCVUNLRVRfTkFNRX0vbGF5ZXIuemlwCg==",
            "filename": ".terraform/modules/aft/modules/aft-lambda-layer/buildspecs/aft-lambda-layer.yml",
            "id": "e7cbe092e97f9311cd3330a8c7e2dbe5dbb13ea9"
          },
          "sensitive_attributes": []
        }
      ]
    },
    {
      "module": "module.aft.module.aft_lambda_layer",
      "mode": "managed",
      "type": "aws_codebuild_project",
      "name": "codebuild",
      "provider": "module.aft.provider[\"registry.terraform.io/hashicorp/aws\"].aft_management",
      "instances": [
        {
          "schema_version": 0,
          "attributes": {
            "arn": "arn:aws:codebuild:us-east-1:137457353584:project/python-layer-builder-aft-common-6lkjcbbx",
            "artifacts": [
              {
                "artifact_identifier": "",
                "bucket_owner_access": "",
                "encryption_disabled": false,
                "location": "",
                "name": "",
                "namespace_type": "",
                "override_artifact_name": false,
                "packaging": "",
                "path": "",
                "type": "NO_ARTIFACTS"
              }
            ],
            "badge_enabled": false,
            "badge_url": "",
            "build_batch_config": [],
            "build_timeout": 10,
            "cache": [
              {
                "location": "",
                "modes": [],
                "type": "NO_CACHE"
              }
            ],
            "concurrent_build_limit": 0,
            "description": "Codebuild project to create lambda layer aft-common",
            "encryption_key": "arn:aws:kms:us-east-1:137457353584:key/c7596c37-1777-47ee-9109-c55a643c8326",
            "environment": [
              {
                "certificate": "",
                "compute_type": "BUILD_GENERAL1_MEDIUM",
                "environment_variable": [
                  {
                    "name": "PYTHON_VERSION",
                    "type": "PLAINTEXT",
                    "value": "3.8"
                  },
                  {
                    "name": "LAYER_NAME",
                    "type": "PLAINTEXT",
                    "value": "aft-common"
                  },
                  {
                    "name": "BUCKET_NAME",
                    "type": "PLAINTEXT",
                    "value": "aft-customizations-pipeline-137457353584"
                  },
                  {
                    "name": "EVENT_RULE_NAME",
                    "type": "PLAINTEXT",
                    "value": "python-layer-builder-aft-common-6lkjcbbx-1-6-7"
                  },
                  {
                    "name": "EVENT_TARGET_ID",
                    "type": "PLAINTEXT",
                    "value": "trigger_build"
                  },
                  {
                    "name": "SSM_AWS_MODULE_SOURCE",
                    "type": "PLAINTEXT",
                    "value": "/aft/config/aft-pipeline-code-source/repo-url"
                  },
                  {
                    "name": "SSM_AWS_MODULE_GIT_REF",
                    "type": "PLAINTEXT",
                    "value": "/aft/config/aft-pipeline-code-source/repo-git-ref"
                  },
                  {
                    "name": "AWS_PARTITION",
                    "type": "PLAINTEXT",
                    "value": "aws"
                  }
                ],
                "image": "aws/codebuild/amazonlinux2-x86_64-standard:3.0",
                "image_pull_credentials_type": "CODEBUILD",
                "privileged_mode": false,
                "registry_credential": [],
                "type": "LINUX_CONTAINER"
              }
            ],
            "file_system_locations": [],
            "id": "arn:aws:codebuild:us-east-1:137457353584:project/python-layer-builder-aft-common-6lkjcbbx",
            "logs_config": [
              {
                "cloudwatch_logs": [
                  {
                    "group_name": "python-layer-builder-aft-common-6lkjcbbx",
                    "status": "ENABLED",
                    "stream_name": "build-logs"
                  }
                ],
                "s3_logs": [
                  {
                    "bucket_owner_access": "",
                    "encryption_disabled": false,
                    "location": "aft-customizations-pipeline-137457353584/aft-lambda-layer-builder-logs",
                    "status": "ENABLED"
                  }
                ]
              }
            ],
            "name": "python-layer-builder-aft-common-6lkjcbbx",
            "project_visibility": "PRIVATE",
            "public_project_alias": "",
            "queued_timeout": 480,
            "resource_access_role": "",
            "secondary_artifacts": [],
            "secondary_source_version": [],
            "secondary_sources": [],
            "service_role": "arn:aws:iam::137457353584:role/python-layer-builder-aft-common-6lkjcbbx",
            "source": [
              {
                "auth": [],
                "build_status_config": [],
                "buildspec": "# Copyright Amazon.com, Inc. or its affiliates. All rights reserved.\n# SPDX-License-Identifier: Apache-2.0\n#\nversion: 0.2\n\nphases:\n  install:\n    runtime-versions:\n      python: $PYTHON_VERSION\n    commands:\n      - DEFAULT_PATH=$(pwd)\n      - AWS_MODULE_SOURCE=$(aws ssm get-parameter --name $SSM_AWS_MODULE_SOURCE --query \"Parameter.Value\" --output text)\n      - AWS_MODULE_GIT_REF=$(aws ssm get-parameter --name $SSM_AWS_MODULE_GIT_REF --query \"Parameter.Value\" --output text)\n      # URL Without Access ID\n      - URL=$(echo \"$AWS_MODULE_SOURCE\" | awk '{split($0,a,\"@\"); print a[2]}')\n      - |\n        ssh_key_parameter=$(aws ssm get-parameter --name /aft/config/aft-ssh-key --with-decryption 2\u003e /dev/null || echo \"None\")\n        if [[ $ssh_key_parameter != \"None\" ]]; then\n          ssh_key=$(jq --raw-output \".Parameter.Value\" \u003c\u003c\u003c $ssh_key_parameter)\n          mkdir -p ~/.ssh\n          echo \"Host *\" \u003e\u003e ~/.ssh/config\n          echo \"StrictHostKeyChecking no\" \u003e\u003e ~/.ssh/config\n          echo \"UserKnownHostsFile=/dev/null\" \u003e\u003e ~/.ssh/config\n          echo \"$ssh_key\" \u003e ~/.ssh/ssh_key\n          echo -e \"\\n\\n\" \u003e\u003e  ~/.ssh/ssh_key\n          chmod 600 ~/.ssh/ssh_key\n          eval \"$(ssh-agent -s)\"\n          ssh-add ~/.ssh/ssh_key\n        fi\n      - git config --global credential.helper '!aws codecommit credential-helper $@'\n      - git config --global credential.UseHttpPath true\n      - echo \"Building aft_common from ${URL}:${AWS_MODULE_GIT_REF}\"\n      - git clone -b $AWS_MODULE_GIT_REF $AWS_MODULE_SOURCE aws-aft-core-framework\n      - python3 -m pip install virtualenv\n      - python3 -m venv .venv\n      - . .venv/bin/activate\n      - python3 -m pip install ./aws-aft-core-framework/sources/aft-lambda-layer\n  build:\n    commands:\n      - mkdir -p python\n      - ls\n      - mv -v ./.venv/lib/ ./python/\n      - zip -r layer.zip python\n      - aws s3 cp layer.zip s3://${BUCKET_NAME}/layer.zip\n",
                "git_clone_depth": 0,
                "git_submodules_config": [],
                "insecure_ssl": false,
                "location": "",
                "report_build_status": false,
                "type": "NO_SOURCE"
              }
            ],
            "source_version": "",
            "tags": null,
            "tags_all": {
              "managed_by": "AFT"
            },
            "vpc_config": [
              {
                "security_group_ids": [
                  "sg-0132c8911be5b8025"
                ],
                "subnets": [
                  "subnet-0aa55f2a7e70ddf9a",
                  "subnet-0d5e6c3eb948669e7"
                ],
                "vpc_id": "vpc-093b0a1fd1314e022"
              }
            ]
          },
          "sensitive_attributes": [],
          "private": "bnVsbA==",
          "dependencies": [
            "module.aft.data.aws_partition.current",
            "module.aft.data.local_file.version",
            "module.aft.module.aft_account_request_framework.aws_kms_key.aft",
            "module.aft.module.aft_account_request_framework.aws_security_group.aft_vpc_default_sg",
            "module.aft.module.aft_account_request_framework.aws_subnet.aft_vpc_private_subnet_01",
            "module.aft.module.aft_account_request_framework.aws_subnet.aft_vpc_private_subnet_02",
            "module.aft.module.aft_account_request_framework.aws_vpc.aft_vpc",
            "module.aft.module.aft_account_request_framework.data.aws_availability_zones.available",
            "module.aft.module.aft_customizations.aws_s3_bucket.aft_codepipeline_customizations_bucket",
            "module.aft.module.aft_customizations.data.aws_caller_identity.current",
            "module.aft.module.aft_lambda_layer.aws_iam_role.codebuild",
            "module.aft.module.aft_lambda_layer.data.aws_partition.current",
            "module.aft.module.aft_lambda_layer.data.local_file.aft_lambda_layer",
            "module.aft.module.aft_lambda_layer.random_string.resource_suffix"
          ],
          "create_before_destroy": true
        }
      ]
    },
    {
      "module": "module.aft.module.aft_lambda_layer",
      "mode": "managed",
      "type": "aws_iam_role",
      "name": "codebuild",
      "provider": "module.aft.provider[\"registry.terraform.io/hashicorp/aws\"].aft_management",
      "instances": [
        {
          "schema_version": 0,
          "attributes": {
            "arn": "arn:aws:iam::137457353584:role/python-layer-builder-aft-common-6lkjcbbx",
            "assume_role_policy": "{\"Statement\":[{\"Action\":\"sts:AssumeRole\",\"Effect\":\"Allow\",\"Principal\":{\"Service\":[\"codebuild.amazonaws.com\",\"events.amazonaws.com\"]}}],\"Version\":\"2012-10-17\"}",
            "create_date": "2022-11-25T03:31:47Z",
            "description": "",
            "force_detach_policies": false,
            "id": "python-layer-builder-aft-common-6lkjcbbx",
            "inline_policy": [],
            "managed_policy_arns": [],
            "max_session_duration": 3600,
            "name": "python-layer-builder-aft-common-6lkjcbbx",
            "name_prefix": "",
            "path": "/",
            "permissions_boundary": null,
            "tags": null,
            "tags_all": {
              "managed_by": "AFT"
            },
            "unique_id": "AROASAAIYYNYKVW466Q6N"
          },
          "sensitive_attributes": [],
          "private": "bnVsbA==",
          "dependencies": [
            "module.aft.data.aws_partition.current",
            "module.aft.module.aft_lambda_layer.random_string.resource_suffix"
          ],
          "create_before_destroy": true
        }
      ]
    },
    {
      "module": "module.aft.module.aft_lambda_layer",
      "mode": "managed",
      "type": "aws_iam_role",
      "name": "codebuild_invoker_lambda_role",
      "provider": "module.aft.provider[\"registry.terraform.io/hashicorp/aws\"].aft_management",
      "instances": [
        {
          "schema_version": 0,
          "attributes": {
            "arn": "arn:aws:iam::137457353584:role/codebuild_invoker_role",
            "assume_role_policy": "{\"Statement\":[{\"Action\":\"sts:AssumeRole\",\"Effect\":\"Allow\",\"Principal\":{\"Service\":[\"lambda.amazonaws.com\"]}}],\"Version\":\"2012-10-17\"}",
            "create_date": "2022-11-25T03:31:46Z",
            "description": "",
            "force_detach_policies": false,
            "id": "codebuild_invoker_role",
            "inline_policy": [],
            "managed_policy_arns": [],
            "max_session_duration": 3600,
            "name": "codebuild_invoker_role",
            "name_prefix": "",
            "path": "/",
            "permissions_boundary": null,
            "tags": null,
            "tags_all": {
              "managed_by": "AFT"
            },
            "unique_id": "AROASAAIYYNYOZQLNH2MK"
          },
          "sensitive_attributes": [],
          "private": "bnVsbA==",
          "dependencies": [
            "module.aft.data.aws_partition.current"
          ],
          "create_before_destroy": true
        }
      ]
    },
    {
      "module": "module.aft.module.aft_lambda_layer",
      "mode": "managed",
      "type": "aws_iam_role_policy",
      "name": "codebuild",
      "provider": "module.aft.provider[\"registry.terraform.io/hashicorp/aws\"].aft_management",
      "instances": [
        {
          "schema_version": 0,
          "attributes": {
            "id": "python-layer-builder-aft-common-6lkjcbbx:terraform-20221125033215188500000027",
            "name": "terraform-20221125033215188500000027",
            "name_prefix": null,
            "policy": "{\n  \"Version\": \"2012-10-17\",\n  \"Statement\": [\n    {\n      \"Action\": [\n        \"lambda:ListLayerVersions\",\n        \"lambda:GetLayerVersion\",\n        \"lambda:PublishLayerVersion\"\n      ],\n      \"Effect\": \"Allow\",\n      \"Resource\": \"arn:aws:lambda:us-east-1:137457353584:layer:aft-common:*\"\n    },\n    {\n      \"Effect\": \"Allow\",\n      \"Resource\": [\n        \"*\"\n      ],\n      \"Action\": [\n        \"logs:CreateLogGroup\",\n        \"logs:CreateLogStream\",\n        \"logs:PutLogEvents\",\n        \"events:DisableRule\"\n      ]\n    },\n    {\n      \"Action\": [\n        \"codebuild:StartBuild\",\n        \"codebuild:StopBuild\",\n        \"codebuild:BatchGet*\",\n        \"codebuild:Get*\",\n        \"codebuild:List*\",\n        \"codecommit:GetBranch\",\n        \"codecommit:GetCommit\",\n        \"codecommit:GetRepository\",\n        \"codecommit:ListBranches\"\n      ],\n      \"Effect\": \"Allow\",\n      \"Resource\": \"*\"\n    },\n    {\n      \"Effect\": \"Allow\",\n      \"Action\": [\n        \"s3:*\"\n      ],\n      \"Resource\": [\n        \"arn:aws:s3:::aft-customizations-pipeline-137457353584\",\n        \"arn:aws:s3:::aft-customizations-pipeline-137457353584/*\"\n      ]\n    },\n    {\n      \"Effect\": \"Allow\",\n      \"Action\": [\n        \"ec2:CreateNetworkInterface\",\n        \"ec2:DescribeDhcpOptions\",\n        \"ec2:DescribeNetworkInterfaces\",\n        \"ec2:DeleteNetworkInterface\",\n        \"ec2:DescribeSubnets\",\n        \"ec2:DescribeSecurityGroups\",\n        \"ec2:DescribeVpcs\"\n      ],\n      \"Resource\": \"*\"\n    },\n    {\n      \"Effect\": \"Allow\",\n      \"Action\": [\n        \"ec2:CreateNetworkInterfacePermission\"\n      ],\n      \"Resource\": [\n        \"arn:aws:ec2:us-east-1:137457353584:network-interface/*\"\n      ]\n    },\n    {\n      \"Effect\": \"Allow\",\n      \"Action\": [\n        \"ssm:GetParameters\",\n        \"ssm:GetParameter\"\n      ],\n      \"Resource\": [\n        \"arn:aws:ssm:us-east-1:137457353584:parameter/aft/*\"\n      ]\n    },\n    {\n        \"Effect\": \"Allow\",\n        \"Action\": [\n            \"kms:Decrypt\",\n            \"kms:GenerateDataKey\"\n        ],\n        \"Resource\": \"arn:aws:kms:us-east-1:137457353584:key/c7596c37-1777-47ee-9109-c55a643c8326\"\n    }\n  ]\n}\n",
            "role": "python-layer-builder-aft-common-6lkjcbbx"
          },
          "sensitive_attributes": [],
          "private": "bnVsbA==",
          "dependencies": [
            "module.aft.data.aws_partition.current",
            "module.aft.module.aft_account_request_framework.aws_kms_key.aft",
            "module.aft.module.aft_customizations.aws_s3_bucket.aft_codepipeline_customizations_bucket",
            "module.aft.module.aft_customizations.data.aws_caller_identity.current",
            "module.aft.module.aft_lambda_layer.aws_iam_role.codebuild",
            "module.aft.module.aft_lambda_layer.data.aws_caller_identity.session",
            "module.aft.module.aft_lambda_layer.data.aws_partition.current",
            "module.aft.module.aft_lambda_layer.random_string.resource_suffix"
          ]
        }
      ]
    },
    {
      "module": "module.aft.module.aft_lambda_layer",
      "mode": "managed",
      "type": "aws_iam_role_policy",
      "name": "codebuild_invoker_policy",
      "provider": "module.aft.provider[\"registry.terraform.io/hashicorp/aws\"].aft_management",
      "instances": [
        {
          "schema_version": 0,
          "attributes": {
            "id": "codebuild_invoker_role:terraform-20221125033553281900000039",
            "name": "terraform-20221125033553281900000039",
            "name_prefix": null,
            "policy": "{\n  \"Version\": \"2012-10-17\",\n  \"Statement\": [\n    {\n      \"Action\": [\n          \"codebuild:BatchGetBuilds\",\n          \"codebuild:StartBuild\"\n      ],\n      \"Effect\": \"Allow\",\n      \"Resource\": \"arn:aws:codebuild:us-east-1:137457353584:project/python-layer-builder-aft-common-6lkjcbbx\"\n    },\n    {\n      \"Action\": [\n          \"logs:CreateLogGroup\"\n      ],\n      \"Effect\": \"Allow\",\n      \"Resource\": \"arn:aws:logs:us-east-1:137457353584:*\"\n    },\n    {\n      \"Action\": [\n          \"logs:CreateLogGroup\",\n          \"logs:PutLogEvents\"\n      ],\n      \"Effect\": \"Allow\",\n      \"Resource\": \"arn:aws:logs:us-east-1:137457353584:log-group:/aws/lambda/aft-lambda-layer-codebuild-invoker:*\"\n    }\n  ]\n}\n",
            "role": "codebuild_invoker_role"
          },
          "sensitive_attributes": [],
          "private": "bnVsbA==",
          "dependencies": [
            "module.aft.data.aws_partition.current",
            "module.aft.data.local_file.version",
            "module.aft.module.aft_account_request_framework.aws_kms_key.aft",
            "module.aft.module.aft_account_request_framework.aws_security_group.aft_vpc_default_sg",
            "module.aft.module.aft_account_request_framework.aws_subnet.aft_vpc_private_subnet_01",
            "module.aft.module.aft_account_request_framework.aws_subnet.aft_vpc_private_subnet_02",
            "module.aft.module.aft_account_request_framework.aws_vpc.aft_vpc",
            "module.aft.module.aft_account_request_framework.data.aws_availability_zones.available",
            "module.aft.module.aft_customizations.aws_s3_bucket.aft_codepipeline_customizations_bucket",
            "module.aft.module.aft_customizations.data.aws_caller_identity.current",
            "module.aft.module.aft_lambda_layer.aws_codebuild_project.codebuild",
            "module.aft.module.aft_lambda_layer.aws_iam_role.codebuild",
            "module.aft.module.aft_lambda_layer.aws_iam_role.codebuild_invoker_lambda_role",
            "module.aft.module.aft_lambda_layer.data.aws_caller_identity.session",
            "module.aft.module.aft_lambda_layer.data.aws_partition.current",
            "module.aft.module.aft_lambda_layer.data.local_file.aft_lambda_layer",
            "module.aft.module.aft_lambda_layer.random_string.resource_suffix"
          ]
        }
      ]
    },
    {
      "module": "module.aft.module.aft_lambda_layer",
      "mode": "managed",
      "type": "aws_iam_role_policy_attachment",
      "name": "codebuild_invoker_VPC_access",
      "provider": "module.aft.provider[\"registry.terraform.io/hashicorp/aws\"].aft_management",
      "instances": [
        {
          "schema_version": 0,
          "attributes": {
            "id": "codebuild_invoker_role-20221125033150884600000002",
            "policy_arn": "arn:aws:iam::aws:policy/service-role/AWSLambdaVPCAccessExecutionRole",
            "role": "codebuild_invoker_role"
          },
          "sensitive_attributes": [],
          "private": "bnVsbA==",
          "dependencies": [
            "module.aft.data.aws_partition.current",
            "module.aft.module.aft_lambda_layer.aws_iam_role.codebuild_invoker_lambda_role",
            "module.aft.module.aft_lambda_layer.data.aws_partition.current"
          ]
        }
      ]
    },
    {
      "module": "module.aft.module.aft_lambda_layer",
      "mode": "managed",
      "type": "aws_lambda_function",
      "name": "codebuild_invoker",
      "provider": "module.aft.provider[\"registry.terraform.io/hashicorp/aws\"].aft_management",
      "instances": []
    },
    {
      "module": "module.aft.module.aft_lambda_layer",
      "mode": "managed",
      "type": "aws_lambda_layer_version",
      "name": "layer_version",
      "provider": "module.aft.provider[\"registry.terraform.io/hashicorp/aws\"].aft_management",
      "instances": []
    },
    {
      "module": "module.aft.module.aft_lambda_layer",
      "mode": "managed",
      "type": "random_string",
      "name": "resource_suffix",
      "provider": "provider[\"registry.terraform.io/hashicorp/random\"]",
      "instances": [
        {
          "schema_version": 2,
          "attributes": {
            "id": "6lkjcbbx",
            "keepers": null,
            "length": 8,
            "lower": true,
            "min_lower": 0,
            "min_numeric": 0,
            "min_special": 0,
            "min_upper": 0,
            "number": true,
            "numeric": true,
            "override_special": null,
            "result": "6lkjcbbx",
            "special": false,
            "upper": false
          },
          "sensitive_attributes": [],
          "create_before_destroy": true
        }
      ]
    },
    {
      "module": "module.aft.module.aft_ssm_parameters",
      "mode": "managed",
      "type": "aws_ssm_parameter",
      "name": "account_customizations_repo_branch",
      "provider": "module.aft.provider[\"registry.terraform.io/hashicorp/aws\"].aft_management",
      "instances": [
        {
          "schema_version": 0,
          "attributes": {
            "allowed_pattern": "",
            "arn": "arn:aws:ssm:us-east-1:137457353584:parameter/aft/config/account-customizations/repo-branch",
            "data_type": "text",
            "description": "",
            "id": "/aft/config/account-customizations/repo-branch",
            "insecure_value": null,
            "key_id": "",
            "name": "/aft/config/account-customizations/repo-branch",
            "overwrite": null,
            "tags": null,
            "tags_all": {
              "managed_by": "AFT"
            },
            "tier": "Standard",
            "type": "String",
            "value": "main",
            "version": 1
          },
          "sensitive_attributes": [],
          "private": "bnVsbA==",
          "dependencies": [
            "module.aft.data.aws_partition.current"
          ]
        }
      ]
    },
    {
      "module": "module.aft.module.aft_ssm_parameters",
      "mode": "managed",
      "type": "aws_ssm_parameter",
      "name": "account_customizations_repo_name",
      "provider": "module.aft.provider[\"registry.terraform.io/hashicorp/aws\"].aft_management",
      "instances": [
        {
          "schema_version": 0,
          "attributes": {
            "allowed_pattern": "",
            "arn": "arn:aws:ssm:us-east-1:137457353584:parameter/aft/config/account-customizations/repo-name",
            "data_type": "text",
            "description": "",
            "id": "/aft/config/account-customizations/repo-name",
            "insecure_value": null,
            "key_id": "",
            "name": "/aft/config/account-customizations/repo-name",
            "overwrite": null,
            "tags": null,
            "tags_all": {
              "managed_by": "AFT"
            },
            "tier": "Standard",
            "type": "String",
            "value": "aft-account-customizations",
            "version": 1
          },
          "sensitive_attributes": [],
          "private": "bnVsbA==",
          "dependencies": [
            "module.aft.data.aws_partition.current"
          ]
        }
      ]
    },
    {
      "module": "module.aft.module.aft_ssm_parameters",
      "mode": "managed",
      "type": "aws_ssm_parameter",
      "name": "account_provisioning_customizations_repo_branch",
      "provider": "module.aft.provider[\"registry.terraform.io/hashicorp/aws\"].aft_management",
      "instances": [
        {
          "schema_version": 0,
          "attributes": {
            "allowed_pattern": "",
            "arn": "arn:aws:ssm:us-east-1:137457353584:parameter/aft/config/account-provisioning-customizations/repo-branch",
            "data_type": "text",
            "description": "",
            "id": "/aft/config/account-provisioning-customizations/repo-branch",
            "insecure_value": null,
            "key_id": "",
            "name": "/aft/config/account-provisioning-customizations/repo-branch",
            "overwrite": null,
            "tags": null,
            "tags_all": {
              "managed_by": "AFT"
            },
            "tier": "Standard",
            "type": "String",
            "value": "main",
            "version": 1
          },
          "sensitive_attributes": [],
          "private": "bnVsbA==",
          "dependencies": [
            "module.aft.data.aws_partition.current"
          ]
        }
      ]
    },
    {
      "module": "module.aft.module.aft_ssm_parameters",
      "mode": "managed",
      "type": "aws_ssm_parameter",
      "name": "account_provisioning_customizations_repo_name",
      "provider": "module.aft.provider[\"registry.terraform.io/hashicorp/aws\"].aft_management",
      "instances": [
        {
          "schema_version": 0,
          "attributes": {
            "allowed_pattern": "",
            "arn": "arn:aws:ssm:us-east-1:137457353584:parameter/aft/config/account-provisioning-customizations/repo-name",
            "data_type": "text",
            "description": "",
            "id": "/aft/config/account-provisioning-customizations/repo-name",
            "insecure_value": null,
            "key_id": "",
            "name": "/aft/config/account-provisioning-customizations/repo-name",
            "overwrite": null,
            "tags": null,
            "tags_all": {
              "managed_by": "AFT"
            },
            "tier": "Standard",
            "type": "String",
            "value": "aft-account-provisioning-customizations",
            "version": 1
          },
          "sensitive_attributes": [],
          "private": "bnVsbA==",
          "dependencies": [
            "module.aft.data.aws_partition.current"
          ]
        }
      ]
    },
    {
      "module": "module.aft.module.aft_ssm_parameters",
      "mode": "managed",
      "type": "aws_ssm_parameter",
      "name": "account_request_repo_branch",
      "provider": "module.aft.provider[\"registry.terraform.io/hashicorp/aws\"].aft_management",
      "instances": [
        {
          "schema_version": 0,
          "attributes": {
            "allowed_pattern": "",
            "arn": "arn:aws:ssm:us-east-1:137457353584:parameter/aft/config/account-request/repo-branch",
            "data_type": "text",
            "description": "",
            "id": "/aft/config/account-request/repo-branch",
            "insecure_value": null,
            "key_id": "",
            "name": "/aft/config/account-request/repo-branch",
            "overwrite": null,
            "tags": null,
            "tags_all": {
              "managed_by": "AFT"
            },
            "tier": "Standard",
            "type": "String",
            "value": "main",
            "version": 1
          },
          "sensitive_attributes": [],
          "private": "bnVsbA==",
          "dependencies": [
            "module.aft.data.aws_partition.current"
          ]
        }
      ]
    },
    {
      "module": "module.aft.module.aft_ssm_parameters",
      "mode": "managed",
      "type": "aws_ssm_parameter",
      "name": "account_request_repo_name",
      "provider": "module.aft.provider[\"registry.terraform.io/hashicorp/aws\"].aft_management",
      "instances": [
        {
          "schema_version": 0,
          "attributes": {
            "allowed_pattern": "",
            "arn": "arn:aws:ssm:us-east-1:137457353584:parameter/aft/config/account-request/repo-name",
            "data_type": "text",
            "description": "",
            "id": "/aft/config/account-request/repo-name",
            "insecure_value": null,
            "key_id": "",
            "name": "/aft/config/account-request/repo-name",
            "overwrite": null,
            "tags": null,
            "tags_all": {
              "managed_by": "AFT"
            },
            "tier": "Standard",
            "type": "String",
            "value": "aft-account-request",
            "version": 1
          },
          "sensitive_attributes": [],
          "private": "bnVsbA==",
          "dependencies": [
            "module.aft.data.aws_partition.current"
          ]
        }
      ]
    },
    {
      "module": "module.aft.module.aft_ssm_parameters",
      "mode": "managed",
      "type": "aws_ssm_parameter",
      "name": "aft_account_factory_product_name",
      "provider": "module.aft.provider[\"registry.terraform.io/hashicorp/aws\"].aft_management",
      "instances": [
        {
          "schema_version": 0,
          "attributes": {
            "allowed_pattern": "",
            "arn": "arn:aws:ssm:us-east-1:137457353584:parameter/aft/resources/sc/account-factory-product-name",
            "data_type": "text",
            "description": "",
            "id": "/aft/resources/sc/account-factory-product-name",
            "insecure_value": null,
            "key_id": "",
            "name": "/aft/resources/sc/account-factory-product-name",
            "overwrite": null,
            "tags": null,
            "tags_all": {
              "managed_by": "AFT"
            },
            "tier": "Standard",
            "type": "String",
            "value": "AWS Control Tower Account Factory",
            "version": 1
          },
          "sensitive_attributes": [],
          "private": "bnVsbA==",
          "dependencies": [
            "module.aft.data.aws_partition.current"
          ]
        }
      ]
    },
    {
      "module": "module.aft.module.aft_ssm_parameters",
      "mode": "managed",
      "type": "aws_ssm_parameter",
      "name": "aft_account_provisioning_framework_sfn_name",
      "provider": "module.aft.provider[\"registry.terraform.io/hashicorp/aws\"].aft_management",
      "instances": [
        {
          "schema_version": 0,
          "attributes": {
            "allowed_pattern": "",
            "arn": "arn:aws:ssm:us-east-1:137457353584:parameter/aft/account/aft-management/sfn/aft-account-provisioning-framework-sfn-name",
            "data_type": "text",
            "description": "",
            "id": "/aft/account/aft-management/sfn/aft-account-provisioning-framework-sfn-name",
            "insecure_value": null,
            "key_id": "",
            "name": "/aft/account/aft-management/sfn/aft-account-provisioning-framework-sfn-name",
            "overwrite": null,
            "tags": null,
            "tags_all": {
              "managed_by": "AFT"
            },
            "tier": "Standard",
            "type": "String",
            "value": "aft-account-provisioning-framework",
            "version": 1
          },
          "sensitive_attributes": [],
          "private": "bnVsbA==",
          "dependencies": [
            "module.aft.data.aws_partition.current"
          ]
        }
      ]
    },
    {
      "module": "module.aft.module.aft_ssm_parameters",
      "mode": "managed",
      "type": "aws_ssm_parameter",
      "name": "aft_administrator_role_name",
      "provider": "module.aft.provider[\"registry.terraform.io/hashicorp/aws\"].aft_management",
      "instances": [
        {
          "schema_version": 0,
          "attributes": {
            "allowed_pattern": "",
            "arn": "arn:aws:ssm:us-east-1:137457353584:parameter/aft/resources/iam/aft-administrator-role-name",
            "data_type": "text",
            "description": "",
            "id": "/aft/resources/iam/aft-administrator-role-name",
            "insecure_value": null,
            "key_id": "",
            "name": "/aft/resources/iam/aft-administrator-role-name",
            "overwrite": null,
            "tags": null,
            "tags_all": {
              "managed_by": "AFT"
            },
            "tier": "Standard",
            "type": "String",
            "value": "AWSAFTAdmin",
            "version": 1
          },
          "sensitive_attributes": [],
          "private": "bnVsbA==",
          "dependencies": [
            "module.aft.data.aws_partition.current"
          ]
        }
      ]
    },
    {
      "module": "module.aft.module.aft_ssm_parameters",
      "mode": "managed",
      "type": "aws_ssm_parameter",
      "name": "aft_config_backend_bucket_id",
      "provider": "module.aft.provider[\"registry.terraform.io/hashicorp/aws\"].aft_management",
      "instances": [
        {
          "schema_version": 0,
          "attributes": {
            "allowed_pattern": "",
            "arn": "arn:aws:ssm:us-east-1:137457353584:parameter/aft/config/oss-backend/bucket-id",
            "data_type": "text",
            "description": "",
            "id": "/aft/config/oss-backend/bucket-id",
            "insecure_value": null,
            "key_id": "",
            "name": "/aft/config/oss-backend/bucket-id",
            "overwrite": null,
            "tags": null,
            "tags_all": {
              "managed_by": "AFT"
            },
            "tier": "Standard",
            "type": "String",
            "value": "aft-backend-137457353584-primary-region",
            "version": 1
          },
          "sensitive_attributes": [],
          "private": "bnVsbA==",
          "dependencies": [
            "module.aft.data.aws_partition.current",
            "module.aft.module.aft_backend.aws_s3_bucket.primary-backend-bucket",
            "module.aft.module.aft_backend.data.aws_caller_identity.current"
          ]
        }
      ]
    },
    {
      "module": "module.aft.module.aft_ssm_parameters",
      "mode": "managed",
      "type": "aws_ssm_parameter",
      "name": "aft_config_backend_kms_key_id",
      "provider": "module.aft.provider[\"registry.terraform.io/hashicorp/aws\"].aft_management",
      "instances": [
        {
          "schema_version": 0,
          "attributes": {
            "allowed_pattern": "",
            "arn": "arn:aws:ssm:us-east-1:137457353584:parameter/aft/config/oss-backend/kms-key-id",
            "data_type": "text",
            "description": "",
            "id": "/aft/config/oss-backend/kms-key-id",
            "insecure_value": null,
            "key_id": "",
            "name": "/aft/config/oss-backend/kms-key-id",
            "overwrite": null,
            "tags": null,
            "tags_all": {
              "managed_by": "AFT"
            },
            "tier": "Standard",
            "type": "String",
            "value": "8832b11f-809d-47a0-9e1f-5ca6e2736063",
            "version": 1
          },
          "sensitive_attributes": [],
          "private": "bnVsbA==",
          "dependencies": [
            "module.aft.data.aws_partition.current",
            "module.aft.module.aft_backend.aws_kms_key.encrypt-primary-region",
            "module.aft.module.aft_backend.data.aws_caller_identity.current"
          ]
        }
      ]
    },
    {
      "module": "module.aft.module.aft_ssm_parameters",
      "mode": "managed",
      "type": "aws_ssm_parameter",
      "name": "aft_config_backend_primary_region",
      "provider": "module.aft.provider[\"registry.terraform.io/hashicorp/aws\"].aft_management",
      "instances": [
        {
          "schema_version": 0,
          "attributes": {
            "allowed_pattern": "",
            "arn": "arn:aws:ssm:us-east-1:137457353584:parameter/aft/config/oss-backend/primary-region",
            "data_type": "text",
            "description": "",
            "id": "/aft/config/oss-backend/primary-region",
            "insecure_value": null,
            "key_id": "",
            "name": "/aft/config/oss-backend/primary-region",
            "overwrite": null,
            "tags": null,
            "tags_all": {
              "managed_by": "AFT"
            },
            "tier": "Standard",
            "type": "String",
            "value": "us-east-1",
            "version": 1
          },
          "sensitive_attributes": [],
          "private": "bnVsbA==",
          "dependencies": [
            "module.aft.data.aws_partition.current"
          ]
        }
      ]
    },
    {
      "module": "module.aft.module.aft_ssm_parameters",
      "mode": "managed",
      "type": "aws_ssm_parameter",
      "name": "aft_config_backend_secondary_region",
      "provider": "module.aft.provider[\"registry.terraform.io/hashicorp/aws\"].aft_management",
      "instances": [
        {
          "schema_version": 0,
          "attributes": {
            "allowed_pattern": "",
            "arn": "arn:aws:ssm:us-east-1:137457353584:parameter/aft/config/oss-backend/secondary-region",
            "data_type": "text",
            "description": "",
            "id": "/aft/config/oss-backend/secondary-region",
            "insecure_value": null,
            "key_id": "",
            "name": "/aft/config/oss-backend/secondary-region",
            "overwrite": null,
            "tags": null,
            "tags_all": {
              "managed_by": "AFT"
            },
            "tier": "Standard",
            "type": "String",
            "value": "us-west-2",
            "version": 1
          },
          "sensitive_attributes": [],
          "private": "bnVsbA==",
          "dependencies": [
            "module.aft.data.aws_partition.current"
          ]
        }
      ]
    },
    {
      "module": "module.aft.module.aft_ssm_parameters",
      "mode": "managed",
      "type": "aws_ssm_parameter",
      "name": "aft_config_backend_table_id",
      "provider": "module.aft.provider[\"registry.terraform.io/hashicorp/aws\"].aft_management",
      "instances": [
        {
          "schema_version": 0,
          "attributes": {
            "allowed_pattern": "",
            "arn": "arn:aws:ssm:us-east-1:137457353584:parameter/aft/config/oss-backend/table-id",
            "data_type": "text",
            "description": "",
            "id": "/aft/config/oss-backend/table-id",
            "insecure_value": null,
            "key_id": "",
            "name": "/aft/config/oss-backend/table-id",
            "overwrite": null,
            "tags": null,
            "tags_all": {
              "managed_by": "AFT"
            },
            "tier": "Standard",
            "type": "String",
            "value": "aft-backend-137457353584",
            "version": 1
          },
          "sensitive_attributes": [],
          "private": "bnVsbA==",
          "dependencies": [
            "module.aft.data.aws_partition.current",
            "module.aft.module.aft_backend.aws_dynamodb_table.lock-table",
            "module.aft.module.aft_backend.data.aws_caller_identity.current"
          ]
        }
      ]
    },
    {
      "module": "module.aft.module.aft_ssm_parameters",
      "mode": "managed",
      "type": "aws_ssm_parameter",
      "name": "aft_controltower_events_table_name",
      "provider": "module.aft.provider[\"registry.terraform.io/hashicorp/aws\"].aft_management",
      "instances": [
        {
          "schema_version": 0,
          "attributes": {
            "allowed_pattern": "",
            "arn": "arn:aws:ssm:us-east-1:137457353584:parameter/aft/resources/ddb/aft-controltower-events-table-name",
            "data_type": "text",
            "description": "",
            "id": "/aft/resources/ddb/aft-controltower-events-table-name",
            "insecure_value": null,
            "key_id": "",
            "name": "/aft/resources/ddb/aft-controltower-events-table-name",
            "overwrite": null,
            "tags": null,
            "tags_all": {
              "managed_by": "AFT"
            },
            "tier": "Standard",
            "type": "String",
            "value": "aft-controltower-events",
            "version": 1
          },
          "sensitive_attributes": [],
          "private": "bnVsbA==",
          "dependencies": [
            "module.aft.data.aws_partition.current",
            "module.aft.module.aft_account_request_framework.aws_dynamodb_table.aft_controltower_events",
            "module.aft.module.aft_account_request_framework.aws_kms_key.aft"
          ]
        }
      ]
    },
    {
      "module": "module.aft.module.aft_ssm_parameters",
      "mode": "managed",
      "type": "aws_ssm_parameter",
      "name": "aft_customizations_execute_pipeline_function_arn",
      "provider": "module.aft.provider[\"registry.terraform.io/hashicorp/aws\"].aft_management",
      "instances": []
    },
    {
      "module": "module.aft.module.aft_ssm_parameters",
      "mode": "managed",
      "type": "aws_ssm_parameter",
      "name": "aft_customizations_get_pipeline_executions_function_arn",
      "provider": "module.aft.provider[\"registry.terraform.io/hashicorp/aws\"].aft_management",
      "instances": []
    },
    {
      "module": "module.aft.module.aft_ssm_parameters",
      "mode": "managed",
      "type": "aws_ssm_parameter",
      "name": "aft_customizations_identify_targets_function_arn",
      "provider": "module.aft.provider[\"registry.terraform.io/hashicorp/aws\"].aft_management",
      "instances": []
    },
    {
      "module": "module.aft.module.aft_ssm_parameters",
      "mode": "managed",
      "type": "aws_ssm_parameter",
      "name": "aft_execution_role_name",
      "provider": "module.aft.provider[\"registry.terraform.io/hashicorp/aws\"].aft_management",
      "instances": [
        {
          "schema_version": 0,
          "attributes": {
            "allowed_pattern": "",
            "arn": "arn:aws:ssm:us-east-1:137457353584:parameter/aft/resources/iam/aft-execution-role-name",
            "data_type": "text",
            "description": "",
            "id": "/aft/resources/iam/aft-execution-role-name",
            "insecure_value": null,
            "key_id": "",
            "name": "/aft/resources/iam/aft-execution-role-name",
            "overwrite": null,
            "tags": null,
            "tags_all": {
              "managed_by": "AFT"
            },
            "tier": "Standard",
            "type": "String",
            "value": "AWSAFTExecution",
            "version": 1
          },
          "sensitive_attributes": [],
          "private": "bnVsbA==",
          "dependencies": [
            "module.aft.data.aws_partition.current"
          ]
        }
      ]
    },
    {
      "module": "module.aft.module.aft_ssm_parameters",
      "mode": "managed",
      "type": "aws_ssm_parameter",
      "name": "aft_failure_sns_topic_arn",
      "provider": "module.aft.provider[\"registry.terraform.io/hashicorp/aws\"].aft_management",
      "instances": [
        {
          "schema_version": 0,
          "attributes": {
            "allowed_pattern": "",
            "arn": "arn:aws:ssm:us-east-1:137457353584:parameter/aft/account/aft-management/sns/failure-topic-arn",
            "data_type": "text",
            "description": "",
            "id": "/aft/account/aft-management/sns/failure-topic-arn",
            "insecure_value": null,
            "key_id": "",
            "name": "/aft/account/aft-management/sns/failure-topic-arn",
            "overwrite": null,
            "tags": null,
            "tags_all": {
              "managed_by": "AFT"
            },
            "tier": "Standard",
            "type": "String",
            "value": "arn:aws:sns:us-east-1:137457353584:aft-failure-notifications",
            "version": 1
          },
          "sensitive_attributes": [],
          "private": "bnVsbA==",
          "dependencies": [
            "module.aft.data.aws_partition.current",
            "module.aft.module.aft_account_request_framework.aws_sns_topic.aft_failure_notifications"
          ]
        }
      ]
    },
    {
      "module": "module.aft.module.aft_ssm_parameters",
      "mode": "managed",
      "type": "aws_ssm_parameter",
      "name": "aft_feature_cloudtrail_data_events",
      "provider": "module.aft.provider[\"registry.terraform.io/hashicorp/aws\"].aft_management",
      "instances": [
        {
          "schema_version": 0,
          "attributes": {
            "allowed_pattern": "",
            "arn": "arn:aws:ssm:us-east-1:137457353584:parameter/aft/config/feature/cloudtrail-data-events-enabled",
            "data_type": "text",
            "description": "",
            "id": "/aft/config/feature/cloudtrail-data-events-enabled",
            "insecure_value": null,
            "key_id": "",
            "name": "/aft/config/feature/cloudtrail-data-events-enabled",
            "overwrite": null,
            "tags": null,
            "tags_all": {
              "managed_by": "AFT"
            },
            "tier": "Standard",
            "type": "String",
            "value": "false",
            "version": 1
          },
          "sensitive_attributes": [],
          "private": "bnVsbA==",
          "dependencies": [
            "module.aft.data.aws_partition.current"
          ]
        }
      ]
    },
    {
      "module": "module.aft.module.aft_ssm_parameters",
      "mode": "managed",
      "type": "aws_ssm_parameter",
      "name": "aft_feature_delete_default_vpcs_enabled",
      "provider": "module.aft.provider[\"registry.terraform.io/hashicorp/aws\"].aft_management",
      "instances": [
        {
          "schema_version": 0,
          "attributes": {
            "allowed_pattern": "",
            "arn": "arn:aws:ssm:us-east-1:137457353584:parameter/aft/config/feature/delete-default-vpcs-enabled",
            "data_type": "text",
            "description": "",
            "id": "/aft/config/feature/delete-default-vpcs-enabled",
            "insecure_value": null,
            "key_id": "",
            "name": "/aft/config/feature/delete-default-vpcs-enabled",
            "overwrite": null,
            "tags": null,
            "tags_all": {
              "managed_by": "AFT"
            },
            "tier": "Standard",
            "type": "String",
            "value": "true",
            "version": 1
          },
          "sensitive_attributes": [],
          "private": "bnVsbA==",
          "dependencies": [
            "module.aft.data.aws_partition.current"
          ]
        }
      ]
    },
    {
      "module": "module.aft.module.aft_ssm_parameters",
      "mode": "managed",
      "type": "aws_ssm_parameter",
      "name": "aft_feature_enterprise_support",
      "provider": "module.aft.provider[\"registry.terraform.io/hashicorp/aws\"].aft_management",
      "instances": [
        {
          "schema_version": 0,
          "attributes": {
            "allowed_pattern": "",
            "arn": "arn:aws:ssm:us-east-1:137457353584:parameter/aft/config/feature/enterprise-support-enabled",
            "data_type": "text",
            "description": "",
            "id": "/aft/config/feature/enterprise-support-enabled",
            "insecure_value": null,
            "key_id": "",
            "name": "/aft/config/feature/enterprise-support-enabled",
            "overwrite": null,
            "tags": null,
            "tags_all": {
              "managed_by": "AFT"
            },
            "tier": "Standard",
            "type": "String",
            "value": "false",
            "version": 1
          },
          "sensitive_attributes": [],
          "private": "bnVsbA==",
          "dependencies": [
            "module.aft.data.aws_partition.current"
          ]
        }
      ]
    },
    {
      "module": "module.aft.module.aft_ssm_parameters",
      "mode": "managed",
      "type": "aws_ssm_parameter",
      "name": "aft_framework_repo_git_ref",
      "provider": "module.aft.provider[\"registry.terraform.io/hashicorp/aws\"].aft_management",
      "instances": [
        {
          "schema_version": 0,
          "attributes": {
            "allowed_pattern": "",
            "arn": "arn:aws:ssm:us-east-1:137457353584:parameter/aft/config/aft-pipeline-code-source/repo-git-ref",
            "data_type": "text",
            "description": "",
            "id": "/aft/config/aft-pipeline-code-source/repo-git-ref",
            "insecure_value": null,
            "key_id": "",
            "name": "/aft/config/aft-pipeline-code-source/repo-git-ref",
            "overwrite": null,
            "tags": null,
            "tags_all": {
              "managed_by": "AFT"
            },
            "tier": "Standard",
            "type": "String",
            "value": "1.6.7",
            "version": 1
          },
          "sensitive_attributes": [],
          "private": "bnVsbA==",
          "dependencies": [
            "module.aft.data.aws_partition.current",
            "module.aft.data.local_file.version"
          ]
        }
      ]
    },
    {
      "module": "module.aft.module.aft_ssm_parameters",
      "mode": "managed",
      "type": "aws_ssm_parameter",
      "name": "aft_framework_repo_url",
      "provider": "module.aft.provider[\"registry.terraform.io/hashicorp/aws\"].aft_management",
      "instances": [
        {
          "schema_version": 0,
          "attributes": {
            "allowed_pattern": "",
            "arn": "arn:aws:ssm:us-east-1:137457353584:parameter/aft/config/aft-pipeline-code-source/repo-url",
            "data_type": "text",
            "description": "",
            "id": "/aft/config/aft-pipeline-code-source/repo-url",
            "insecure_value": null,
            "key_id": "",
            "name": "/aft/config/aft-pipeline-code-source/repo-url",
            "overwrite": null,
            "tags": null,
            "tags_all": {
              "managed_by": "AFT"
            },
            "tier": "Standard",
            "type": "String",
            "value": "https://github.com/aws-ia/terraform-aws-control_tower_account_factory.git",
            "version": 1
          },
          "sensitive_attributes": [],
          "private": "bnVsbA==",
          "dependencies": [
            "module.aft.data.aws_partition.current"
          ]
        }
      ]
    },
    {
      "module": "module.aft.module.aft_ssm_parameters",
      "mode": "managed",
      "type": "aws_ssm_parameter",
      "name": "aft_invoke_aft_account_provisioning_framework_lambda_function_name",
      "provider": "module.aft.provider[\"registry.terraform.io/hashicorp/aws\"].aft_management",
      "instances": []
    },
    {
      "module": "module.aft.module.aft_ssm_parameters",
      "mode": "managed",
      "type": "aws_ssm_parameter",
      "name": "aft_log_key_arn",
      "provider": "module.aft.provider[\"registry.terraform.io/hashicorp/aws\"].aft_management",
      "instances": [
        {
          "schema_version": 0,
          "attributes": {
            "allowed_pattern": "",
            "arn": "arn:aws:ssm:us-east-1:137457353584:parameter/aft/account/log-archive/kms_key_arn",
            "data_type": "text",
            "description": "",
            "id": "/aft/account/log-archive/kms_key_arn",
            "insecure_value": null,
            "key_id": "",
            "name": "/aft/account/log-archive/kms_key_arn",
            "overwrite": null,
            "tags": null,
            "tags_all": {
              "managed_by": "AFT"
            },
            "tier": "Standard",
            "type": "String",
            "value": "arn:aws:kms:us-east-1:140742934807:key/87f1445e-4be7-4c0b-a6da-b103ef558c24",
            "version": 1
          },
          "sensitive_attributes": [],
          "private": "bnVsbA==",
          "dependencies": [
            "module.aft.data.aws_partition.current",
            "module.aft.module.aft_feature_options.aws_kms_key.aft_log_key",
            "module.aft.module.aft_feature_options.data.aws_partition.current"
          ]
        }
      ]
    },
    {
      "module": "module.aft.module.aft_ssm_parameters",
      "mode": "managed",
      "type": "aws_ssm_parameter",
      "name": "aft_logging_bucket_arn",
      "provider": "module.aft.provider[\"registry.terraform.io/hashicorp/aws\"].aft_management",
      "instances": [
        {
          "schema_version": 0,
          "attributes": {
            "allowed_pattern": "",
            "arn": "arn:aws:ssm:us-east-1:137457353584:parameter/aft/account/log-archive/log_bucket_arn",
            "data_type": "text",
            "description": "",
            "id": "/aft/account/log-archive/log_bucket_arn",
            "insecure_value": null,
            "key_id": "",
            "name": "/aft/account/log-archive/log_bucket_arn",
            "overwrite": null,
            "tags": null,
            "tags_all": {
              "managed_by": "AFT"
            },
            "tier": "Standard",
            "type": "String",
            "value": "arn:aws:s3:::aws-aft-logs-140742934807-us-east-1",
            "version": 1
          },
          "sensitive_attributes": [],
          "private": "bnVsbA==",
          "dependencies": [
            "module.aft.data.aws_partition.current",
            "module.aft.module.aft_feature_options.aws_s3_bucket.aft_logging_bucket",
            "module.aft.module.aft_feature_options.data.aws_region.current"
          ]
        }
      ]
    },
    {
      "module": "module.aft.module.aft_ssm_parameters",
      "mode": "managed",
      "type": "aws_ssm_parameter",
      "name": "aft_management_account_id",
      "provider": "module.aft.provider[\"registry.terraform.io/hashicorp/aws\"].aft_management",
      "instances": [
        {
          "schema_version": 0,
          "attributes": {
            "allowed_pattern": "",
            "arn": "arn:aws:ssm:us-east-1:137457353584:parameter/aft/account/aft-management/account-id",
            "data_type": "text",
            "description": "",
            "id": "/aft/account/aft-management/account-id",
            "insecure_value": null,
            "key_id": "",
            "name": "/aft/account/aft-management/account-id",
            "overwrite": null,
            "tags": null,
            "tags_all": {
              "managed_by": "AFT"
            },
            "tier": "Standard",
            "type": "String",
            "value": "137457353584",
            "version": 1
          },
          "sensitive_attributes": [],
          "private": "bnVsbA==",
          "dependencies": [
            "module.aft.data.aws_partition.current"
          ]
        }
      ]
    },
    {
      "module": "module.aft.module.aft_ssm_parameters",
      "mode": "managed",
      "type": "aws_ssm_parameter",
      "name": "aft_maximum_concurrent_customizations",
      "provider": "module.aft.provider[\"registry.terraform.io/hashicorp/aws\"].aft_management",
      "instances": [
        {
          "schema_version": 0,
          "attributes": {
            "allowed_pattern": "",
            "arn": "arn:aws:ssm:us-east-1:137457353584:parameter/aft/config/customizations/maximum_concurrent_customizations",
            "data_type": "text",
            "description": "",
            "id": "/aft/config/customizations/maximum_concurrent_customizations",
            "insecure_value": null,
            "key_id": "",
            "name": "/aft/config/customizations/maximum_concurrent_customizations",
            "overwrite": null,
            "tags": null,
            "tags_all": {
              "managed_by": "AFT"
            },
            "tier": "Standard",
            "type": "String",
            "value": "5",
            "version": 1
          },
          "sensitive_attributes": [],
          "private": "bnVsbA==",
          "dependencies": [
            "module.aft.data.aws_partition.current"
          ]
        }
      ]
    },
    {
      "module": "module.aft.module.aft_ssm_parameters",
      "mode": "managed",
      "type": "aws_ssm_parameter",
      "name": "aft_metrics_reporting",
      "provider": "module.aft.provider[\"registry.terraform.io/hashicorp/aws\"].aft_management",
      "instances": [
        {
          "schema_version": 0,
          "attributes": {
            "allowed_pattern": "",
            "arn": "arn:aws:ssm:us-east-1:137457353584:parameter/aft/config/metrics-reporting",
            "data_type": "text",
            "description": "",
            "id": "/aft/config/metrics-reporting",
            "insecure_value": null,
            "key_id": "",
            "name": "/aft/config/metrics-reporting",
            "overwrite": null,
            "tags": null,
            "tags_all": {
              "managed_by": "AFT"
            },
            "tier": "Standard",
            "type": "String",
            "value": "true",
            "version": 1
          },
          "sensitive_attributes": [],
          "private": "bnVsbA==",
          "dependencies": [
            "module.aft.data.aws_partition.current"
          ]
        }
      ]
    },
    {
      "module": "module.aft.module.aft_ssm_parameters",
      "mode": "managed",
      "type": "aws_ssm_parameter",
      "name": "aft_metrics_reporting_uuid",
      "provider": "module.aft.provider[\"registry.terraform.io/hashicorp/aws\"].aft_management",
      "instances": [
        {
          "schema_version": 0,
          "attributes": {
            "allowed_pattern": "",
            "arn": "arn:aws:ssm:us-east-1:137457353584:parameter/aft/config/metrics-reporting-uuid",
            "data_type": "text",
            "description": "",
            "id": "/aft/config/metrics-reporting-uuid",
            "insecure_value": null,
            "key_id": "",
            "name": "/aft/config/metrics-reporting-uuid",
            "overwrite": null,
            "tags": null,
            "tags_all": {
              "managed_by": "AFT"
            },
            "tier": "Standard",
            "type": "String",
            "value": "df5fb474-7335-4c67-f7b2-50f6ececdaea",
            "version": 1
          },
          "sensitive_attributes": [],
          "private": "bnVsbA==",
          "dependencies": [
            "module.aft.data.aws_partition.current",
            "module.aft.module.aft_ssm_parameters.random_uuid.metrics_reporting_uuid"
          ]
        }
      ]
    },
    {
      "module": "module.aft.module.aft_ssm_parameters",
      "mode": "managed",
      "type": "aws_ssm_parameter",
      "name": "aft_request_action_trigger_function_arn",
      "provider": "module.aft.provider[\"registry.terraform.io/hashicorp/aws\"].aft_management",
      "instances": []
    },
    {
      "module": "module.aft.module.aft_ssm_parameters",
      "mode": "managed",
      "type": "aws_ssm_parameter",
      "name": "aft_request_audit_table_name",
      "provider": "module.aft.provider[\"registry.terraform.io/hashicorp/aws\"].aft_management",
      "instances": [
        {
          "schema_version": 0,
          "attributes": {
            "allowed_pattern": "",
            "arn": "arn:aws:ssm:us-east-1:137457353584:parameter/aft/resources/ddb/aft-request-audit-table-name",
            "data_type": "text",
            "description": "",
            "id": "/aft/resources/ddb/aft-request-audit-table-name",
            "insecure_value": null,
            "key_id": "",
            "name": "/aft/resources/ddb/aft-request-audit-table-name",
            "overwrite": null,
            "tags": null,
            "tags_all": {
              "managed_by": "AFT"
            },
            "tier": "Standard",
            "type": "String",
            "value": "aft-request-audit",
            "version": 1
          },
          "sensitive_attributes": [],
          "private": "bnVsbA==",
          "dependencies": [
            "module.aft.data.aws_partition.current",
            "module.aft.module.aft_account_request_framework.aws_dynamodb_table.aft_request_audit",
            "module.aft.module.aft_account_request_framework.aws_kms_key.aft"
          ]
        }
      ]
    },
    {
      "module": "module.aft.module.aft_ssm_parameters",
      "mode": "managed",
      "type": "aws_ssm_parameter",
      "name": "aft_request_metadata_table_name",
      "provider": "module.aft.provider[\"registry.terraform.io/hashicorp/aws\"].aft_management",
      "instances": [
        {
          "schema_version": 0,
          "attributes": {
            "allowed_pattern": "",
            "arn": "arn:aws:ssm:us-east-1:137457353584:parameter/aft/resources/ddb/aft-request-metadata-table-name",
            "data_type": "text",
            "description": "",
            "id": "/aft/resources/ddb/aft-request-metadata-table-name",
            "insecure_value": null,
            "key_id": "",
            "name": "/aft/resources/ddb/aft-request-metadata-table-name",
            "overwrite": null,
            "tags": null,
            "tags_all": {
              "managed_by": "AFT"
            },
            "tier": "Standard",
            "type": "String",
            "value": "aft-request-metadata",
            "version": 1
          },
          "sensitive_attributes": [],
          "private": "bnVsbA==",
          "dependencies": [
            "module.aft.data.aws_partition.current",
            "module.aft.module.aft_account_request_framework.aws_dynamodb_table.aft_request_metadata",
            "module.aft.module.aft_account_request_framework.aws_kms_key.aft"
          ]
        }
      ]
    },
    {
      "module": "module.aft.module.aft_ssm_parameters",
      "mode": "managed",
      "type": "aws_ssm_parameter",
      "name": "aft_request_queue_name",
      "provider": "module.aft.provider[\"registry.terraform.io/hashicorp/aws\"].aft_management",
      "instances": [
        {
          "schema_version": 0,
          "attributes": {
            "allowed_pattern": "",
            "arn": "arn:aws:ssm:us-east-1:137457353584:parameter/aft/resources/sqs/aft-request-queue-name",
            "data_type": "text",
            "description": "",
            "id": "/aft/resources/sqs/aft-request-queue-name",
            "insecure_value": null,
            "key_id": "",
            "name": "/aft/resources/sqs/aft-request-queue-name",
            "overwrite": null,
            "tags": null,
            "tags_all": {
              "managed_by": "AFT"
            },
            "tier": "Standard",
            "type": "String",
            "value": "aft-account-request.fifo",
            "version": 1
          },
          "sensitive_attributes": [],
          "private": "bnVsbA==",
          "dependencies": [
            "module.aft.data.aws_partition.current",
            "module.aft.module.aft_account_request_framework.aws_kms_alias.aft",
            "module.aft.module.aft_account_request_framework.aws_kms_key.aft",
            "module.aft.module.aft_account_request_framework.aws_sqs_queue.aft_account_request",
            "module.aft.module.aft_account_request_framework.aws_sqs_queue.aft_account_request_dlq"
          ]
        }
      ]
    },
    {
      "module": "module.aft.module.aft_ssm_parameters",
      "mode": "managed",
      "type": "aws_ssm_parameter",
      "name": "aft_request_table_name",
      "provider": "module.aft.provider[\"registry.terraform.io/hashicorp/aws\"].aft_management",
      "instances": [
        {
          "schema_version": 0,
          "attributes": {
            "allowed_pattern": "",
            "arn": "arn:aws:ssm:us-east-1:137457353584:parameter/aft/resources/ddb/aft-request-table-name",
            "data_type": "text",
            "description": "",
            "id": "/aft/resources/ddb/aft-request-table-name",
            "insecure_value": null,
            "key_id": "",
            "name": "/aft/resources/ddb/aft-request-table-name",
            "overwrite": null,
            "tags": null,
            "tags_all": {
              "managed_by": "AFT"
            },
            "tier": "Standard",
            "type": "String",
            "value": "aft-request",
            "version": 1
          },
          "sensitive_attributes": [],
          "private": "bnVsbA==",
          "dependencies": [
            "module.aft.data.aws_partition.current",
            "module.aft.module.aft_account_request_framework.aws_dynamodb_table.aft_request",
            "module.aft.module.aft_account_request_framework.aws_kms_key.aft"
          ]
        }
      ]
    },
    {
      "module": "module.aft.module.aft_ssm_parameters",
      "mode": "managed",
      "type": "aws_ssm_parameter",
      "name": "aft_session_name",
      "provider": "module.aft.provider[\"registry.terraform.io/hashicorp/aws\"].aft_management",
      "instances": [
        {
          "schema_version": 0,
          "attributes": {
            "allowed_pattern": "",
            "arn": "arn:aws:ssm:us-east-1:137457353584:parameter/aft/resources/iam/aft-session-name",
            "data_type": "text",
            "description": "",
            "id": "/aft/resources/iam/aft-session-name",
            "insecure_value": null,
            "key_id": "",
            "name": "/aft/resources/iam/aft-session-name",
            "overwrite": null,
            "tags": null,
            "tags_all": {
              "managed_by": "AFT"
            },
            "tier": "Standard",
            "type": "String",
            "value": "AWSAFT-Session",
            "version": 1
          },
          "sensitive_attributes": [],
          "private": "bnVsbA==",
          "dependencies": [
            "module.aft.data.aws_partition.current"
          ]
        }
      ]
    },
    {
      "module": "module.aft.module.aft_ssm_parameters",
      "mode": "managed",
      "type": "aws_ssm_parameter",
      "name": "aft_sns_topic_arn",
      "provider": "module.aft.provider[\"registry.terraform.io/hashicorp/aws\"].aft_management",
      "instances": [
        {
          "schema_version": 0,
          "attributes": {
            "allowed_pattern": "",
            "arn": "arn:aws:ssm:us-east-1:137457353584:parameter/aft/account/aft-management/sns/topic-arn",
            "data_type": "text",
            "description": "",
            "id": "/aft/account/aft-management/sns/topic-arn",
            "insecure_value": null,
            "key_id": "",
            "name": "/aft/account/aft-management/sns/topic-arn",
            "overwrite": null,
            "tags": null,
            "tags_all": {
              "managed_by": "AFT"
            },
            "tier": "Standard",
            "type": "String",
            "value": "arn:aws:sns:us-east-1:137457353584:aft-notifications",
            "version": 1
          },
          "sensitive_attributes": [],
          "private": "bnVsbA==",
          "dependencies": [
            "module.aft.data.aws_partition.current",
            "module.aft.module.aft_account_request_framework.aws_sns_topic.aft_notifications"
          ]
        }
      ]
    },
    {
      "module": "module.aft.module.aft_ssm_parameters",
      "mode": "managed",
      "type": "aws_ssm_parameter",
      "name": "aft_version",
      "provider": "module.aft.provider[\"registry.terraform.io/hashicorp/aws\"].aft_management",
      "instances": [
        {
          "schema_version": 0,
          "attributes": {
            "allowed_pattern": "",
            "arn": "arn:aws:ssm:us-east-1:137457353584:parameter/aft/config/aft/version",
            "data_type": "text",
            "description": "",
            "id": "/aft/config/aft/version",
            "insecure_value": null,
            "key_id": "",
            "name": "/aft/config/aft/version",
            "overwrite": null,
            "tags": null,
            "tags_all": {
              "managed_by": "AFT"
            },
            "tier": "Standard",
            "type": "String",
            "value": "1.6.7",
            "version": 1
          },
          "sensitive_attributes": [],
          "private": "bnVsbA==",
          "dependencies": [
            "module.aft.data.aws_partition.current",
            "module.aft.data.local_file.version"
          ]
        }
      ]
    },
    {
      "module": "module.aft.module.aft_ssm_parameters",
      "mode": "managed",
      "type": "aws_ssm_parameter",
      "name": "codestar_connection_arn",
      "provider": "module.aft.provider[\"registry.terraform.io/hashicorp/aws\"].aft_management",
      "instances": [
        {
          "schema_version": 0,
          "attributes": {
            "allowed_pattern": "",
            "arn": "arn:aws:ssm:us-east-1:137457353584:parameter/aft/config/vcs/codestar-connection-arn",
            "data_type": "text",
            "description": "",
            "id": "/aft/config/vcs/codestar-connection-arn",
            "insecure_value": null,
            "key_id": "",
            "name": "/aft/config/vcs/codestar-connection-arn",
            "overwrite": null,
            "tags": null,
            "tags_all": {
              "managed_by": "AFT"
            },
            "tier": "Standard",
            "type": "String",
            "value": "arn:aws:codestar-connections:us-east-1:137457353584:connection/42760641-e381-44ed-9609-21590d052167",
            "version": 1
          },
          "sensitive_attributes": [],
          "private": "bnVsbA==",
          "dependencies": [
            "module.aft.data.aws_partition.current",
            "module.aft.module.aft_code_repositories.aws_codestarconnections_connection.bitbucket",
            "module.aft.module.aft_code_repositories.aws_codestarconnections_connection.github",
            "module.aft.module.aft_code_repositories.aws_codestarconnections_connection.githubenterprise"
          ]
        }
      ]
    },
    {
      "module": "module.aft.module.aft_ssm_parameters",
      "mode": "managed",
      "type": "aws_ssm_parameter",
      "name": "control_tower_event_logger_function_arn",
      "provider": "module.aft.provider[\"registry.terraform.io/hashicorp/aws\"].aft_management",
      "instances": []
    },
    {
      "module": "module.aft.module.aft_ssm_parameters",
      "mode": "managed",
      "type": "aws_ssm_parameter",
      "name": "create_role_function_arn",
      "provider": "module.aft.provider[\"registry.terraform.io/hashicorp/aws\"].aft_management",
      "instances": []
    },
    {
      "module": "module.aft.module.aft_ssm_parameters",
      "mode": "managed",
      "type": "aws_ssm_parameter",
      "name": "ct_audit_account_id",
      "provider": "module.aft.provider[\"registry.terraform.io/hashicorp/aws\"].aft_management",
      "instances": [
        {
          "schema_version": 0,
          "attributes": {
            "allowed_pattern": "",
            "arn": "arn:aws:ssm:us-east-1:137457353584:parameter/aft/account/audit/account-id",
            "data_type": "text",
            "description": "",
            "id": "/aft/account/audit/account-id",
            "insecure_value": null,
            "key_id": "",
            "name": "/aft/account/audit/account-id",
            "overwrite": null,
            "tags": null,
            "tags_all": {
              "managed_by": "AFT"
            },
            "tier": "Standard",
            "type": "String",
            "value": "595026199011",
            "version": 1
          },
          "sensitive_attributes": [],
          "private": "bnVsbA==",
          "dependencies": [
            "module.aft.data.aws_partition.current"
          ]
        }
      ]
    },
    {
      "module": "module.aft.module.aft_ssm_parameters",
      "mode": "managed",
      "type": "aws_ssm_parameter",
      "name": "ct_log_archive_account_id",
      "provider": "module.aft.provider[\"registry.terraform.io/hashicorp/aws\"].aft_management",
      "instances": [
        {
          "schema_version": 0,
          "attributes": {
            "allowed_pattern": "",
            "arn": "arn:aws:ssm:us-east-1:137457353584:parameter/aft/account/log-archive/account-id",
            "data_type": "text",
            "description": "",
            "id": "/aft/account/log-archive/account-id",
            "insecure_value": null,
            "key_id": "",
            "name": "/aft/account/log-archive/account-id",
            "overwrite": null,
            "tags": null,
            "tags_all": {
              "managed_by": "AFT"
            },
            "tier": "Standard",
            "type": "String",
            "value": "140742934807",
            "version": 1
          },
          "sensitive_attributes": [],
          "private": "bnVsbA==",
          "dependencies": [
            "module.aft.data.aws_partition.current"
          ]
        }
      ]
    },
    {
      "module": "module.aft.module.aft_ssm_parameters",
      "mode": "managed",
      "type": "aws_ssm_parameter",
      "name": "ct_management_account_id",
      "provider": "module.aft.provider[\"registry.terraform.io/hashicorp/aws\"].aft_management",
      "instances": [
        {
          "schema_version": 0,
          "attributes": {
            "allowed_pattern": "",
            "arn": "arn:aws:ssm:us-east-1:137457353584:parameter/aft/account/ct-management/account-id",
            "data_type": "text",
            "description": "",
            "id": "/aft/account/ct-management/account-id",
            "insecure_value": null,
            "key_id": "",
            "name": "/aft/account/ct-management/account-id",
            "overwrite": null,
            "tags": null,
            "tags_all": {
              "managed_by": "AFT"
            },
            "tier": "Standard",
            "type": "String",
            "value": "592485218204",
            "version": 1
          },
          "sensitive_attributes": [],
          "private": "bnVsbA==",
          "dependencies": [
            "module.aft.data.aws_partition.current"
          ]
        }
      ]
    },
    {
      "module": "module.aft.module.aft_ssm_parameters",
      "mode": "managed",
      "type": "aws_ssm_parameter",
      "name": "ct_primary_region",
      "provider": "module.aft.provider[\"registry.terraform.io/hashicorp/aws\"].aft_management",
      "instances": [
        {
          "schema_version": 0,
          "attributes": {
            "allowed_pattern": "",
            "arn": "arn:aws:ssm:us-east-1:137457353584:parameter/aft/config/ct-management-region",
            "data_type": "text",
            "description": "",
            "id": "/aft/config/ct-management-region",
            "insecure_value": null,
            "key_id": "",
            "name": "/aft/config/ct-management-region",
            "overwrite": null,
            "tags": null,
            "tags_all": {
              "managed_by": "AFT"
            },
            "tier": "Standard",
            "type": "String",
            "value": "us-east-1",
            "version": 1
          },
          "sensitive_attributes": [],
          "private": "bnVsbA==",
          "dependencies": [
            "module.aft.data.aws_partition.current"
          ]
        }
      ]
    },
    {
      "module": "module.aft.module.aft_ssm_parameters",
      "mode": "managed",
      "type": "aws_ssm_parameter",
      "name": "get_account_info_function_arn",
      "provider": "module.aft.provider[\"registry.terraform.io/hashicorp/aws\"].aft_management",
      "instances": []
    },
    {
      "module": "module.aft.module.aft_ssm_parameters",
      "mode": "managed",
      "type": "aws_ssm_parameter",
      "name": "github_enterprise_url",
      "provider": "module.aft.provider[\"registry.terraform.io/hashicorp/aws\"].aft_management",
      "instances": [
        {
          "schema_version": 0,
          "attributes": {
            "allowed_pattern": "",
            "arn": "arn:aws:ssm:us-east-1:137457353584:parameter/aft/config/vcs/github-enterprise-url",
            "data_type": "text",
            "description": "",
            "id": "/aft/config/vcs/github-enterprise-url",
            "insecure_value": null,
            "key_id": "",
            "name": "/aft/config/vcs/github-enterprise-url",
            "overwrite": null,
            "tags": null,
            "tags_all": {
              "managed_by": "AFT"
            },
            "tier": "Standard",
            "type": "String",
            "value": "null",
            "version": 1
          },
          "sensitive_attributes": [],
          "private": "bnVsbA==",
          "dependencies": [
            "module.aft.data.aws_partition.current"
          ]
        }
      ]
    },
    {
      "module": "module.aft.module.aft_ssm_parameters",
      "mode": "managed",
      "type": "aws_ssm_parameter",
      "name": "global_customizations_repo_branch",
      "provider": "module.aft.provider[\"registry.terraform.io/hashicorp/aws\"].aft_management",
      "instances": [
        {
          "schema_version": 0,
          "attributes": {
            "allowed_pattern": "",
            "arn": "arn:aws:ssm:us-east-1:137457353584:parameter/aft/config/global-customizations/repo-branch",
            "data_type": "text",
            "description": "",
            "id": "/aft/config/global-customizations/repo-branch",
            "insecure_value": null,
            "key_id": "",
            "name": "/aft/config/global-customizations/repo-branch",
            "overwrite": null,
            "tags": null,
            "tags_all": {
              "managed_by": "AFT"
            },
            "tier": "Standard",
            "type": "String",
            "value": "main",
            "version": 1
          },
          "sensitive_attributes": [],
          "private": "bnVsbA==",
          "dependencies": [
            "module.aft.data.aws_partition.current"
          ]
        }
      ]
    },
    {
      "module": "module.aft.module.aft_ssm_parameters",
      "mode": "managed",
      "type": "aws_ssm_parameter",
      "name": "global_customizations_repo_name",
      "provider": "module.aft.provider[\"registry.terraform.io/hashicorp/aws\"].aft_management",
      "instances": [
        {
          "schema_version": 0,
          "attributes": {
            "allowed_pattern": "",
            "arn": "arn:aws:ssm:us-east-1:137457353584:parameter/aft/config/global-customizations/repo-name",
            "data_type": "text",
            "description": "",
            "id": "/aft/config/global-customizations/repo-name",
            "insecure_value": null,
            "key_id": "",
            "name": "/aft/config/global-customizations/repo-name",
            "overwrite": null,
            "tags": null,
            "tags_all": {
              "managed_by": "AFT"
            },
            "tier": "Standard",
            "type": "String",
            "value": "aft-global-customizations",
            "version": 1
          },
          "sensitive_attributes": [],
          "private": "bnVsbA==",
          "dependencies": [
            "module.aft.data.aws_partition.current"
          ]
        }
      ]
    },
    {
      "module": "module.aft.module.aft_ssm_parameters",
      "mode": "managed",
      "type": "aws_ssm_parameter",
      "name": "invoke_aft_account_provisioning_framework_function_arn",
      "provider": "module.aft.provider[\"registry.terraform.io/hashicorp/aws\"].aft_management",
      "instances": []
    },
    {
      "module": "module.aft.module.aft_ssm_parameters",
      "mode": "managed",
      "type": "aws_ssm_parameter",
      "name": "persist_metadata_function_arn",
      "provider": "module.aft.provider[\"registry.terraform.io/hashicorp/aws\"].aft_management",
      "instances": []
    },
    {
      "module": "module.aft.module.aft_ssm_parameters",
      "mode": "managed",
      "type": "aws_ssm_parameter",
      "name": "request_audit_trigger_function_arn",
      "provider": "module.aft.provider[\"registry.terraform.io/hashicorp/aws\"].aft_management",
      "instances": []
    },
    {
      "module": "module.aft.module.aft_ssm_parameters",
      "mode": "managed",
      "type": "aws_ssm_parameter",
      "name": "request_processor_function_arn",
      "provider": "module.aft.provider[\"registry.terraform.io/hashicorp/aws\"].aft_management",
      "instances": []
    },
    {
      "module": "module.aft.module.aft_ssm_parameters",
      "mode": "managed",
      "type": "aws_ssm_parameter",
      "name": "tag_account_function_arn",
      "provider": "module.aft.provider[\"registry.terraform.io/hashicorp/aws\"].aft_management",
      "instances": []
    },
    {
      "module": "module.aft.module.aft_ssm_parameters",
      "mode": "managed",
      "type": "aws_ssm_parameter",
      "name": "terraform_api_endpoint",
      "provider": "module.aft.provider[\"registry.terraform.io/hashicorp/aws\"].aft_management",
      "instances": [
        {
          "schema_version": 0,
          "attributes": {
            "allowed_pattern": "",
            "arn": "arn:aws:ssm:us-east-1:137457353584:parameter/aft/config/terraform/api-endpoint",
            "data_type": "text",
            "description": "",
            "id": "/aft/config/terraform/api-endpoint",
            "insecure_value": null,
            "key_id": "",
            "name": "/aft/config/terraform/api-endpoint",
            "overwrite": null,
            "tags": null,
            "tags_all": {
              "managed_by": "AFT"
            },
            "tier": "Standard",
            "type": "String",
            "value": "https://app.terraform.io/api/v2/",
            "version": 1
          },
          "sensitive_attributes": [],
          "private": "bnVsbA==",
          "dependencies": [
            "module.aft.data.aws_partition.current"
          ]
        }
      ]
    },
    {
      "module": "module.aft.module.aft_ssm_parameters",
      "mode": "managed",
      "type": "aws_ssm_parameter",
      "name": "terraform_org_name",
      "provider": "module.aft.provider[\"registry.terraform.io/hashicorp/aws\"].aft_management",
      "instances": [
        {
          "schema_version": 0,
          "attributes": {
            "allowed_pattern": "",
            "arn": "arn:aws:ssm:us-east-1:137457353584:parameter/aft/config/terraform/org-name",
            "data_type": "text",
            "description": "",
            "id": "/aft/config/terraform/org-name",
            "insecure_value": null,
            "key_id": "",
            "name": "/aft/config/terraform/org-name",
            "overwrite": null,
            "tags": null,
            "tags_all": {
              "managed_by": "AFT"
            },
            "tier": "Standard",
            "type": "String",
            "value": "null",
            "version": 1
          },
          "sensitive_attributes": [],
          "private": "bnVsbA==",
          "dependencies": [
            "module.aft.data.aws_partition.current"
          ]
        }
      ]
    },
    {
      "module": "module.aft.module.aft_ssm_parameters",
      "mode": "managed",
      "type": "aws_ssm_parameter",
      "name": "terraform_token",
      "provider": "module.aft.provider[\"registry.terraform.io/hashicorp/aws\"].aft_management",
      "instances": [
        {
          "schema_version": 0,
          "attributes": {
            "allowed_pattern": "",
            "arn": "arn:aws:ssm:us-east-1:137457353584:parameter/aft/config/terraform/token",
            "data_type": "text",
            "description": "",
            "id": "/aft/config/terraform/token",
            "insecure_value": null,
            "key_id": "alias/aws/ssm",
            "name": "/aft/config/terraform/token",
            "overwrite": null,
            "tags": null,
            "tags_all": {
              "managed_by": "AFT"
            },
            "tier": "Standard",
            "type": "SecureString",
            "value": "null",
            "version": 1
          },
          "sensitive_attributes": [
            [
              {
                "type": "get_attr",
                "value": "value"
              }
            ]
          ],
          "private": "bnVsbA==",
          "dependencies": [
            "module.aft.data.aws_partition.current"
          ]
        }
      ]
    },
    {
      "module": "module.aft.module.aft_ssm_parameters",
      "mode": "managed",
      "type": "aws_ssm_parameter",
      "name": "tf_distribution",
      "provider": "module.aft.provider[\"registry.terraform.io/hashicorp/aws\"].aft_management",
      "instances": [
        {
          "schema_version": 0,
          "attributes": {
            "allowed_pattern": "",
            "arn": "arn:aws:ssm:us-east-1:137457353584:parameter/aft/config/terraform/distribution",
            "data_type": "text",
            "description": "",
            "id": "/aft/config/terraform/distribution",
            "insecure_value": null,
            "key_id": "",
            "name": "/aft/config/terraform/distribution",
            "overwrite": null,
            "tags": null,
            "tags_all": {
              "managed_by": "AFT"
            },
            "tier": "Standard",
            "type": "String",
            "value": "oss",
            "version": 1
          },
          "sensitive_attributes": [],
          "private": "bnVsbA==",
          "dependencies": [
            "module.aft.data.aws_partition.current"
          ]
        }
      ]
    },
    {
      "module": "module.aft.module.aft_ssm_parameters",
      "mode": "managed",
      "type": "aws_ssm_parameter",
      "name": "tf_version",
      "provider": "module.aft.provider[\"registry.terraform.io/hashicorp/aws\"].aft_management",
      "instances": [
        {
          "schema_version": 0,
          "attributes": {
            "allowed_pattern": "",
            "arn": "arn:aws:ssm:us-east-1:137457353584:parameter/aft/config/terraform/version",
            "data_type": "text",
            "description": "",
            "id": "/aft/config/terraform/version",
            "insecure_value": null,
            "key_id": "",
            "name": "/aft/config/terraform/version",
            "overwrite": null,
            "tags": null,
            "tags_all": {
              "managed_by": "AFT"
            },
            "tier": "Standard",
            "type": "String",
            "value": "0.15.5",
            "version": 1
          },
          "sensitive_attributes": [],
          "private": "bnVsbA==",
          "dependencies": [
            "module.aft.data.aws_partition.current"
          ]
        }
      ]
    },
    {
      "module": "module.aft.module.aft_ssm_parameters",
      "mode": "managed",
      "type": "aws_ssm_parameter",
      "name": "validate_request_function_arn",
      "provider": "module.aft.provider[\"registry.terraform.io/hashicorp/aws\"].aft_management",
      "instances": []
    },
    {
      "module": "module.aft.module.aft_ssm_parameters",
      "mode": "managed",
      "type": "aws_ssm_parameter",
      "name": "vcs_provider",
      "provider": "module.aft.provider[\"registry.terraform.io/hashicorp/aws\"].aft_management",
      "instances": [
        {
          "schema_version": 0,
          "attributes": {
            "allowed_pattern": "",
            "arn": "arn:aws:ssm:us-east-1:137457353584:parameter/aft/config/vcs/provider",
            "data_type": "text",
            "description": "",
            "id": "/aft/config/vcs/provider",
            "insecure_value": null,
            "key_id": "",
            "name": "/aft/config/vcs/provider",
            "overwrite": null,
            "tags": null,
            "tags_all": {
              "managed_by": "AFT"
            },
            "tier": "Standard",
            "type": "String",
            "value": "github",
            "version": 1
          },
          "sensitive_attributes": [],
          "private": "bnVsbA==",
          "dependencies": [
            "module.aft.data.aws_partition.current"
          ]
        }
      ]
    },
    {
      "module": "module.aft.module.aft_ssm_parameters",
      "mode": "managed",
      "type": "random_uuid",
      "name": "metrics_reporting_uuid",
      "provider": "provider[\"registry.terraform.io/hashicorp/random\"]",
      "instances": [
        {
          "schema_version": 0,
          "attributes": {
            "id": "df5fb474-7335-4c67-f7b2-50f6ececdaea",
            "keepers": null,
            "result": "df5fb474-7335-4c67-f7b2-50f6ececdaea"
          },
          "sensitive_attributes": []
        }
      ]
    },
    {
      "module": "module.aft.module.packaging",
      "mode": "data",
      "type": "archive_file",
      "name": "builder",
      "provider": "provider[\"registry.terraform.io/hashicorp/archive\"]",
      "instances": [
        {
          "schema_version": 0,
          "attributes": {
            "excludes": null,
            "id": "4c83442cf33de4d3aa36cab6fb65a118c94a3fd7",
            "output_base64sha256": "MQZ8MM29zszuIJTotrdcCzRxdrLwMk6gh/6VjrdOcLI=",
            "output_file_mode": null,
            "output_md5": "79bd9526ac15328167f8fe1c2b6d88d1",
            "output_path": ".terraform/modules/aft/modules/aft-archives/../../src/aft_lambda/aft_builder.zip",
            "output_sha": "4c83442cf33de4d3aa36cab6fb65a118c94a3fd7",
            "output_size": 1083,
            "source": [],
            "source_content": null,
            "source_content_filename": null,
            "source_dir": ".terraform/modules/aft/modules/aft-archives/../../src/aft_lambda/aft_builder",
            "source_file": null,
            "type": "zip"
          },
          "sensitive_attributes": []
        }
      ]
    },
    {
      "module": "module.aft.module.packaging",
      "mode": "data",
      "type": "archive_file",
      "name": "customizations",
      "provider": "provider[\"registry.terraform.io/hashicorp/archive\"]",
      "instances": [
        {
          "schema_version": 0,
          "attributes": {
            "excludes": null,
            "id": "2119ded81635e101a404170ac77e697674cd6e05",
            "output_base64sha256": "iKPKtfcnPcI/M9D0iFSM4ENza4hXgHSgtWD1RcgOrRo=",
            "output_file_mode": null,
            "output_md5": "c05c9104bf39af03c5ce29c51d342246",
            "output_path": ".terraform/modules/aft/modules/aft-archives/../../src/aft_lambda/aft_customizations.zip",
            "output_sha": "2119ded81635e101a404170ac77e697674cd6e05",
            "output_size": 3179,
            "source": [],
            "source_content": null,
            "source_content_filename": null,
            "source_dir": ".terraform/modules/aft/modules/aft-archives/../../src/aft_lambda/aft_customizations",
            "source_file": null,
            "type": "zip"
          },
          "sensitive_attributes": []
        }
      ]
    },
    {
      "module": "module.aft.module.packaging",
      "mode": "data",
      "type": "archive_file",
      "name": "feature_options",
      "provider": "provider[\"registry.terraform.io/hashicorp/archive\"]",
      "instances": [
        {
          "schema_version": 0,
          "attributes": {
            "excludes": null,
            "id": "b104ca9190aa7b99ab73660fd8a300403903a525",
            "output_base64sha256": "lWe5TlDOco8YOewddDucKK9d3GFyVpGOQN4RvYhRs5o=",
            "output_file_mode": null,
            "output_md5": "0819b321b3323f72498da4aa75dba8d1",
            "output_path": ".terraform/modules/aft/modules/aft-archives/../../src/aft_lambda/aft_feature_options.zip",
            "output_sha": "b104ca9190aa7b99ab73660fd8a300403903a525",
            "output_size": 3533,
            "source": [],
            "source_content": null,
            "source_content_filename": null,
            "source_dir": ".terraform/modules/aft/modules/aft-archives/../../src/aft_lambda/aft_feature_options",
            "source_file": null,
            "type": "zip"
          },
          "sensitive_attributes": []
        }
      ]
    },
    {
      "module": "module.aft.module.packaging",
      "mode": "data",
      "type": "archive_file",
      "name": "provisioning_framework",
      "provider": "provider[\"registry.terraform.io/hashicorp/archive\"]",
      "instances": [
        {
          "schema_version": 0,
          "attributes": {
            "excludes": null,
            "id": "9eda7ba9b0b805ab72d3999b9a7c184d4f0663cb",
            "output_base64sha256": "wKQ/I00qOFrzPEo6A58dgUCAmWFWUkjs3IROEWD009w=",
            "output_file_mode": null,
            "output_md5": "4952e7cebc828eac90bbd7afa7e83504",
            "output_path": ".terraform/modules/aft/modules/aft-archives/../../src/aft_lambda/aft_account_provisioning_framework.zip",
            "output_sha": "9eda7ba9b0b805ab72d3999b9a7c184d4f0663cb",
            "output_size": 6444,
            "source": [],
            "source_content": null,
            "source_content_filename": null,
            "source_dir": ".terraform/modules/aft/modules/aft-archives/../../src/aft_lambda/aft_account_provisioning_framework",
            "source_file": null,
            "type": "zip"
          },
          "sensitive_attributes": []
        }
      ]
    },
    {
      "module": "module.aft.module.packaging",
      "mode": "data",
      "type": "archive_file",
      "name": "request_framework",
      "provider": "provider[\"registry.terraform.io/hashicorp/archive\"]",
      "instances": [
        {
          "schema_version": 0,
          "attributes": {
            "excludes": null,
            "id": "f57ec97ef8c5e2dedee631903e6eddfd40c33bf8",
            "output_base64sha256": "7ODw9xDgXy2fLjDGf9klFqytJYHjcvlydBG8IlLKt3w=",
            "output_file_mode": null,
            "output_md5": "ff2eb0e080e1ce7b4666ebde4761563c",
            "output_path": ".terraform/modules/aft/modules/aft-archives/../../src/aft_lambda/aft_account_request_framework.zip",
            "output_sha": "f57ec97ef8c5e2dedee631903e6eddfd40c33bf8",
            "output_size": 6076,
            "source": [],
            "source_content": null,
            "source_content_filename": null,
            "source_dir": ".terraform/modules/aft/modules/aft-archives/../../src/aft_lambda/aft_account_request_framework",
            "source_file": null,
            "type": "zip"
          },
          "sensitive_attributes": []
        }
      ]
    }
  ],
  "check_results": null
}
